{
  "version": 4,
  "terraform_version": "1.1.2",
  "serial": 384,
  "lineage": "db96bcb0-89ff-5bb5-9d4b-6176e9df41db",
  "outputs": {
    "Mydomain_name": {
      "value": "myappstore.tech",
      "type": "string"
    },
    "Mydomain_zone_id": {
      "value": "Z0748203AGO1L3EMHWKX",
      "type": "string"
    },
    "autoscaling_group_arn": {
      "value": "arn:aws:autoscaling:ap-south-1:174228772591:autoScalingGroup:260a3f32-818d-432c-89d1-90af1404c540:autoScalingGroupName/SAP-Dev-myasg1",
      "type": "string"
    },
    "autoscaling_group_availability_zones": {
      "value": [
        "ap-south-1a",
        "ap-south-1b"
      ],
      "type": [
        "set",
        "string"
      ]
    },
    "autoscaling_group_default_cooldown": {
      "value": 300,
      "type": "number"
    },
    "autoscaling_group_desired_capacity": {
      "value": 2,
      "type": "number"
    },
    "autoscaling_group_health_check_grace_period": {
      "value": 300,
      "type": "number"
    },
    "autoscaling_group_health_check_type": {
      "value": "EC2",
      "type": "string"
    },
    "autoscaling_group_id": {
      "value": "SAP-Dev-myasg1",
      "type": "string"
    },
    "autoscaling_group_max_size": {
      "value": 4,
      "type": "number"
    },
    "autoscaling_group_min_size": {
      "value": 2,
      "type": "number"
    },
    "autoscaling_group_name": {
      "value": "SAP-Dev-myasg1",
      "type": "string"
    },
    "autoscaling_group_target_group_arns": {
      "value": [
        "arn:aws:elasticloadbalancing:ap-south-1:174228772591:targetgroup/app1-20220514084057443600000006/8ce6364a09cb2493"
      ],
      "type": [
        "set",
        "string"
      ]
    },
    "autoscaling_group_vpc_zone_identifier": {
      "value": [
        "subnet-08cd8bb84a8a5a584",
        "subnet-09e6e5e1357ce5436"
      ],
      "type": [
        "set",
        "string"
      ]
    },
    "ec2_bastion_instance_id": {
      "value": [
        "i-0eb328b99a20f4812"
      ],
      "type": [
        "tuple",
        [
          "string"
        ]
      ]
    },
    "ec2_bastion_public_ip": {
      "value": [
        "13.233.27.189"
      ],
      "type": [
        "tuple",
        [
          "string"
        ]
      ]
    },
    "launch_configuration_arn": {
      "value": "arn:aws:autoscaling:ap-south-1:174228772591:launchConfiguration:8a7393f2-951c-499a-9d42-973f90fa6508:launchConfigurationName/SAP-Dev-mylc1-20220514083750203100000005",
      "type": "string"
    },
    "launch_configuration_id": {
      "value": "SAP-Dev-mylc1-20220514083750203100000005",
      "type": "string"
    },
    "launch_configuration_name": {
      "value": "SAP-Dev-mylc1-20220514083750203100000005",
      "type": "string"
    },
    "private_security-sg_sg_id": {
      "value": "sg-0e2269463c5332ecf",
      "type": "string"
    },
    "private_security-sg_sg_name": {
      "value": "SAP-Dev-PublicSG-20220514083746426300000003",
      "type": "string"
    },
    "private_security-sg_vpc_id": {
      "value": "vpc-07631caeb87cd8efb",
      "type": "string"
    },
    "public_security-sg_sg_id": {
      "value": "sg-02c22c294684ff11f",
      "type": "string"
    },
    "public_security-sg_sg_name": {
      "value": "SAP-Dev-PublicSG-20220514083746422400000002",
      "type": "string"
    },
    "public_security-sg_vpc_id": {
      "value": "vpc-07631caeb87cd8efb",
      "type": "string"
    },
    "service_linked_role_arn": {
      "value": "arn:aws:iam::174228772591:role/aws-service-role/autoscaling.amazonaws.com/AWSServiceRoleForAutoScaling_SAP-Dev",
      "type": "string"
    },
    "target_group_arns": {
      "value": [
        "arn:aws:elasticloadbalancing:ap-south-1:174228772591:targetgroup/app1-20220514084057443600000006/8ce6364a09cb2493"
      ],
      "type": [
        "tuple",
        [
          "string"
        ]
      ]
    },
    "target_group_names": {
      "value": [
        "app1-20220514084057443600000006"
      ],
      "type": [
        "tuple",
        [
          "string"
        ]
      ]
    },
    "this_acm_certificate_arn": {
      "value": "arn:aws:acm:ap-south-1:174228772591:certificate/ce2ebad1-bfa4-4700-b09d-4d718de8ab1a",
      "type": "string"
    },
    "this_lb_arn": {
      "value": "arn:aws:elasticloadbalancing:ap-south-1:174228772591:loadbalancer/app/SAP-Dev-loadbalancer/365052feaed9a434",
      "type": "string"
    },
    "this_lb_dns_name": {
      "value": "SAP-Dev-loadbalancer-1272068691.ap-south-1.elb.amazonaws.com",
      "type": "string"
    },
    "this_lb_dns_zone_id": {
      "value": "ZP97RAFLXTNZK",
      "type": "string"
    },
    "this_lb_id": {
      "value": "arn:aws:elasticloadbalancing:ap-south-1:174228772591:loadbalancer/app/SAP-Dev-loadbalancer/365052feaed9a434",
      "type": "string"
    },
    "vpc_availability_zones": {
      "value": [
        "ap-south-1a",
        "ap-south-1b"
      ],
      "type": [
        "list",
        "string"
      ]
    },
    "vpc_cidr_blocks": {
      "value": "10.230.0.0/25",
      "type": "string"
    },
    "vpc_id": {
      "value": "vpc-07631caeb87cd8efb",
      "type": "string"
    },
    "vpc_nat_publicip": {
      "value": [
        "13.235.177.241"
      ],
      "type": [
        "list",
        "string"
      ]
    },
    "vpc_private_subnets": {
      "value": [
        "subnet-08cd8bb84a8a5a584",
        "subnet-09e6e5e1357ce5436"
      ],
      "type": [
        "tuple",
        [
          "string",
          "string"
        ]
      ]
    },
    "vpc_public_subnets": {
      "value": [
        "subnet-033d002eac30c3666",
        "subnet-0f6d69a8441c62dba"
      ],
      "type": [
        "tuple",
        [
          "string",
          "string"
        ]
      ]
    }
  },
  "resources": [
    {
      "mode": "data",
      "type": "aws_ami",
      "name": "amz_linux2",
      "provider": "provider[\"registry.terraform.io/hashicorp/aws\"]",
      "instances": [
        {
          "schema_version": 0,
          "attributes": {
            "architecture": "x86_64",
            "arn": "arn:aws:ec2:ap-south-1::image/ami-08f3712c8ca5af75e",
            "block_device_mappings": [
              {
                "device_name": "/dev/xvda",
                "ebs": {
                  "delete_on_termination": "true",
                  "encrypted": "false",
                  "iops": "0",
                  "snapshot_id": "snap-03410498341751668",
                  "throughput": "0",
                  "volume_size": "8",
                  "volume_type": "gp2"
                },
                "no_device": "",
                "virtual_name": ""
              }
            ],
            "boot_mode": "",
            "creation_date": "2022-04-28T21:39:52.000Z",
            "description": "Amazon Linux 2 AMI 2.0.20220426.0 x86_64 HVM gp2",
            "ena_support": true,
            "executable_users": null,
            "filter": [
              {
                "name": "architecture",
                "values": [
                  "x86_64"
                ]
              },
              {
                "name": "name",
                "values": [
                  "amzn2-ami-hvm-*-gp2"
                ]
              },
              {
                "name": "root-device-type",
                "values": [
                  "ebs"
                ]
              },
              {
                "name": "virtualization-type",
                "values": [
                  "hvm"
                ]
              }
            ],
            "hypervisor": "xen",
            "id": "ami-08f3712c8ca5af75e",
            "image_id": "ami-08f3712c8ca5af75e",
            "image_location": "amazon/amzn2-ami-hvm-2.0.20220426.0-x86_64-gp2",
            "image_owner_alias": "amazon",
            "image_type": "machine",
            "kernel_id": null,
            "most_recent": true,
            "name": "amzn2-ami-hvm-2.0.20220426.0-x86_64-gp2",
            "name_regex": null,
            "owner_id": "137112412989",
            "owners": [
              "amazon"
            ],
            "platform": null,
            "platform_details": "Linux/UNIX",
            "product_codes": [],
            "public": true,
            "ramdisk_id": null,
            "root_device_name": "/dev/xvda",
            "root_device_type": "ebs",
            "root_snapshot_id": "snap-03410498341751668",
            "sriov_net_support": "simple",
            "state": "available",
            "state_reason": {
              "code": "UNSET",
              "message": "UNSET"
            },
            "tags": {},
            "usage_operation": "RunInstances",
            "virtualization_type": "hvm"
          },
          "sensitive_attributes": []
        }
      ]
    },
    {
      "mode": "data",
      "type": "aws_route53_zone",
      "name": "mydomain",
      "provider": "provider[\"registry.terraform.io/hashicorp/aws\"]",
      "instances": [
        {
          "schema_version": 0,
          "attributes": {
            "arn": "arn:aws:route53:::hostedzone/Z0748203AGO1L3EMHWKX",
            "caller_reference": "e770cc64-424b-45d1-8290-e403dada24f6",
            "comment": "This is my domain created ad hosted on 3rd party",
            "id": "Z0748203AGO1L3EMHWKX",
            "linked_service_description": null,
            "linked_service_principal": null,
            "name": "myappstore.tech",
            "name_servers": [
              "ns-1447.awsdns-52.org",
              "ns-581.awsdns-08.net",
              "ns-118.awsdns-14.com",
              "ns-1591.awsdns-06.co.uk"
            ],
            "private_zone": false,
            "resource_record_set_count": 2,
            "tags": {
              "Name": "Mydomain"
            },
            "vpc_id": null,
            "zone_id": "Z0748203AGO1L3EMHWKX"
          },
          "sensitive_attributes": []
        }
      ]
    },
    {
      "mode": "managed",
      "type": "aws_autoscaling_notification",
      "name": "myasg_notifications",
      "provider": "provider[\"registry.terraform.io/hashicorp/aws\"]",
      "instances": [
        {
          "schema_version": 0,
          "attributes": {
            "group_names": [
              "SAP-Dev-myasg1"
            ],
            "id": "arn:aws:sns:ap-south-1:174228772591:myasg-sns-topic-intimate-oriole",
            "notifications": [
              "autoscaling:EC2_INSTANCE_LAUNCH",
              "autoscaling:EC2_INSTANCE_LAUNCH_ERROR",
              "autoscaling:EC2_INSTANCE_TERMINATE",
              "autoscaling:EC2_INSTANCE_TERMINATE_ERROR"
            ],
            "topic_arn": "arn:aws:sns:ap-south-1:174228772591:myasg-sns-topic-intimate-oriole"
          },
          "sensitive_attributes": [],
          "private": "bnVsbA==",
          "dependencies": [
            "aws_iam_service_linked_role.autoscaling",
            "aws_sns_topic.myasg_sns_topic",
            "data.aws_ami.amz_linux2",
            "module.alb.aws_lb.this",
            "module.alb.aws_lb_target_group.main",
            "module.autoscaling.aws_autoscaling_group.this",
            "module.autoscaling.aws_launch_configuration.this",
            "module.autoscaling.aws_launch_template.this",
            "module.autoscaling.null_resource.tags_as_list_of_maps",
            "module.loadbalancer_sg.aws_security_group.this",
            "module.loadbalancer_sg.aws_security_group.this_name_prefix",
            "module.private_security-group.aws_security_group.this",
            "module.private_security-group.aws_security_group.this_name_prefix",
            "module.vpc.aws_subnet.private",
            "module.vpc.aws_subnet.public",
            "module.vpc.aws_vpc.this",
            "module.vpc.aws_vpc_ipv4_cidr_block_association.this",
            "random_pet.this"
          ]
        }
      ]
    },
    {
      "mode": "managed",
      "type": "aws_autoscaling_policy",
      "name": "alb_target_greater_than_yy",
      "provider": "provider[\"registry.terraform.io/hashicorp/aws\"]",
      "instances": [
        {
          "schema_version": 0,
          "attributes": {
            "adjustment_type": "",
            "arn": "arn:aws:autoscaling:ap-south-1:174228772591:scalingPolicy:47cc3446-5e2c-4bf0-907f-3ce52215fe16:autoScalingGroupName/SAP-Dev-myasg1:policyName/alb_target_greater_than_yy",
            "autoscaling_group_name": "SAP-Dev-myasg1",
            "cooldown": 0,
            "estimated_instance_warmup": 180,
            "id": "alb_target_greater_than_yy",
            "metric_aggregation_type": "",
            "min_adjustment_magnitude": null,
            "name": "alb_target_greater_than_yy",
            "policy_type": "TargetTrackingScaling",
            "predictive_scaling_configuration": [],
            "scaling_adjustment": 0,
            "step_adjustment": [],
            "target_tracking_configuration": [
              {
                "customized_metric_specification": [],
                "disable_scale_in": false,
                "predefined_metric_specification": [
                  {
                    "predefined_metric_type": "ALBRequestCountPerTarget",
                    "resource_label": "app/SAP-Dev-loadbalancer/365052feaed9a434/targetgroup/app1-20220514084057443600000006/8ce6364a09cb2493"
                  }
                ],
                "target_value": 10
              }
            ]
          },
          "sensitive_attributes": [],
          "private": "bnVsbA==",
          "dependencies": [
            "aws_iam_service_linked_role.autoscaling",
            "data.aws_ami.amz_linux2",
            "module.alb.aws_lb.this",
            "module.alb.aws_lb_target_group.main",
            "module.autoscaling.aws_autoscaling_group.this",
            "module.autoscaling.aws_launch_configuration.this",
            "module.autoscaling.aws_launch_template.this",
            "module.autoscaling.null_resource.tags_as_list_of_maps",
            "module.loadbalancer_sg.aws_security_group.this",
            "module.loadbalancer_sg.aws_security_group.this_name_prefix",
            "module.private_security-group.aws_security_group.this",
            "module.private_security-group.aws_security_group.this_name_prefix",
            "module.vpc.aws_subnet.private",
            "module.vpc.aws_subnet.public",
            "module.vpc.aws_vpc.this",
            "module.vpc.aws_vpc_ipv4_cidr_block_association.this"
          ]
        }
      ]
    },
    {
      "mode": "managed",
      "type": "aws_autoscaling_policy",
      "name": "myavg_cpu_greater_than_xx",
      "provider": "provider[\"registry.terraform.io/hashicorp/aws\"]",
      "instances": [
        {
          "schema_version": 0,
          "attributes": {
            "adjustment_type": "",
            "arn": "arn:aws:autoscaling:ap-south-1:174228772591:scalingPolicy:8af0cc3f-51f3-42b9-96f8-beb18f75cde1:autoScalingGroupName/SAP-Dev-myasg1:policyName/myavg_cpu_greater_than_xx",
            "autoscaling_group_name": "SAP-Dev-myasg1",
            "cooldown": 0,
            "estimated_instance_warmup": 180,
            "id": "myavg_cpu_greater_than_xx",
            "metric_aggregation_type": "",
            "min_adjustment_magnitude": null,
            "name": "myavg_cpu_greater_than_xx",
            "policy_type": "TargetTrackingScaling",
            "predictive_scaling_configuration": [],
            "scaling_adjustment": 0,
            "step_adjustment": [],
            "target_tracking_configuration": [
              {
                "customized_metric_specification": [],
                "disable_scale_in": false,
                "predefined_metric_specification": [
                  {
                    "predefined_metric_type": "ASGAverageCPUUtilization",
                    "resource_label": ""
                  }
                ],
                "target_value": 50
              }
            ]
          },
          "sensitive_attributes": [],
          "private": "bnVsbA==",
          "dependencies": [
            "aws_iam_service_linked_role.autoscaling",
            "data.aws_ami.amz_linux2",
            "module.alb.aws_lb.this",
            "module.alb.aws_lb_target_group.main",
            "module.autoscaling.aws_autoscaling_group.this",
            "module.autoscaling.aws_launch_configuration.this",
            "module.autoscaling.aws_launch_template.this",
            "module.autoscaling.null_resource.tags_as_list_of_maps",
            "module.loadbalancer_sg.aws_security_group.this",
            "module.loadbalancer_sg.aws_security_group.this_name_prefix",
            "module.private_security-group.aws_security_group.this",
            "module.private_security-group.aws_security_group.this_name_prefix",
            "module.vpc.aws_subnet.private",
            "module.vpc.aws_subnet.public",
            "module.vpc.aws_vpc.this",
            "module.vpc.aws_vpc_ipv4_cidr_block_association.this"
          ]
        }
      ]
    },
    {
      "mode": "managed",
      "type": "aws_autoscaling_schedule",
      "name": "decrease_capacity_9pm",
      "provider": "provider[\"registry.terraform.io/hashicorp/aws\"]",
      "instances": [
        {
          "schema_version": 0,
          "attributes": {
            "arn": "arn:aws:autoscaling:ap-south-1:174228772591:scheduledUpdateGroupAction:87262025-e15e-4c99-b9b8-fabd82d765c2:autoScalingGroupName/SAP-Dev-myasg1:scheduledActionName/decrease_capacity_9pm",
            "autoscaling_group_name": "SAP-Dev-myasg1",
            "desired_capacity": 2,
            "end_time": null,
            "id": "decrease_capacity_9pm",
            "max_size": 10,
            "min_size": 2,
            "recurrence": "00 21 * * *",
            "scheduled_action_name": "decrease_capacity_9pm",
            "start_time": "2022-05-15T21:00:00Z",
            "time_zone": null
          },
          "sensitive_attributes": [],
          "private": "bnVsbA==",
          "dependencies": [
            "aws_iam_service_linked_role.autoscaling",
            "data.aws_ami.amz_linux2",
            "module.alb.aws_lb.this",
            "module.alb.aws_lb_target_group.main",
            "module.autoscaling.aws_autoscaling_group.this",
            "module.autoscaling.aws_launch_configuration.this",
            "module.autoscaling.aws_launch_template.this",
            "module.autoscaling.null_resource.tags_as_list_of_maps",
            "module.loadbalancer_sg.aws_security_group.this",
            "module.loadbalancer_sg.aws_security_group.this_name_prefix",
            "module.private_security-group.aws_security_group.this",
            "module.private_security-group.aws_security_group.this_name_prefix",
            "module.vpc.aws_subnet.private",
            "module.vpc.aws_subnet.public",
            "module.vpc.aws_vpc.this",
            "module.vpc.aws_vpc_ipv4_cidr_block_association.this"
          ]
        }
      ]
    },
    {
      "mode": "managed",
      "type": "aws_autoscaling_schedule",
      "name": "increase_capacity_9am",
      "provider": "provider[\"registry.terraform.io/hashicorp/aws\"]",
      "instances": [
        {
          "schema_version": 0,
          "attributes": {
            "arn": "arn:aws:autoscaling:ap-south-1:174228772591:scheduledUpdateGroupAction:c8e3a6b1-ca0e-4d28-ba90-fc88397ad57e:autoScalingGroupName/SAP-Dev-myasg1:scheduledActionName/increase_capacity_9am",
            "autoscaling_group_name": "SAP-Dev-myasg1",
            "desired_capacity": 6,
            "end_time": null,
            "id": "increase_capacity_9am",
            "max_size": 10,
            "min_size": 2,
            "recurrence": "00 09 * * *",
            "scheduled_action_name": "increase_capacity_9am",
            "start_time": "2022-05-15T14:00:00Z",
            "time_zone": null
          },
          "sensitive_attributes": [],
          "private": "bnVsbA==",
          "dependencies": [
            "aws_iam_service_linked_role.autoscaling",
            "data.aws_ami.amz_linux2",
            "module.alb.aws_lb.this",
            "module.alb.aws_lb_target_group.main",
            "module.autoscaling.aws_autoscaling_group.this",
            "module.autoscaling.aws_launch_configuration.this",
            "module.autoscaling.aws_launch_template.this",
            "module.autoscaling.null_resource.tags_as_list_of_maps",
            "module.loadbalancer_sg.aws_security_group.this",
            "module.loadbalancer_sg.aws_security_group.this_name_prefix",
            "module.private_security-group.aws_security_group.this",
            "module.private_security-group.aws_security_group.this_name_prefix",
            "module.vpc.aws_subnet.private",
            "module.vpc.aws_subnet.public",
            "module.vpc.aws_vpc.this",
            "module.vpc.aws_vpc_ipv4_cidr_block_association.this"
          ]
        }
      ]
    },
    {
      "mode": "managed",
      "type": "aws_eip",
      "name": "Public_host",
      "provider": "provider[\"registry.terraform.io/hashicorp/aws\"]",
      "instances": [
        {
          "schema_version": 0,
          "attributes": {
            "address": null,
            "allocation_id": "eipalloc-06665066c7ae10c5f",
            "associate_with_private_ip": null,
            "association_id": "eipassoc-0b280e0dd84b78e90",
            "carrier_ip": "",
            "customer_owned_ip": "",
            "customer_owned_ipv4_pool": "",
            "domain": "vpc",
            "id": "eipalloc-06665066c7ae10c5f",
            "instance": "i-0eb328b99a20f4812",
            "network_border_group": "ap-south-1",
            "network_interface": "eni-076b846ba30cd0f77",
            "private_dns": "ip-10-230-0-8.ap-south-1.compute.internal",
            "private_ip": "10.230.0.8",
            "public_dns": "ec2-65-0-200-36.ap-south-1.compute.amazonaws.com",
            "public_ip": "65.0.200.36",
            "public_ipv4_pool": "amazon",
            "tags": {
              "environment": "Dev",
              "owners": "SAP"
            },
            "tags_all": {
              "environment": "Dev",
              "owners": "SAP"
            },
            "timeouts": null,
            "vpc": true
          },
          "sensitive_attributes": [],
          "private": "eyJlMmJmYjczMC1lY2FhLTExZTYtOGY4OC0zNDM2M2JjN2M0YzAiOnsiZGVsZXRlIjoxODAwMDAwMDAwMDAsInJlYWQiOjkwMDAwMDAwMDAwMCwidXBkYXRlIjozMDAwMDAwMDAwMDB9fQ==",
          "dependencies": [
            "data.aws_ami.amz_linux2",
            "module.ec2-instance_bastion.aws_instance.this",
            "module.public_security-group.aws_security_group.this",
            "module.public_security-group.aws_security_group.this_name_prefix",
            "module.vpc.aws_cloudwatch_log_group.flow_log",
            "module.vpc.aws_customer_gateway.this",
            "module.vpc.aws_db_subnet_group.database",
            "module.vpc.aws_default_network_acl.this",
            "module.vpc.aws_default_route_table.default",
            "module.vpc.aws_default_security_group.this",
            "module.vpc.aws_default_vpc.this",
            "module.vpc.aws_egress_only_internet_gateway.this",
            "module.vpc.aws_eip.nat",
            "module.vpc.aws_elasticache_subnet_group.elasticache",
            "module.vpc.aws_flow_log.this",
            "module.vpc.aws_iam_policy.vpc_flow_log_cloudwatch",
            "module.vpc.aws_iam_role.vpc_flow_log_cloudwatch",
            "module.vpc.aws_iam_role_policy_attachment.vpc_flow_log_cloudwatch",
            "module.vpc.aws_internet_gateway.this",
            "module.vpc.aws_nat_gateway.this",
            "module.vpc.aws_network_acl.database",
            "module.vpc.aws_network_acl.elasticache",
            "module.vpc.aws_network_acl.intra",
            "module.vpc.aws_network_acl.outpost",
            "module.vpc.aws_network_acl.private",
            "module.vpc.aws_network_acl.public",
            "module.vpc.aws_network_acl.redshift",
            "module.vpc.aws_network_acl_rule.database_inbound",
            "module.vpc.aws_network_acl_rule.database_outbound",
            "module.vpc.aws_network_acl_rule.elasticache_inbound",
            "module.vpc.aws_network_acl_rule.elasticache_outbound",
            "module.vpc.aws_network_acl_rule.intra_inbound",
            "module.vpc.aws_network_acl_rule.intra_outbound",
            "module.vpc.aws_network_acl_rule.outpost_inbound",
            "module.vpc.aws_network_acl_rule.outpost_outbound",
            "module.vpc.aws_network_acl_rule.private_inbound",
            "module.vpc.aws_network_acl_rule.private_outbound",
            "module.vpc.aws_network_acl_rule.public_inbound",
            "module.vpc.aws_network_acl_rule.public_outbound",
            "module.vpc.aws_network_acl_rule.redshift_inbound",
            "module.vpc.aws_network_acl_rule.redshift_outbound",
            "module.vpc.aws_redshift_subnet_group.redshift",
            "module.vpc.aws_route.database_internet_gateway",
            "module.vpc.aws_route.database_ipv6_egress",
            "module.vpc.aws_route.database_nat_gateway",
            "module.vpc.aws_route.private_ipv6_egress",
            "module.vpc.aws_route.private_nat_gateway",
            "module.vpc.aws_route.public_internet_gateway",
            "module.vpc.aws_route.public_internet_gateway_ipv6",
            "module.vpc.aws_route_table.database",
            "module.vpc.aws_route_table.elasticache",
            "module.vpc.aws_route_table.intra",
            "module.vpc.aws_route_table.private",
            "module.vpc.aws_route_table.public",
            "module.vpc.aws_route_table.redshift",
            "module.vpc.aws_route_table_association.database",
            "module.vpc.aws_route_table_association.elasticache",
            "module.vpc.aws_route_table_association.intra",
            "module.vpc.aws_route_table_association.outpost",
            "module.vpc.aws_route_table_association.private",
            "module.vpc.aws_route_table_association.public",
            "module.vpc.aws_route_table_association.redshift",
            "module.vpc.aws_route_table_association.redshift_public",
            "module.vpc.aws_subnet.database",
            "module.vpc.aws_subnet.elasticache",
            "module.vpc.aws_subnet.intra",
            "module.vpc.aws_subnet.outpost",
            "module.vpc.aws_subnet.private",
            "module.vpc.aws_subnet.public",
            "module.vpc.aws_subnet.redshift",
            "module.vpc.aws_vpc.this",
            "module.vpc.aws_vpc_dhcp_options.this",
            "module.vpc.aws_vpc_dhcp_options_association.this",
            "module.vpc.aws_vpc_ipv4_cidr_block_association.this",
            "module.vpc.aws_vpn_gateway.this",
            "module.vpc.aws_vpn_gateway_attachment.this",
            "module.vpc.aws_vpn_gateway_route_propagation.intra",
            "module.vpc.aws_vpn_gateway_route_propagation.private",
            "module.vpc.aws_vpn_gateway_route_propagation.public",
            "module.vpc.data.aws_iam_policy_document.flow_log_cloudwatch_assume_role",
            "module.vpc.data.aws_iam_policy_document.vpc_flow_log_cloudwatch"
          ]
        }
      ]
    },
    {
      "mode": "managed",
      "type": "aws_iam_service_linked_role",
      "name": "autoscaling",
      "provider": "provider[\"registry.terraform.io/hashicorp/aws\"]",
      "instances": [
        {
          "schema_version": 0,
          "attributes": {
            "arn": "arn:aws:iam::174228772591:role/aws-service-role/autoscaling.amazonaws.com/AWSServiceRoleForAutoScaling_SAP-Dev",
            "aws_service_name": "autoscaling.amazonaws.com",
            "create_date": "2022-05-14T08:37:34Z",
            "custom_suffix": "SAP-Dev",
            "description": "A service linked role for autoscaling",
            "id": "arn:aws:iam::174228772591:role/aws-service-role/autoscaling.amazonaws.com/AWSServiceRoleForAutoScaling_SAP-Dev",
            "name": "AWSServiceRoleForAutoScaling_SAP-Dev",
            "path": "/aws-service-role/autoscaling.amazonaws.com/",
            "tags": null,
            "tags_all": {},
            "unique_id": "AROASREGYC3X4C6YBN7M4"
          },
          "sensitive_attributes": [],
          "private": "bnVsbA==",
          "create_before_destroy": true
        }
      ]
    },
    {
      "mode": "managed",
      "type": "aws_route53_record",
      "name": "myapp_dns",
      "provider": "provider[\"registry.terraform.io/hashicorp/aws\"]",
      "instances": [
        {
          "schema_version": 2,
          "attributes": {
            "alias": [
              {
                "evaluate_target_health": true,
                "name": "sap-dev-loadbalancer-1272068691.ap-south-1.elb.amazonaws.com",
                "zone_id": "ZP97RAFLXTNZK"
              }
            ],
            "allow_overwrite": null,
            "failover_routing_policy": [],
            "fqdn": "asg-lc.myappstore.tech",
            "geolocation_routing_policy": [],
            "health_check_id": null,
            "id": "Z0748203AGO1L3EMHWKX_asg-lc.myappstore.tech_A",
            "latency_routing_policy": [],
            "multivalue_answer_routing_policy": null,
            "name": "asg-lc.myappstore.tech",
            "records": null,
            "set_identifier": null,
            "ttl": null,
            "type": "A",
            "weighted_routing_policy": [],
            "zone_id": "Z0748203AGO1L3EMHWKX"
          },
          "sensitive_attributes": [],
          "private": "eyJzY2hlbWFfdmVyc2lvbiI6IjIifQ==",
          "dependencies": [
            "data.aws_route53_zone.mydomain",
            "module.acm.aws_acm_certificate.this",
            "module.acm.aws_acm_certificate_validation.this",
            "module.acm.aws_route53_record.validation",
            "module.alb.aws_lb.this",
            "module.alb.aws_lb_listener.frontend_http_tcp",
            "module.alb.aws_lb_listener.frontend_https",
            "module.alb.aws_lb_listener_certificate.https_listener",
            "module.alb.aws_lb_listener_rule.https_listener_rule",
            "module.alb.aws_lb_target_group.main",
            "module.alb.aws_lb_target_group_attachment.this",
            "module.loadbalancer_sg.aws_security_group.this",
            "module.loadbalancer_sg.aws_security_group.this_name_prefix",
            "module.vpc.aws_subnet.public",
            "module.vpc.aws_vpc.this",
            "module.vpc.aws_vpc_ipv4_cidr_block_association.this"
          ]
        }
      ]
    },
    {
      "mode": "managed",
      "type": "aws_sns_topic",
      "name": "myasg_sns_topic",
      "provider": "provider[\"registry.terraform.io/hashicorp/aws\"]",
      "instances": [
        {
          "schema_version": 0,
          "attributes": {
            "application_failure_feedback_role_arn": "",
            "application_success_feedback_role_arn": "",
            "application_success_feedback_sample_rate": 0,
            "arn": "arn:aws:sns:ap-south-1:174228772591:myasg-sns-topic-intimate-oriole",
            "content_based_deduplication": false,
            "delivery_policy": "",
            "display_name": "",
            "fifo_topic": false,
            "firehose_failure_feedback_role_arn": "",
            "firehose_success_feedback_role_arn": "",
            "firehose_success_feedback_sample_rate": 0,
            "http_failure_feedback_role_arn": "",
            "http_success_feedback_role_arn": "",
            "http_success_feedback_sample_rate": 0,
            "id": "arn:aws:sns:ap-south-1:174228772591:myasg-sns-topic-intimate-oriole",
            "kms_master_key_id": "",
            "lambda_failure_feedback_role_arn": "",
            "lambda_success_feedback_role_arn": "",
            "lambda_success_feedback_sample_rate": 0,
            "name": "myasg-sns-topic-intimate-oriole",
            "name_prefix": "",
            "owner": "174228772591",
            "policy": "{\"Version\":\"2008-10-17\",\"Id\":\"__default_policy_ID\",\"Statement\":[{\"Sid\":\"__default_statement_ID\",\"Effect\":\"Allow\",\"Principal\":{\"AWS\":\"*\"},\"Action\":[\"SNS:GetTopicAttributes\",\"SNS:SetTopicAttributes\",\"SNS:AddPermission\",\"SNS:RemovePermission\",\"SNS:DeleteTopic\",\"SNS:Subscribe\",\"SNS:ListSubscriptionsByTopic\",\"SNS:Publish\"],\"Resource\":\"arn:aws:sns:ap-south-1:174228772591:myasg-sns-topic-intimate-oriole\",\"Condition\":{\"StringEquals\":{\"AWS:SourceOwner\":\"174228772591\"}}}]}",
            "sqs_failure_feedback_role_arn": "",
            "sqs_success_feedback_role_arn": "",
            "sqs_success_feedback_sample_rate": 0,
            "tags": null,
            "tags_all": {}
          },
          "sensitive_attributes": [],
          "private": "bnVsbA==",
          "dependencies": [
            "random_pet.this"
          ]
        }
      ]
    },
    {
      "mode": "managed",
      "type": "aws_sns_topic_subscription",
      "name": "myasg_sns_topic_subscription",
      "provider": "provider[\"registry.terraform.io/hashicorp/aws\"]",
      "instances": [
        {
          "schema_version": 0,
          "attributes": {
            "arn": "arn:aws:sns:ap-south-1:174228772591:myasg-sns-topic-intimate-oriole:a81fad06-47d2-4787-8594-61ef926a1677",
            "confirmation_timeout_in_minutes": 1,
            "confirmation_was_authenticated": false,
            "delivery_policy": "",
            "endpoint": "kumarmanglam.mishra@gmail.com",
            "endpoint_auto_confirms": false,
            "filter_policy": "",
            "id": "arn:aws:sns:ap-south-1:174228772591:myasg-sns-topic-intimate-oriole:a81fad06-47d2-4787-8594-61ef926a1677",
            "owner_id": "174228772591",
            "pending_confirmation": true,
            "protocol": "email",
            "raw_message_delivery": false,
            "redrive_policy": "",
            "subscription_role_arn": "",
            "topic_arn": "arn:aws:sns:ap-south-1:174228772591:myasg-sns-topic-intimate-oriole"
          },
          "sensitive_attributes": [],
          "private": "bnVsbA==",
          "dependencies": [
            "aws_sns_topic.myasg_sns_topic",
            "random_pet.this"
          ]
        }
      ]
    },
    {
      "mode": "managed",
      "type": "null_resource",
      "name": "name",
      "provider": "provider[\"registry.terraform.io/hashicorp/null\"]",
      "instances": [
        {
          "schema_version": 0,
          "attributes": {
            "id": "4726649347416708761",
            "triggers": null
          },
          "sensitive_attributes": [],
          "private": "bnVsbA==",
          "dependencies": [
            "aws_eip.Public_host",
            "data.aws_ami.amz_linux2",
            "module.ec2-instance_bastion.aws_instance.this",
            "module.public_security-group.aws_security_group.this",
            "module.public_security-group.aws_security_group.this_name_prefix",
            "module.vpc.aws_cloudwatch_log_group.flow_log",
            "module.vpc.aws_customer_gateway.this",
            "module.vpc.aws_db_subnet_group.database",
            "module.vpc.aws_default_network_acl.this",
            "module.vpc.aws_default_route_table.default",
            "module.vpc.aws_default_security_group.this",
            "module.vpc.aws_default_vpc.this",
            "module.vpc.aws_egress_only_internet_gateway.this",
            "module.vpc.aws_eip.nat",
            "module.vpc.aws_elasticache_subnet_group.elasticache",
            "module.vpc.aws_flow_log.this",
            "module.vpc.aws_iam_policy.vpc_flow_log_cloudwatch",
            "module.vpc.aws_iam_role.vpc_flow_log_cloudwatch",
            "module.vpc.aws_iam_role_policy_attachment.vpc_flow_log_cloudwatch",
            "module.vpc.aws_internet_gateway.this",
            "module.vpc.aws_nat_gateway.this",
            "module.vpc.aws_network_acl.database",
            "module.vpc.aws_network_acl.elasticache",
            "module.vpc.aws_network_acl.intra",
            "module.vpc.aws_network_acl.outpost",
            "module.vpc.aws_network_acl.private",
            "module.vpc.aws_network_acl.public",
            "module.vpc.aws_network_acl.redshift",
            "module.vpc.aws_network_acl_rule.database_inbound",
            "module.vpc.aws_network_acl_rule.database_outbound",
            "module.vpc.aws_network_acl_rule.elasticache_inbound",
            "module.vpc.aws_network_acl_rule.elasticache_outbound",
            "module.vpc.aws_network_acl_rule.intra_inbound",
            "module.vpc.aws_network_acl_rule.intra_outbound",
            "module.vpc.aws_network_acl_rule.outpost_inbound",
            "module.vpc.aws_network_acl_rule.outpost_outbound",
            "module.vpc.aws_network_acl_rule.private_inbound",
            "module.vpc.aws_network_acl_rule.private_outbound",
            "module.vpc.aws_network_acl_rule.public_inbound",
            "module.vpc.aws_network_acl_rule.public_outbound",
            "module.vpc.aws_network_acl_rule.redshift_inbound",
            "module.vpc.aws_network_acl_rule.redshift_outbound",
            "module.vpc.aws_redshift_subnet_group.redshift",
            "module.vpc.aws_route.database_internet_gateway",
            "module.vpc.aws_route.database_ipv6_egress",
            "module.vpc.aws_route.database_nat_gateway",
            "module.vpc.aws_route.private_ipv6_egress",
            "module.vpc.aws_route.private_nat_gateway",
            "module.vpc.aws_route.public_internet_gateway",
            "module.vpc.aws_route.public_internet_gateway_ipv6",
            "module.vpc.aws_route_table.database",
            "module.vpc.aws_route_table.elasticache",
            "module.vpc.aws_route_table.intra",
            "module.vpc.aws_route_table.private",
            "module.vpc.aws_route_table.public",
            "module.vpc.aws_route_table.redshift",
            "module.vpc.aws_route_table_association.database",
            "module.vpc.aws_route_table_association.elasticache",
            "module.vpc.aws_route_table_association.intra",
            "module.vpc.aws_route_table_association.outpost",
            "module.vpc.aws_route_table_association.private",
            "module.vpc.aws_route_table_association.public",
            "module.vpc.aws_route_table_association.redshift",
            "module.vpc.aws_route_table_association.redshift_public",
            "module.vpc.aws_subnet.database",
            "module.vpc.aws_subnet.elasticache",
            "module.vpc.aws_subnet.intra",
            "module.vpc.aws_subnet.outpost",
            "module.vpc.aws_subnet.private",
            "module.vpc.aws_subnet.public",
            "module.vpc.aws_subnet.redshift",
            "module.vpc.aws_vpc.this",
            "module.vpc.aws_vpc_dhcp_options.this",
            "module.vpc.aws_vpc_dhcp_options_association.this",
            "module.vpc.aws_vpc_ipv4_cidr_block_association.this",
            "module.vpc.aws_vpn_gateway.this",
            "module.vpc.aws_vpn_gateway_attachment.this",
            "module.vpc.aws_vpn_gateway_route_propagation.intra",
            "module.vpc.aws_vpn_gateway_route_propagation.private",
            "module.vpc.aws_vpn_gateway_route_propagation.public",
            "module.vpc.data.aws_iam_policy_document.flow_log_cloudwatch_assume_role",
            "module.vpc.data.aws_iam_policy_document.vpc_flow_log_cloudwatch"
          ]
        }
      ]
    },
    {
      "mode": "managed",
      "type": "random_pet",
      "name": "this",
      "provider": "provider[\"registry.terraform.io/hashicorp/random\"]",
      "instances": [
        {
          "schema_version": 0,
          "attributes": {
            "id": "intimate-oriole",
            "keepers": null,
            "length": 2,
            "prefix": null,
            "separator": "-"
          },
          "sensitive_attributes": [],
          "private": "bnVsbA=="
        }
      ]
    },
    {
      "module": "module.acm",
      "mode": "managed",
      "type": "aws_acm_certificate",
      "name": "this",
      "provider": "provider[\"registry.terraform.io/hashicorp/aws\"]",
      "instances": [
        {
          "index_key": 0,
          "schema_version": 0,
          "attributes": {
            "arn": "arn:aws:acm:ap-south-1:174228772591:certificate/ce2ebad1-bfa4-4700-b09d-4d718de8ab1a",
            "certificate_authority_arn": "",
            "certificate_body": null,
            "certificate_chain": null,
            "domain_name": "myappstore.tech",
            "domain_validation_options": [
              {
                "domain_name": "*.myappstore.tech",
                "resource_record_name": "_6f838a624d48c05fd03389a4f6ccd164.myappstore.tech.",
                "resource_record_type": "CNAME",
                "resource_record_value": "_abf315aeaddabbba6af8efe1b62e6ac1.wmmlzlpmyg.acm-validations.aws."
              },
              {
                "domain_name": "myappstore.tech",
                "resource_record_name": "_6f838a624d48c05fd03389a4f6ccd164.myappstore.tech.",
                "resource_record_type": "CNAME",
                "resource_record_value": "_abf315aeaddabbba6af8efe1b62e6ac1.wmmlzlpmyg.acm-validations.aws."
              }
            ],
            "id": "arn:aws:acm:ap-south-1:174228772591:certificate/ce2ebad1-bfa4-4700-b09d-4d718de8ab1a",
            "options": [
              {
                "certificate_transparency_logging_preference": "ENABLED"
              }
            ],
            "private_key": null,
            "status": "PENDING_VALIDATION",
            "subject_alternative_names": [
              "*.myappstore.tech"
            ],
            "tags": {
              "environment": "Dev",
              "owners": "SAP"
            },
            "tags_all": {
              "environment": "Dev",
              "owners": "SAP"
            },
            "validation_emails": [],
            "validation_method": "DNS"
          },
          "sensitive_attributes": [],
          "private": "bnVsbA==",
          "dependencies": [
            "data.aws_route53_zone.mydomain"
          ],
          "create_before_destroy": true
        }
      ]
    },
    {
      "module": "module.acm",
      "mode": "managed",
      "type": "aws_acm_certificate_validation",
      "name": "this",
      "provider": "provider[\"registry.terraform.io/hashicorp/aws\"]",
      "instances": [
        {
          "index_key": 0,
          "schema_version": 0,
          "attributes": {
            "certificate_arn": "arn:aws:acm:ap-south-1:174228772591:certificate/ce2ebad1-bfa4-4700-b09d-4d718de8ab1a",
            "id": "2022-05-14 08:38:01.058 +0000 UTC",
            "timeouts": null,
            "validation_record_fqdns": [
              "_6f838a624d48c05fd03389a4f6ccd164.myappstore.tech"
            ]
          },
          "sensitive_attributes": [],
          "private": "eyJlMmJmYjczMC1lY2FhLTExZTYtOGY4OC0zNDM2M2JjN2M0YzAiOnsiY3JlYXRlIjoyNzAwMDAwMDAwMDAwfX0=",
          "dependencies": [
            "data.aws_route53_zone.mydomain",
            "module.acm.aws_acm_certificate.this",
            "module.acm.aws_route53_record.validation"
          ]
        }
      ]
    },
    {
      "module": "module.acm",
      "mode": "managed",
      "type": "aws_route53_record",
      "name": "validation",
      "provider": "provider[\"registry.terraform.io/hashicorp/aws\"]",
      "instances": [
        {
          "index_key": 0,
          "schema_version": 2,
          "attributes": {
            "alias": [],
            "allow_overwrite": true,
            "failover_routing_policy": [],
            "fqdn": "_6f838a624d48c05fd03389a4f6ccd164.myappstore.tech",
            "geolocation_routing_policy": [],
            "health_check_id": null,
            "id": "Z0748203AGO1L3EMHWKX__6f838a624d48c05fd03389a4f6ccd164.myappstore.tech._CNAME",
            "latency_routing_policy": [],
            "multivalue_answer_routing_policy": null,
            "name": "_6f838a624d48c05fd03389a4f6ccd164.myappstore.tech",
            "records": [
              "_abf315aeaddabbba6af8efe1b62e6ac1.wmmlzlpmyg.acm-validations.aws."
            ],
            "set_identifier": null,
            "ttl": 60,
            "type": "CNAME",
            "weighted_routing_policy": [],
            "zone_id": "Z0748203AGO1L3EMHWKX"
          },
          "sensitive_attributes": [],
          "private": "eyJzY2hlbWFfdmVyc2lvbiI6IjIifQ==",
          "dependencies": [
            "data.aws_route53_zone.mydomain",
            "module.acm.aws_acm_certificate.this"
          ]
        }
      ]
    },
    {
      "module": "module.alb",
      "mode": "managed",
      "type": "aws_lb",
      "name": "this",
      "provider": "provider[\"registry.terraform.io/hashicorp/aws\"]",
      "instances": [
        {
          "index_key": 0,
          "schema_version": 0,
          "attributes": {
            "access_logs": [
              {
                "bucket": "",
                "enabled": false,
                "prefix": ""
              }
            ],
            "arn": "arn:aws:elasticloadbalancing:ap-south-1:174228772591:loadbalancer/app/SAP-Dev-loadbalancer/365052feaed9a434",
            "arn_suffix": "app/SAP-Dev-loadbalancer/365052feaed9a434",
            "customer_owned_ipv4_pool": "",
            "desync_mitigation_mode": "defensive",
            "dns_name": "SAP-Dev-loadbalancer-1272068691.ap-south-1.elb.amazonaws.com",
            "drop_invalid_header_fields": false,
            "enable_cross_zone_load_balancing": null,
            "enable_deletion_protection": false,
            "enable_http2": true,
            "enable_waf_fail_open": false,
            "id": "arn:aws:elasticloadbalancing:ap-south-1:174228772591:loadbalancer/app/SAP-Dev-loadbalancer/365052feaed9a434",
            "idle_timeout": 60,
            "internal": false,
            "ip_address_type": "ipv4",
            "load_balancer_type": "application",
            "name": "SAP-Dev-loadbalancer",
            "name_prefix": null,
            "security_groups": [
              "sg-099ba04785b8b2858"
            ],
            "subnet_mapping": [
              {
                "allocation_id": "",
                "ipv6_address": "",
                "outpost_id": "",
                "private_ipv4_address": "",
                "subnet_id": "subnet-033d002eac30c3666"
              },
              {
                "allocation_id": "",
                "ipv6_address": "",
                "outpost_id": "",
                "private_ipv4_address": "",
                "subnet_id": "subnet-0f6d69a8441c62dba"
              }
            ],
            "subnets": [
              "subnet-033d002eac30c3666",
              "subnet-0f6d69a8441c62dba"
            ],
            "tags": {
              "Name": "SAP-Dev-loadbalancer",
              "environment": "Dev",
              "owners": "SAP"
            },
            "tags_all": {
              "Name": "SAP-Dev-loadbalancer",
              "environment": "Dev",
              "owners": "SAP"
            },
            "timeouts": {
              "create": "10m",
              "delete": "10m",
              "update": "10m"
            },
            "vpc_id": "vpc-07631caeb87cd8efb",
            "zone_id": "ZP97RAFLXTNZK"
          },
          "sensitive_attributes": [],
          "private": "eyJlMmJmYjczMC1lY2FhLTExZTYtOGY4OC0zNDM2M2JjN2M0YzAiOnsiY3JlYXRlIjo2MDAwMDAwMDAwMDAsImRlbGV0ZSI6NjAwMDAwMDAwMDAwLCJ1cGRhdGUiOjYwMDAwMDAwMDAwMH19",
          "dependencies": [
            "module.loadbalancer_sg.aws_security_group.this",
            "module.loadbalancer_sg.aws_security_group.this_name_prefix",
            "module.vpc.aws_subnet.public",
            "module.vpc.aws_vpc.this",
            "module.vpc.aws_vpc_ipv4_cidr_block_association.this"
          ],
          "create_before_destroy": true
        }
      ]
    },
    {
      "module": "module.alb",
      "mode": "managed",
      "type": "aws_lb_listener",
      "name": "frontend_http_tcp",
      "provider": "provider[\"registry.terraform.io/hashicorp/aws\"]",
      "instances": [
        {
          "index_key": 0,
          "schema_version": 0,
          "attributes": {
            "alpn_policy": null,
            "arn": "arn:aws:elasticloadbalancing:ap-south-1:174228772591:listener/app/SAP-Dev-loadbalancer/365052feaed9a434/fd802c7ac1553a8f",
            "certificate_arn": null,
            "default_action": [
              {
                "authenticate_cognito": [],
                "authenticate_oidc": [],
                "fixed_response": [],
                "forward": [],
                "order": 1,
                "redirect": [
                  {
                    "host": "#{host}",
                    "path": "/#{path}",
                    "port": "443",
                    "protocol": "HTTPS",
                    "query": "#{query}",
                    "status_code": "HTTP_301"
                  }
                ],
                "target_group_arn": "",
                "type": "redirect"
              }
            ],
            "id": "arn:aws:elasticloadbalancing:ap-south-1:174228772591:listener/app/SAP-Dev-loadbalancer/365052feaed9a434/fd802c7ac1553a8f",
            "load_balancer_arn": "arn:aws:elasticloadbalancing:ap-south-1:174228772591:loadbalancer/app/SAP-Dev-loadbalancer/365052feaed9a434",
            "port": 80,
            "protocol": "HTTP",
            "ssl_policy": "",
            "tags": null,
            "tags_all": {},
            "timeouts": null
          },
          "sensitive_attributes": [],
          "private": "eyJlMmJmYjczMC1lY2FhLTExZTYtOGY4OC0zNDM2M2JjN2M0YzAiOnsicmVhZCI6NjAwMDAwMDAwMDAwfX0=",
          "dependencies": [
            "module.alb.aws_lb.this",
            "module.alb.aws_lb_target_group.main",
            "module.loadbalancer_sg.aws_security_group.this",
            "module.loadbalancer_sg.aws_security_group.this_name_prefix",
            "module.vpc.aws_subnet.public",
            "module.vpc.aws_vpc.this",
            "module.vpc.aws_vpc_ipv4_cidr_block_association.this"
          ]
        }
      ]
    },
    {
      "module": "module.alb",
      "mode": "managed",
      "type": "aws_lb_listener",
      "name": "frontend_https",
      "provider": "provider[\"registry.terraform.io/hashicorp/aws\"]",
      "instances": [
        {
          "index_key": 0,
          "schema_version": 0,
          "attributes": {
            "alpn_policy": null,
            "arn": "arn:aws:elasticloadbalancing:ap-south-1:174228772591:listener/app/SAP-Dev-loadbalancer/365052feaed9a434/45bac74a9aefc032",
            "certificate_arn": "arn:aws:acm:ap-south-1:174228772591:certificate/ce2ebad1-bfa4-4700-b09d-4d718de8ab1a",
            "default_action": [
              {
                "authenticate_cognito": [],
                "authenticate_oidc": [],
                "fixed_response": [
                  {
                    "content_type": "text/plain",
                    "message_body": "Fixed Static message - for Root Context",
                    "status_code": "200"
                  }
                ],
                "forward": [],
                "order": 1,
                "redirect": [],
                "target_group_arn": "",
                "type": "fixed-response"
              }
            ],
            "id": "arn:aws:elasticloadbalancing:ap-south-1:174228772591:listener/app/SAP-Dev-loadbalancer/365052feaed9a434/45bac74a9aefc032",
            "load_balancer_arn": "arn:aws:elasticloadbalancing:ap-south-1:174228772591:loadbalancer/app/SAP-Dev-loadbalancer/365052feaed9a434",
            "port": 443,
            "protocol": "HTTPS",
            "ssl_policy": "ELBSecurityPolicy-2016-08",
            "tags": null,
            "tags_all": {},
            "timeouts": null
          },
          "sensitive_attributes": [],
          "private": "eyJlMmJmYjczMC1lY2FhLTExZTYtOGY4OC0zNDM2M2JjN2M0YzAiOnsicmVhZCI6NjAwMDAwMDAwMDAwfX0=",
          "dependencies": [
            "data.aws_route53_zone.mydomain",
            "module.acm.aws_acm_certificate.this",
            "module.acm.aws_acm_certificate_validation.this",
            "module.acm.aws_route53_record.validation",
            "module.alb.aws_lb.this",
            "module.alb.aws_lb_target_group.main",
            "module.loadbalancer_sg.aws_security_group.this",
            "module.loadbalancer_sg.aws_security_group.this_name_prefix",
            "module.vpc.aws_subnet.public",
            "module.vpc.aws_vpc.this",
            "module.vpc.aws_vpc_ipv4_cidr_block_association.this"
          ]
        }
      ]
    },
    {
      "module": "module.alb",
      "mode": "managed",
      "type": "aws_lb_listener_rule",
      "name": "https_listener_rule",
      "provider": "provider[\"registry.terraform.io/hashicorp/aws\"]",
      "instances": [
        {
          "index_key": 0,
          "schema_version": 0,
          "attributes": {
            "action": [
              {
                "authenticate_cognito": [],
                "authenticate_oidc": [],
                "fixed_response": [],
                "forward": [],
                "order": 1,
                "redirect": [],
                "target_group_arn": "arn:aws:elasticloadbalancing:ap-south-1:174228772591:targetgroup/app1-20220514084057443600000006/8ce6364a09cb2493",
                "type": "forward"
              }
            ],
            "arn": "arn:aws:elasticloadbalancing:ap-south-1:174228772591:listener-rule/app/SAP-Dev-loadbalancer/365052feaed9a434/45bac74a9aefc032/dc756ab85ac6e55c",
            "condition": [
              {
                "host_header": [],
                "http_header": [],
                "http_request_method": [],
                "path_pattern": [
                  {
                    "values": [
                      "/*"
                    ]
                  }
                ],
                "query_string": [],
                "source_ip": []
              }
            ],
            "id": "arn:aws:elasticloadbalancing:ap-south-1:174228772591:listener-rule/app/SAP-Dev-loadbalancer/365052feaed9a434/45bac74a9aefc032/dc756ab85ac6e55c",
            "listener_arn": "arn:aws:elasticloadbalancing:ap-south-1:174228772591:listener/app/SAP-Dev-loadbalancer/365052feaed9a434/45bac74a9aefc032",
            "priority": 1,
            "tags": null,
            "tags_all": {}
          },
          "sensitive_attributes": [],
          "private": "bnVsbA==",
          "dependencies": [
            "data.aws_route53_zone.mydomain",
            "module.acm.aws_acm_certificate.this",
            "module.acm.aws_acm_certificate_validation.this",
            "module.acm.aws_route53_record.validation",
            "module.alb.aws_lb.this",
            "module.alb.aws_lb_listener.frontend_https",
            "module.alb.aws_lb_target_group.main",
            "module.loadbalancer_sg.aws_security_group.this",
            "module.loadbalancer_sg.aws_security_group.this_name_prefix",
            "module.vpc.aws_subnet.public",
            "module.vpc.aws_vpc.this",
            "module.vpc.aws_vpc_ipv4_cidr_block_association.this"
          ]
        }
      ]
    },
    {
      "module": "module.alb",
      "mode": "managed",
      "type": "aws_lb_target_group",
      "name": "main",
      "provider": "provider[\"registry.terraform.io/hashicorp/aws\"]",
      "instances": [
        {
          "index_key": 0,
          "schema_version": 0,
          "attributes": {
            "arn": "arn:aws:elasticloadbalancing:ap-south-1:174228772591:targetgroup/app1-20220514084057443600000006/8ce6364a09cb2493",
            "arn_suffix": "targetgroup/app1-20220514084057443600000006/8ce6364a09cb2493",
            "connection_termination": false,
            "deregistration_delay": "300",
            "health_check": [
              {
                "enabled": true,
                "healthy_threshold": 3,
                "interval": 30,
                "matcher": "200-399",
                "path": "/app1/index.html",
                "port": "traffic-port",
                "protocol": "HTTP",
                "timeout": 6,
                "unhealthy_threshold": 3
              }
            ],
            "id": "arn:aws:elasticloadbalancing:ap-south-1:174228772591:targetgroup/app1-20220514084057443600000006/8ce6364a09cb2493",
            "lambda_multi_value_headers_enabled": false,
            "load_balancing_algorithm_type": "round_robin",
            "name": "app1-20220514084057443600000006",
            "name_prefix": "app1-",
            "port": 80,
            "preserve_client_ip": null,
            "protocol": "HTTP",
            "protocol_version": "HTTP1",
            "proxy_protocol_v2": false,
            "slow_start": 0,
            "stickiness": [
              {
                "cookie_duration": 86400,
                "cookie_name": "",
                "enabled": false,
                "type": "lb_cookie"
              }
            ],
            "tags": {
              "Name": "app1-",
              "environment": "Dev",
              "owners": "SAP"
            },
            "tags_all": {
              "Name": "app1-",
              "environment": "Dev",
              "owners": "SAP"
            },
            "target_type": "instance",
            "vpc_id": "vpc-07631caeb87cd8efb"
          },
          "sensitive_attributes": [],
          "private": "bnVsbA==",
          "dependencies": [
            "module.alb.aws_lb.this",
            "module.loadbalancer_sg.aws_security_group.this",
            "module.loadbalancer_sg.aws_security_group.this_name_prefix",
            "module.vpc.aws_subnet.public",
            "module.vpc.aws_vpc.this",
            "module.vpc.aws_vpc_ipv4_cidr_block_association.this"
          ],
          "create_before_destroy": true
        }
      ]
    },
    {
      "module": "module.autoscaling",
      "mode": "managed",
      "type": "aws_autoscaling_group",
      "name": "this",
      "provider": "provider[\"registry.terraform.io/hashicorp/aws\"]",
      "instances": [
        {
          "index_key": 0,
          "schema_version": 0,
          "attributes": {
            "arn": "arn:aws:autoscaling:ap-south-1:174228772591:autoScalingGroup:260a3f32-818d-432c-89d1-90af1404c540:autoScalingGroupName/SAP-Dev-myasg1",
            "availability_zones": [
              "ap-south-1a",
              "ap-south-1b"
            ],
            "capacity_rebalance": false,
            "default_cooldown": 300,
            "desired_capacity": 2,
            "enabled_metrics": null,
            "force_delete": false,
            "force_delete_warm_pool": false,
            "health_check_grace_period": 300,
            "health_check_type": "EC2",
            "id": "SAP-Dev-myasg1",
            "initial_lifecycle_hook": [
              {
                "default_result": "CONTINUE",
                "heartbeat_timeout": 180,
                "lifecycle_transition": "autoscaling:EC2_INSTANCE_TERMINATING",
                "name": "ExampleTerminationLifeCycleHook",
                "notification_metadata": "{\"goodbye\":\"world\"}",
                "notification_target_arn": "",
                "role_arn": ""
              },
              {
                "default_result": "CONTINUE",
                "heartbeat_timeout": 60,
                "lifecycle_transition": "autoscaling:EC2_INSTANCE_LAUNCHING",
                "name": "ExampleStartupLifeCycleHook",
                "notification_metadata": "{\"hello\":\"world\"}",
                "notification_target_arn": "",
                "role_arn": ""
              }
            ],
            "instance_refresh": [
              {
                "preferences": [
                  {
                    "checkpoint_delay": "",
                    "checkpoint_percentages": null,
                    "instance_warmup": "",
                    "min_healthy_percentage": 50
                  }
                ],
                "strategy": "Rolling",
                "triggers": [
                  "desired_capacity",
                  "tag"
                ]
              }
            ],
            "launch_configuration": "SAP-Dev-mylc1-20220514083750203100000005",
            "launch_template": [],
            "load_balancers": null,
            "max_instance_lifetime": 0,
            "max_size": 4,
            "metrics_granularity": "1Minute",
            "min_elb_capacity": null,
            "min_size": 2,
            "mixed_instances_policy": [],
            "name": "SAP-Dev-myasg1",
            "name_prefix": "",
            "placement_group": "",
            "protect_from_scale_in": false,
            "service_linked_role_arn": "arn:aws:iam::174228772591:role/aws-service-role/autoscaling.amazonaws.com/AWSServiceRoleForAutoScaling_SAP-Dev",
            "suspended_processes": null,
            "tag": [],
            "tags": [
              {
                "key": "Name",
                "propagate_at_launch": "true",
                "value": "SAP-Dev-myasg1"
              },
              {
                "key": "Project",
                "propagate_at_launch": "true",
                "value": "megasecret"
              },
              {
                "key": "foo",
                "propagate_at_launch": "true"
              }
            ],
            "target_group_arns": [
              "arn:aws:elasticloadbalancing:ap-south-1:174228772591:targetgroup/app1-20220514084057443600000006/8ce6364a09cb2493"
            ],
            "termination_policies": null,
            "timeouts": {
              "delete": null
            },
            "vpc_zone_identifier": [
              "subnet-08cd8bb84a8a5a584",
              "subnet-09e6e5e1357ce5436"
            ],
            "wait_for_capacity_timeout": "0",
            "wait_for_elb_capacity": null,
            "warm_pool": []
          },
          "sensitive_attributes": [],
          "private": "eyJlMmJmYjczMC1lY2FhLTExZTYtOGY4OC0zNDM2M2JjN2M0YzAiOnsiZGVsZXRlIjo2MDAwMDAwMDAwMDB9fQ==",
          "dependencies": [
            "aws_iam_service_linked_role.autoscaling",
            "data.aws_ami.amz_linux2",
            "module.alb.aws_lb.this",
            "module.alb.aws_lb_target_group.main",
            "module.autoscaling.aws_launch_configuration.this",
            "module.autoscaling.aws_launch_template.this",
            "module.autoscaling.null_resource.tags_as_list_of_maps",
            "module.loadbalancer_sg.aws_security_group.this",
            "module.loadbalancer_sg.aws_security_group.this_name_prefix",
            "module.private_security-group.aws_security_group.this",
            "module.private_security-group.aws_security_group.this_name_prefix",
            "module.vpc.aws_subnet.private",
            "module.vpc.aws_subnet.public",
            "module.vpc.aws_vpc.this",
            "module.vpc.aws_vpc_ipv4_cidr_block_association.this"
          ],
          "create_before_destroy": true
        }
      ]
    },
    {
      "module": "module.autoscaling",
      "mode": "managed",
      "type": "aws_launch_configuration",
      "name": "this",
      "provider": "provider[\"registry.terraform.io/hashicorp/aws\"]",
      "instances": [
        {
          "index_key": 0,
          "schema_version": 0,
          "attributes": {
            "arn": "arn:aws:autoscaling:ap-south-1:174228772591:launchConfiguration:8a7393f2-951c-499a-9d42-973f90fa6508:launchConfigurationName/SAP-Dev-mylc1-20220514083750203100000005",
            "associate_public_ip_address": false,
            "ebs_block_device": [],
            "ebs_optimized": true,
            "enable_monitoring": true,
            "ephemeral_block_device": [],
            "iam_instance_profile": "",
            "id": "SAP-Dev-mylc1-20220514083750203100000005",
            "image_id": "ami-08f3712c8ca5af75e",
            "instance_type": "m4.large",
            "key_name": "terraform-key1",
            "metadata_options": [
              {
                "http_endpoint": "enabled",
                "http_put_response_hop_limit": 32,
                "http_tokens": "optional"
              }
            ],
            "name": "SAP-Dev-mylc1-20220514083750203100000005",
            "name_prefix": "SAP-Dev-mylc1-",
            "placement_tenancy": null,
            "root_block_device": [],
            "security_groups": [
              "sg-0e2269463c5332ecf"
            ],
            "spot_price": "",
            "user_data": "56e4708b94134edbd1cec7ceda3e29959b978a69",
            "user_data_base64": null,
            "vpc_classic_link_id": "",
            "vpc_classic_link_security_groups": null
          },
          "sensitive_attributes": [],
          "private": "bnVsbA==",
          "dependencies": [
            "data.aws_ami.amz_linux2",
            "module.private_security-group.aws_security_group.this",
            "module.private_security-group.aws_security_group.this_name_prefix",
            "module.vpc.aws_vpc.this"
          ],
          "create_before_destroy": true
        }
      ]
    },
    {
      "module": "module.ec2-instance_bastion",
      "mode": "managed",
      "type": "aws_instance",
      "name": "this",
      "provider": "provider[\"registry.terraform.io/hashicorp/aws\"]",
      "instances": [
        {
          "index_key": 0,
          "schema_version": 1,
          "attributes": {
            "ami": "ami-08f3712c8ca5af75e",
            "arn": "arn:aws:ec2:ap-south-1:174228772591:instance/i-0eb328b99a20f4812",
            "associate_public_ip_address": true,
            "availability_zone": "ap-south-1a",
            "capacity_reservation_specification": [
              {
                "capacity_reservation_preference": "open",
                "capacity_reservation_target": []
              }
            ],
            "cpu_core_count": 1,
            "cpu_threads_per_core": 2,
            "credit_specification": [
              {
                "cpu_credits": null
              }
            ],
            "disable_api_termination": false,
            "ebs_block_device": [],
            "ebs_optimized": false,
            "enclave_options": [
              {
                "enabled": false
              }
            ],
            "ephemeral_block_device": [],
            "get_password_data": false,
            "hibernation": false,
            "host_id": null,
            "iam_instance_profile": "",
            "id": "i-0eb328b99a20f4812",
            "instance_initiated_shutdown_behavior": "stop",
            "instance_state": "running",
            "instance_type": "m4.large",
            "ipv6_address_count": 0,
            "ipv6_addresses": [],
            "key_name": "terraform-key1",
            "launch_template": [],
            "metadata_options": [
              {
                "http_endpoint": "enabled",
                "http_put_response_hop_limit": 1,
                "http_tokens": "optional",
                "instance_metadata_tags": "disabled"
              }
            ],
            "monitoring": false,
            "network_interface": [],
            "outpost_arn": "",
            "password_data": "",
            "placement_group": "",
            "placement_partition_number": null,
            "primary_network_interface_id": "eni-076b846ba30cd0f77",
            "private_dns": "ip-10-230-0-8.ap-south-1.compute.internal",
            "private_ip": "10.230.0.8",
            "public_dns": "ec2-13-233-27-189.ap-south-1.compute.amazonaws.com",
            "public_ip": "13.233.27.189",
            "root_block_device": [
              {
                "delete_on_termination": true,
                "device_name": "/dev/xvda",
                "encrypted": false,
                "iops": 100,
                "kms_key_id": "",
                "tags": {},
                "throughput": 0,
                "volume_id": "vol-07352072cbb7c36c0",
                "volume_size": 8,
                "volume_type": "gp2"
              }
            ],
            "secondary_private_ips": [],
            "security_groups": [],
            "source_dest_check": true,
            "subnet_id": "subnet-033d002eac30c3666",
            "tags": {
              "Name": "SAP-Dev-Dev_bastion_Host",
              "environment": "Dev",
              "owners": "SAP"
            },
            "tags_all": {
              "Name": "SAP-Dev-Dev_bastion_Host",
              "environment": "Dev",
              "owners": "SAP"
            },
            "tenancy": "default",
            "timeouts": null,
            "user_data": null,
            "user_data_base64": null,
            "volume_tags": {
              "Name": "SAP-Dev-Dev_bastion_Host"
            },
            "vpc_security_group_ids": [
              "sg-02c22c294684ff11f"
            ]
          },
          "sensitive_attributes": [],
          "private": "eyJlMmJmYjczMC1lY2FhLTExZTYtOGY4OC0zNDM2M2JjN2M0YzAiOnsiY3JlYXRlIjo2MDAwMDAwMDAwMDAsImRlbGV0ZSI6MTIwMDAwMDAwMDAwMCwidXBkYXRlIjo2MDAwMDAwMDAwMDB9LCJzY2hlbWFfdmVyc2lvbiI6IjEifQ==",
          "dependencies": [
            "data.aws_ami.amz_linux2",
            "module.public_security-group.aws_security_group.this",
            "module.public_security-group.aws_security_group.this_name_prefix",
            "module.vpc.aws_subnet.public",
            "module.vpc.aws_vpc.this",
            "module.vpc.aws_vpc_ipv4_cidr_block_association.this"
          ]
        }
      ]
    },
    {
      "module": "module.loadbalancer_sg",
      "mode": "managed",
      "type": "aws_security_group",
      "name": "this_name_prefix",
      "provider": "provider[\"registry.terraform.io/hashicorp/aws\"]",
      "instances": [
        {
          "index_key": 0,
          "schema_version": 1,
          "attributes": {
            "arn": "arn:aws:ec2:ap-south-1:174228772591:security-group/sg-099ba04785b8b2858",
            "description": "this loadbalancer sg allows the http traffic on port 80 and also on port 81",
            "egress": [],
            "id": "sg-099ba04785b8b2858",
            "ingress": [],
            "name": "Loadbalancer-SG-20220514083747484800000004",
            "name_prefix": "Loadbalancer-SG-",
            "owner_id": "174228772591",
            "revoke_rules_on_delete": false,
            "tags": {
              "Name": "Loadbalancer-SG",
              "environment": "Dev",
              "owners": "SAP"
            },
            "tags_all": {
              "Name": "Loadbalancer-SG",
              "environment": "Dev",
              "owners": "SAP"
            },
            "timeouts": {
              "create": "10m",
              "delete": "15m"
            },
            "vpc_id": "vpc-07631caeb87cd8efb"
          },
          "sensitive_attributes": [],
          "private": "eyJlMmJmYjczMC1lY2FhLTExZTYtOGY4OC0zNDM2M2JjN2M0YzAiOnsiY3JlYXRlIjo2MDAwMDAwMDAwMDAsImRlbGV0ZSI6OTAwMDAwMDAwMDAwfSwic2NoZW1hX3ZlcnNpb24iOiIxIn0=",
          "dependencies": [
            "module.vpc.aws_vpc.this"
          ],
          "create_before_destroy": true
        }
      ]
    },
    {
      "module": "module.loadbalancer_sg",
      "mode": "managed",
      "type": "aws_security_group_rule",
      "name": "egress_rules",
      "provider": "provider[\"registry.terraform.io/hashicorp/aws\"]",
      "instances": [
        {
          "index_key": 0,
          "schema_version": 2,
          "attributes": {
            "cidr_blocks": [
              "0.0.0.0/0"
            ],
            "description": "All protocols",
            "from_port": -1,
            "id": "sgrule-1112703175",
            "ipv6_cidr_blocks": [
              "::/0"
            ],
            "prefix_list_ids": [],
            "protocol": "-1",
            "security_group_id": "sg-099ba04785b8b2858",
            "self": false,
            "source_security_group_id": null,
            "to_port": -1,
            "type": "egress"
          },
          "sensitive_attributes": [],
          "private": "eyJzY2hlbWFfdmVyc2lvbiI6IjIifQ==",
          "dependencies": [
            "module.loadbalancer_sg.aws_security_group.this",
            "module.loadbalancer_sg.aws_security_group.this_name_prefix",
            "module.vpc.aws_vpc.this"
          ]
        }
      ]
    },
    {
      "module": "module.loadbalancer_sg",
      "mode": "managed",
      "type": "aws_security_group_rule",
      "name": "ingress_rules",
      "provider": "provider[\"registry.terraform.io/hashicorp/aws\"]",
      "instances": [
        {
          "index_key": 0,
          "schema_version": 2,
          "attributes": {
            "cidr_blocks": [
              "0.0.0.0/0"
            ],
            "description": "HTTP",
            "from_port": 80,
            "id": "sgrule-1446750075",
            "ipv6_cidr_blocks": [],
            "prefix_list_ids": [],
            "protocol": "tcp",
            "security_group_id": "sg-099ba04785b8b2858",
            "self": false,
            "source_security_group_id": null,
            "to_port": 80,
            "type": "ingress"
          },
          "sensitive_attributes": [],
          "private": "eyJzY2hlbWFfdmVyc2lvbiI6IjIifQ==",
          "dependencies": [
            "module.loadbalancer_sg.aws_security_group.this",
            "module.loadbalancer_sg.aws_security_group.this_name_prefix",
            "module.vpc.aws_vpc.this"
          ]
        },
        {
          "index_key": 1,
          "schema_version": 2,
          "attributes": {
            "cidr_blocks": [
              "0.0.0.0/0"
            ],
            "description": "HTTPS",
            "from_port": 443,
            "id": "sgrule-576365247",
            "ipv6_cidr_blocks": [],
            "prefix_list_ids": [],
            "protocol": "tcp",
            "security_group_id": "sg-099ba04785b8b2858",
            "self": false,
            "source_security_group_id": null,
            "to_port": 443,
            "type": "ingress"
          },
          "sensitive_attributes": [],
          "private": "eyJzY2hlbWFfdmVyc2lvbiI6IjIifQ==",
          "dependencies": [
            "module.loadbalancer_sg.aws_security_group.this",
            "module.loadbalancer_sg.aws_security_group.this_name_prefix",
            "module.vpc.aws_vpc.this"
          ]
        }
      ]
    },
    {
      "module": "module.loadbalancer_sg",
      "mode": "managed",
      "type": "aws_security_group_rule",
      "name": "ingress_with_cidr_blocks",
      "provider": "provider[\"registry.terraform.io/hashicorp/aws\"]",
      "instances": [
        {
          "index_key": 0,
          "schema_version": 2,
          "attributes": {
            "cidr_blocks": [
              "0.0.0.0/0"
            ],
            "description": "Allow http traffic from port 81",
            "from_port": 81,
            "id": "sgrule-3113408797",
            "ipv6_cidr_blocks": null,
            "prefix_list_ids": [],
            "protocol": "tcp",
            "security_group_id": "sg-099ba04785b8b2858",
            "self": false,
            "source_security_group_id": null,
            "to_port": 81,
            "type": "ingress"
          },
          "sensitive_attributes": [],
          "private": "eyJzY2hlbWFfdmVyc2lvbiI6IjIifQ==",
          "dependencies": [
            "module.loadbalancer_sg.aws_security_group.this",
            "module.loadbalancer_sg.aws_security_group.this_name_prefix",
            "module.vpc.aws_vpc.this"
          ]
        }
      ]
    },
    {
      "module": "module.private_security-group",
      "mode": "managed",
      "type": "aws_security_group",
      "name": "this_name_prefix",
      "provider": "provider[\"registry.terraform.io/hashicorp/aws\"]",
      "instances": [
        {
          "index_key": 0,
          "schema_version": 1,
          "attributes": {
            "arn": "arn:aws:ec2:ap-south-1:174228772591:security-group/sg-0e2269463c5332ecf",
            "description": "Allow ssh on port 22 and hhtp traffic within the network of CIDR",
            "egress": [],
            "id": "sg-0e2269463c5332ecf",
            "ingress": [],
            "name": "SAP-Dev-PublicSG-20220514083746426300000003",
            "name_prefix": "SAP-Dev-PublicSG-",
            "owner_id": "174228772591",
            "revoke_rules_on_delete": false,
            "tags": {
              "Name": "SAP-Dev-PublicSG",
              "environment": "Dev",
              "owners": "SAP"
            },
            "tags_all": {
              "Name": "SAP-Dev-PublicSG",
              "environment": "Dev",
              "owners": "SAP"
            },
            "timeouts": {
              "create": "10m",
              "delete": "15m"
            },
            "vpc_id": "vpc-07631caeb87cd8efb"
          },
          "sensitive_attributes": [],
          "private": "eyJlMmJmYjczMC1lY2FhLTExZTYtOGY4OC0zNDM2M2JjN2M0YzAiOnsiY3JlYXRlIjo2MDAwMDAwMDAwMDAsImRlbGV0ZSI6OTAwMDAwMDAwMDAwfSwic2NoZW1hX3ZlcnNpb24iOiIxIn0=",
          "dependencies": [
            "module.vpc.aws_vpc.this"
          ],
          "create_before_destroy": true
        }
      ]
    },
    {
      "module": "module.private_security-group",
      "mode": "managed",
      "type": "aws_security_group_rule",
      "name": "egress_rules",
      "provider": "provider[\"registry.terraform.io/hashicorp/aws\"]",
      "instances": [
        {
          "index_key": 0,
          "schema_version": 2,
          "attributes": {
            "cidr_blocks": [
              "0.0.0.0/0"
            ],
            "description": "All protocols",
            "from_port": -1,
            "id": "sgrule-1027339358",
            "ipv6_cidr_blocks": [
              "::/0"
            ],
            "prefix_list_ids": [],
            "protocol": "-1",
            "security_group_id": "sg-0e2269463c5332ecf",
            "self": false,
            "source_security_group_id": null,
            "to_port": -1,
            "type": "egress"
          },
          "sensitive_attributes": [],
          "private": "eyJzY2hlbWFfdmVyc2lvbiI6IjIifQ==",
          "dependencies": [
            "module.private_security-group.aws_security_group.this",
            "module.private_security-group.aws_security_group.this_name_prefix",
            "module.vpc.aws_vpc.this"
          ]
        }
      ]
    },
    {
      "module": "module.private_security-group",
      "mode": "managed",
      "type": "aws_security_group_rule",
      "name": "ingress_rules",
      "provider": "provider[\"registry.terraform.io/hashicorp/aws\"]",
      "instances": [
        {
          "index_key": 0,
          "schema_version": 2,
          "attributes": {
            "cidr_blocks": [
              "10.230.0.0/25"
            ],
            "description": "SSH",
            "from_port": 22,
            "id": "sgrule-1669987009",
            "ipv6_cidr_blocks": [],
            "prefix_list_ids": [],
            "protocol": "tcp",
            "security_group_id": "sg-0e2269463c5332ecf",
            "self": false,
            "source_security_group_id": null,
            "to_port": 22,
            "type": "ingress"
          },
          "sensitive_attributes": [],
          "private": "eyJzY2hlbWFfdmVyc2lvbiI6IjIifQ==",
          "dependencies": [
            "module.private_security-group.aws_security_group.this",
            "module.private_security-group.aws_security_group.this_name_prefix",
            "module.vpc.aws_vpc.this"
          ]
        },
        {
          "index_key": 1,
          "schema_version": 2,
          "attributes": {
            "cidr_blocks": [
              "10.230.0.0/25"
            ],
            "description": "HTTP",
            "from_port": 80,
            "id": "sgrule-3459227634",
            "ipv6_cidr_blocks": [],
            "prefix_list_ids": [],
            "protocol": "tcp",
            "security_group_id": "sg-0e2269463c5332ecf",
            "self": false,
            "source_security_group_id": null,
            "to_port": 80,
            "type": "ingress"
          },
          "sensitive_attributes": [],
          "private": "eyJzY2hlbWFfdmVyc2lvbiI6IjIifQ==",
          "dependencies": [
            "module.private_security-group.aws_security_group.this",
            "module.private_security-group.aws_security_group.this_name_prefix",
            "module.vpc.aws_vpc.this"
          ]
        },
        {
          "index_key": 2,
          "schema_version": 2,
          "attributes": {
            "cidr_blocks": [
              "10.230.0.0/25"
            ],
            "description": "HTTP",
            "from_port": 8080,
            "id": "sgrule-3224365116",
            "ipv6_cidr_blocks": [],
            "prefix_list_ids": [],
            "protocol": "tcp",
            "security_group_id": "sg-0e2269463c5332ecf",
            "self": false,
            "source_security_group_id": null,
            "to_port": 8080,
            "type": "ingress"
          },
          "sensitive_attributes": [],
          "private": "eyJzY2hlbWFfdmVyc2lvbiI6IjIifQ==",
          "dependencies": [
            "module.private_security-group.aws_security_group.this",
            "module.private_security-group.aws_security_group.this_name_prefix",
            "module.vpc.aws_vpc.this"
          ]
        }
      ]
    },
    {
      "module": "module.public_security-group",
      "mode": "managed",
      "type": "aws_security_group",
      "name": "this_name_prefix",
      "provider": "provider[\"registry.terraform.io/hashicorp/aws\"]",
      "instances": [
        {
          "index_key": 0,
          "schema_version": 1,
          "attributes": {
            "arn": "arn:aws:ec2:ap-south-1:174228772591:security-group/sg-02c22c294684ff11f",
            "description": "Allow ssh on port 22 from anywhere",
            "egress": [],
            "id": "sg-02c22c294684ff11f",
            "ingress": [],
            "name": "SAP-Dev-PublicSG-20220514083746422400000002",
            "name_prefix": "SAP-Dev-PublicSG-",
            "owner_id": "174228772591",
            "revoke_rules_on_delete": false,
            "tags": {
              "Name": "SAP-Dev-PublicSG",
              "environment": "Dev",
              "owners": "SAP"
            },
            "tags_all": {
              "Name": "SAP-Dev-PublicSG",
              "environment": "Dev",
              "owners": "SAP"
            },
            "timeouts": {
              "create": "10m",
              "delete": "15m"
            },
            "vpc_id": "vpc-07631caeb87cd8efb"
          },
          "sensitive_attributes": [],
          "private": "eyJlMmJmYjczMC1lY2FhLTExZTYtOGY4OC0zNDM2M2JjN2M0YzAiOnsiY3JlYXRlIjo2MDAwMDAwMDAwMDAsImRlbGV0ZSI6OTAwMDAwMDAwMDAwfSwic2NoZW1hX3ZlcnNpb24iOiIxIn0=",
          "dependencies": [
            "module.vpc.aws_vpc.this"
          ],
          "create_before_destroy": true
        }
      ]
    },
    {
      "module": "module.public_security-group",
      "mode": "managed",
      "type": "aws_security_group_rule",
      "name": "egress_rules",
      "provider": "provider[\"registry.terraform.io/hashicorp/aws\"]",
      "instances": [
        {
          "index_key": 0,
          "schema_version": 2,
          "attributes": {
            "cidr_blocks": [
              "0.0.0.0/0"
            ],
            "description": "All protocols",
            "from_port": -1,
            "id": "sgrule-296571391",
            "ipv6_cidr_blocks": [
              "::/0"
            ],
            "prefix_list_ids": [],
            "protocol": "-1",
            "security_group_id": "sg-02c22c294684ff11f",
            "self": false,
            "source_security_group_id": null,
            "to_port": -1,
            "type": "egress"
          },
          "sensitive_attributes": [],
          "private": "eyJzY2hlbWFfdmVyc2lvbiI6IjIifQ==",
          "dependencies": [
            "module.public_security-group.aws_security_group.this",
            "module.public_security-group.aws_security_group.this_name_prefix",
            "module.vpc.aws_vpc.this"
          ]
        }
      ]
    },
    {
      "module": "module.public_security-group",
      "mode": "managed",
      "type": "aws_security_group_rule",
      "name": "ingress_rules",
      "provider": "provider[\"registry.terraform.io/hashicorp/aws\"]",
      "instances": [
        {
          "index_key": 0,
          "schema_version": 2,
          "attributes": {
            "cidr_blocks": [
              "0.0.0.0/0"
            ],
            "description": "SSH",
            "from_port": 22,
            "id": "sgrule-2145932646",
            "ipv6_cidr_blocks": [],
            "prefix_list_ids": [],
            "protocol": "tcp",
            "security_group_id": "sg-02c22c294684ff11f",
            "self": false,
            "source_security_group_id": null,
            "to_port": 22,
            "type": "ingress"
          },
          "sensitive_attributes": [],
          "private": "eyJzY2hlbWFfdmVyc2lvbiI6IjIifQ==",
          "dependencies": [
            "module.public_security-group.aws_security_group.this",
            "module.public_security-group.aws_security_group.this_name_prefix",
            "module.vpc.aws_vpc.this"
          ]
        }
      ]
    },
    {
      "module": "module.vpc",
      "mode": "managed",
      "type": "aws_eip",
      "name": "nat",
      "provider": "provider[\"registry.terraform.io/hashicorp/aws\"]",
      "instances": [
        {
          "index_key": 0,
          "schema_version": 0,
          "attributes": {
            "address": null,
            "allocation_id": "eipalloc-01a5384be882c4fd2",
            "associate_with_private_ip": null,
            "association_id": "",
            "carrier_ip": "",
            "customer_owned_ip": "",
            "customer_owned_ipv4_pool": "",
            "domain": "vpc",
            "id": "eipalloc-01a5384be882c4fd2",
            "instance": "",
            "network_border_group": "ap-south-1",
            "network_interface": "",
            "private_dns": null,
            "private_ip": "",
            "public_dns": "ec2-13-235-177-241.ap-south-1.compute.amazonaws.com",
            "public_ip": "13.235.177.241",
            "public_ipv4_pool": "amazon",
            "tags": {
              "Name": "SAP-Dev-Vpc-DEV-ap-south-1a",
              "environment": "Dev",
              "owners": "SAP"
            },
            "tags_all": {
              "Name": "SAP-Dev-Vpc-DEV-ap-south-1a",
              "environment": "Dev",
              "owners": "SAP"
            },
            "timeouts": null,
            "vpc": true
          },
          "sensitive_attributes": [],
          "private": "eyJlMmJmYjczMC1lY2FhLTExZTYtOGY4OC0zNDM2M2JjN2M0YzAiOnsiZGVsZXRlIjoxODAwMDAwMDAwMDAsInJlYWQiOjkwMDAwMDAwMDAwMCwidXBkYXRlIjozMDAwMDAwMDAwMDB9fQ=="
        }
      ]
    },
    {
      "module": "module.vpc",
      "mode": "managed",
      "type": "aws_internet_gateway",
      "name": "this",
      "provider": "provider[\"registry.terraform.io/hashicorp/aws\"]",
      "instances": [
        {
          "index_key": 0,
          "schema_version": 0,
          "attributes": {
            "arn": "arn:aws:ec2:ap-south-1:174228772591:internet-gateway/igw-08b2531e9947be683",
            "id": "igw-08b2531e9947be683",
            "owner_id": "174228772591",
            "tags": {
              "Name": "SAP-Dev-Vpc-DEV",
              "environment": "Dev",
              "owners": "SAP"
            },
            "tags_all": {
              "Name": "SAP-Dev-Vpc-DEV",
              "environment": "Dev",
              "owners": "SAP"
            },
            "vpc_id": "vpc-07631caeb87cd8efb"
          },
          "sensitive_attributes": [],
          "private": "bnVsbA==",
          "dependencies": [
            "module.vpc.aws_vpc.this",
            "module.vpc.aws_vpc_ipv4_cidr_block_association.this"
          ]
        }
      ]
    },
    {
      "module": "module.vpc",
      "mode": "managed",
      "type": "aws_nat_gateway",
      "name": "this",
      "provider": "provider[\"registry.terraform.io/hashicorp/aws\"]",
      "instances": [
        {
          "index_key": 0,
          "schema_version": 0,
          "attributes": {
            "allocation_id": "eipalloc-01a5384be882c4fd2",
            "connectivity_type": "public",
            "id": "nat-094f4ffab281adeab",
            "network_interface_id": "eni-038ebdddfe4ead0bd",
            "private_ip": "10.230.0.5",
            "public_ip": "13.235.177.241",
            "subnet_id": "subnet-033d002eac30c3666",
            "tags": {
              "Name": "SAP-Dev-Vpc-DEV-ap-south-1a",
              "environment": "Dev",
              "owners": "SAP"
            },
            "tags_all": {
              "Name": "SAP-Dev-Vpc-DEV-ap-south-1a",
              "environment": "Dev",
              "owners": "SAP"
            }
          },
          "sensitive_attributes": [],
          "private": "bnVsbA==",
          "dependencies": [
            "module.vpc.aws_eip.nat",
            "module.vpc.aws_internet_gateway.this",
            "module.vpc.aws_subnet.public",
            "module.vpc.aws_vpc.this",
            "module.vpc.aws_vpc_ipv4_cidr_block_association.this"
          ]
        }
      ]
    },
    {
      "module": "module.vpc",
      "mode": "managed",
      "type": "aws_route",
      "name": "private_nat_gateway",
      "provider": "provider[\"registry.terraform.io/hashicorp/aws\"]",
      "instances": [
        {
          "index_key": 0,
          "schema_version": 0,
          "attributes": {
            "carrier_gateway_id": "",
            "destination_cidr_block": "0.0.0.0/0",
            "destination_ipv6_cidr_block": "",
            "destination_prefix_list_id": "",
            "egress_only_gateway_id": "",
            "gateway_id": "",
            "id": "r-rtb-0571fa09ac4c439a61080289494",
            "instance_id": "",
            "instance_owner_id": "",
            "local_gateway_id": "",
            "nat_gateway_id": "nat-094f4ffab281adeab",
            "network_interface_id": "",
            "origin": "CreateRoute",
            "route_table_id": "rtb-0571fa09ac4c439a6",
            "state": "active",
            "timeouts": {
              "create": "5m",
              "delete": null,
              "update": null
            },
            "transit_gateway_id": "",
            "vpc_endpoint_id": "",
            "vpc_peering_connection_id": ""
          },
          "sensitive_attributes": [],
          "private": "eyJlMmJmYjczMC1lY2FhLTExZTYtOGY4OC0zNDM2M2JjN2M0YzAiOnsiY3JlYXRlIjozMDAwMDAwMDAwMDAsImRlbGV0ZSI6MzAwMDAwMDAwMDAwLCJ1cGRhdGUiOjEyMDAwMDAwMDAwMH19",
          "dependencies": [
            "module.vpc.aws_eip.nat",
            "module.vpc.aws_internet_gateway.this",
            "module.vpc.aws_nat_gateway.this",
            "module.vpc.aws_route_table.private",
            "module.vpc.aws_subnet.public",
            "module.vpc.aws_vpc.this",
            "module.vpc.aws_vpc_ipv4_cidr_block_association.this"
          ]
        }
      ]
    },
    {
      "module": "module.vpc",
      "mode": "managed",
      "type": "aws_route",
      "name": "public_internet_gateway",
      "provider": "provider[\"registry.terraform.io/hashicorp/aws\"]",
      "instances": [
        {
          "index_key": 0,
          "schema_version": 0,
          "attributes": {
            "carrier_gateway_id": "",
            "destination_cidr_block": "0.0.0.0/0",
            "destination_ipv6_cidr_block": "",
            "destination_prefix_list_id": "",
            "egress_only_gateway_id": "",
            "gateway_id": "igw-08b2531e9947be683",
            "id": "r-rtb-0482e76104d3fb2031080289494",
            "instance_id": "",
            "instance_owner_id": "",
            "local_gateway_id": "",
            "nat_gateway_id": "",
            "network_interface_id": "",
            "origin": "CreateRoute",
            "route_table_id": "rtb-0482e76104d3fb203",
            "state": "active",
            "timeouts": {
              "create": "5m",
              "delete": null,
              "update": null
            },
            "transit_gateway_id": "",
            "vpc_endpoint_id": "",
            "vpc_peering_connection_id": ""
          },
          "sensitive_attributes": [],
          "private": "eyJlMmJmYjczMC1lY2FhLTExZTYtOGY4OC0zNDM2M2JjN2M0YzAiOnsiY3JlYXRlIjozMDAwMDAwMDAwMDAsImRlbGV0ZSI6MzAwMDAwMDAwMDAwLCJ1cGRhdGUiOjEyMDAwMDAwMDAwMH19",
          "dependencies": [
            "module.vpc.aws_internet_gateway.this",
            "module.vpc.aws_route_table.public",
            "module.vpc.aws_vpc.this",
            "module.vpc.aws_vpc_ipv4_cidr_block_association.this"
          ]
        }
      ]
    },
    {
      "module": "module.vpc",
      "mode": "managed",
      "type": "aws_route_table",
      "name": "private",
      "provider": "provider[\"registry.terraform.io/hashicorp/aws\"]",
      "instances": [
        {
          "index_key": 0,
          "schema_version": 0,
          "attributes": {
            "arn": "arn:aws:ec2:ap-south-1:174228772591:route-table/rtb-0571fa09ac4c439a6",
            "id": "rtb-0571fa09ac4c439a6",
            "owner_id": "174228772591",
            "propagating_vgws": [],
            "route": [],
            "tags": {
              "Name": "SAP-Dev-Vpc-DEV-private",
              "environment": "Dev",
              "owners": "SAP"
            },
            "tags_all": {
              "Name": "SAP-Dev-Vpc-DEV-private",
              "environment": "Dev",
              "owners": "SAP"
            },
            "timeouts": null,
            "vpc_id": "vpc-07631caeb87cd8efb"
          },
          "sensitive_attributes": [],
          "private": "eyJlMmJmYjczMC1lY2FhLTExZTYtOGY4OC0zNDM2M2JjN2M0YzAiOnsiY3JlYXRlIjozMDAwMDAwMDAwMDAsImRlbGV0ZSI6MzAwMDAwMDAwMDAwLCJ1cGRhdGUiOjEyMDAwMDAwMDAwMH19",
          "dependencies": [
            "module.vpc.aws_vpc.this",
            "module.vpc.aws_vpc_ipv4_cidr_block_association.this"
          ]
        }
      ]
    },
    {
      "module": "module.vpc",
      "mode": "managed",
      "type": "aws_route_table",
      "name": "public",
      "provider": "provider[\"registry.terraform.io/hashicorp/aws\"]",
      "instances": [
        {
          "index_key": 0,
          "schema_version": 0,
          "attributes": {
            "arn": "arn:aws:ec2:ap-south-1:174228772591:route-table/rtb-0482e76104d3fb203",
            "id": "rtb-0482e76104d3fb203",
            "owner_id": "174228772591",
            "propagating_vgws": [],
            "route": [],
            "tags": {
              "Name": "SAP-Dev-Vpc-DEV-public",
              "environment": "Dev",
              "owners": "SAP"
            },
            "tags_all": {
              "Name": "SAP-Dev-Vpc-DEV-public",
              "environment": "Dev",
              "owners": "SAP"
            },
            "timeouts": null,
            "vpc_id": "vpc-07631caeb87cd8efb"
          },
          "sensitive_attributes": [],
          "private": "eyJlMmJmYjczMC1lY2FhLTExZTYtOGY4OC0zNDM2M2JjN2M0YzAiOnsiY3JlYXRlIjozMDAwMDAwMDAwMDAsImRlbGV0ZSI6MzAwMDAwMDAwMDAwLCJ1cGRhdGUiOjEyMDAwMDAwMDAwMH19",
          "dependencies": [
            "module.vpc.aws_vpc.this",
            "module.vpc.aws_vpc_ipv4_cidr_block_association.this"
          ]
        }
      ]
    },
    {
      "module": "module.vpc",
      "mode": "managed",
      "type": "aws_route_table_association",
      "name": "private",
      "provider": "provider[\"registry.terraform.io/hashicorp/aws\"]",
      "instances": [
        {
          "index_key": 0,
          "schema_version": 0,
          "attributes": {
            "gateway_id": "",
            "id": "rtbassoc-020596e78bff7b4c5",
            "route_table_id": "rtb-0571fa09ac4c439a6",
            "subnet_id": "subnet-08cd8bb84a8a5a584"
          },
          "sensitive_attributes": [],
          "private": "bnVsbA==",
          "dependencies": [
            "module.vpc.aws_route_table.private",
            "module.vpc.aws_subnet.private",
            "module.vpc.aws_vpc.this",
            "module.vpc.aws_vpc_ipv4_cidr_block_association.this"
          ]
        },
        {
          "index_key": 1,
          "schema_version": 0,
          "attributes": {
            "gateway_id": "",
            "id": "rtbassoc-09b2dfaf76b270a89",
            "route_table_id": "rtb-0571fa09ac4c439a6",
            "subnet_id": "subnet-09e6e5e1357ce5436"
          },
          "sensitive_attributes": [],
          "private": "bnVsbA==",
          "dependencies": [
            "module.vpc.aws_route_table.private",
            "module.vpc.aws_subnet.private",
            "module.vpc.aws_vpc.this",
            "module.vpc.aws_vpc_ipv4_cidr_block_association.this"
          ]
        }
      ]
    },
    {
      "module": "module.vpc",
      "mode": "managed",
      "type": "aws_route_table_association",
      "name": "public",
      "provider": "provider[\"registry.terraform.io/hashicorp/aws\"]",
      "instances": [
        {
          "index_key": 0,
          "schema_version": 0,
          "attributes": {
            "gateway_id": "",
            "id": "rtbassoc-01e4d57d2781d4a42",
            "route_table_id": "rtb-0482e76104d3fb203",
            "subnet_id": "subnet-033d002eac30c3666"
          },
          "sensitive_attributes": [],
          "private": "bnVsbA==",
          "dependencies": [
            "module.vpc.aws_route_table.public",
            "module.vpc.aws_subnet.public",
            "module.vpc.aws_vpc.this",
            "module.vpc.aws_vpc_ipv4_cidr_block_association.this"
          ]
        },
        {
          "index_key": 1,
          "schema_version": 0,
          "attributes": {
            "gateway_id": "",
            "id": "rtbassoc-05a04a7c54362296a",
            "route_table_id": "rtb-0482e76104d3fb203",
            "subnet_id": "subnet-0f6d69a8441c62dba"
          },
          "sensitive_attributes": [],
          "private": "bnVsbA==",
          "dependencies": [
            "module.vpc.aws_route_table.public",
            "module.vpc.aws_subnet.public",
            "module.vpc.aws_vpc.this",
            "module.vpc.aws_vpc_ipv4_cidr_block_association.this"
          ]
        }
      ]
    },
    {
      "module": "module.vpc",
      "mode": "managed",
      "type": "aws_subnet",
      "name": "private",
      "provider": "provider[\"registry.terraform.io/hashicorp/aws\"]",
      "instances": [
        {
          "index_key": 0,
          "schema_version": 1,
          "attributes": {
            "arn": "arn:aws:ec2:ap-south-1:174228772591:subnet/subnet-08cd8bb84a8a5a584",
            "assign_ipv6_address_on_creation": false,
            "availability_zone": "ap-south-1a",
            "availability_zone_id": "aps1-az1",
            "cidr_block": "10.230.0.16/28",
            "customer_owned_ipv4_pool": "",
            "enable_dns64": false,
            "enable_resource_name_dns_a_record_on_launch": false,
            "enable_resource_name_dns_aaaa_record_on_launch": false,
            "id": "subnet-08cd8bb84a8a5a584",
            "ipv6_cidr_block": "",
            "ipv6_cidr_block_association_id": "",
            "ipv6_native": false,
            "map_customer_owned_ip_on_launch": false,
            "map_public_ip_on_launch": false,
            "outpost_arn": "",
            "owner_id": "174228772591",
            "private_dns_hostname_type_on_launch": "ip-name",
            "tags": {
              "Name": "SAP-Dev-Vpc-DEV-private-ap-south-1a",
              "Type": "private-subnets",
              "environment": "Dev",
              "owners": "SAP"
            },
            "tags_all": {
              "Name": "SAP-Dev-Vpc-DEV-private-ap-south-1a",
              "Type": "private-subnets",
              "environment": "Dev",
              "owners": "SAP"
            },
            "timeouts": null,
            "vpc_id": "vpc-07631caeb87cd8efb"
          },
          "sensitive_attributes": [],
          "private": "eyJlMmJmYjczMC1lY2FhLTExZTYtOGY4OC0zNDM2M2JjN2M0YzAiOnsiY3JlYXRlIjo2MDAwMDAwMDAwMDAsImRlbGV0ZSI6MTIwMDAwMDAwMDAwMH0sInNjaGVtYV92ZXJzaW9uIjoiMSJ9",
          "dependencies": [
            "module.vpc.aws_vpc.this",
            "module.vpc.aws_vpc_ipv4_cidr_block_association.this"
          ],
          "create_before_destroy": true
        },
        {
          "index_key": 1,
          "schema_version": 1,
          "attributes": {
            "arn": "arn:aws:ec2:ap-south-1:174228772591:subnet/subnet-09e6e5e1357ce5436",
            "assign_ipv6_address_on_creation": false,
            "availability_zone": "ap-south-1b",
            "availability_zone_id": "aps1-az3",
            "cidr_block": "10.230.0.48/28",
            "customer_owned_ipv4_pool": "",
            "enable_dns64": false,
            "enable_resource_name_dns_a_record_on_launch": false,
            "enable_resource_name_dns_aaaa_record_on_launch": false,
            "id": "subnet-09e6e5e1357ce5436",
            "ipv6_cidr_block": "",
            "ipv6_cidr_block_association_id": "",
            "ipv6_native": false,
            "map_customer_owned_ip_on_launch": false,
            "map_public_ip_on_launch": false,
            "outpost_arn": "",
            "owner_id": "174228772591",
            "private_dns_hostname_type_on_launch": "ip-name",
            "tags": {
              "Name": "SAP-Dev-Vpc-DEV-private-ap-south-1b",
              "Type": "private-subnets",
              "environment": "Dev",
              "owners": "SAP"
            },
            "tags_all": {
              "Name": "SAP-Dev-Vpc-DEV-private-ap-south-1b",
              "Type": "private-subnets",
              "environment": "Dev",
              "owners": "SAP"
            },
            "timeouts": null,
            "vpc_id": "vpc-07631caeb87cd8efb"
          },
          "sensitive_attributes": [],
          "private": "eyJlMmJmYjczMC1lY2FhLTExZTYtOGY4OC0zNDM2M2JjN2M0YzAiOnsiY3JlYXRlIjo2MDAwMDAwMDAwMDAsImRlbGV0ZSI6MTIwMDAwMDAwMDAwMH0sInNjaGVtYV92ZXJzaW9uIjoiMSJ9",
          "dependencies": [
            "module.vpc.aws_vpc.this",
            "module.vpc.aws_vpc_ipv4_cidr_block_association.this"
          ],
          "create_before_destroy": true
        }
      ]
    },
    {
      "module": "module.vpc",
      "mode": "managed",
      "type": "aws_subnet",
      "name": "public",
      "provider": "provider[\"registry.terraform.io/hashicorp/aws\"]",
      "instances": [
        {
          "index_key": 0,
          "schema_version": 1,
          "attributes": {
            "arn": "arn:aws:ec2:ap-south-1:174228772591:subnet/subnet-033d002eac30c3666",
            "assign_ipv6_address_on_creation": false,
            "availability_zone": "ap-south-1a",
            "availability_zone_id": "aps1-az1",
            "cidr_block": "10.230.0.0/28",
            "customer_owned_ipv4_pool": "",
            "enable_dns64": false,
            "enable_resource_name_dns_a_record_on_launch": false,
            "enable_resource_name_dns_aaaa_record_on_launch": false,
            "id": "subnet-033d002eac30c3666",
            "ipv6_cidr_block": "",
            "ipv6_cidr_block_association_id": "",
            "ipv6_native": false,
            "map_customer_owned_ip_on_launch": false,
            "map_public_ip_on_launch": true,
            "outpost_arn": "",
            "owner_id": "174228772591",
            "private_dns_hostname_type_on_launch": "ip-name",
            "tags": {
              "Name": "SAP-Dev-Vpc-DEV-public-ap-south-1a",
              "Type": "public-subnets",
              "environment": "Dev",
              "owners": "SAP"
            },
            "tags_all": {
              "Name": "SAP-Dev-Vpc-DEV-public-ap-south-1a",
              "Type": "public-subnets",
              "environment": "Dev",
              "owners": "SAP"
            },
            "timeouts": null,
            "vpc_id": "vpc-07631caeb87cd8efb"
          },
          "sensitive_attributes": [],
          "private": "eyJlMmJmYjczMC1lY2FhLTExZTYtOGY4OC0zNDM2M2JjN2M0YzAiOnsiY3JlYXRlIjo2MDAwMDAwMDAwMDAsImRlbGV0ZSI6MTIwMDAwMDAwMDAwMH0sInNjaGVtYV92ZXJzaW9uIjoiMSJ9",
          "dependencies": [
            "module.vpc.aws_vpc.this",
            "module.vpc.aws_vpc_ipv4_cidr_block_association.this"
          ],
          "create_before_destroy": true
        },
        {
          "index_key": 1,
          "schema_version": 1,
          "attributes": {
            "arn": "arn:aws:ec2:ap-south-1:174228772591:subnet/subnet-0f6d69a8441c62dba",
            "assign_ipv6_address_on_creation": false,
            "availability_zone": "ap-south-1b",
            "availability_zone_id": "aps1-az3",
            "cidr_block": "10.230.0.32/28",
            "customer_owned_ipv4_pool": "",
            "enable_dns64": false,
            "enable_resource_name_dns_a_record_on_launch": false,
            "enable_resource_name_dns_aaaa_record_on_launch": false,
            "id": "subnet-0f6d69a8441c62dba",
            "ipv6_cidr_block": "",
            "ipv6_cidr_block_association_id": "",
            "ipv6_native": false,
            "map_customer_owned_ip_on_launch": false,
            "map_public_ip_on_launch": true,
            "outpost_arn": "",
            "owner_id": "174228772591",
            "private_dns_hostname_type_on_launch": "ip-name",
            "tags": {
              "Name": "SAP-Dev-Vpc-DEV-public-ap-south-1b",
              "Type": "public-subnets",
              "environment": "Dev",
              "owners": "SAP"
            },
            "tags_all": {
              "Name": "SAP-Dev-Vpc-DEV-public-ap-south-1b",
              "Type": "public-subnets",
              "environment": "Dev",
              "owners": "SAP"
            },
            "timeouts": null,
            "vpc_id": "vpc-07631caeb87cd8efb"
          },
          "sensitive_attributes": [],
          "private": "eyJlMmJmYjczMC1lY2FhLTExZTYtOGY4OC0zNDM2M2JjN2M0YzAiOnsiY3JlYXRlIjo2MDAwMDAwMDAwMDAsImRlbGV0ZSI6MTIwMDAwMDAwMDAwMH0sInNjaGVtYV92ZXJzaW9uIjoiMSJ9",
          "dependencies": [
            "module.vpc.aws_vpc.this",
            "module.vpc.aws_vpc_ipv4_cidr_block_association.this"
          ],
          "create_before_destroy": true
        }
      ]
    },
    {
      "module": "module.vpc",
      "mode": "managed",
      "type": "aws_vpc",
      "name": "this",
      "provider": "provider[\"registry.terraform.io/hashicorp/aws\"]",
      "instances": [
        {
          "index_key": 0,
          "schema_version": 1,
          "attributes": {
            "arn": "arn:aws:ec2:ap-south-1:174228772591:vpc/vpc-07631caeb87cd8efb",
            "assign_generated_ipv6_cidr_block": false,
            "cidr_block": "10.230.0.0/25",
            "default_network_acl_id": "acl-0ac77ff43cb89cfcd",
            "default_route_table_id": "rtb-0061e099076103ff5",
            "default_security_group_id": "sg-006910cea55720fa1",
            "dhcp_options_id": "dopt-00a9eb174d57b8372",
            "enable_classiclink": false,
            "enable_classiclink_dns_support": false,
            "enable_dns_hostnames": true,
            "enable_dns_support": true,
            "id": "vpc-07631caeb87cd8efb",
            "instance_tenancy": "default",
            "ipv4_ipam_pool_id": null,
            "ipv4_netmask_length": null,
            "ipv6_association_id": "",
            "ipv6_cidr_block": "",
            "ipv6_cidr_block_network_border_group": "",
            "ipv6_ipam_pool_id": "",
            "ipv6_netmask_length": 0,
            "main_route_table_id": "rtb-0061e099076103ff5",
            "owner_id": "174228772591",
            "tags": {
              "Name": "SAP-Dev-Vpc-DEV",
              "environment": "Dev",
              "owners": "SAP"
            },
            "tags_all": {
              "Name": "SAP-Dev-Vpc-DEV",
              "environment": "Dev",
              "owners": "SAP"
            }
          },
          "sensitive_attributes": [],
          "private": "eyJzY2hlbWFfdmVyc2lvbiI6IjEifQ==",
          "create_before_destroy": true
        }
      ]
    }
  ]
}
