{
  "version": 4,
  "terraform_version": "1.1.2",
  "serial": 384,
  "lineage": "2918d1cd-1288-718c-4477-6a9fffa96633",
  "outputs": {
    "Mydomain_name": {
      "value": "myappstore.tech",
      "type": "string"
    },
    "Mydomain_zone_id": {
      "value": "Z0748203AGO1L3EMHWKX",
      "type": "string"
    },
    "ec2_bastion_instance_id": {
      "value": [
        "i-0a0fa7b25740643fb"
      ],
      "type": [
        "tuple",
        [
          "string"
        ]
      ]
    },
    "ec2_bastion_public_ip": {
      "value": [
        "3.111.112.215"
      ],
      "type": [
        "tuple",
        [
          "string"
        ]
      ]
    },
    "ec2_priv_app1_private_ip": {
      "value": [
        "10.230.0.23",
        "10.230.0.59"
      ],
      "type": [
        "tuple",
        [
          "string",
          "string"
        ]
      ]
    },
    "ec2_priv_app2_private_ip": {
      "value": [
        "10.230.0.20",
        "10.230.0.60"
      ],
      "type": [
        "tuple",
        [
          "string",
          "string"
        ]
      ]
    },
    "ec2_private_app1_instance_id": {
      "value": [
        "i-035f0939c8a8baaa0",
        "i-0c6d62d0f4c409bba"
      ],
      "type": [
        "tuple",
        [
          "string",
          "string"
        ]
      ]
    },
    "ec2_private_instance_app2_id": {
      "value": [
        "i-042a81629bf99eb73",
        "i-0cf207bd0918f89d6"
      ],
      "type": [
        "tuple",
        [
          "string",
          "string"
        ]
      ]
    },
    "private_security-sg_sg_id": {
      "value": "sg-06f7728729b99e99f",
      "type": "string"
    },
    "private_security-sg_sg_name": {
      "value": "SAP-Dev-PublicSG-20220502125654055200000004",
      "type": "string"
    },
    "private_security-sg_vpc_id": {
      "value": "vpc-08177e484e4bba638",
      "type": "string"
    },
    "public_security-sg_sg_id": {
      "value": "sg-0c0750ad01f5b0ed9",
      "type": "string"
    },
    "public_security-sg_sg_name": {
      "value": "SAP-Dev-PublicSG-20220502125654052200000003",
      "type": "string"
    },
    "public_security-sg_vpc_id": {
      "value": "vpc-08177e484e4bba638",
      "type": "string"
    },
    "target_group_names": {
      "value": [
        "app1-20220502130027531000000005",
        "app2-20220502130027696600000006"
      ],
      "type": [
        "tuple",
        [
          "string",
          "string"
        ]
      ]
    },
    "this_acm_certificate_arn": {
      "value": "arn:aws:acm:ap-south-1:174228772591:certificate/a6d51aff-e0e8-4bf2-a5a6-290ccb9633fd",
      "type": "string"
    },
    "this_lb_arn": {
      "value": "arn:aws:elasticloadbalancing:ap-south-1:174228772591:loadbalancer/app/SAP-Dev-loadbalancer/396e581b5dd7c3df",
      "type": "string"
    },
    "this_lb_dns_name": {
      "value": "SAP-Dev-loadbalancer-63079618.ap-south-1.elb.amazonaws.com",
      "type": "string"
    },
    "this_lb_dns_zone_id": {
      "value": "ZP97RAFLXTNZK",
      "type": "string"
    },
    "this_lb_id": {
      "value": "arn:aws:elasticloadbalancing:ap-south-1:174228772591:loadbalancer/app/SAP-Dev-loadbalancer/396e581b5dd7c3df",
      "type": "string"
    },
    "vpc_availability_zones": {
      "value": [
        "ap-south-1a",
        "ap-south-1b"
      ],
      "type": [
        "list",
        "string"
      ]
    },
    "vpc_cidr_blocks": {
      "value": "10.230.0.0/25",
      "type": "string"
    },
    "vpc_dataase_subnets": {
      "value": [
        "subnet-0f95c86dda92bcfa1",
        "subnet-0d228793365f0beb1"
      ],
      "type": [
        "tuple",
        [
          "string",
          "string"
        ]
      ]
    },
    "vpc_id": {
      "value": "vpc-08177e484e4bba638",
      "type": "string"
    },
    "vpc_nat_publicip": {
      "value": [
        "43.204.117.138"
      ],
      "type": [
        "list",
        "string"
      ]
    },
    "vpc_private_subnets": {
      "value": [
        "subnet-03b4439578df3961c",
        "subnet-0b7d774f04dbe5070"
      ],
      "type": [
        "tuple",
        [
          "string",
          "string"
        ]
      ]
    },
    "vpc_public_subnets": {
      "value": [
        "subnet-087d4e7be5f8c9a4b",
        "subnet-0d356d5cea6744de5"
      ],
      "type": [
        "tuple",
        [
          "string",
          "string"
        ]
      ]
    }
  },
  "resources": [
    {
      "mode": "data",
      "type": "aws_ami",
      "name": "amz_linux2",
      "provider": "provider[\"registry.terraform.io/hashicorp/aws\"]",
      "instances": [
        {
          "schema_version": 0,
          "attributes": {
            "architecture": "x86_64",
            "arn": "arn:aws:ec2:ap-south-1::image/ami-08c6724c280604575",
            "block_device_mappings": [
              {
                "device_name": "/dev/xvda",
                "ebs": {
                  "delete_on_termination": "true",
                  "encrypted": "false",
                  "iops": "0",
                  "snapshot_id": "snap-007cb46ff64410e41",
                  "throughput": "0",
                  "volume_size": "8",
                  "volume_type": "gp2"
                },
                "no_device": "",
                "virtual_name": ""
              }
            ],
            "creation_date": "2022-04-19T21:03:26.000Z",
            "description": "Amazon Linux 2 AMI 2.0.20220419.0 x86_64 HVM gp2",
            "ena_support": true,
            "executable_users": null,
            "filter": [
              {
                "name": "architecture",
                "values": [
                  "x86_64"
                ]
              },
              {
                "name": "name",
                "values": [
                  "amzn2-ami-hvm-*-gp2"
                ]
              },
              {
                "name": "root-device-type",
                "values": [
                  "ebs"
                ]
              },
              {
                "name": "virtualization-type",
                "values": [
                  "hvm"
                ]
              }
            ],
            "hypervisor": "xen",
            "id": "ami-08c6724c280604575",
            "image_id": "ami-08c6724c280604575",
            "image_location": "amazon/amzn2-ami-hvm-2.0.20220419.0-x86_64-gp2",
            "image_owner_alias": "amazon",
            "image_type": "machine",
            "kernel_id": null,
            "most_recent": true,
            "name": "amzn2-ami-hvm-2.0.20220419.0-x86_64-gp2",
            "name_regex": null,
            "owner_id": "137112412989",
            "owners": [
              "amazon"
            ],
            "platform": null,
            "platform_details": "Linux/UNIX",
            "product_codes": [],
            "public": true,
            "ramdisk_id": null,
            "root_device_name": "/dev/xvda",
            "root_device_type": "ebs",
            "root_snapshot_id": "snap-007cb46ff64410e41",
            "sriov_net_support": "simple",
            "state": "available",
            "state_reason": {
              "code": "UNSET",
              "message": "UNSET"
            },
            "tags": {},
            "usage_operation": "RunInstances",
            "virtualization_type": "hvm"
          },
          "sensitive_attributes": []
        }
      ]
    },
    {
      "mode": "data",
      "type": "aws_route53_zone",
      "name": "mydomain",
      "provider": "provider[\"registry.terraform.io/hashicorp/aws\"]",
      "instances": [
        {
          "schema_version": 0,
          "attributes": {
            "arn": "arn:aws:route53:::hostedzone/Z0748203AGO1L3EMHWKX",
            "caller_reference": "e770cc64-424b-45d1-8290-e403dada24f6",
            "comment": "This is my domain created ad hosted on 3rd party",
            "id": "Z0748203AGO1L3EMHWKX",
            "linked_service_description": null,
            "linked_service_principal": null,
            "name": "myappstore.tech",
            "name_servers": [
              "ns-1447.awsdns-52.org",
              "ns-581.awsdns-08.net",
              "ns-118.awsdns-14.com",
              "ns-1591.awsdns-06.co.uk"
            ],
            "private_zone": false,
            "resource_record_set_count": 5,
            "tags": {
              "Name": "Mydomain"
            },
            "vpc_id": null,
            "zone_id": "Z0748203AGO1L3EMHWKX"
          },
          "sensitive_attributes": []
        }
      ]
    },
    {
      "mode": "managed",
      "type": "aws_eip",
      "name": "Public_host",
      "provider": "provider[\"registry.terraform.io/hashicorp/aws\"]",
      "instances": [
        {
          "schema_version": 0,
          "attributes": {
            "address": null,
            "allocation_id": "eipalloc-0b688e89e3ad4de29",
            "associate_with_private_ip": null,
            "association_id": "eipassoc-01182cc23e61466de",
            "carrier_ip": "",
            "customer_owned_ip": "",
            "customer_owned_ipv4_pool": "",
            "domain": "vpc",
            "id": "eipalloc-0b688e89e3ad4de29",
            "instance": "i-0a0fa7b25740643fb",
            "network_border_group": "ap-south-1",
            "network_interface": "eni-02b4b34f797423d2a",
            "private_dns": "ip-10-230-0-13.ap-south-1.compute.internal",
            "private_ip": "10.230.0.13",
            "public_dns": "ec2-3-111-112-215.ap-south-1.compute.amazonaws.com",
            "public_ip": "3.111.112.215",
            "public_ipv4_pool": "amazon",
            "tags": {
              "environment": "Dev",
              "owners": "SAP"
            },
            "tags_all": {
              "environment": "Dev",
              "owners": "SAP"
            },
            "timeouts": null,
            "vpc": true
          },
          "sensitive_attributes": [],
          "private": "eyJlMmJmYjczMC1lY2FhLTExZTYtOGY4OC0zNDM2M2JjN2M0YzAiOnsiZGVsZXRlIjoxODAwMDAwMDAwMDAsInJlYWQiOjkwMDAwMDAwMDAwMCwidXBkYXRlIjozMDAwMDAwMDAwMDB9fQ==",
          "dependencies": [
            "module.vpc.aws_network_acl.private",
            "module.vpc.aws_network_acl_rule.intra_inbound",
            "module.vpc.aws_network_acl_rule.outpost_outbound",
            "module.vpc.aws_route.public_internet_gateway",
            "module.vpc.aws_subnet.redshift",
            "data.aws_ami.amz_linux2",
            "module.vpc.aws_nat_gateway.this",
            "module.vpc.aws_network_acl.database",
            "module.vpc.aws_route_table.intra",
            "module.vpc.aws_vpc_dhcp_options_association.this",
            "module.ec2-instance_bastion.aws_instance.this",
            "module.public_security-group.aws_security_group.this",
            "module.vpc.aws_network_acl.elasticache",
            "module.vpc.aws_network_acl.public",
            "module.vpc.aws_network_acl_rule.intra_outbound",
            "module.vpc.aws_route.public_internet_gateway_ipv6",
            "module.vpc.aws_route_table_association.redshift_public",
            "module.vpc.data.aws_iam_policy_document.vpc_flow_log_cloudwatch",
            "module.vpc.aws_internet_gateway.this",
            "module.vpc.aws_network_acl_rule.private_outbound",
            "module.vpc.aws_route.database_internet_gateway",
            "module.vpc.aws_subnet.private",
            "module.vpc.aws_flow_log.this",
            "module.vpc.aws_iam_policy.vpc_flow_log_cloudwatch",
            "module.vpc.aws_network_acl.redshift",
            "module.vpc.aws_iam_role_policy_attachment.vpc_flow_log_cloudwatch",
            "module.vpc.aws_network_acl.intra",
            "module.vpc.aws_network_acl_rule.database_outbound",
            "module.vpc.aws_network_acl_rule.private_inbound",
            "module.vpc.aws_route_table.elasticache",
            "module.vpc.aws_subnet.elasticache",
            "module.vpc.aws_subnet.outpost",
            "module.vpc.aws_egress_only_internet_gateway.this",
            "module.vpc.aws_network_acl_rule.elasticache_inbound",
            "module.vpc.aws_route_table_association.public",
            "module.public_security-group.aws_security_group.this_name_prefix",
            "module.vpc.aws_default_route_table.default",
            "module.vpc.aws_elasticache_subnet_group.elasticache",
            "module.vpc.aws_network_acl_rule.outpost_inbound",
            "module.vpc.aws_network_acl_rule.public_inbound",
            "module.vpc.aws_vpc.this",
            "module.vpc.aws_cloudwatch_log_group.flow_log",
            "module.vpc.aws_iam_role.vpc_flow_log_cloudwatch",
            "module.vpc.aws_network_acl_rule.database_inbound",
            "module.vpc.aws_route_table.redshift",
            "module.vpc.aws_vpc_dhcp_options.this",
            "module.vpc.aws_vpn_gateway_route_propagation.intra",
            "module.vpc.aws_network_acl_rule.public_outbound",
            "module.vpc.aws_subnet.intra",
            "module.vpc.aws_vpc_ipv4_cidr_block_association.this",
            "module.vpc.aws_vpn_gateway_route_propagation.private",
            "module.vpc.aws_subnet.database",
            "module.vpc.aws_vpn_gateway_attachment.this",
            "module.vpc.aws_redshift_subnet_group.redshift",
            "module.vpc.aws_route_table.public",
            "module.vpc.aws_route_table_association.database",
            "module.vpc.aws_route_table_association.redshift",
            "module.vpc.data.aws_iam_policy_document.flow_log_cloudwatch_assume_role",
            "module.vpc.aws_customer_gateway.this",
            "module.vpc.aws_default_vpc.this",
            "module.vpc.aws_route.database_nat_gateway",
            "module.vpc.aws_route_table_association.outpost",
            "module.vpc.aws_vpn_gateway_route_propagation.public",
            "module.vpc.aws_default_security_group.this",
            "module.vpc.aws_network_acl_rule.redshift_inbound",
            "module.vpc.aws_route.database_ipv6_egress",
            "module.vpc.aws_route.private_nat_gateway",
            "module.vpc.aws_route_table.private",
            "module.vpc.aws_route_table_association.intra",
            "module.vpc.aws_route_table_association.private",
            "module.vpc.aws_subnet.public",
            "module.vpc.aws_db_subnet_group.database",
            "module.vpc.aws_default_network_acl.this",
            "module.vpc.aws_network_acl.outpost",
            "module.vpc.aws_network_acl_rule.elasticache_outbound",
            "module.vpc.aws_network_acl_rule.redshift_outbound",
            "module.vpc.aws_route.private_ipv6_egress",
            "module.vpc.aws_route_table.database",
            "module.vpc.aws_vpn_gateway.this",
            "module.vpc.aws_eip.nat",
            "module.vpc.aws_route_table_association.elasticache"
          ]
        }
      ]
    },
    {
      "mode": "managed",
      "type": "aws_route53_record",
      "name": "app1_dns",
      "provider": "provider[\"registry.terraform.io/hashicorp/aws\"]",
      "instances": [
        {
          "schema_version": 2,
          "attributes": {
            "alias": [
              {
                "evaluate_target_health": true,
                "name": "sap-dev-loadbalancer-63079618.ap-south-1.elb.amazonaws.com",
                "zone_id": "ZP97RAFLXTNZK"
              }
            ],
            "allow_overwrite": null,
            "failover_routing_policy": [],
            "fqdn": "azure-aks11.myappstore.tech",
            "geolocation_routing_policy": [],
            "health_check_id": "",
            "id": "Z0748203AGO1L3EMHWKX_azure-aks11.myappstore.tech_A",
            "latency_routing_policy": [],
            "multivalue_answer_routing_policy": null,
            "name": "azure-aks11.myappstore.tech",
            "records": [],
            "set_identifier": "",
            "ttl": 0,
            "type": "A",
            "weighted_routing_policy": [],
            "zone_id": "Z0748203AGO1L3EMHWKX"
          },
          "sensitive_attributes": [],
          "private": "eyJzY2hlbWFfdmVyc2lvbiI6IjIifQ==",
          "dependencies": [
            "module.alb.aws_lb.this",
            "module.loadbalancer_sg.aws_security_group.this",
            "module.loadbalancer_sg.aws_security_group.this_name_prefix",
            "module.vpc.aws_subnet.public",
            "module.vpc.aws_vpc.this",
            "module.vpc.aws_vpc_ipv4_cidr_block_association.this",
            "data.aws_route53_zone.mydomain"
          ]
        }
      ]
    },
    {
      "mode": "managed",
      "type": "aws_route53_record",
      "name": "myapp1_dns",
      "provider": "provider[\"registry.terraform.io/hashicorp/aws\"]",
      "instances": [
        {
          "schema_version": 2,
          "attributes": {
            "alias": [
              {
                "evaluate_target_health": true,
                "name": "sap-dev-loadbalancer-63079618.ap-south-1.elb.amazonaws.com",
                "zone_id": "ZP97RAFLXTNZK"
              }
            ],
            "allow_overwrite": null,
            "failover_routing_policy": [],
            "fqdn": "app1.myappstore.tech",
            "geolocation_routing_policy": [],
            "health_check_id": null,
            "id": "Z0748203AGO1L3EMHWKX_app1.myappstore.tech_A",
            "latency_routing_policy": [],
            "multivalue_answer_routing_policy": null,
            "name": "app1.myappstore.tech",
            "records": null,
            "set_identifier": null,
            "ttl": null,
            "type": "A",
            "weighted_routing_policy": [],
            "zone_id": "Z0748203AGO1L3EMHWKX"
          },
          "sensitive_attributes": [],
          "private": "eyJzY2hlbWFfdmVyc2lvbiI6IjIifQ==",
          "dependencies": [
            "data.aws_route53_zone.mydomain",
            "module.acm.aws_acm_certificate.this",
            "module.acm.aws_acm_certificate_validation.this",
            "module.alb.aws_lb.this",
            "module.alb.aws_lb_listener.frontend_http_tcp",
            "module.alb.aws_lb_listener.frontend_https",
            "module.alb.aws_lb_listener_certificate.https_listener",
            "module.alb.aws_lb_listener_rule.https_listener_rule",
            "module.alb.aws_lb_target_group.main",
            "module.alb.aws_lb_target_group_attachment.this",
            "module.ec2-instance_private_app1.aws_instance.this",
            "module.ec2-instance_private_app2.aws_instance.this",
            "module.loadbalancer_sg.aws_security_group.this",
            "module.loadbalancer_sg.aws_security_group.this_name_prefix",
            "module.vpc.aws_cloudwatch_log_group.flow_log",
            "module.vpc.aws_customer_gateway.this",
            "module.vpc.aws_db_subnet_group.database",
            "module.vpc.aws_default_network_acl.this",
            "module.vpc.aws_default_route_table.default",
            "module.vpc.aws_default_security_group.this",
            "module.vpc.aws_default_vpc.this",
            "module.vpc.aws_egress_only_internet_gateway.this",
            "module.vpc.aws_eip.nat",
            "module.vpc.aws_elasticache_subnet_group.elasticache",
            "module.vpc.aws_flow_log.this",
            "module.vpc.aws_iam_policy.vpc_flow_log_cloudwatch",
            "module.vpc.aws_iam_role.vpc_flow_log_cloudwatch",
            "module.vpc.aws_iam_role_policy_attachment.vpc_flow_log_cloudwatch",
            "module.vpc.aws_internet_gateway.this",
            "module.vpc.aws_nat_gateway.this",
            "module.vpc.aws_network_acl.database",
            "module.vpc.aws_network_acl.elasticache",
            "module.vpc.aws_network_acl.intra",
            "module.vpc.aws_network_acl.outpost",
            "module.vpc.aws_network_acl.private",
            "module.vpc.aws_network_acl.public",
            "module.vpc.aws_network_acl.redshift",
            "module.vpc.aws_network_acl_rule.database_inbound",
            "module.vpc.aws_network_acl_rule.database_outbound",
            "module.vpc.aws_network_acl_rule.elasticache_inbound",
            "module.vpc.aws_network_acl_rule.elasticache_outbound",
            "module.vpc.aws_network_acl_rule.intra_inbound",
            "module.vpc.aws_network_acl_rule.intra_outbound",
            "module.vpc.aws_network_acl_rule.outpost_inbound",
            "module.vpc.aws_network_acl_rule.outpost_outbound",
            "module.vpc.aws_network_acl_rule.private_inbound",
            "module.vpc.aws_network_acl_rule.private_outbound",
            "module.vpc.aws_network_acl_rule.public_inbound",
            "module.vpc.aws_network_acl_rule.public_outbound",
            "module.vpc.aws_network_acl_rule.redshift_inbound",
            "module.vpc.aws_network_acl_rule.redshift_outbound",
            "module.vpc.aws_redshift_subnet_group.redshift",
            "module.vpc.aws_route.database_internet_gateway",
            "module.vpc.aws_route.database_ipv6_egress",
            "module.vpc.aws_route.database_nat_gateway",
            "module.vpc.aws_route.private_ipv6_egress",
            "module.vpc.aws_route.private_nat_gateway",
            "module.vpc.aws_route.public_internet_gateway",
            "module.vpc.aws_route.public_internet_gateway_ipv6",
            "module.vpc.aws_route_table.database",
            "module.vpc.aws_route_table.elasticache",
            "module.vpc.aws_route_table.intra",
            "module.vpc.aws_route_table.private",
            "module.vpc.aws_route_table.public",
            "module.vpc.aws_route_table.redshift",
            "module.vpc.aws_route_table_association.database",
            "module.vpc.aws_route_table_association.elasticache",
            "module.vpc.aws_route_table_association.intra",
            "module.vpc.aws_route_table_association.outpost",
            "module.vpc.aws_route_table_association.private",
            "module.vpc.aws_route_table_association.public",
            "module.vpc.aws_route_table_association.redshift",
            "module.vpc.aws_route_table_association.redshift_public",
            "module.vpc.aws_subnet.database",
            "module.vpc.aws_subnet.elasticache",
            "module.vpc.aws_subnet.intra",
            "module.vpc.aws_subnet.outpost",
            "module.vpc.aws_subnet.private",
            "module.vpc.aws_subnet.public",
            "module.vpc.aws_subnet.redshift",
            "module.vpc.aws_vpc.this",
            "module.vpc.aws_vpc_dhcp_options.this",
            "module.vpc.aws_vpc_dhcp_options_association.this",
            "module.vpc.aws_vpc_ipv4_cidr_block_association.this",
            "module.vpc.aws_vpn_gateway.this",
            "module.vpc.aws_vpn_gateway_attachment.this",
            "module.vpc.aws_vpn_gateway_route_propagation.intra",
            "module.vpc.aws_vpn_gateway_route_propagation.private",
            "module.vpc.aws_vpn_gateway_route_propagation.public",
            "module.vpc.data.aws_iam_policy_document.flow_log_cloudwatch_assume_role",
            "module.vpc.data.aws_iam_policy_document.vpc_flow_log_cloudwatch"
          ]
        }
      ]
    },
    {
      "mode": "managed",
      "type": "aws_route53_record",
      "name": "myapp2_dns",
      "provider": "provider[\"registry.terraform.io/hashicorp/aws\"]",
      "instances": [
        {
          "schema_version": 2,
          "attributes": {
            "alias": [
              {
                "evaluate_target_health": true,
                "name": "sap-dev-loadbalancer-63079618.ap-south-1.elb.amazonaws.com",
                "zone_id": "ZP97RAFLXTNZK"
              }
            ],
            "allow_overwrite": null,
            "failover_routing_policy": [],
            "fqdn": "app2.myappstore.tech",
            "geolocation_routing_policy": [],
            "health_check_id": null,
            "id": "Z0748203AGO1L3EMHWKX_app2.myappstore.tech_A",
            "latency_routing_policy": [],
            "multivalue_answer_routing_policy": null,
            "name": "app2.myappstore.tech",
            "records": null,
            "set_identifier": null,
            "ttl": null,
            "type": "A",
            "weighted_routing_policy": [],
            "zone_id": "Z0748203AGO1L3EMHWKX"
          },
          "sensitive_attributes": [],
          "private": "eyJzY2hlbWFfdmVyc2lvbiI6IjIifQ==",
          "dependencies": [
            "data.aws_route53_zone.mydomain",
            "module.acm.aws_acm_certificate.this",
            "module.acm.aws_acm_certificate_validation.this",
            "module.alb.aws_lb.this",
            "module.alb.aws_lb_listener.frontend_http_tcp",
            "module.alb.aws_lb_listener.frontend_https",
            "module.alb.aws_lb_listener_certificate.https_listener",
            "module.alb.aws_lb_listener_rule.https_listener_rule",
            "module.alb.aws_lb_target_group.main",
            "module.alb.aws_lb_target_group_attachment.this",
            "module.ec2-instance_private_app1.aws_instance.this",
            "module.ec2-instance_private_app2.aws_instance.this",
            "module.loadbalancer_sg.aws_security_group.this",
            "module.loadbalancer_sg.aws_security_group.this_name_prefix",
            "module.vpc.aws_cloudwatch_log_group.flow_log",
            "module.vpc.aws_customer_gateway.this",
            "module.vpc.aws_db_subnet_group.database",
            "module.vpc.aws_default_network_acl.this",
            "module.vpc.aws_default_route_table.default",
            "module.vpc.aws_default_security_group.this",
            "module.vpc.aws_default_vpc.this",
            "module.vpc.aws_egress_only_internet_gateway.this",
            "module.vpc.aws_eip.nat",
            "module.vpc.aws_elasticache_subnet_group.elasticache",
            "module.vpc.aws_flow_log.this",
            "module.vpc.aws_iam_policy.vpc_flow_log_cloudwatch",
            "module.vpc.aws_iam_role.vpc_flow_log_cloudwatch",
            "module.vpc.aws_iam_role_policy_attachment.vpc_flow_log_cloudwatch",
            "module.vpc.aws_internet_gateway.this",
            "module.vpc.aws_nat_gateway.this",
            "module.vpc.aws_network_acl.database",
            "module.vpc.aws_network_acl.elasticache",
            "module.vpc.aws_network_acl.intra",
            "module.vpc.aws_network_acl.outpost",
            "module.vpc.aws_network_acl.private",
            "module.vpc.aws_network_acl.public",
            "module.vpc.aws_network_acl.redshift",
            "module.vpc.aws_network_acl_rule.database_inbound",
            "module.vpc.aws_network_acl_rule.database_outbound",
            "module.vpc.aws_network_acl_rule.elasticache_inbound",
            "module.vpc.aws_network_acl_rule.elasticache_outbound",
            "module.vpc.aws_network_acl_rule.intra_inbound",
            "module.vpc.aws_network_acl_rule.intra_outbound",
            "module.vpc.aws_network_acl_rule.outpost_inbound",
            "module.vpc.aws_network_acl_rule.outpost_outbound",
            "module.vpc.aws_network_acl_rule.private_inbound",
            "module.vpc.aws_network_acl_rule.private_outbound",
            "module.vpc.aws_network_acl_rule.public_inbound",
            "module.vpc.aws_network_acl_rule.public_outbound",
            "module.vpc.aws_network_acl_rule.redshift_inbound",
            "module.vpc.aws_network_acl_rule.redshift_outbound",
            "module.vpc.aws_redshift_subnet_group.redshift",
            "module.vpc.aws_route.database_internet_gateway",
            "module.vpc.aws_route.database_ipv6_egress",
            "module.vpc.aws_route.database_nat_gateway",
            "module.vpc.aws_route.private_ipv6_egress",
            "module.vpc.aws_route.private_nat_gateway",
            "module.vpc.aws_route.public_internet_gateway",
            "module.vpc.aws_route.public_internet_gateway_ipv6",
            "module.vpc.aws_route_table.database",
            "module.vpc.aws_route_table.elasticache",
            "module.vpc.aws_route_table.intra",
            "module.vpc.aws_route_table.private",
            "module.vpc.aws_route_table.public",
            "module.vpc.aws_route_table.redshift",
            "module.vpc.aws_route_table_association.database",
            "module.vpc.aws_route_table_association.elasticache",
            "module.vpc.aws_route_table_association.intra",
            "module.vpc.aws_route_table_association.outpost",
            "module.vpc.aws_route_table_association.private",
            "module.vpc.aws_route_table_association.public",
            "module.vpc.aws_route_table_association.redshift",
            "module.vpc.aws_route_table_association.redshift_public",
            "module.vpc.aws_subnet.database",
            "module.vpc.aws_subnet.elasticache",
            "module.vpc.aws_subnet.intra",
            "module.vpc.aws_subnet.outpost",
            "module.vpc.aws_subnet.private",
            "module.vpc.aws_subnet.public",
            "module.vpc.aws_subnet.redshift",
            "module.vpc.aws_vpc.this",
            "module.vpc.aws_vpc_dhcp_options.this",
            "module.vpc.aws_vpc_dhcp_options_association.this",
            "module.vpc.aws_vpc_ipv4_cidr_block_association.this",
            "module.vpc.aws_vpn_gateway.this",
            "module.vpc.aws_vpn_gateway_attachment.this",
            "module.vpc.aws_vpn_gateway_route_propagation.intra",
            "module.vpc.aws_vpn_gateway_route_propagation.private",
            "module.vpc.aws_vpn_gateway_route_propagation.public",
            "module.vpc.data.aws_iam_policy_document.flow_log_cloudwatch_assume_role",
            "module.vpc.data.aws_iam_policy_document.vpc_flow_log_cloudwatch"
          ]
        }
      ]
    },
    {
      "mode": "managed",
      "type": "aws_route53_record",
      "name": "myapp_dns",
      "provider": "provider[\"registry.terraform.io/hashicorp/aws\"]",
      "instances": [
        {
          "schema_version": 2,
          "attributes": {
            "alias": [
              {
                "evaluate_target_health": true,
                "name": "sap-dev-loadbalancer-63079618.ap-south-1.elb.amazonaws.com",
                "zone_id": "ZP97RAFLXTNZK"
              }
            ],
            "allow_overwrite": null,
            "failover_routing_policy": [],
            "fqdn": "myapp101.myappstore.tech",
            "geolocation_routing_policy": [],
            "health_check_id": "",
            "id": "Z0748203AGO1L3EMHWKX_myapp101.myappstore.tech_A",
            "latency_routing_policy": [],
            "multivalue_answer_routing_policy": null,
            "name": "myapp101.myappstore.tech",
            "records": [],
            "set_identifier": "",
            "ttl": 0,
            "type": "A",
            "weighted_routing_policy": [],
            "zone_id": "Z0748203AGO1L3EMHWKX"
          },
          "sensitive_attributes": [],
          "private": "eyJzY2hlbWFfdmVyc2lvbiI6IjIifQ==",
          "dependencies": [
            "module.vpc.aws_vpc_ipv4_cidr_block_association.this",
            "module.vpc.aws_flow_log.this",
            "module.vpc.aws_network_acl_rule.outpost_inbound",
            "module.vpc.aws_network_acl_rule.private_inbound",
            "module.vpc.aws_network_acl_rule.public_inbound",
            "module.vpc.aws_route_table_association.private",
            "module.vpc.aws_route_table_association.redshift",
            "module.alb.aws_lb_listener_certificate.https_listener",
            "module.vpc.aws_nat_gateway.this",
            "module.vpc.aws_route.database_internet_gateway",
            "module.vpc.aws_route_table.public",
            "module.vpc.aws_subnet.outpost",
            "module.vpc.aws_vpn_gateway_attachment.this",
            "module.ec2-instance_private_app1.aws_instance.this",
            "module.vpc.aws_network_acl.outpost",
            "module.vpc.aws_network_acl.public",
            "module.vpc.aws_route.public_internet_gateway",
            "module.alb.aws_lb_listener.frontend_https",
            "module.vpc.aws_default_route_table.default",
            "module.vpc.aws_route_table.database",
            "module.vpc.aws_network_acl_rule.outpost_outbound",
            "module.vpc.aws_route_table.elasticache",
            "module.vpc.aws_vpn_gateway.this",
            "module.vpc.data.aws_iam_policy_document.vpc_flow_log_cloudwatch",
            "module.alb.aws_lb.this",
            "module.alb.aws_lb_listener_rule.https_listener_rule",
            "module.alb.aws_lb_target_group_attachment.this",
            "module.vpc.aws_iam_policy.vpc_flow_log_cloudwatch",
            "module.ec2-instance_private_app2.aws_instance.this",
            "module.vpc.aws_network_acl_rule.intra_outbound",
            "module.vpc.aws_route_table_association.public",
            "module.vpc.aws_route_table_association.redshift_public",
            "module.vpc.aws_vpc_dhcp_options_association.this",
            "module.vpc.aws_vpn_gateway_route_propagation.intra",
            "module.vpc.aws_cloudwatch_log_group.flow_log",
            "module.vpc.aws_internet_gateway.this",
            "module.vpc.aws_network_acl.intra",
            "module.vpc.aws_route.database_nat_gateway",
            "module.vpc.aws_default_network_acl.this",
            "module.vpc.aws_iam_role_policy_attachment.vpc_flow_log_cloudwatch",
            "module.vpc.aws_network_acl_rule.elasticache_inbound",
            "module.vpc.aws_route_table.intra",
            "module.acm.aws_acm_certificate.this",
            "module.acm.aws_acm_certificate_validation.this",
            "module.vpc.aws_network_acl.redshift",
            "module.vpc.aws_network_acl_rule.database_inbound",
            "module.vpc.aws_network_acl_rule.redshift_outbound",
            "module.vpc.aws_route_table_association.intra",
            "module.vpc.aws_subnet.intra",
            "module.vpc.aws_subnet.redshift",
            "data.aws_route53_zone.mydomain",
            "module.loadbalancer_sg.aws_security_group.this",
            "module.loadbalancer_sg.aws_security_group.this_name_prefix",
            "module.vpc.aws_elasticache_subnet_group.elasticache",
            "module.vpc.aws_vpn_gateway_route_propagation.public",
            "module.vpc.aws_network_acl_rule.redshift_inbound",
            "module.vpc.aws_route.private_nat_gateway",
            "module.vpc.aws_route.public_internet_gateway_ipv6",
            "module.vpc.aws_route_table.private",
            "module.private_security-group.aws_security_group.this",
            "module.vpc.aws_db_subnet_group.database",
            "module.vpc.aws_eip.nat",
            "module.vpc.aws_network_acl_rule.database_outbound",
            "module.vpc.aws_route_table_association.database",
            "module.vpc.aws_route_table_association.outpost",
            "module.vpc.aws_subnet.private",
            "module.vpc.aws_vpc.this",
            "module.vpc.aws_egress_only_internet_gateway.this",
            "module.vpc.aws_network_acl_rule.intra_inbound",
            "module.vpc.aws_network_acl_rule.public_outbound",
            "module.vpc.aws_subnet.elasticache",
            "data.aws_ami.amz_linux2",
            "module.acm.aws_route53_record.validation",
            "module.alb.aws_lb_listener.frontend_http_tcp",
            "module.vpc.aws_customer_gateway.this",
            "module.vpc.aws_subnet.public",
            "module.vpc.aws_vpc_dhcp_options.this",
            "module.vpc.aws_default_security_group.this",
            "module.vpc.aws_default_vpc.this",
            "module.vpc.aws_redshift_subnet_group.redshift",
            "module.vpc.aws_vpn_gateway_route_propagation.private",
            "module.vpc.aws_network_acl_rule.private_outbound",
            "module.vpc.aws_route.database_ipv6_egress",
            "module.vpc.aws_subnet.database",
            "module.alb.aws_lb_target_group.main",
            "module.private_security-group.aws_security_group.this_name_prefix",
            "module.vpc.aws_network_acl.elasticache",
            "module.vpc.aws_network_acl.private",
            "module.vpc.aws_route_table.redshift",
            "module.vpc.aws_route_table_association.elasticache",
            "module.vpc.data.aws_iam_policy_document.flow_log_cloudwatch_assume_role",
            "module.vpc.aws_iam_role.vpc_flow_log_cloudwatch",
            "module.vpc.aws_network_acl.database",
            "module.vpc.aws_network_acl_rule.elasticache_outbound",
            "module.vpc.aws_route.private_ipv6_egress"
          ]
        }
      ]
    },
    {
      "mode": "managed",
      "type": "null_resource",
      "name": "name",
      "provider": "provider[\"registry.terraform.io/hashicorp/null\"]",
      "instances": [
        {
          "schema_version": 0,
          "attributes": {
            "id": "8609987391076620005",
            "triggers": null
          },
          "sensitive_attributes": [],
          "private": "bnVsbA==",
          "dependencies": [
            "module.vpc.aws_default_vpc.this",
            "module.vpc.aws_iam_policy.vpc_flow_log_cloudwatch",
            "module.vpc.aws_iam_role.vpc_flow_log_cloudwatch",
            "module.vpc.aws_network_acl_rule.public_outbound",
            "module.vpc.aws_network_acl_rule.redshift_outbound",
            "module.vpc.aws_route.database_ipv6_egress",
            "aws_eip.Public_host",
            "module.vpc.aws_network_acl.intra",
            "module.vpc.aws_network_acl_rule.outpost_inbound",
            "module.vpc.aws_route_table_association.database",
            "module.vpc.aws_subnet.database",
            "module.vpc.data.aws_iam_policy_document.vpc_flow_log_cloudwatch",
            "data.aws_ami.amz_linux2",
            "module.vpc.aws_network_acl.elasticache",
            "module.vpc.aws_network_acl_rule.database_outbound",
            "module.vpc.aws_vpc_dhcp_options_association.this",
            "module.ec2-instance_bastion.aws_instance.this",
            "module.public_security-group.aws_security_group.this_name_prefix",
            "module.vpc.aws_network_acl.public",
            "module.vpc.aws_network_acl_rule.database_inbound",
            "module.vpc.aws_network_acl_rule.private_outbound",
            "module.vpc.aws_network_acl_rule.redshift_inbound",
            "module.vpc.aws_vpc_dhcp_options.this",
            "module.vpc.aws_iam_role_policy_attachment.vpc_flow_log_cloudwatch",
            "module.vpc.aws_nat_gateway.this",
            "module.vpc.aws_network_acl.database",
            "module.vpc.aws_network_acl.redshift",
            "module.vpc.aws_route_table.redshift",
            "module.vpc.aws_vpc.this",
            "module.vpc.aws_eip.nat",
            "module.vpc.aws_internet_gateway.this",
            "module.vpc.aws_network_acl_rule.intra_inbound",
            "module.vpc.aws_route.public_internet_gateway_ipv6",
            "module.vpc.aws_route_table_association.redshift_public",
            "module.vpc.aws_subnet.elasticache",
            "module.public_security-group.aws_security_group.this",
            "module.vpc.aws_network_acl_rule.elasticache_inbound",
            "module.vpc.aws_network_acl_rule.public_inbound",
            "module.vpc.aws_route_table_association.public",
            "module.vpc.aws_vpn_gateway_route_propagation.private",
            "module.vpc.aws_cloudwatch_log_group.flow_log",
            "module.vpc.aws_default_network_acl.this",
            "module.vpc.aws_route_table.public",
            "module.vpc.aws_network_acl.private",
            "module.vpc.aws_route.database_internet_gateway",
            "module.vpc.aws_route.private_ipv6_egress",
            "module.vpc.aws_route_table.elasticache",
            "module.vpc.aws_route_table_association.elasticache",
            "module.vpc.aws_subnet.intra",
            "module.vpc.data.aws_iam_policy_document.flow_log_cloudwatch_assume_role",
            "module.vpc.aws_route_table.private",
            "module.vpc.aws_vpc_ipv4_cidr_block_association.this",
            "module.vpc.aws_vpn_gateway.this",
            "module.vpc.aws_elasticache_subnet_group.elasticache",
            "module.vpc.aws_flow_log.this",
            "module.vpc.aws_redshift_subnet_group.redshift",
            "module.vpc.aws_route_table.database",
            "module.vpc.aws_route_table_association.outpost",
            "module.vpc.aws_vpn_gateway_route_propagation.public",
            "module.vpc.aws_network_acl_rule.elasticache_outbound",
            "module.vpc.aws_route.database_nat_gateway",
            "module.vpc.aws_default_route_table.default",
            "module.vpc.aws_network_acl_rule.private_inbound",
            "module.vpc.aws_route_table.intra",
            "module.vpc.aws_route_table_association.redshift",
            "module.vpc.aws_subnet.outpost",
            "module.vpc.aws_egress_only_internet_gateway.this",
            "module.vpc.aws_network_acl.outpost",
            "module.vpc.aws_network_acl_rule.outpost_outbound",
            "module.vpc.aws_route.public_internet_gateway",
            "module.vpc.aws_subnet.public",
            "module.vpc.aws_vpn_gateway_attachment.this",
            "module.vpc.aws_customer_gateway.this",
            "module.vpc.aws_route_table_association.intra",
            "module.vpc.aws_subnet.private",
            "module.vpc.aws_vpn_gateway_route_propagation.intra",
            "module.vpc.aws_db_subnet_group.database",
            "module.vpc.aws_default_security_group.this",
            "module.vpc.aws_network_acl_rule.intra_outbound",
            "module.vpc.aws_route.private_nat_gateway",
            "module.vpc.aws_route_table_association.private",
            "module.vpc.aws_subnet.redshift"
          ]
        }
      ]
    },
    {
      "module": "module.acm",
      "mode": "managed",
      "type": "aws_acm_certificate",
      "name": "this",
      "provider": "provider[\"registry.terraform.io/hashicorp/aws\"]",
      "instances": [
        {
          "index_key": 0,
          "schema_version": 0,
          "attributes": {
            "arn": "arn:aws:acm:ap-south-1:174228772591:certificate/a6d51aff-e0e8-4bf2-a5a6-290ccb9633fd",
            "certificate_authority_arn": "",
            "certificate_body": null,
            "certificate_chain": null,
            "domain_name": "myappstore.tech",
            "domain_validation_options": [
              {
                "domain_name": "*.myappstore.tech",
                "resource_record_name": "_6f838a624d48c05fd03389a4f6ccd164.myappstore.tech.",
                "resource_record_type": "CNAME",
                "resource_record_value": "_abf315aeaddabbba6af8efe1b62e6ac1.wmmlzlpmyg.acm-validations.aws."
              },
              {
                "domain_name": "myappstore.tech",
                "resource_record_name": "_6f838a624d48c05fd03389a4f6ccd164.myappstore.tech.",
                "resource_record_type": "CNAME",
                "resource_record_value": "_abf315aeaddabbba6af8efe1b62e6ac1.wmmlzlpmyg.acm-validations.aws."
              }
            ],
            "id": "arn:aws:acm:ap-south-1:174228772591:certificate/a6d51aff-e0e8-4bf2-a5a6-290ccb9633fd",
            "options": [
              {
                "certificate_transparency_logging_preference": "ENABLED"
              }
            ],
            "private_key": null,
            "status": "ISSUED",
            "subject_alternative_names": [
              "*.myappstore.tech"
            ],
            "tags": {
              "environment": "Dev",
              "owners": "SAP"
            },
            "tags_all": {
              "environment": "Dev",
              "owners": "SAP"
            },
            "validation_emails": [],
            "validation_method": "DNS"
          },
          "sensitive_attributes": [],
          "private": "bnVsbA==",
          "dependencies": [
            "data.aws_route53_zone.mydomain"
          ],
          "create_before_destroy": true
        }
      ]
    },
    {
      "module": "module.acm",
      "mode": "managed",
      "type": "aws_acm_certificate_validation",
      "name": "this",
      "provider": "provider[\"registry.terraform.io/hashicorp/aws\"]",
      "instances": [
        {
          "index_key": 0,
          "schema_version": 0,
          "attributes": {
            "certificate_arn": "arn:aws:acm:ap-south-1:174228772591:certificate/a6d51aff-e0e8-4bf2-a5a6-290ccb9633fd",
            "id": "2022-05-02 12:56:56.159 +0000 UTC",
            "timeouts": null,
            "validation_record_fqdns": [
              "_6f838a624d48c05fd03389a4f6ccd164.myappstore.tech"
            ]
          },
          "sensitive_attributes": [],
          "private": "eyJlMmJmYjczMC1lY2FhLTExZTYtOGY4OC0zNDM2M2JjN2M0YzAiOnsiY3JlYXRlIjoyNzAwMDAwMDAwMDAwfX0=",
          "dependencies": [
            "data.aws_route53_zone.mydomain",
            "module.acm.aws_acm_certificate.this",
            "module.acm.aws_route53_record.validation"
          ]
        }
      ]
    },
    {
      "module": "module.acm",
      "mode": "managed",
      "type": "aws_route53_record",
      "name": "validation",
      "provider": "provider[\"registry.terraform.io/hashicorp/aws\"]",
      "instances": [
        {
          "index_key": 0,
          "schema_version": 2,
          "attributes": {
            "alias": [],
            "allow_overwrite": true,
            "failover_routing_policy": [],
            "fqdn": "_6f838a624d48c05fd03389a4f6ccd164.myappstore.tech",
            "geolocation_routing_policy": [],
            "health_check_id": "",
            "id": "Z0748203AGO1L3EMHWKX__6f838a624d48c05fd03389a4f6ccd164.myappstore.tech._CNAME",
            "latency_routing_policy": [],
            "multivalue_answer_routing_policy": null,
            "name": "_6f838a624d48c05fd03389a4f6ccd164.myappstore.tech",
            "records": [
              "_abf315aeaddabbba6af8efe1b62e6ac1.wmmlzlpmyg.acm-validations.aws."
            ],
            "set_identifier": "",
            "ttl": 60,
            "type": "CNAME",
            "weighted_routing_policy": [],
            "zone_id": "Z0748203AGO1L3EMHWKX"
          },
          "sensitive_attributes": [],
          "private": "eyJzY2hlbWFfdmVyc2lvbiI6IjIifQ==",
          "dependencies": [
            "data.aws_route53_zone.mydomain",
            "module.acm.aws_acm_certificate.this"
          ]
        }
      ]
    },
    {
      "module": "module.alb",
      "mode": "managed",
      "type": "aws_lb",
      "name": "this",
      "provider": "provider[\"registry.terraform.io/hashicorp/aws\"]",
      "instances": [
        {
          "index_key": 0,
          "schema_version": 0,
          "attributes": {
            "access_logs": [
              {
                "bucket": "",
                "enabled": false,
                "prefix": ""
              }
            ],
            "arn": "arn:aws:elasticloadbalancing:ap-south-1:174228772591:loadbalancer/app/SAP-Dev-loadbalancer/396e581b5dd7c3df",
            "arn_suffix": "app/SAP-Dev-loadbalancer/396e581b5dd7c3df",
            "customer_owned_ipv4_pool": "",
            "desync_mitigation_mode": "defensive",
            "dns_name": "SAP-Dev-loadbalancer-63079618.ap-south-1.elb.amazonaws.com",
            "drop_invalid_header_fields": false,
            "enable_cross_zone_load_balancing": null,
            "enable_deletion_protection": false,
            "enable_http2": true,
            "enable_waf_fail_open": false,
            "id": "arn:aws:elasticloadbalancing:ap-south-1:174228772591:loadbalancer/app/SAP-Dev-loadbalancer/396e581b5dd7c3df",
            "idle_timeout": 60,
            "internal": false,
            "ip_address_type": "ipv4",
            "load_balancer_type": "application",
            "name": "SAP-Dev-loadbalancer",
            "name_prefix": null,
            "security_groups": [
              "sg-0cae62d7334f7818b"
            ],
            "subnet_mapping": [
              {
                "allocation_id": "",
                "ipv6_address": "",
                "outpost_id": "",
                "private_ipv4_address": "",
                "subnet_id": "subnet-087d4e7be5f8c9a4b"
              },
              {
                "allocation_id": "",
                "ipv6_address": "",
                "outpost_id": "",
                "private_ipv4_address": "",
                "subnet_id": "subnet-0d356d5cea6744de5"
              }
            ],
            "subnets": [
              "subnet-087d4e7be5f8c9a4b",
              "subnet-0d356d5cea6744de5"
            ],
            "tags": {
              "Name": "SAP-Dev-loadbalancer",
              "environment": "Dev",
              "owners": "SAP"
            },
            "tags_all": {
              "Name": "SAP-Dev-loadbalancer",
              "environment": "Dev",
              "owners": "SAP"
            },
            "timeouts": {
              "create": "10m",
              "delete": "10m",
              "update": "10m"
            },
            "vpc_id": "vpc-08177e484e4bba638",
            "zone_id": "ZP97RAFLXTNZK"
          },
          "sensitive_attributes": [],
          "private": "eyJlMmJmYjczMC1lY2FhLTExZTYtOGY4OC0zNDM2M2JjN2M0YzAiOnsiY3JlYXRlIjo2MDAwMDAwMDAwMDAsImRlbGV0ZSI6NjAwMDAwMDAwMDAwLCJ1cGRhdGUiOjYwMDAwMDAwMDAwMH19",
          "dependencies": [
            "module.loadbalancer_sg.aws_security_group.this",
            "module.loadbalancer_sg.aws_security_group.this_name_prefix",
            "module.vpc.aws_subnet.public",
            "module.vpc.aws_vpc.this",
            "module.vpc.aws_vpc_ipv4_cidr_block_association.this"
          ],
          "create_before_destroy": true
        }
      ]
    },
    {
      "module": "module.alb",
      "mode": "managed",
      "type": "aws_lb_listener",
      "name": "frontend_http_tcp",
      "provider": "provider[\"registry.terraform.io/hashicorp/aws\"]",
      "instances": [
        {
          "index_key": 0,
          "schema_version": 0,
          "attributes": {
            "alpn_policy": null,
            "arn": "arn:aws:elasticloadbalancing:ap-south-1:174228772591:listener/app/SAP-Dev-loadbalancer/396e581b5dd7c3df/bdc288009d4948ed",
            "certificate_arn": null,
            "default_action": [
              {
                "authenticate_cognito": [],
                "authenticate_oidc": [],
                "fixed_response": [],
                "forward": [],
                "order": 1,
                "redirect": [
                  {
                    "host": "#{host}",
                    "path": "/#{path}",
                    "port": "443",
                    "protocol": "HTTPS",
                    "query": "#{query}",
                    "status_code": "HTTP_301"
                  }
                ],
                "target_group_arn": "",
                "type": "redirect"
              }
            ],
            "id": "arn:aws:elasticloadbalancing:ap-south-1:174228772591:listener/app/SAP-Dev-loadbalancer/396e581b5dd7c3df/bdc288009d4948ed",
            "load_balancer_arn": "arn:aws:elasticloadbalancing:ap-south-1:174228772591:loadbalancer/app/SAP-Dev-loadbalancer/396e581b5dd7c3df",
            "port": 80,
            "protocol": "HTTP",
            "ssl_policy": "",
            "tags": {},
            "tags_all": {},
            "timeouts": null
          },
          "sensitive_attributes": [],
          "private": "eyJlMmJmYjczMC1lY2FhLTExZTYtOGY4OC0zNDM2M2JjN2M0YzAiOnsicmVhZCI6NjAwMDAwMDAwMDAwfX0=",
          "dependencies": [
            "module.vpc.aws_vpn_gateway_route_propagation.public",
            "module.vpc.data.aws_iam_policy_document.vpc_flow_log_cloudwatch",
            "module.vpc.aws_network_acl.intra",
            "module.vpc.aws_network_acl.outpost",
            "module.vpc.aws_network_acl_rule.intra_outbound",
            "module.vpc.aws_route.private_nat_gateway",
            "module.vpc.aws_subnet.database",
            "module.vpc.aws_subnet.private",
            "module.vpc.aws_iam_policy.vpc_flow_log_cloudwatch",
            "module.vpc.aws_network_acl.private",
            "module.vpc.aws_route.database_ipv6_egress",
            "module.vpc.aws_route.public_internet_gateway",
            "module.vpc.aws_route.public_internet_gateway_ipv6",
            "module.vpc.data.aws_iam_policy_document.flow_log_cloudwatch_assume_role",
            "module.ec2-instance_private_app1.aws_instance.this",
            "module.vpc.aws_route.database_internet_gateway",
            "module.ec2-instance_private_app2.aws_instance.this",
            "module.private_security-group.aws_security_group.this_name_prefix",
            "module.vpc.aws_nat_gateway.this",
            "module.vpc.aws_redshift_subnet_group.redshift",
            "module.vpc.aws_vpn_gateway.this",
            "module.vpc.aws_route_table_association.database",
            "module.vpc.aws_vpc.this",
            "module.vpc.aws_eip.nat",
            "module.vpc.aws_iam_role_policy_attachment.vpc_flow_log_cloudwatch",
            "module.vpc.aws_network_acl.redshift",
            "module.vpc.aws_network_acl_rule.public_inbound",
            "module.vpc.aws_route_table.database",
            "module.vpc.aws_route_table.intra",
            "module.vpc.aws_vpc_ipv4_cidr_block_association.this",
            "module.loadbalancer_sg.aws_security_group.this_name_prefix",
            "module.vpc.aws_default_route_table.default",
            "module.vpc.aws_network_acl_rule.elasticache_outbound",
            "module.vpc.aws_route_table_association.private",
            "module.vpc.aws_subnet.intra",
            "data.aws_ami.amz_linux2",
            "module.vpc.aws_default_vpc.this",
            "module.vpc.aws_network_acl.database",
            "module.vpc.aws_vpc_dhcp_options.this",
            "module.vpc.aws_vpn_gateway_attachment.this",
            "module.vpc.aws_vpn_gateway_route_propagation.private",
            "module.vpc.aws_elasticache_subnet_group.elasticache",
            "module.vpc.aws_route.private_ipv6_egress",
            "module.vpc.aws_route_table_association.elasticache",
            "module.vpc.aws_cloudwatch_log_group.flow_log",
            "module.vpc.aws_iam_role.vpc_flow_log_cloudwatch",
            "module.vpc.aws_network_acl_rule.outpost_outbound",
            "module.vpc.aws_vpc_dhcp_options_association.this",
            "module.loadbalancer_sg.aws_security_group.this",
            "module.vpc.aws_default_security_group.this",
            "module.vpc.aws_network_acl_rule.database_outbound",
            "module.vpc.aws_route_table_association.outpost",
            "module.vpc.aws_subnet.elasticache",
            "module.vpc.aws_subnet.outpost",
            "module.vpc.aws_db_subnet_group.database",
            "module.vpc.aws_network_acl_rule.database_inbound",
            "module.vpc.aws_network_acl_rule.private_outbound",
            "module.vpc.aws_route_table.public",
            "module.vpc.aws_route_table_association.public",
            "module.vpc.aws_network_acl_rule.outpost_inbound",
            "module.vpc.aws_network_acl_rule.redshift_inbound",
            "module.vpc.aws_route_table_association.redshift",
            "module.vpc.aws_vpn_gateway_route_propagation.intra",
            "module.vpc.aws_default_network_acl.this",
            "module.vpc.aws_network_acl_rule.elasticache_inbound",
            "module.vpc.aws_network_acl_rule.private_inbound",
            "module.vpc.aws_network_acl_rule.redshift_outbound",
            "module.vpc.aws_subnet.public",
            "module.vpc.aws_flow_log.this",
            "module.vpc.aws_network_acl.public",
            "module.vpc.aws_route_table.private",
            "module.vpc.aws_subnet.redshift",
            "module.vpc.aws_network_acl_rule.public_outbound",
            "module.vpc.aws_route_table.elasticache",
            "module.alb.aws_lb.this",
            "module.alb.aws_lb_target_group.main",
            "module.private_security-group.aws_security_group.this",
            "module.vpc.aws_customer_gateway.this",
            "module.vpc.aws_egress_only_internet_gateway.this",
            "module.vpc.aws_internet_gateway.this",
            "module.vpc.aws_route_table.redshift",
            "module.vpc.aws_network_acl.elasticache",
            "module.vpc.aws_network_acl_rule.intra_inbound",
            "module.vpc.aws_route.database_nat_gateway",
            "module.vpc.aws_route_table_association.intra",
            "module.vpc.aws_route_table_association.redshift_public"
          ]
        }
      ]
    },
    {
      "module": "module.alb",
      "mode": "managed",
      "type": "aws_lb_listener",
      "name": "frontend_https",
      "provider": "provider[\"registry.terraform.io/hashicorp/aws\"]",
      "instances": [
        {
          "index_key": 0,
          "schema_version": 0,
          "attributes": {
            "alpn_policy": null,
            "arn": "arn:aws:elasticloadbalancing:ap-south-1:174228772591:listener/app/SAP-Dev-loadbalancer/396e581b5dd7c3df/3a28d6452b864599",
            "certificate_arn": "arn:aws:acm:ap-south-1:174228772591:certificate/a6d51aff-e0e8-4bf2-a5a6-290ccb9633fd",
            "default_action": [
              {
                "authenticate_cognito": [],
                "authenticate_oidc": [],
                "fixed_response": [
                  {
                    "content_type": "text/plain",
                    "message_body": "Fixed Static message - for Root Context",
                    "status_code": "200"
                  }
                ],
                "forward": [],
                "order": 1,
                "redirect": [],
                "target_group_arn": "",
                "type": "fixed-response"
              }
            ],
            "id": "arn:aws:elasticloadbalancing:ap-south-1:174228772591:listener/app/SAP-Dev-loadbalancer/396e581b5dd7c3df/3a28d6452b864599",
            "load_balancer_arn": "arn:aws:elasticloadbalancing:ap-south-1:174228772591:loadbalancer/app/SAP-Dev-loadbalancer/396e581b5dd7c3df",
            "port": 443,
            "protocol": "HTTPS",
            "ssl_policy": "ELBSecurityPolicy-2016-08",
            "tags": {},
            "tags_all": {},
            "timeouts": null
          },
          "sensitive_attributes": [],
          "private": "eyJlMmJmYjczMC1lY2FhLTExZTYtOGY4OC0zNDM2M2JjN2M0YzAiOnsicmVhZCI6NjAwMDAwMDAwMDAwfX0=",
          "dependencies": [
            "module.vpc.aws_network_acl.database",
            "module.vpc.aws_route_table.intra",
            "module.vpc.aws_route_table_association.private",
            "module.vpc.aws_subnet.database",
            "module.vpc.aws_subnet.elasticache",
            "module.loadbalancer_sg.aws_security_group.this_name_prefix",
            "module.vpc.aws_default_route_table.default",
            "module.vpc.aws_db_subnet_group.database",
            "module.vpc.aws_network_acl_rule.outpost_inbound",
            "module.vpc.aws_route.database_ipv6_egress",
            "module.vpc.aws_route.database_nat_gateway",
            "module.vpc.aws_route_table_association.outpost",
            "module.vpc.aws_subnet.outpost",
            "module.alb.aws_lb.this",
            "module.loadbalancer_sg.aws_security_group.this",
            "module.vpc.aws_route.private_ipv6_egress",
            "module.vpc.aws_route.public_internet_gateway",
            "module.vpc.aws_network_acl_rule.intra_inbound",
            "module.vpc.aws_network_acl_rule.public_inbound",
            "module.vpc.aws_default_vpc.this",
            "module.vpc.aws_elasticache_subnet_group.elasticache",
            "module.vpc.aws_flow_log.this",
            "module.vpc.aws_nat_gateway.this",
            "module.vpc.aws_network_acl_rule.elasticache_outbound",
            "module.vpc.aws_route.public_internet_gateway_ipv6",
            "module.acm.aws_acm_certificate.this",
            "module.vpc.aws_customer_gateway.this",
            "module.vpc.aws_vpn_gateway_route_propagation.private",
            "module.vpc.data.aws_iam_policy_document.vpc_flow_log_cloudwatch",
            "module.vpc.aws_subnet.public",
            "module.vpc.aws_default_network_acl.this",
            "module.vpc.aws_network_acl_rule.private_inbound",
            "module.vpc.aws_network_acl.private",
            "module.vpc.aws_network_acl.redshift",
            "module.vpc.aws_redshift_subnet_group.redshift",
            "module.vpc.aws_subnet.private",
            "module.alb.aws_lb_target_group.main",
            "module.vpc.aws_iam_policy.vpc_flow_log_cloudwatch",
            "module.vpc.aws_network_acl_rule.outpost_outbound",
            "module.vpc.aws_route_table.public",
            "module.vpc.aws_route_table.redshift",
            "module.vpc.aws_subnet.intra",
            "module.vpc.aws_default_security_group.this",
            "module.vpc.aws_network_acl.outpost",
            "module.vpc.aws_internet_gateway.this",
            "module.vpc.aws_network_acl.public",
            "module.vpc.aws_network_acl_rule.elasticache_inbound",
            "module.vpc.aws_route_table_association.database",
            "module.vpc.aws_vpn_gateway.this",
            "module.private_security-group.aws_security_group.this_name_prefix",
            "module.vpc.aws_iam_role_policy_attachment.vpc_flow_log_cloudwatch",
            "module.vpc.aws_iam_role.vpc_flow_log_cloudwatch",
            "module.vpc.aws_route.private_nat_gateway",
            "module.vpc.aws_route_table.database",
            "module.vpc.aws_route_table_association.intra",
            "module.vpc.aws_vpn_gateway_attachment.this",
            "module.vpc.data.aws_iam_policy_document.flow_log_cloudwatch_assume_role",
            "data.aws_route53_zone.mydomain",
            "module.acm.aws_route53_record.validation",
            "module.vpc.aws_network_acl_rule.database_outbound",
            "module.vpc.aws_network_acl_rule.public_outbound",
            "module.vpc.aws_vpc_dhcp_options.this",
            "module.vpc.aws_vpc_ipv4_cidr_block_association.this",
            "module.vpc.aws_cloudwatch_log_group.flow_log",
            "module.vpc.aws_eip.nat",
            "module.vpc.aws_network_acl_rule.redshift_inbound",
            "module.vpc.aws_route_table_association.redshift",
            "module.vpc.aws_vpc_dhcp_options_association.this",
            "module.ec2-instance_private_app1.aws_instance.this",
            "module.ec2-instance_private_app2.aws_instance.this",
            "module.vpc.aws_network_acl_rule.intra_outbound",
            "module.vpc.aws_subnet.redshift",
            "module.vpc.aws_network_acl.intra",
            "module.vpc.aws_network_acl_rule.database_inbound",
            "module.vpc.aws_network_acl.elasticache",
            "module.vpc.aws_route_table.private",
            "module.vpc.aws_route_table_association.public",
            "data.aws_ami.amz_linux2",
            "module.private_security-group.aws_security_group.this",
            "module.vpc.aws_route_table_association.redshift_public",
            "module.vpc.aws_vpn_gateway_route_propagation.intra",
            "module.vpc.aws_egress_only_internet_gateway.this",
            "module.vpc.aws_route.database_internet_gateway",
            "module.vpc.aws_route_table_association.elasticache",
            "module.vpc.aws_vpc.this",
            "module.vpc.aws_network_acl_rule.private_outbound",
            "module.vpc.aws_route_table.elasticache",
            "module.vpc.aws_vpn_gateway_route_propagation.public",
            "module.acm.aws_acm_certificate_validation.this",
            "module.vpc.aws_network_acl_rule.redshift_outbound"
          ]
        }
      ]
    },
    {
      "module": "module.alb",
      "mode": "managed",
      "type": "aws_lb_listener_rule",
      "name": "https_listener_rule",
      "provider": "provider[\"registry.terraform.io/hashicorp/aws\"]",
      "instances": [
        {
          "index_key": 0,
          "schema_version": 0,
          "attributes": {
            "action": [
              {
                "authenticate_cognito": [],
                "authenticate_oidc": [],
                "fixed_response": [],
                "forward": [],
                "order": 1,
                "redirect": [],
                "target_group_arn": "arn:aws:elasticloadbalancing:ap-south-1:174228772591:targetgroup/app1-20220502130027531000000005/232b927a8b79e811",
                "type": "forward"
              }
            ],
            "arn": "arn:aws:elasticloadbalancing:ap-south-1:174228772591:listener-rule/app/SAP-Dev-loadbalancer/396e581b5dd7c3df/3a28d6452b864599/e17b03bfce035cbf",
            "condition": [
              {
                "host_header": [],
                "http_header": [
                  {
                    "http_header_name": "context-headers",
                    "values": [
                      "app1",
                      "my-app1",
                      "myapp1"
                    ]
                  }
                ],
                "http_request_method": [],
                "path_pattern": [],
                "query_string": [],
                "source_ip": []
              }
            ],
            "id": "arn:aws:elasticloadbalancing:ap-south-1:174228772591:listener-rule/app/SAP-Dev-loadbalancer/396e581b5dd7c3df/3a28d6452b864599/e17b03bfce035cbf",
            "listener_arn": "arn:aws:elasticloadbalancing:ap-south-1:174228772591:listener/app/SAP-Dev-loadbalancer/396e581b5dd7c3df/3a28d6452b864599",
            "priority": 1,
            "tags": {},
            "tags_all": {}
          },
          "sensitive_attributes": [],
          "private": "bnVsbA==",
          "dependencies": [
            "module.vpc.aws_db_subnet_group.database",
            "module.vpc.aws_network_acl.outpost",
            "module.vpc.aws_network_acl.private",
            "module.vpc.aws_route_table_association.private",
            "module.ec2-instance_private_app2.aws_instance.this",
            "module.vpc.aws_egress_only_internet_gateway.this",
            "module.vpc.aws_network_acl_rule.intra_inbound",
            "module.vpc.aws_route_table_association.public",
            "module.vpc.aws_subnet.intra",
            "module.vpc.aws_vpn_gateway_route_propagation.private",
            "module.vpc.aws_vpn_gateway_route_propagation.public",
            "module.vpc.aws_customer_gateway.this",
            "module.vpc.aws_network_acl_rule.private_inbound",
            "module.vpc.aws_route_table_association.intra",
            "module.vpc.aws_vpc.this",
            "module.vpc.aws_vpn_gateway_route_propagation.intra",
            "module.vpc.aws_route_table_association.redshift",
            "module.vpc.aws_vpc_dhcp_options.this",
            "module.alb.aws_lb_listener.frontend_https",
            "module.ec2-instance_private_app1.aws_instance.this",
            "module.vpc.aws_route_table.elasticache",
            "module.vpc.aws_route_table_association.database",
            "module.vpc.aws_route_table_association.elasticache",
            "module.vpc.aws_route_table_association.redshift_public",
            "module.vpc.aws_subnet.redshift",
            "module.vpc.aws_vpn_gateway_attachment.this",
            "data.aws_ami.amz_linux2",
            "module.vpc.aws_nat_gateway.this",
            "module.vpc.aws_network_acl.elasticache",
            "module.vpc.aws_network_acl_rule.redshift_outbound",
            "module.vpc.aws_route_table.redshift",
            "module.vpc.data.aws_iam_policy_document.vpc_flow_log_cloudwatch",
            "module.vpc.aws_eip.nat",
            "module.vpc.aws_elasticache_subnet_group.elasticache",
            "module.vpc.aws_network_acl_rule.database_outbound",
            "module.vpc.aws_network_acl_rule.intra_outbound",
            "module.vpc.aws_route_table.private",
            "module.vpc.aws_subnet.public",
            "module.vpc.aws_vpc_dhcp_options_association.this",
            "module.vpc.aws_vpn_gateway.this",
            "module.acm.aws_acm_certificate.this",
            "module.vpc.aws_default_network_acl.this",
            "module.vpc.aws_network_acl.redshift",
            "module.vpc.aws_network_acl_rule.elasticache_outbound",
            "module.vpc.aws_subnet.outpost",
            "module.vpc.aws_route.public_internet_gateway_ipv6",
            "data.aws_route53_zone.mydomain",
            "module.loadbalancer_sg.aws_security_group.this",
            "module.vpc.aws_iam_role.vpc_flow_log_cloudwatch",
            "module.vpc.aws_network_acl.database",
            "module.vpc.aws_network_acl_rule.outpost_outbound",
            "module.vpc.aws_network_acl_rule.elasticache_inbound",
            "module.vpc.aws_network_acl_rule.outpost_inbound",
            "module.vpc.aws_network_acl_rule.public_outbound",
            "module.vpc.aws_subnet.private",
            "module.vpc.aws_subnet.elasticache",
            "module.alb.aws_lb.this",
            "module.private_security-group.aws_security_group.this",
            "module.vpc.aws_default_route_table.default",
            "module.vpc.aws_internet_gateway.this",
            "module.vpc.aws_subnet.database",
            "module.vpc.aws_flow_log.this",
            "module.vpc.aws_iam_role_policy_attachment.vpc_flow_log_cloudwatch",
            "module.vpc.aws_route.private_nat_gateway",
            "module.vpc.data.aws_iam_policy_document.flow_log_cloudwatch_assume_role",
            "module.acm.aws_acm_certificate_validation.this",
            "module.vpc.aws_route.database_nat_gateway",
            "module.vpc.aws_route_table.intra",
            "module.vpc.aws_route_table_association.outpost",
            "module.loadbalancer_sg.aws_security_group.this_name_prefix",
            "module.vpc.aws_cloudwatch_log_group.flow_log",
            "module.vpc.aws_default_vpc.this",
            "module.vpc.aws_network_acl.intra",
            "module.vpc.aws_network_acl_rule.database_inbound",
            "module.vpc.aws_route_table.public",
            "module.acm.aws_route53_record.validation",
            "module.private_security-group.aws_security_group.this_name_prefix",
            "module.vpc.aws_iam_policy.vpc_flow_log_cloudwatch",
            "module.vpc.aws_network_acl_rule.private_outbound",
            "module.vpc.aws_redshift_subnet_group.redshift",
            "module.vpc.aws_network_acl.public",
            "module.vpc.aws_network_acl_rule.redshift_inbound",
            "module.vpc.aws_route.database_internet_gateway",
            "module.vpc.aws_route.database_ipv6_egress",
            "module.vpc.aws_route_table.database",
            "module.vpc.aws_vpc_ipv4_cidr_block_association.this",
            "module.alb.aws_lb_target_group.main",
            "module.vpc.aws_default_security_group.this",
            "module.vpc.aws_network_acl_rule.public_inbound",
            "module.vpc.aws_route.private_ipv6_egress",
            "module.vpc.aws_route.public_internet_gateway"
          ]
        },
        {
          "index_key": 1,
          "schema_version": 0,
          "attributes": {
            "action": [
              {
                "authenticate_cognito": [],
                "authenticate_oidc": [],
                "fixed_response": [],
                "forward": [],
                "order": 1,
                "redirect": [],
                "target_group_arn": "arn:aws:elasticloadbalancing:ap-south-1:174228772591:targetgroup/app2-20220502130027696600000006/3f7e9bb74ecd6192",
                "type": "forward"
              }
            ],
            "arn": "arn:aws:elasticloadbalancing:ap-south-1:174228772591:listener-rule/app/SAP-Dev-loadbalancer/396e581b5dd7c3df/3a28d6452b864599/e01ca0a27fe1d4f7",
            "condition": [
              {
                "host_header": [],
                "http_header": [
                  {
                    "http_header_name": "context-headers",
                    "values": [
                      "app2",
                      "my-app2",
                      "myapp2"
                    ]
                  }
                ],
                "http_request_method": [],
                "path_pattern": [],
                "query_string": [],
                "source_ip": []
              }
            ],
            "id": "arn:aws:elasticloadbalancing:ap-south-1:174228772591:listener-rule/app/SAP-Dev-loadbalancer/396e581b5dd7c3df/3a28d6452b864599/e01ca0a27fe1d4f7",
            "listener_arn": "arn:aws:elasticloadbalancing:ap-south-1:174228772591:listener/app/SAP-Dev-loadbalancer/396e581b5dd7c3df/3a28d6452b864599",
            "priority": 2,
            "tags": {},
            "tags_all": {}
          },
          "sensitive_attributes": [],
          "private": "bnVsbA==",
          "dependencies": [
            "module.vpc.aws_network_acl_rule.outpost_outbound",
            "module.vpc.aws_redshift_subnet_group.redshift",
            "module.vpc.aws_route_table_association.redshift",
            "module.vpc.aws_network_acl.public",
            "module.vpc.aws_network_acl_rule.intra_outbound",
            "module.vpc.aws_route.public_internet_gateway_ipv6",
            "module.vpc.aws_vpn_gateway_route_propagation.intra",
            "module.alb.aws_lb.this",
            "module.vpc.aws_network_acl_rule.database_outbound",
            "module.vpc.aws_eip.nat",
            "module.vpc.aws_route_table.elasticache",
            "module.acm.aws_route53_record.validation",
            "module.private_security-group.aws_security_group.this",
            "module.vpc.aws_network_acl_rule.redshift_outbound",
            "module.vpc.aws_route.database_nat_gateway",
            "module.vpc.aws_route_table.private",
            "module.vpc.aws_route_table_association.database",
            "module.vpc.aws_subnet.outpost",
            "module.vpc.aws_vpn_gateway_attachment.this",
            "module.acm.aws_acm_certificate.this",
            "module.vpc.aws_network_acl_rule.database_inbound",
            "module.vpc.aws_route_table.database",
            "module.vpc.aws_route_table_association.outpost",
            "module.vpc.aws_subnet.redshift",
            "module.vpc.aws_vpc.this",
            "module.vpc.aws_egress_only_internet_gateway.this",
            "module.vpc.aws_network_acl.intra",
            "module.vpc.aws_network_acl_rule.redshift_inbound",
            "module.vpc.aws_route_table_association.intra",
            "module.vpc.aws_route_table_association.public",
            "data.aws_route53_zone.mydomain",
            "module.vpc.aws_default_security_group.this",
            "module.vpc.aws_vpc_dhcp_options.this",
            "module.vpc.data.aws_iam_policy_document.flow_log_cloudwatch_assume_role",
            "module.vpc.aws_customer_gateway.this",
            "module.vpc.aws_default_vpc.this",
            "module.private_security-group.aws_security_group.this_name_prefix",
            "module.vpc.aws_cloudwatch_log_group.flow_log",
            "module.vpc.aws_elasticache_subnet_group.elasticache",
            "module.vpc.aws_vpc_ipv4_cidr_block_association.this",
            "module.loadbalancer_sg.aws_security_group.this",
            "module.loadbalancer_sg.aws_security_group.this_name_prefix",
            "module.vpc.aws_flow_log.this",
            "module.vpc.aws_internet_gateway.this",
            "module.vpc.aws_network_acl_rule.private_outbound",
            "module.vpc.aws_network_acl_rule.public_outbound",
            "module.vpc.aws_route_table_association.elasticache",
            "module.vpc.aws_subnet.elasticache",
            "module.ec2-instance_private_app1.aws_instance.this",
            "module.vpc.aws_default_network_acl.this",
            "module.vpc.aws_vpn_gateway_route_propagation.private",
            "module.vpc.aws_vpn_gateway_route_propagation.public",
            "module.vpc.aws_network_acl.redshift",
            "module.vpc.aws_route.private_nat_gateway",
            "module.vpc.aws_route_table.intra",
            "module.vpc.aws_route_table_association.redshift_public",
            "module.alb.aws_lb_listener.frontend_https",
            "module.alb.aws_lb_target_group.main",
            "module.vpc.aws_route.private_ipv6_egress",
            "module.vpc.aws_vpc_dhcp_options_association.this",
            "module.ec2-instance_private_app2.aws_instance.this",
            "module.vpc.aws_network_acl_rule.outpost_inbound",
            "module.vpc.aws_route_table.redshift",
            "module.vpc.aws_route_table_association.private",
            "module.vpc.aws_network_acl.private",
            "module.vpc.aws_route.database_ipv6_egress",
            "module.vpc.aws_network_acl_rule.private_inbound",
            "module.vpc.aws_route.database_internet_gateway",
            "module.vpc.aws_default_route_table.default",
            "module.vpc.aws_iam_role.vpc_flow_log_cloudwatch",
            "module.vpc.aws_network_acl_rule.intra_inbound",
            "module.vpc.aws_subnet.private",
            "module.vpc.aws_subnet.public",
            "module.vpc.aws_vpn_gateway.this",
            "module.acm.aws_acm_certificate_validation.this",
            "module.vpc.aws_iam_policy.vpc_flow_log_cloudwatch",
            "module.vpc.aws_nat_gateway.this",
            "module.vpc.aws_network_acl.database",
            "module.vpc.aws_network_acl_rule.elasticache_inbound",
            "module.vpc.aws_network_acl_rule.elasticache_outbound",
            "module.vpc.aws_network_acl_rule.public_inbound",
            "module.vpc.aws_route.public_internet_gateway",
            "data.aws_ami.amz_linux2",
            "module.vpc.aws_db_subnet_group.database",
            "module.vpc.aws_subnet.intra",
            "module.vpc.aws_network_acl.outpost",
            "module.vpc.aws_route_table.public",
            "module.vpc.aws_subnet.database",
            "module.vpc.data.aws_iam_policy_document.vpc_flow_log_cloudwatch",
            "module.vpc.aws_iam_role_policy_attachment.vpc_flow_log_cloudwatch",
            "module.vpc.aws_network_acl.elasticache"
          ]
        },
        {
          "index_key": 2,
          "schema_version": 0,
          "attributes": {
            "action": [
              {
                "authenticate_cognito": [],
                "authenticate_oidc": [],
                "fixed_response": [],
                "forward": [],
                "order": 1,
                "redirect": [
                  {
                    "host": "stacksimplify.com",
                    "path": "/aws-eks/",
                    "port": "#{port}",
                    "protocol": "HTTPS",
                    "query": "",
                    "status_code": "HTTP_302"
                  }
                ],
                "target_group_arn": "",
                "type": "redirect"
              }
            ],
            "arn": "arn:aws:elasticloadbalancing:ap-south-1:174228772591:listener-rule/app/SAP-Dev-loadbalancer/396e581b5dd7c3df/3a28d6452b864599/2408780d4663a50e",
            "condition": [
              {
                "host_header": [],
                "http_header": [],
                "http_request_method": [],
                "path_pattern": [],
                "query_string": [
                  {
                    "key": "website",
                    "value": "aws-eks"
                  }
                ],
                "source_ip": []
              }
            ],
            "id": "arn:aws:elasticloadbalancing:ap-south-1:174228772591:listener-rule/app/SAP-Dev-loadbalancer/396e581b5dd7c3df/3a28d6452b864599/2408780d4663a50e",
            "listener_arn": "arn:aws:elasticloadbalancing:ap-south-1:174228772591:listener/app/SAP-Dev-loadbalancer/396e581b5dd7c3df/3a28d6452b864599",
            "priority": 3,
            "tags": {},
            "tags_all": {}
          },
          "sensitive_attributes": [],
          "private": "bnVsbA==",
          "dependencies": [
            "module.vpc.aws_vpc_dhcp_options.this",
            "module.acm.aws_acm_certificate_validation.this",
            "module.vpc.aws_default_security_group.this",
            "module.vpc.aws_eip.nat",
            "module.vpc.aws_network_acl_rule.intra_outbound",
            "module.vpc.aws_network_acl_rule.public_outbound",
            "module.vpc.aws_route.database_nat_gateway",
            "module.vpc.aws_vpc.this",
            "module.vpc.aws_vpn_gateway_attachment.this",
            "module.ec2-instance_private_app1.aws_instance.this",
            "module.vpc.aws_db_subnet_group.database",
            "module.vpc.aws_iam_role.vpc_flow_log_cloudwatch",
            "module.vpc.aws_route.database_internet_gateway",
            "module.vpc.aws_route_table_association.database",
            "module.vpc.aws_route_table_association.outpost",
            "module.loadbalancer_sg.aws_security_group.this_name_prefix",
            "module.vpc.aws_network_acl.private",
            "module.vpc.aws_route.database_ipv6_egress",
            "module.vpc.aws_route_table_association.redshift_public",
            "module.vpc.aws_vpn_gateway_route_propagation.public",
            "module.vpc.aws_network_acl_rule.elasticache_inbound",
            "module.vpc.aws_route.private_nat_gateway",
            "module.vpc.aws_route_table.redshift",
            "module.vpc.aws_route_table_association.intra",
            "module.vpc.aws_subnet.redshift",
            "module.vpc.aws_vpn_gateway_route_propagation.intra",
            "module.loadbalancer_sg.aws_security_group.this",
            "module.private_security-group.aws_security_group.this_name_prefix",
            "module.vpc.aws_network_acl.intra",
            "module.vpc.aws_network_acl_rule.elasticache_outbound",
            "module.vpc.aws_route_table_association.private",
            "module.vpc.aws_route_table_association.redshift",
            "module.vpc.aws_vpn_gateway.this",
            "module.alb.aws_lb.this",
            "module.vpc.aws_default_route_table.default",
            "module.vpc.aws_flow_log.this",
            "module.vpc.aws_network_acl.elasticache",
            "module.vpc.aws_network_acl_rule.redshift_outbound",
            "module.vpc.aws_vpc_ipv4_cidr_block_association.this",
            "module.vpc.aws_cloudwatch_log_group.flow_log",
            "module.vpc.aws_default_vpc.this",
            "module.vpc.aws_egress_only_internet_gateway.this",
            "module.vpc.aws_network_acl_rule.private_inbound",
            "module.vpc.aws_route_table.private",
            "module.vpc.aws_route_table.public",
            "module.vpc.aws_subnet.elasticache",
            "module.vpc.aws_route_table_association.elasticache",
            "module.vpc.aws_customer_gateway.this",
            "module.vpc.aws_iam_policy.vpc_flow_log_cloudwatch",
            "module.vpc.aws_nat_gateway.this",
            "module.vpc.aws_network_acl.database",
            "module.vpc.aws_network_acl_rule.public_inbound",
            "module.vpc.aws_route_table.database",
            "module.vpc.aws_route_table.elasticache",
            "module.ec2-instance_private_app2.aws_instance.this",
            "module.vpc.aws_route_table_association.public",
            "module.vpc.aws_subnet.private",
            "module.vpc.aws_vpc_dhcp_options_association.this",
            "module.vpc.aws_network_acl_rule.outpost_outbound",
            "module.vpc.aws_route.public_internet_gateway",
            "module.vpc.aws_route.public_internet_gateway_ipv6",
            "module.acm.aws_acm_certificate.this",
            "module.alb.aws_lb_listener.frontend_https",
            "module.alb.aws_lb_target_group.main",
            "module.vpc.aws_network_acl.outpost",
            "module.vpc.aws_network_acl.public",
            "module.vpc.aws_network_acl_rule.intra_inbound",
            "module.vpc.aws_subnet.public",
            "module.vpc.data.aws_iam_policy_document.flow_log_cloudwatch_assume_role",
            "module.vpc.aws_network_acl.redshift",
            "module.vpc.aws_network_acl_rule.database_outbound",
            "module.vpc.aws_network_acl_rule.private_outbound",
            "module.vpc.aws_network_acl_rule.redshift_inbound",
            "module.vpc.aws_redshift_subnet_group.redshift",
            "module.vpc.aws_route.private_ipv6_egress",
            "module.vpc.aws_subnet.database",
            "data.aws_route53_zone.mydomain",
            "module.vpc.aws_iam_role_policy_attachment.vpc_flow_log_cloudwatch",
            "module.vpc.aws_network_acl_rule.database_inbound",
            "module.vpc.aws_subnet.intra",
            "module.vpc.data.aws_iam_policy_document.vpc_flow_log_cloudwatch",
            "module.private_security-group.aws_security_group.this",
            "module.vpc.aws_elasticache_subnet_group.elasticache",
            "module.vpc.aws_internet_gateway.this",
            "module.vpc.aws_network_acl_rule.outpost_inbound",
            "module.vpc.aws_route_table.intra",
            "module.vpc.aws_subnet.outpost",
            "data.aws_ami.amz_linux2",
            "module.acm.aws_route53_record.validation",
            "module.vpc.aws_default_network_acl.this",
            "module.vpc.aws_vpn_gateway_route_propagation.private"
          ]
        },
        {
          "index_key": 3,
          "schema_version": 0,
          "attributes": {
            "action": [
              {
                "authenticate_cognito": [],
                "authenticate_oidc": [],
                "fixed_response": [],
                "forward": [],
                "order": 1,
                "redirect": [
                  {
                    "host": "stacksimplify.com",
                    "path": "/azure-aks/azure-kubernetes-service-introduction/",
                    "port": "#{port}",
                    "protocol": "HTTPS",
                    "query": "",
                    "status_code": "HTTP_302"
                  }
                ],
                "target_group_arn": "",
                "type": "redirect"
              }
            ],
            "arn": "arn:aws:elasticloadbalancing:ap-south-1:174228772591:listener-rule/app/SAP-Dev-loadbalancer/396e581b5dd7c3df/3a28d6452b864599/f8f3ef5f2411aa6f",
            "condition": [
              {
                "host_header": [
                  {
                    "values": [
                      "azure-aks11.myappstore.tech"
                    ]
                  }
                ],
                "http_header": [],
                "http_request_method": [],
                "path_pattern": [],
                "query_string": [],
                "source_ip": []
              }
            ],
            "id": "arn:aws:elasticloadbalancing:ap-south-1:174228772591:listener-rule/app/SAP-Dev-loadbalancer/396e581b5dd7c3df/3a28d6452b864599/f8f3ef5f2411aa6f",
            "listener_arn": "arn:aws:elasticloadbalancing:ap-south-1:174228772591:listener/app/SAP-Dev-loadbalancer/396e581b5dd7c3df/3a28d6452b864599",
            "priority": 4,
            "tags": {},
            "tags_all": {}
          },
          "sensitive_attributes": [],
          "private": "bnVsbA==",
          "dependencies": [
            "module.alb.aws_lb_target_group.main",
            "module.vpc.aws_customer_gateway.this",
            "module.vpc.aws_network_acl_rule.database_inbound",
            "module.vpc.aws_network_acl_rule.elasticache_inbound",
            "module.vpc.aws_route_table_association.database",
            "module.vpc.aws_route.public_internet_gateway",
            "module.vpc.aws_route_table_association.redshift_public",
            "data.aws_ami.amz_linux2",
            "module.alb.aws_lb_listener.frontend_https",
            "module.ec2-instance_private_app1.aws_instance.this",
            "module.vpc.aws_elasticache_subnet_group.elasticache",
            "module.vpc.aws_network_acl_rule.intra_outbound",
            "module.vpc.aws_network_acl_rule.public_outbound",
            "module.vpc.aws_vpn_gateway_route_propagation.public",
            "module.private_security-group.aws_security_group.this_name_prefix",
            "module.vpc.aws_network_acl.database",
            "module.vpc.aws_route_table.public",
            "module.vpc.aws_vpn_gateway_attachment.this",
            "module.vpc.aws_route_table_association.outpost",
            "module.vpc.aws_vpc_dhcp_options_association.this",
            "module.acm.aws_acm_certificate.this",
            "module.acm.aws_route53_record.validation",
            "module.alb.aws_lb.this",
            "module.vpc.aws_egress_only_internet_gateway.this",
            "module.vpc.aws_network_acl_rule.private_outbound",
            "module.vpc.aws_route.public_internet_gateway_ipv6",
            "module.vpc.aws_vpn_gateway_route_propagation.private",
            "module.vpc.aws_iam_role_policy_attachment.vpc_flow_log_cloudwatch",
            "module.vpc.aws_network_acl.outpost",
            "module.vpc.aws_network_acl_rule.intra_inbound",
            "module.vpc.aws_redshift_subnet_group.redshift",
            "module.vpc.aws_route_table_association.elasticache",
            "module.vpc.aws_subnet.private",
            "module.ec2-instance_private_app2.aws_instance.this",
            "module.loadbalancer_sg.aws_security_group.this",
            "module.vpc.aws_internet_gateway.this",
            "module.vpc.aws_network_acl.elasticache",
            "module.vpc.aws_network_acl.intra",
            "module.vpc.aws_network_acl_rule.redshift_outbound",
            "module.vpc.data.aws_iam_policy_document.flow_log_cloudwatch_assume_role",
            "module.loadbalancer_sg.aws_security_group.this_name_prefix",
            "module.vpc.aws_network_acl_rule.redshift_inbound",
            "module.vpc.aws_route_table.elasticache",
            "module.vpc.aws_subnet.database",
            "module.vpc.aws_subnet.elasticache",
            "module.vpc.aws_vpc.this",
            "module.vpc.aws_default_network_acl.this",
            "module.vpc.aws_default_route_table.default",
            "module.vpc.aws_network_acl_rule.outpost_outbound",
            "module.vpc.aws_route_table_association.private",
            "module.vpc.aws_subnet.public",
            "module.vpc.aws_subnet.redshift",
            "module.vpc.aws_db_subnet_group.database",
            "module.vpc.aws_network_acl.private",
            "module.vpc.aws_network_acl_rule.outpost_inbound",
            "module.vpc.aws_route_table.redshift",
            "module.vpc.aws_route_table_association.intra",
            "module.vpc.aws_route_table_association.redshift",
            "module.vpc.aws_route_table_association.public",
            "module.private_security-group.aws_security_group.this",
            "module.vpc.aws_default_vpc.this",
            "module.vpc.aws_nat_gateway.this",
            "module.vpc.aws_network_acl_rule.elasticache_outbound",
            "module.vpc.aws_route.private_nat_gateway",
            "module.vpc.aws_route_table.database",
            "module.vpc.aws_iam_policy.vpc_flow_log_cloudwatch",
            "module.vpc.aws_network_acl.public",
            "module.vpc.aws_route.database_nat_gateway",
            "module.vpc.aws_vpn_gateway.this",
            "module.vpc.aws_vpn_gateway_route_propagation.intra",
            "module.vpc.data.aws_iam_policy_document.vpc_flow_log_cloudwatch",
            "module.vpc.aws_default_security_group.this",
            "module.vpc.aws_network_acl_rule.private_inbound",
            "module.vpc.aws_route.private_ipv6_egress",
            "module.vpc.aws_vpc_dhcp_options.this",
            "data.aws_route53_zone.mydomain",
            "module.vpc.aws_flow_log.this",
            "module.vpc.aws_network_acl_rule.database_outbound",
            "module.vpc.aws_route_table.private",
            "module.vpc.aws_subnet.outpost",
            "module.vpc.aws_route_table.intra",
            "module.acm.aws_acm_certificate_validation.this",
            "module.vpc.aws_iam_role.vpc_flow_log_cloudwatch",
            "module.vpc.aws_network_acl.redshift",
            "module.vpc.aws_network_acl_rule.public_inbound",
            "module.vpc.aws_route.database_internet_gateway",
            "module.vpc.aws_route.database_ipv6_egress",
            "module.vpc.aws_cloudwatch_log_group.flow_log",
            "module.vpc.aws_eip.nat",
            "module.vpc.aws_subnet.intra",
            "module.vpc.aws_vpc_ipv4_cidr_block_association.this"
          ]
        }
      ]
    },
    {
      "module": "module.alb",
      "mode": "managed",
      "type": "aws_lb_target_group",
      "name": "main",
      "provider": "provider[\"registry.terraform.io/hashicorp/aws\"]",
      "instances": [
        {
          "index_key": 0,
          "schema_version": 0,
          "attributes": {
            "arn": "arn:aws:elasticloadbalancing:ap-south-1:174228772591:targetgroup/app1-20220502130027531000000005/232b927a8b79e811",
            "arn_suffix": "targetgroup/app1-20220502130027531000000005/232b927a8b79e811",
            "connection_termination": false,
            "deregistration_delay": "300",
            "health_check": [
              {
                "enabled": true,
                "healthy_threshold": 3,
                "interval": 30,
                "matcher": "200-399",
                "path": "/app1/index.html",
                "port": "traffic-port",
                "protocol": "HTTP",
                "timeout": 6,
                "unhealthy_threshold": 3
              }
            ],
            "id": "arn:aws:elasticloadbalancing:ap-south-1:174228772591:targetgroup/app1-20220502130027531000000005/232b927a8b79e811",
            "lambda_multi_value_headers_enabled": false,
            "load_balancing_algorithm_type": "round_robin",
            "name": "app1-20220502130027531000000005",
            "name_prefix": "app1-",
            "port": 80,
            "preserve_client_ip": null,
            "protocol": "HTTP",
            "protocol_version": "HTTP1",
            "proxy_protocol_v2": false,
            "slow_start": 0,
            "stickiness": [
              {
                "cookie_duration": 86400,
                "cookie_name": "",
                "enabled": false,
                "type": "lb_cookie"
              }
            ],
            "tags": {
              "Name": "app1-",
              "environment": "Dev",
              "owners": "SAP"
            },
            "tags_all": {
              "Name": "app1-",
              "environment": "Dev",
              "owners": "SAP"
            },
            "target_type": "instance",
            "vpc_id": "vpc-08177e484e4bba638"
          },
          "sensitive_attributes": [],
          "private": "bnVsbA==",
          "dependencies": [
            "module.vpc.aws_network_acl_rule.database_inbound",
            "module.vpc.aws_route_table_association.public",
            "module.vpc.aws_network_acl.outpost",
            "module.vpc.aws_default_route_table.default",
            "module.vpc.aws_network_acl_rule.redshift_inbound",
            "module.vpc.aws_route_table.intra",
            "module.vpc.aws_default_network_acl.this",
            "module.vpc.aws_redshift_subnet_group.redshift",
            "module.vpc.aws_route_table.database",
            "module.vpc.aws_default_vpc.this",
            "module.vpc.aws_network_acl.redshift",
            "module.vpc.aws_network_acl_rule.elasticache_inbound",
            "module.vpc.aws_route.database_ipv6_egress",
            "module.vpc.aws_route_table.public",
            "module.vpc.aws_route_table.redshift",
            "module.vpc.aws_subnet.outpost",
            "module.alb.aws_lb.this",
            "module.vpc.aws_route_table_association.outpost",
            "module.vpc.aws_subnet.elasticache",
            "module.vpc.aws_vpc_ipv4_cidr_block_association.this",
            "module.vpc.aws_eip.nat",
            "module.private_security-group.aws_security_group.this",
            "module.vpc.aws_network_acl.database",
            "module.vpc.aws_network_acl_rule.private_outbound",
            "module.loadbalancer_sg.aws_security_group.this_name_prefix",
            "module.ec2-instance_private_app2.aws_instance.this",
            "module.vpc.aws_db_subnet_group.database",
            "module.vpc.aws_internet_gateway.this",
            "module.vpc.aws_network_acl_rule.database_outbound",
            "module.vpc.aws_route_table_association.elasticache",
            "module.vpc.data.aws_iam_policy_document.vpc_flow_log_cloudwatch",
            "module.ec2-instance_private_app1.aws_instance.this",
            "module.vpc.aws_network_acl_rule.elasticache_outbound",
            "module.vpc.aws_route.private_ipv6_egress",
            "module.vpc.aws_subnet.private",
            "module.vpc.aws_vpn_gateway_route_propagation.public",
            "module.vpc.aws_customer_gateway.this",
            "module.vpc.aws_route_table.elasticache",
            "module.vpc.aws_subnet.database",
            "module.vpc.aws_vpc.this",
            "module.vpc.aws_vpn_gateway_route_propagation.intra",
            "module.vpc.aws_network_acl.elasticache",
            "module.vpc.aws_iam_role.vpc_flow_log_cloudwatch",
            "module.vpc.aws_network_acl_rule.public_outbound",
            "module.vpc.aws_network_acl_rule.redshift_outbound",
            "module.vpc.aws_route.database_nat_gateway",
            "module.vpc.aws_route.public_internet_gateway_ipv6",
            "module.vpc.aws_vpn_gateway_attachment.this",
            "module.vpc.aws_cloudwatch_log_group.flow_log",
            "module.vpc.aws_default_security_group.this",
            "module.vpc.aws_network_acl_rule.intra_inbound",
            "module.vpc.aws_network_acl_rule.private_inbound",
            "module.vpc.aws_network_acl_rule.public_inbound",
            "module.vpc.aws_route.database_internet_gateway",
            "module.vpc.aws_route_table_association.database",
            "module.vpc.aws_route_table_association.private",
            "module.private_security-group.aws_security_group.this_name_prefix",
            "module.vpc.aws_vpn_gateway.this",
            "module.vpc.data.aws_iam_policy_document.flow_log_cloudwatch_assume_role",
            "module.vpc.aws_vpc_dhcp_options_association.this",
            "module.vpc.aws_network_acl.intra",
            "module.vpc.aws_network_acl_rule.outpost_inbound",
            "module.vpc.aws_route_table.private",
            "module.vpc.aws_subnet.public",
            "module.vpc.aws_vpn_gateway_route_propagation.private",
            "module.vpc.aws_egress_only_internet_gateway.this",
            "module.vpc.aws_network_acl.private",
            "module.vpc.aws_route_table_association.intra",
            "module.vpc.aws_subnet.intra",
            "module.vpc.aws_subnet.redshift",
            "module.loadbalancer_sg.aws_security_group.this",
            "module.vpc.aws_nat_gateway.this",
            "module.vpc.aws_network_acl_rule.intra_outbound",
            "module.vpc.aws_iam_role_policy_attachment.vpc_flow_log_cloudwatch",
            "module.vpc.aws_network_acl_rule.outpost_outbound",
            "module.vpc.aws_route_table_association.redshift_public",
            "module.vpc.aws_vpc_dhcp_options.this",
            "data.aws_ami.amz_linux2",
            "module.vpc.aws_flow_log.this",
            "module.vpc.aws_iam_policy.vpc_flow_log_cloudwatch",
            "module.vpc.aws_network_acl.public",
            "module.vpc.aws_route.private_nat_gateway",
            "module.vpc.aws_route.public_internet_gateway",
            "module.vpc.aws_route_table_association.redshift",
            "module.vpc.aws_elasticache_subnet_group.elasticache"
          ],
          "create_before_destroy": true
        },
        {
          "index_key": 1,
          "schema_version": 0,
          "attributes": {
            "arn": "arn:aws:elasticloadbalancing:ap-south-1:174228772591:targetgroup/app2-20220502130027696600000006/3f7e9bb74ecd6192",
            "arn_suffix": "targetgroup/app2-20220502130027696600000006/3f7e9bb74ecd6192",
            "connection_termination": false,
            "deregistration_delay": "300",
            "health_check": [
              {
                "enabled": true,
                "healthy_threshold": 3,
                "interval": 30,
                "matcher": "200-399",
                "path": "/app2/index.html",
                "port": "traffic-port",
                "protocol": "HTTP",
                "timeout": 6,
                "unhealthy_threshold": 3
              }
            ],
            "id": "arn:aws:elasticloadbalancing:ap-south-1:174228772591:targetgroup/app2-20220502130027696600000006/3f7e9bb74ecd6192",
            "lambda_multi_value_headers_enabled": false,
            "load_balancing_algorithm_type": "round_robin",
            "name": "app2-20220502130027696600000006",
            "name_prefix": "app2-",
            "port": 80,
            "preserve_client_ip": null,
            "protocol": "HTTP",
            "protocol_version": "HTTP1",
            "proxy_protocol_v2": false,
            "slow_start": 0,
            "stickiness": [
              {
                "cookie_duration": 86400,
                "cookie_name": "",
                "enabled": false,
                "type": "lb_cookie"
              }
            ],
            "tags": {
              "Name": "app2-",
              "environment": "Dev",
              "owners": "SAP"
            },
            "tags_all": {
              "Name": "app2-",
              "environment": "Dev",
              "owners": "SAP"
            },
            "target_type": "instance",
            "vpc_id": "vpc-08177e484e4bba638"
          },
          "sensitive_attributes": [],
          "private": "bnVsbA==",
          "dependencies": [
            "module.vpc.aws_route_table.public",
            "module.vpc.aws_route_table_association.private",
            "module.vpc.aws_vpn_gateway.this",
            "module.vpc.aws_vpn_gateway_route_propagation.private",
            "module.vpc.aws_nat_gateway.this",
            "module.vpc.aws_network_acl.database",
            "module.vpc.aws_network_acl_rule.private_outbound",
            "module.vpc.aws_network_acl.private",
            "module.vpc.aws_route_table.redshift",
            "module.vpc.data.aws_iam_policy_document.flow_log_cloudwatch_assume_role",
            "module.vpc.data.aws_iam_policy_document.vpc_flow_log_cloudwatch",
            "module.vpc.aws_default_security_group.this",
            "module.vpc.aws_elasticache_subnet_group.elasticache",
            "module.vpc.aws_network_acl.outpost",
            "module.vpc.aws_network_acl.intra",
            "module.vpc.aws_vpn_gateway_route_propagation.intra",
            "module.ec2-instance_private_app1.aws_instance.this",
            "module.private_security-group.aws_security_group.this_name_prefix",
            "module.vpc.aws_iam_policy.vpc_flow_log_cloudwatch",
            "module.vpc.aws_route_table_association.intra",
            "module.vpc.aws_route_table_association.outpost",
            "module.vpc.aws_vpc_ipv4_cidr_block_association.this",
            "module.vpc.aws_internet_gateway.this",
            "module.vpc.aws_route_table.database",
            "module.vpc.aws_route_table.private",
            "module.vpc.aws_route_table_association.redshift_public",
            "module.vpc.aws_db_subnet_group.database",
            "module.vpc.aws_network_acl_rule.redshift_outbound",
            "module.vpc.aws_route_table_association.database",
            "module.vpc.aws_network_acl_rule.private_inbound",
            "module.vpc.aws_route.private_ipv6_egress",
            "module.vpc.aws_vpc_dhcp_options_association.this",
            "module.vpc.aws_network_acl_rule.database_outbound",
            "module.vpc.aws_network_acl_rule.elasticache_outbound",
            "module.vpc.aws_network_acl_rule.outpost_outbound",
            "module.vpc.aws_cloudwatch_log_group.flow_log",
            "module.vpc.aws_network_acl_rule.outpost_inbound",
            "module.vpc.aws_vpc.this",
            "module.vpc.aws_redshift_subnet_group.redshift",
            "module.vpc.aws_route.database_internet_gateway",
            "module.vpc.aws_route_table_association.elasticache",
            "module.vpc.aws_subnet.private",
            "data.aws_ami.amz_linux2",
            "module.private_security-group.aws_security_group.this",
            "module.vpc.aws_default_network_acl.this",
            "module.vpc.aws_route.private_nat_gateway",
            "module.vpc.aws_subnet.database",
            "module.vpc.aws_vpn_gateway_route_propagation.public",
            "module.vpc.aws_network_acl_rule.intra_outbound",
            "module.vpc.aws_network_acl_rule.public_inbound",
            "module.vpc.aws_route.database_nat_gateway",
            "module.vpc.aws_network_acl_rule.public_outbound",
            "module.vpc.aws_route.public_internet_gateway_ipv6",
            "module.vpc.aws_customer_gateway.this",
            "module.vpc.aws_flow_log.this",
            "module.vpc.aws_network_acl_rule.elasticache_inbound",
            "module.vpc.aws_route_table.elasticache",
            "module.vpc.aws_subnet.outpost",
            "module.loadbalancer_sg.aws_security_group.this",
            "module.vpc.aws_eip.nat",
            "module.vpc.aws_route.database_ipv6_egress",
            "module.vpc.aws_network_acl.elasticache",
            "module.vpc.aws_route.public_internet_gateway",
            "module.vpc.aws_route_table.intra",
            "module.vpc.aws_subnet.intra",
            "module.loadbalancer_sg.aws_security_group.this_name_prefix",
            "module.vpc.aws_egress_only_internet_gateway.this",
            "module.vpc.aws_iam_role_policy_attachment.vpc_flow_log_cloudwatch",
            "module.vpc.aws_network_acl_rule.intra_inbound",
            "module.vpc.aws_subnet.public",
            "module.vpc.aws_vpc_dhcp_options.this",
            "module.vpc.aws_network_acl_rule.redshift_inbound",
            "module.vpc.aws_route_table_association.redshift",
            "module.ec2-instance_private_app2.aws_instance.this",
            "module.vpc.aws_default_vpc.this",
            "module.vpc.aws_network_acl_rule.database_inbound",
            "module.vpc.aws_network_acl.public",
            "module.vpc.aws_network_acl.redshift",
            "module.vpc.aws_subnet.redshift",
            "module.vpc.aws_route_table_association.public",
            "module.vpc.aws_subnet.elasticache",
            "module.vpc.aws_vpn_gateway_attachment.this",
            "module.alb.aws_lb.this",
            "module.vpc.aws_default_route_table.default",
            "module.vpc.aws_iam_role.vpc_flow_log_cloudwatch"
          ],
          "create_before_destroy": true
        }
      ]
    },
    {
      "module": "module.alb",
      "mode": "managed",
      "type": "aws_lb_target_group_attachment",
      "name": "this",
      "provider": "provider[\"registry.terraform.io/hashicorp/aws\"]",
      "instances": [
        {
          "index_key": "0.my_app1_vm1",
          "schema_version": 0,
          "attributes": {
            "availability_zone": null,
            "id": "arn:aws:elasticloadbalancing:ap-south-1:174228772591:targetgroup/app1-20220502130027531000000005/232b927a8b79e811-2022050213003003480000000a",
            "port": 80,
            "target_group_arn": "arn:aws:elasticloadbalancing:ap-south-1:174228772591:targetgroup/app1-20220502130027531000000005/232b927a8b79e811",
            "target_id": "i-035f0939c8a8baaa0"
          },
          "sensitive_attributes": [],
          "private": "bnVsbA==",
          "dependencies": [
            "module.alb.aws_lb.this",
            "module.vpc.aws_default_security_group.this",
            "module.vpc.aws_elasticache_subnet_group.elasticache",
            "module.vpc.aws_network_acl_rule.private_inbound",
            "module.vpc.aws_route_table_association.redshift",
            "module.vpc.aws_route.public_internet_gateway",
            "module.vpc.aws_subnet.redshift",
            "module.vpc.aws_vpn_gateway.this",
            "module.alb.aws_lb_target_group.main",
            "module.vpc.aws_iam_policy.vpc_flow_log_cloudwatch",
            "module.vpc.aws_db_subnet_group.database",
            "module.vpc.aws_network_acl.elasticache",
            "module.vpc.aws_network_acl_rule.public_inbound",
            "module.vpc.aws_route.private_ipv6_egress",
            "module.vpc.aws_route_table.elasticache",
            "module.vpc.aws_route_table.public",
            "module.vpc.aws_cloudwatch_log_group.flow_log",
            "module.vpc.aws_nat_gateway.this",
            "module.vpc.aws_network_acl.public",
            "module.vpc.aws_network_acl_rule.elasticache_inbound",
            "module.vpc.aws_route.database_ipv6_egress",
            "module.vpc.aws_subnet.private",
            "module.vpc.aws_network_acl.private",
            "module.vpc.aws_network_acl_rule.database_inbound",
            "module.vpc.aws_network_acl_rule.intra_inbound",
            "module.vpc.aws_network_acl_rule.redshift_inbound",
            "module.vpc.aws_route_table_association.database",
            "module.vpc.aws_network_acl.database",
            "module.vpc.aws_route_table.database",
            "module.vpc.aws_route_table_association.outpost",
            "module.vpc.aws_vpc_dhcp_options_association.this",
            "data.aws_ami.amz_linux2",
            "module.vpc.aws_redshift_subnet_group.redshift",
            "module.vpc.aws_route_table_association.elasticache",
            "module.vpc.aws_route_table_association.public",
            "module.vpc.aws_vpn_gateway_route_propagation.private",
            "module.loadbalancer_sg.aws_security_group.this",
            "module.vpc.aws_flow_log.this",
            "module.vpc.aws_internet_gateway.this",
            "module.vpc.aws_route_table.redshift",
            "module.vpc.aws_subnet.intra",
            "module.vpc.aws_network_acl_rule.elasticache_outbound",
            "module.vpc.aws_network_acl_rule.redshift_outbound",
            "module.vpc.aws_route_table_association.redshift_public",
            "module.ec2-instance_private_app1.aws_instance.this",
            "module.ec2-instance_private_app2.aws_instance.this",
            "module.vpc.aws_network_acl.intra",
            "module.vpc.aws_subnet.database",
            "module.vpc.aws_vpn_gateway_route_propagation.intra",
            "module.vpc.aws_egress_only_internet_gateway.this",
            "module.vpc.aws_network_acl_rule.database_outbound",
            "module.vpc.aws_network_acl_rule.public_outbound",
            "module.vpc.aws_route_table.intra",
            "module.vpc.aws_route_table.private",
            "module.vpc.aws_route.database_internet_gateway",
            "module.vpc.aws_route_table_association.private",
            "module.vpc.aws_vpc_dhcp_options.this",
            "module.vpc.aws_vpn_gateway_route_propagation.public",
            "module.vpc.data.aws_iam_policy_document.flow_log_cloudwatch_assume_role",
            "module.vpc.aws_network_acl.redshift",
            "module.vpc.aws_route.database_nat_gateway",
            "module.vpc.aws_route_table_association.intra",
            "module.vpc.aws_customer_gateway.this",
            "module.vpc.aws_default_network_acl.this",
            "module.vpc.aws_default_route_table.default",
            "module.vpc.aws_default_vpc.this",
            "module.vpc.aws_iam_role.vpc_flow_log_cloudwatch",
            "module.private_security-group.aws_security_group.this_name_prefix",
            "module.vpc.aws_eip.nat",
            "module.vpc.aws_network_acl_rule.outpost_outbound",
            "module.vpc.aws_vpc_ipv4_cidr_block_association.this",
            "module.vpc.aws_vpn_gateway_attachment.this",
            "module.private_security-group.aws_security_group.this",
            "module.vpc.aws_network_acl_rule.private_outbound",
            "module.vpc.aws_route.public_internet_gateway_ipv6",
            "module.vpc.aws_subnet.outpost",
            "module.vpc.aws_vpc.this",
            "module.loadbalancer_sg.aws_security_group.this_name_prefix",
            "module.vpc.aws_iam_role_policy_attachment.vpc_flow_log_cloudwatch",
            "module.vpc.aws_network_acl.outpost",
            "module.vpc.aws_network_acl_rule.outpost_inbound",
            "module.vpc.data.aws_iam_policy_document.vpc_flow_log_cloudwatch",
            "module.vpc.aws_network_acl_rule.intra_outbound",
            "module.vpc.aws_route.private_nat_gateway",
            "module.vpc.aws_subnet.elasticache",
            "module.vpc.aws_subnet.public"
          ]
        },
        {
          "index_key": "0.my_app1_vm2",
          "schema_version": 0,
          "attributes": {
            "availability_zone": null,
            "id": "arn:aws:elasticloadbalancing:ap-south-1:174228772591:targetgroup/app1-20220502130027531000000005/232b927a8b79e811-20220502130029919500000007",
            "port": 80,
            "target_group_arn": "arn:aws:elasticloadbalancing:ap-south-1:174228772591:targetgroup/app1-20220502130027531000000005/232b927a8b79e811",
            "target_id": "i-0c6d62d0f4c409bba"
          },
          "sensitive_attributes": [],
          "private": "bnVsbA==",
          "dependencies": [
            "module.alb.aws_lb.this",
            "data.aws_ami.amz_linux2",
            "module.alb.aws_lb_target_group.main",
            "module.ec2-instance_private_app1.aws_instance.this",
            "module.ec2-instance_private_app2.aws_instance.this",
            "module.loadbalancer_sg.aws_security_group.this",
            "module.loadbalancer_sg.aws_security_group.this_name_prefix",
            "module.private_security-group.aws_security_group.this",
            "module.private_security-group.aws_security_group.this_name_prefix",
            "module.vpc.aws_cloudwatch_log_group.flow_log",
            "module.vpc.aws_customer_gateway.this",
            "module.vpc.aws_default_network_acl.this",
            "module.vpc.aws_default_route_table.default",
            "module.vpc.aws_default_security_group.this",
            "module.vpc.aws_default_vpc.this",
            "module.vpc.aws_egress_only_internet_gateway.this",
            "module.vpc.aws_eip.nat",
            "module.vpc.aws_elasticache_subnet_group.elasticache",
            "module.vpc.aws_flow_log.this",
            "module.vpc.aws_iam_policy.vpc_flow_log_cloudwatch",
            "module.vpc.aws_iam_role_policy_attachment.vpc_flow_log_cloudwatch",
            "module.vpc.aws_db_subnet_group.database",
            "module.vpc.aws_iam_role.vpc_flow_log_cloudwatch",
            "module.vpc.aws_internet_gateway.this",
            "module.vpc.aws_nat_gateway.this",
            "module.vpc.aws_network_acl.database",
            "module.vpc.aws_network_acl.elasticache",
            "module.vpc.aws_network_acl.intra",
            "module.vpc.aws_network_acl.outpost",
            "module.vpc.aws_network_acl.private",
            "module.vpc.aws_network_acl.public",
            "module.vpc.aws_network_acl.redshift",
            "module.vpc.aws_network_acl_rule.database_inbound",
            "module.vpc.aws_network_acl_rule.database_outbound",
            "module.vpc.aws_network_acl_rule.elasticache_inbound",
            "module.vpc.aws_network_acl_rule.elasticache_outbound",
            "module.vpc.aws_network_acl_rule.intra_inbound",
            "module.vpc.aws_network_acl_rule.intra_outbound",
            "module.vpc.aws_network_acl_rule.outpost_inbound",
            "module.vpc.aws_network_acl_rule.outpost_outbound",
            "module.vpc.aws_network_acl_rule.private_inbound",
            "module.vpc.aws_network_acl_rule.private_outbound",
            "module.vpc.aws_network_acl_rule.public_inbound",
            "module.vpc.aws_network_acl_rule.public_outbound",
            "module.vpc.aws_network_acl_rule.redshift_inbound",
            "module.vpc.aws_redshift_subnet_group.redshift",
            "module.vpc.aws_network_acl_rule.redshift_outbound",
            "module.vpc.aws_route.database_internet_gateway",
            "module.vpc.aws_route.database_ipv6_egress",
            "module.vpc.aws_route.database_nat_gateway",
            "module.vpc.aws_route.private_ipv6_egress",
            "module.vpc.aws_route.private_nat_gateway",
            "module.vpc.aws_route.public_internet_gateway",
            "module.vpc.aws_route.public_internet_gateway_ipv6",
            "module.vpc.aws_route_table.database",
            "module.vpc.aws_route_table.elasticache",
            "module.vpc.aws_route_table.intra",
            "module.vpc.aws_route_table.private",
            "module.vpc.aws_route_table.public",
            "module.vpc.aws_route_table.redshift",
            "module.vpc.aws_route_table_association.database",
            "module.vpc.aws_route_table_association.elasticache",
            "module.vpc.aws_route_table_association.intra",
            "module.vpc.aws_route_table_association.outpost",
            "module.vpc.aws_route_table_association.private",
            "module.vpc.aws_route_table_association.public",
            "module.vpc.aws_route_table_association.redshift",
            "module.vpc.aws_route_table_association.redshift_public",
            "module.vpc.aws_subnet.database",
            "module.vpc.aws_subnet.elasticache",
            "module.vpc.aws_subnet.intra",
            "module.vpc.aws_subnet.outpost",
            "module.vpc.aws_subnet.private",
            "module.vpc.aws_subnet.public",
            "module.vpc.aws_subnet.redshift",
            "module.vpc.aws_vpc.this",
            "module.vpc.aws_vpc_dhcp_options.this",
            "module.vpc.aws_vpc_dhcp_options_association.this",
            "module.vpc.aws_vpc_ipv4_cidr_block_association.this",
            "module.vpc.aws_vpn_gateway.this",
            "module.vpc.aws_vpn_gateway_attachment.this",
            "module.vpc.aws_vpn_gateway_route_propagation.intra",
            "module.vpc.aws_vpn_gateway_route_propagation.private",
            "module.vpc.aws_vpn_gateway_route_propagation.public",
            "module.vpc.data.aws_iam_policy_document.flow_log_cloudwatch_assume_role",
            "module.vpc.data.aws_iam_policy_document.vpc_flow_log_cloudwatch"
          ]
        },
        {
          "index_key": "1.my_app2_vm1",
          "schema_version": 0,
          "attributes": {
            "availability_zone": null,
            "id": "arn:aws:elasticloadbalancing:ap-south-1:174228772591:targetgroup/app2-20220502130027696600000006/3f7e9bb74ecd6192-20220502130029967800000008",
            "port": 80,
            "target_group_arn": "arn:aws:elasticloadbalancing:ap-south-1:174228772591:targetgroup/app2-20220502130027696600000006/3f7e9bb74ecd6192",
            "target_id": "i-042a81629bf99eb73"
          },
          "sensitive_attributes": [],
          "private": "bnVsbA==",
          "dependencies": [
            "module.alb.aws_lb.this",
            "data.aws_ami.amz_linux2",
            "module.alb.aws_lb_target_group.main",
            "module.ec2-instance_private_app1.aws_instance.this",
            "module.ec2-instance_private_app2.aws_instance.this",
            "module.loadbalancer_sg.aws_security_group.this",
            "module.loadbalancer_sg.aws_security_group.this_name_prefix",
            "module.private_security-group.aws_security_group.this",
            "module.private_security-group.aws_security_group.this_name_prefix",
            "module.vpc.aws_cloudwatch_log_group.flow_log",
            "module.vpc.aws_customer_gateway.this",
            "module.vpc.aws_default_network_acl.this",
            "module.vpc.aws_default_route_table.default",
            "module.vpc.aws_default_security_group.this",
            "module.vpc.aws_default_vpc.this",
            "module.vpc.aws_egress_only_internet_gateway.this",
            "module.vpc.aws_eip.nat",
            "module.vpc.aws_elasticache_subnet_group.elasticache",
            "module.vpc.aws_flow_log.this",
            "module.vpc.aws_iam_policy.vpc_flow_log_cloudwatch",
            "module.vpc.aws_iam_role_policy_attachment.vpc_flow_log_cloudwatch",
            "module.vpc.aws_db_subnet_group.database",
            "module.vpc.aws_network_acl_rule.intra_outbound",
            "module.vpc.aws_network_acl.database",
            "module.vpc.aws_network_acl.elasticache",
            "module.vpc.aws_network_acl.intra",
            "module.vpc.aws_network_acl_rule.database_outbound",
            "module.vpc.aws_iam_role.vpc_flow_log_cloudwatch",
            "module.vpc.aws_internet_gateway.this",
            "module.vpc.aws_nat_gateway.this",
            "module.vpc.aws_network_acl.outpost",
            "module.vpc.aws_network_acl.private",
            "module.vpc.aws_network_acl.public",
            "module.vpc.aws_network_acl.redshift",
            "module.vpc.aws_network_acl_rule.database_inbound",
            "module.vpc.aws_network_acl_rule.elasticache_inbound",
            "module.vpc.aws_network_acl_rule.elasticache_outbound",
            "module.vpc.aws_network_acl_rule.intra_inbound",
            "module.vpc.aws_network_acl_rule.outpost_inbound",
            "module.vpc.aws_network_acl_rule.outpost_outbound",
            "module.vpc.aws_network_acl_rule.private_inbound",
            "module.vpc.aws_network_acl_rule.private_outbound",
            "module.vpc.aws_network_acl_rule.public_inbound",
            "module.vpc.aws_network_acl_rule.public_outbound",
            "module.vpc.aws_network_acl_rule.redshift_inbound",
            "module.vpc.aws_redshift_subnet_group.redshift",
            "module.vpc.aws_network_acl_rule.redshift_outbound",
            "module.vpc.aws_route.database_internet_gateway",
            "module.vpc.aws_route.database_ipv6_egress",
            "module.vpc.aws_route.database_nat_gateway",
            "module.vpc.aws_route.private_ipv6_egress",
            "module.vpc.aws_route.private_nat_gateway",
            "module.vpc.aws_route.public_internet_gateway",
            "module.vpc.aws_route.public_internet_gateway_ipv6",
            "module.vpc.aws_route_table.database",
            "module.vpc.aws_route_table.elasticache",
            "module.vpc.aws_route_table.intra",
            "module.vpc.aws_route_table.private",
            "module.vpc.aws_route_table.public",
            "module.vpc.aws_route_table.redshift",
            "module.vpc.aws_route_table_association.database",
            "module.vpc.aws_route_table_association.elasticache",
            "module.vpc.aws_route_table_association.intra",
            "module.vpc.aws_route_table_association.outpost",
            "module.vpc.aws_route_table_association.private",
            "module.vpc.aws_route_table_association.public",
            "module.vpc.aws_route_table_association.redshift",
            "module.vpc.aws_route_table_association.redshift_public",
            "module.vpc.aws_subnet.database",
            "module.vpc.aws_subnet.elasticache",
            "module.vpc.aws_subnet.intra",
            "module.vpc.aws_subnet.outpost",
            "module.vpc.aws_subnet.private",
            "module.vpc.aws_subnet.public",
            "module.vpc.aws_subnet.redshift",
            "module.vpc.aws_vpc.this",
            "module.vpc.aws_vpc_dhcp_options.this",
            "module.vpc.aws_vpc_dhcp_options_association.this",
            "module.vpc.aws_vpc_ipv4_cidr_block_association.this",
            "module.vpc.aws_vpn_gateway.this",
            "module.vpc.aws_vpn_gateway_attachment.this",
            "module.vpc.aws_vpn_gateway_route_propagation.intra",
            "module.vpc.aws_vpn_gateway_route_propagation.private",
            "module.vpc.aws_vpn_gateway_route_propagation.public",
            "module.vpc.data.aws_iam_policy_document.flow_log_cloudwatch_assume_role",
            "module.vpc.data.aws_iam_policy_document.vpc_flow_log_cloudwatch"
          ]
        },
        {
          "index_key": "1.my_app2_vm2",
          "schema_version": 0,
          "attributes": {
            "availability_zone": null,
            "id": "arn:aws:elasticloadbalancing:ap-south-1:174228772591:targetgroup/app2-20220502130027696600000006/3f7e9bb74ecd6192-20220502130030022800000009",
            "port": 80,
            "target_group_arn": "arn:aws:elasticloadbalancing:ap-south-1:174228772591:targetgroup/app2-20220502130027696600000006/3f7e9bb74ecd6192",
            "target_id": "i-0cf207bd0918f89d6"
          },
          "sensitive_attributes": [],
          "private": "bnVsbA==",
          "dependencies": [
            "module.vpc.aws_network_acl.database",
            "module.alb.aws_lb.this",
            "module.alb.aws_lb_target_group.main",
            "module.ec2-instance_private_app1.aws_instance.this",
            "module.ec2-instance_private_app2.aws_instance.this",
            "module.loadbalancer_sg.aws_security_group.this",
            "module.loadbalancer_sg.aws_security_group.this_name_prefix",
            "module.private_security-group.aws_security_group.this",
            "module.private_security-group.aws_security_group.this_name_prefix",
            "module.vpc.aws_cloudwatch_log_group.flow_log",
            "data.aws_ami.amz_linux2",
            "module.vpc.aws_default_network_acl.this",
            "module.vpc.aws_default_route_table.default",
            "module.vpc.aws_default_security_group.this",
            "module.vpc.aws_default_vpc.this",
            "module.vpc.aws_egress_only_internet_gateway.this",
            "module.vpc.aws_eip.nat",
            "module.vpc.aws_elasticache_subnet_group.elasticache",
            "module.vpc.aws_flow_log.this",
            "module.vpc.aws_iam_policy.vpc_flow_log_cloudwatch",
            "module.vpc.aws_network_acl.intra",
            "module.vpc.aws_iam_role.vpc_flow_log_cloudwatch",
            "module.vpc.aws_iam_role_policy_attachment.vpc_flow_log_cloudwatch",
            "module.vpc.aws_internet_gateway.this",
            "module.vpc.aws_nat_gateway.this",
            "module.vpc.aws_network_acl.elasticache",
            "module.vpc.aws_network_acl_rule.database_outbound",
            "module.vpc.aws_network_acl_rule.public_outbound",
            "module.vpc.aws_network_acl.outpost",
            "module.vpc.aws_network_acl.private",
            "module.vpc.aws_network_acl.public",
            "module.vpc.aws_network_acl.redshift",
            "module.vpc.aws_network_acl_rule.database_inbound",
            "module.vpc.aws_customer_gateway.this",
            "module.vpc.aws_network_acl_rule.elasticache_inbound",
            "module.vpc.aws_network_acl_rule.elasticache_outbound",
            "module.vpc.aws_network_acl_rule.intra_inbound",
            "module.vpc.aws_network_acl_rule.intra_outbound",
            "module.vpc.aws_network_acl_rule.outpost_inbound",
            "module.vpc.aws_network_acl_rule.outpost_outbound",
            "module.vpc.aws_network_acl_rule.private_inbound",
            "module.vpc.aws_network_acl_rule.private_outbound",
            "module.vpc.aws_network_acl_rule.public_inbound",
            "module.vpc.aws_db_subnet_group.database",
            "module.vpc.aws_network_acl_rule.redshift_inbound",
            "module.vpc.aws_network_acl_rule.redshift_outbound",
            "module.vpc.aws_redshift_subnet_group.redshift",
            "module.vpc.aws_route.database_internet_gateway",
            "module.vpc.aws_route.database_ipv6_egress",
            "module.vpc.aws_route.database_nat_gateway",
            "module.vpc.aws_route.private_ipv6_egress",
            "module.vpc.aws_route.private_nat_gateway",
            "module.vpc.aws_route.public_internet_gateway",
            "module.vpc.aws_route.public_internet_gateway_ipv6",
            "module.vpc.aws_route_table.database",
            "module.vpc.aws_route_table.elasticache",
            "module.vpc.aws_route_table.intra",
            "module.vpc.aws_route_table.private",
            "module.vpc.aws_route_table.public",
            "module.vpc.aws_route_table.redshift",
            "module.vpc.aws_route_table_association.database",
            "module.vpc.aws_route_table_association.elasticache",
            "module.vpc.aws_route_table_association.intra",
            "module.vpc.aws_route_table_association.outpost",
            "module.vpc.aws_route_table_association.private",
            "module.vpc.data.aws_iam_policy_document.vpc_flow_log_cloudwatch",
            "module.vpc.aws_route_table_association.redshift",
            "module.vpc.aws_route_table_association.redshift_public",
            "module.vpc.aws_subnet.database",
            "module.vpc.aws_subnet.elasticache",
            "module.vpc.aws_subnet.intra",
            "module.vpc.aws_subnet.outpost",
            "module.vpc.aws_subnet.private",
            "module.vpc.aws_subnet.public",
            "module.vpc.aws_subnet.redshift",
            "module.vpc.aws_route_table_association.public",
            "module.vpc.aws_vpc_dhcp_options.this",
            "module.vpc.aws_vpc_dhcp_options_association.this",
            "module.vpc.aws_vpc_ipv4_cidr_block_association.this",
            "module.vpc.aws_vpn_gateway.this",
            "module.vpc.aws_vpn_gateway_attachment.this",
            "module.vpc.aws_vpn_gateway_route_propagation.intra",
            "module.vpc.aws_vpn_gateway_route_propagation.private",
            "module.vpc.aws_vpn_gateway_route_propagation.public",
            "module.vpc.data.aws_iam_policy_document.flow_log_cloudwatch_assume_role",
            "module.vpc.aws_vpc.this"
          ]
        }
      ]
    },
    {
      "module": "module.ec2-instance_bastion",
      "mode": "managed",
      "type": "aws_instance",
      "name": "this",
      "provider": "provider[\"registry.terraform.io/hashicorp/aws\"]",
      "instances": [
        {
          "index_key": 0,
          "schema_version": 1,
          "attributes": {
            "ami": "ami-08c6724c280604575",
            "arn": "arn:aws:ec2:ap-south-1:174228772591:instance/i-0a0fa7b25740643fb",
            "associate_public_ip_address": true,
            "availability_zone": "ap-south-1a",
            "capacity_reservation_specification": [
              {
                "capacity_reservation_preference": "open",
                "capacity_reservation_target": []
              }
            ],
            "cpu_core_count": 1,
            "cpu_threads_per_core": 1,
            "credit_specification": [
              {
                "cpu_credits": "standard"
              }
            ],
            "disable_api_termination": false,
            "ebs_block_device": [],
            "ebs_optimized": false,
            "enclave_options": [
              {
                "enabled": false
              }
            ],
            "ephemeral_block_device": [],
            "get_password_data": false,
            "hibernation": false,
            "host_id": null,
            "iam_instance_profile": "",
            "id": "i-0a0fa7b25740643fb",
            "instance_initiated_shutdown_behavior": "stop",
            "instance_state": "running",
            "instance_type": "t2.micro",
            "ipv6_address_count": 0,
            "ipv6_addresses": [],
            "key_name": "terraform-key1",
            "launch_template": [],
            "metadata_options": [
              {
                "http_endpoint": "enabled",
                "http_put_response_hop_limit": 1,
                "http_tokens": "optional",
                "instance_metadata_tags": "disabled"
              }
            ],
            "monitoring": false,
            "network_interface": [],
            "outpost_arn": "",
            "password_data": "",
            "placement_group": "",
            "placement_partition_number": null,
            "primary_network_interface_id": "eni-02b4b34f797423d2a",
            "private_dns": "ip-10-230-0-13.ap-south-1.compute.internal",
            "private_ip": "10.230.0.13",
            "public_dns": "ec2-3-111-112-215.ap-south-1.compute.amazonaws.com",
            "public_ip": "3.111.112.215",
            "root_block_device": [
              {
                "delete_on_termination": true,
                "device_name": "/dev/xvda",
                "encrypted": false,
                "iops": 100,
                "kms_key_id": "",
                "tags": {},
                "throughput": 0,
                "volume_id": "vol-06b78b22b567bead1",
                "volume_size": 8,
                "volume_type": "gp2"
              }
            ],
            "secondary_private_ips": [],
            "security_groups": [],
            "source_dest_check": true,
            "subnet_id": "subnet-087d4e7be5f8c9a4b",
            "tags": {
              "Name": "SAP-Dev-Dev_bastion_Host",
              "environment": "Dev",
              "owners": "SAP"
            },
            "tags_all": {
              "Name": "SAP-Dev-Dev_bastion_Host",
              "environment": "Dev",
              "owners": "SAP"
            },
            "tenancy": "default",
            "timeouts": null,
            "user_data": null,
            "user_data_base64": null,
            "volume_tags": {
              "Name": "SAP-Dev-Dev_bastion_Host"
            },
            "vpc_security_group_ids": [
              "sg-0c0750ad01f5b0ed9"
            ]
          },
          "sensitive_attributes": [],
          "private": "eyJlMmJmYjczMC1lY2FhLTExZTYtOGY4OC0zNDM2M2JjN2M0YzAiOnsiY3JlYXRlIjo2MDAwMDAwMDAwMDAsImRlbGV0ZSI6MTIwMDAwMDAwMDAwMCwidXBkYXRlIjo2MDAwMDAwMDAwMDB9LCJzY2hlbWFfdmVyc2lvbiI6IjEifQ==",
          "dependencies": [
            "module.public_security-group.aws_security_group.this_name_prefix",
            "module.vpc.aws_subnet.public",
            "module.vpc.aws_vpc.this",
            "module.vpc.aws_vpc_ipv4_cidr_block_association.this",
            "data.aws_ami.amz_linux2",
            "module.public_security-group.aws_security_group.this"
          ]
        }
      ]
    },
    {
      "module": "module.ec2-instance_private_app1",
      "mode": "managed",
      "type": "aws_instance",
      "name": "this",
      "provider": "provider[\"registry.terraform.io/hashicorp/aws\"]",
      "instances": [
        {
          "index_key": 0,
          "schema_version": 1,
          "attributes": {
            "ami": "ami-08c6724c280604575",
            "arn": "arn:aws:ec2:ap-south-1:174228772591:instance/i-035f0939c8a8baaa0",
            "associate_public_ip_address": false,
            "availability_zone": "ap-south-1a",
            "capacity_reservation_specification": [
              {
                "capacity_reservation_preference": "open",
                "capacity_reservation_target": []
              }
            ],
            "cpu_core_count": 1,
            "cpu_threads_per_core": 1,
            "credit_specification": [
              {
                "cpu_credits": "standard"
              }
            ],
            "disable_api_termination": false,
            "ebs_block_device": [],
            "ebs_optimized": false,
            "enclave_options": [
              {
                "enabled": false
              }
            ],
            "ephemeral_block_device": [],
            "get_password_data": false,
            "hibernation": false,
            "host_id": null,
            "iam_instance_profile": "",
            "id": "i-035f0939c8a8baaa0",
            "instance_initiated_shutdown_behavior": "stop",
            "instance_state": "running",
            "instance_type": "t2.micro",
            "ipv6_address_count": 0,
            "ipv6_addresses": [],
            "key_name": "terraform-key1",
            "launch_template": [],
            "metadata_options": [
              {
                "http_endpoint": "enabled",
                "http_put_response_hop_limit": 1,
                "http_tokens": "optional",
                "instance_metadata_tags": "disabled"
              }
            ],
            "monitoring": false,
            "network_interface": [],
            "outpost_arn": "",
            "password_data": "",
            "placement_group": "",
            "placement_partition_number": null,
            "primary_network_interface_id": "eni-092f8a524e7de8ae0",
            "private_dns": "ip-10-230-0-23.ap-south-1.compute.internal",
            "private_ip": "10.230.0.23",
            "public_dns": "",
            "public_ip": "",
            "root_block_device": [
              {
                "delete_on_termination": true,
                "device_name": "/dev/xvda",
                "encrypted": false,
                "iops": 100,
                "kms_key_id": "",
                "tags": {},
                "throughput": 0,
                "volume_id": "vol-04ff76c80ad8b7736",
                "volume_size": 8,
                "volume_type": "gp2"
              }
            ],
            "secondary_private_ips": [],
            "security_groups": [],
            "source_dest_check": true,
            "subnet_id": "subnet-03b4439578df3961c",
            "tags": {
              "Name": "SAP-Dev-Dev_bastion_Host_App1-1",
              "environment": "Dev",
              "owners": "SAP"
            },
            "tags_all": {
              "Name": "SAP-Dev-Dev_bastion_Host_App1-1",
              "environment": "Dev",
              "owners": "SAP"
            },
            "tenancy": "default",
            "timeouts": null,
            "user_data": "56e4708b94134edbd1cec7ceda3e29959b978a69",
            "user_data_base64": null,
            "volume_tags": {
              "Name": "SAP-Dev-Dev_bastion_Host_App1-1"
            },
            "vpc_security_group_ids": [
              "sg-06f7728729b99e99f"
            ]
          },
          "sensitive_attributes": [],
          "private": "eyJlMmJmYjczMC1lY2FhLTExZTYtOGY4OC0zNDM2M2JjN2M0YzAiOnsiY3JlYXRlIjo2MDAwMDAwMDAwMDAsImRlbGV0ZSI6MTIwMDAwMDAwMDAwMCwidXBkYXRlIjo2MDAwMDAwMDAwMDB9LCJzY2hlbWFfdmVyc2lvbiI6IjEifQ==",
          "dependencies": [
            "module.private_security-group.aws_security_group.this",
            "module.private_security-group.aws_security_group.this_name_prefix",
            "module.vpc.aws_cloudwatch_log_group.flow_log",
            "module.vpc.aws_customer_gateway.this",
            "module.vpc.aws_db_subnet_group.database",
            "module.vpc.aws_default_network_acl.this",
            "module.vpc.aws_default_route_table.default",
            "module.vpc.aws_default_security_group.this",
            "module.vpc.aws_egress_only_internet_gateway.this",
            "module.vpc.aws_default_vpc.this",
            "data.aws_ami.amz_linux2",
            "module.vpc.aws_eip.nat",
            "module.vpc.aws_elasticache_subnet_group.elasticache",
            "module.vpc.aws_flow_log.this",
            "module.vpc.aws_iam_policy.vpc_flow_log_cloudwatch",
            "module.vpc.aws_iam_role.vpc_flow_log_cloudwatch",
            "module.vpc.aws_iam_role_policy_attachment.vpc_flow_log_cloudwatch",
            "module.vpc.aws_nat_gateway.this",
            "module.vpc.aws_internet_gateway.this",
            "module.vpc.aws_network_acl.database",
            "module.vpc.aws_network_acl.elasticache",
            "module.vpc.aws_network_acl.intra",
            "module.vpc.aws_network_acl.outpost",
            "module.vpc.aws_network_acl.private",
            "module.vpc.aws_network_acl.public",
            "module.vpc.aws_network_acl.redshift",
            "module.vpc.aws_network_acl_rule.database_inbound",
            "module.vpc.aws_network_acl_rule.database_outbound",
            "module.vpc.aws_network_acl_rule.elasticache_inbound",
            "module.vpc.aws_network_acl_rule.elasticache_outbound",
            "module.vpc.aws_network_acl_rule.intra_inbound",
            "module.vpc.aws_network_acl_rule.outpost_inbound",
            "module.vpc.aws_network_acl_rule.outpost_outbound",
            "module.vpc.aws_network_acl_rule.private_inbound",
            "module.vpc.aws_network_acl_rule.private_outbound",
            "module.vpc.aws_network_acl_rule.public_inbound",
            "module.vpc.aws_network_acl_rule.public_outbound",
            "module.vpc.aws_network_acl_rule.redshift_inbound",
            "module.vpc.aws_redshift_subnet_group.redshift",
            "module.vpc.aws_network_acl_rule.redshift_outbound",
            "module.vpc.aws_network_acl_rule.intra_outbound",
            "module.vpc.aws_route.database_internet_gateway",
            "module.vpc.aws_route.database_ipv6_egress",
            "module.vpc.aws_route.database_nat_gateway",
            "module.vpc.aws_route.private_ipv6_egress",
            "module.vpc.aws_route.private_nat_gateway",
            "module.vpc.aws_route.public_internet_gateway",
            "module.vpc.aws_route.public_internet_gateway_ipv6",
            "module.vpc.aws_route_table.database",
            "module.vpc.aws_route_table.elasticache",
            "module.vpc.aws_route_table.intra",
            "module.vpc.aws_route_table.public",
            "module.vpc.aws_route_table.private",
            "module.vpc.aws_route_table.redshift",
            "module.vpc.aws_route_table_association.database",
            "module.vpc.aws_route_table_association.elasticache",
            "module.vpc.aws_route_table_association.intra",
            "module.vpc.aws_route_table_association.outpost",
            "module.vpc.aws_route_table_association.private",
            "module.vpc.aws_route_table_association.public",
            "module.vpc.aws_route_table_association.redshift",
            "module.vpc.aws_route_table_association.redshift_public",
            "module.vpc.aws_subnet.database",
            "module.vpc.aws_subnet.elasticache",
            "module.vpc.aws_subnet.intra",
            "module.vpc.aws_subnet.outpost",
            "module.vpc.aws_subnet.private",
            "module.vpc.aws_subnet.public",
            "module.vpc.aws_subnet.redshift",
            "module.vpc.aws_vpc.this",
            "module.vpc.aws_vpc_dhcp_options.this",
            "module.vpc.aws_vpc_dhcp_options_association.this",
            "module.vpc.aws_vpc_ipv4_cidr_block_association.this",
            "module.vpc.aws_vpn_gateway.this",
            "module.vpc.aws_vpn_gateway_attachment.this",
            "module.vpc.aws_vpn_gateway_route_propagation.intra",
            "module.vpc.aws_vpn_gateway_route_propagation.private",
            "module.vpc.aws_vpn_gateway_route_propagation.public",
            "module.vpc.data.aws_iam_policy_document.flow_log_cloudwatch_assume_role",
            "module.vpc.data.aws_iam_policy_document.vpc_flow_log_cloudwatch"
          ],
          "create_before_destroy": true
        },
        {
          "index_key": 1,
          "schema_version": 1,
          "attributes": {
            "ami": "ami-08c6724c280604575",
            "arn": "arn:aws:ec2:ap-south-1:174228772591:instance/i-0c6d62d0f4c409bba",
            "associate_public_ip_address": false,
            "availability_zone": "ap-south-1b",
            "capacity_reservation_specification": [
              {
                "capacity_reservation_preference": "open",
                "capacity_reservation_target": []
              }
            ],
            "cpu_core_count": 1,
            "cpu_threads_per_core": 1,
            "credit_specification": [
              {
                "cpu_credits": "standard"
              }
            ],
            "disable_api_termination": false,
            "ebs_block_device": [],
            "ebs_optimized": false,
            "enclave_options": [
              {
                "enabled": false
              }
            ],
            "ephemeral_block_device": [],
            "get_password_data": false,
            "hibernation": false,
            "host_id": null,
            "iam_instance_profile": "",
            "id": "i-0c6d62d0f4c409bba",
            "instance_initiated_shutdown_behavior": "stop",
            "instance_state": "running",
            "instance_type": "t2.micro",
            "ipv6_address_count": 0,
            "ipv6_addresses": [],
            "key_name": "terraform-key1",
            "launch_template": [],
            "metadata_options": [
              {
                "http_endpoint": "enabled",
                "http_put_response_hop_limit": 1,
                "http_tokens": "optional",
                "instance_metadata_tags": "disabled"
              }
            ],
            "monitoring": false,
            "network_interface": [],
            "outpost_arn": "",
            "password_data": "",
            "placement_group": "",
            "placement_partition_number": null,
            "primary_network_interface_id": "eni-03f7a89719aacab57",
            "private_dns": "ip-10-230-0-59.ap-south-1.compute.internal",
            "private_ip": "10.230.0.59",
            "public_dns": "",
            "public_ip": "",
            "root_block_device": [
              {
                "delete_on_termination": true,
                "device_name": "/dev/xvda",
                "encrypted": false,
                "iops": 100,
                "kms_key_id": "",
                "tags": {},
                "throughput": 0,
                "volume_id": "vol-0c809ccbce402db69",
                "volume_size": 8,
                "volume_type": "gp2"
              }
            ],
            "secondary_private_ips": [],
            "security_groups": [],
            "source_dest_check": true,
            "subnet_id": "subnet-0b7d774f04dbe5070",
            "tags": {
              "Name": "SAP-Dev-Dev_bastion_Host_App1-2",
              "environment": "Dev",
              "owners": "SAP"
            },
            "tags_all": {
              "Name": "SAP-Dev-Dev_bastion_Host_App1-2",
              "environment": "Dev",
              "owners": "SAP"
            },
            "tenancy": "default",
            "timeouts": null,
            "user_data": "56e4708b94134edbd1cec7ceda3e29959b978a69",
            "user_data_base64": null,
            "volume_tags": {
              "Name": "SAP-Dev-Dev_bastion_Host_App1-2"
            },
            "vpc_security_group_ids": [
              "sg-06f7728729b99e99f"
            ]
          },
          "sensitive_attributes": [],
          "private": "eyJlMmJmYjczMC1lY2FhLTExZTYtOGY4OC0zNDM2M2JjN2M0YzAiOnsiY3JlYXRlIjo2MDAwMDAwMDAwMDAsImRlbGV0ZSI6MTIwMDAwMDAwMDAwMCwidXBkYXRlIjo2MDAwMDAwMDAwMDB9LCJzY2hlbWFfdmVyc2lvbiI6IjEifQ==",
          "dependencies": [
            "module.private_security-group.aws_security_group.this",
            "module.private_security-group.aws_security_group.this_name_prefix",
            "module.vpc.aws_cloudwatch_log_group.flow_log",
            "module.vpc.aws_customer_gateway.this",
            "module.vpc.aws_db_subnet_group.database",
            "module.vpc.aws_default_network_acl.this",
            "module.vpc.aws_default_route_table.default",
            "module.vpc.aws_default_security_group.this",
            "module.vpc.aws_egress_only_internet_gateway.this",
            "module.vpc.aws_default_vpc.this",
            "data.aws_ami.amz_linux2",
            "module.vpc.aws_eip.nat",
            "module.vpc.aws_elasticache_subnet_group.elasticache",
            "module.vpc.aws_flow_log.this",
            "module.vpc.aws_iam_policy.vpc_flow_log_cloudwatch",
            "module.vpc.aws_iam_role.vpc_flow_log_cloudwatch",
            "module.vpc.aws_iam_role_policy_attachment.vpc_flow_log_cloudwatch",
            "module.vpc.aws_nat_gateway.this",
            "module.vpc.aws_internet_gateway.this",
            "module.vpc.aws_network_acl.database",
            "module.vpc.aws_network_acl.elasticache",
            "module.vpc.aws_network_acl.intra",
            "module.vpc.aws_network_acl.outpost",
            "module.vpc.aws_network_acl.private",
            "module.vpc.aws_network_acl.public",
            "module.vpc.aws_network_acl.redshift",
            "module.vpc.aws_network_acl_rule.database_inbound",
            "module.vpc.aws_network_acl_rule.database_outbound",
            "module.vpc.aws_network_acl_rule.elasticache_inbound",
            "module.vpc.aws_network_acl_rule.elasticache_outbound",
            "module.vpc.aws_network_acl_rule.intra_inbound",
            "module.vpc.aws_network_acl_rule.outpost_inbound",
            "module.vpc.aws_network_acl_rule.outpost_outbound",
            "module.vpc.aws_network_acl_rule.private_inbound",
            "module.vpc.aws_network_acl_rule.private_outbound",
            "module.vpc.aws_network_acl_rule.public_inbound",
            "module.vpc.aws_network_acl_rule.public_outbound",
            "module.vpc.aws_network_acl_rule.redshift_inbound",
            "module.vpc.aws_redshift_subnet_group.redshift",
            "module.vpc.aws_network_acl_rule.redshift_outbound",
            "module.vpc.aws_network_acl_rule.intra_outbound",
            "module.vpc.aws_route.database_internet_gateway",
            "module.vpc.aws_route.database_ipv6_egress",
            "module.vpc.aws_route.database_nat_gateway",
            "module.vpc.aws_route.private_ipv6_egress",
            "module.vpc.aws_route.private_nat_gateway",
            "module.vpc.aws_route.public_internet_gateway",
            "module.vpc.aws_route.public_internet_gateway_ipv6",
            "module.vpc.aws_route_table.database",
            "module.vpc.aws_route_table.elasticache",
            "module.vpc.aws_route_table.intra",
            "module.vpc.aws_route_table.public",
            "module.vpc.aws_route_table.private",
            "module.vpc.aws_route_table.redshift",
            "module.vpc.aws_route_table_association.database",
            "module.vpc.aws_route_table_association.elasticache",
            "module.vpc.aws_route_table_association.intra",
            "module.vpc.aws_route_table_association.outpost",
            "module.vpc.aws_route_table_association.private",
            "module.vpc.aws_route_table_association.public",
            "module.vpc.aws_route_table_association.redshift",
            "module.vpc.aws_route_table_association.redshift_public",
            "module.vpc.aws_subnet.database",
            "module.vpc.aws_subnet.elasticache",
            "module.vpc.aws_subnet.intra",
            "module.vpc.aws_subnet.outpost",
            "module.vpc.aws_subnet.private",
            "module.vpc.aws_subnet.public",
            "module.vpc.aws_subnet.redshift",
            "module.vpc.aws_vpc.this",
            "module.vpc.aws_vpc_dhcp_options.this",
            "module.vpc.aws_vpc_dhcp_options_association.this",
            "module.vpc.aws_vpc_ipv4_cidr_block_association.this",
            "module.vpc.aws_vpn_gateway.this",
            "module.vpc.aws_vpn_gateway_attachment.this",
            "module.vpc.aws_vpn_gateway_route_propagation.intra",
            "module.vpc.aws_vpn_gateway_route_propagation.private",
            "module.vpc.aws_vpn_gateway_route_propagation.public",
            "module.vpc.data.aws_iam_policy_document.flow_log_cloudwatch_assume_role",
            "module.vpc.data.aws_iam_policy_document.vpc_flow_log_cloudwatch"
          ],
          "create_before_destroy": true
        }
      ]
    },
    {
      "module": "module.ec2-instance_private_app2",
      "mode": "managed",
      "type": "aws_instance",
      "name": "this",
      "provider": "provider[\"registry.terraform.io/hashicorp/aws\"]",
      "instances": [
        {
          "index_key": 0,
          "schema_version": 1,
          "attributes": {
            "ami": "ami-08c6724c280604575",
            "arn": "arn:aws:ec2:ap-south-1:174228772591:instance/i-042a81629bf99eb73",
            "associate_public_ip_address": false,
            "availability_zone": "ap-south-1a",
            "capacity_reservation_specification": [
              {
                "capacity_reservation_preference": "open",
                "capacity_reservation_target": []
              }
            ],
            "cpu_core_count": 1,
            "cpu_threads_per_core": 1,
            "credit_specification": [
              {
                "cpu_credits": "standard"
              }
            ],
            "disable_api_termination": false,
            "ebs_block_device": [],
            "ebs_optimized": false,
            "enclave_options": [
              {
                "enabled": false
              }
            ],
            "ephemeral_block_device": [],
            "get_password_data": false,
            "hibernation": false,
            "host_id": null,
            "iam_instance_profile": "",
            "id": "i-042a81629bf99eb73",
            "instance_initiated_shutdown_behavior": "stop",
            "instance_state": "running",
            "instance_type": "t2.micro",
            "ipv6_address_count": 0,
            "ipv6_addresses": [],
            "key_name": "terraform-key1",
            "launch_template": [],
            "metadata_options": [
              {
                "http_endpoint": "enabled",
                "http_put_response_hop_limit": 1,
                "http_tokens": "optional",
                "instance_metadata_tags": "disabled"
              }
            ],
            "monitoring": false,
            "network_interface": [],
            "outpost_arn": "",
            "password_data": "",
            "placement_group": "",
            "placement_partition_number": null,
            "primary_network_interface_id": "eni-0273c3ae1bc59ab17",
            "private_dns": "ip-10-230-0-20.ap-south-1.compute.internal",
            "private_ip": "10.230.0.20",
            "public_dns": "",
            "public_ip": "",
            "root_block_device": [
              {
                "delete_on_termination": true,
                "device_name": "/dev/xvda",
                "encrypted": false,
                "iops": 100,
                "kms_key_id": "",
                "tags": {},
                "throughput": 0,
                "volume_id": "vol-02b8cb8b217109e0e",
                "volume_size": 8,
                "volume_type": "gp2"
              }
            ],
            "secondary_private_ips": [],
            "security_groups": [],
            "source_dest_check": true,
            "subnet_id": "subnet-03b4439578df3961c",
            "tags": {
              "Name": "SAP-Dev-Dev_bastion_Host_App2-1",
              "environment": "Dev",
              "owners": "SAP"
            },
            "tags_all": {
              "Name": "SAP-Dev-Dev_bastion_Host_App2-1",
              "environment": "Dev",
              "owners": "SAP"
            },
            "tenancy": "default",
            "timeouts": null,
            "user_data": "04e6808780000bdcb0a780634bb6fc325cc95382",
            "user_data_base64": null,
            "volume_tags": {
              "Name": "SAP-Dev-Dev_bastion_Host_App2-1"
            },
            "vpc_security_group_ids": [
              "sg-06f7728729b99e99f"
            ]
          },
          "sensitive_attributes": [],
          "private": "eyJlMmJmYjczMC1lY2FhLTExZTYtOGY4OC0zNDM2M2JjN2M0YzAiOnsiY3JlYXRlIjo2MDAwMDAwMDAwMDAsImRlbGV0ZSI6MTIwMDAwMDAwMDAwMCwidXBkYXRlIjo2MDAwMDAwMDAwMDB9LCJzY2hlbWFfdmVyc2lvbiI6IjEifQ==",
          "dependencies": [
            "module.vpc.aws_default_security_group.this",
            "module.vpc.aws_iam_role_policy_attachment.vpc_flow_log_cloudwatch",
            "module.vpc.aws_internet_gateway.this",
            "module.vpc.aws_nat_gateway.this",
            "module.vpc.aws_route_table_association.public",
            "module.vpc.aws_subnet.intra",
            "module.vpc.aws_subnet.public",
            "module.vpc.aws_vpn_gateway_route_propagation.private",
            "module.vpc.aws_iam_policy.vpc_flow_log_cloudwatch",
            "module.vpc.aws_network_acl.database",
            "module.vpc.aws_network_acl.private",
            "module.vpc.aws_network_acl_rule.database_inbound",
            "module.vpc.aws_route.private_nat_gateway",
            "module.vpc.aws_route_table_association.database",
            "module.vpc.aws_route_table_association.outpost",
            "module.vpc.aws_default_route_table.default",
            "module.vpc.aws_network_acl_rule.public_inbound",
            "module.vpc.aws_route.database_internet_gateway",
            "module.vpc.aws_route_table_association.elasticache",
            "module.vpc.aws_subnet.outpost",
            "module.vpc.aws_vpc.this",
            "module.vpc.aws_egress_only_internet_gateway.this",
            "module.vpc.aws_redshift_subnet_group.redshift",
            "module.vpc.aws_route_table.database",
            "module.vpc.aws_vpc_dhcp_options.this",
            "module.vpc.aws_cloudwatch_log_group.flow_log",
            "module.vpc.aws_network_acl.outpost",
            "module.vpc.aws_network_acl.public",
            "module.vpc.aws_network_acl.redshift",
            "module.vpc.aws_db_subnet_group.database",
            "module.vpc.aws_network_acl.elasticache",
            "module.vpc.aws_route.public_internet_gateway_ipv6",
            "module.vpc.aws_route_table.intra",
            "module.vpc.aws_subnet.elasticache",
            "module.vpc.aws_subnet.redshift",
            "module.vpc.aws_vpn_gateway_attachment.this",
            "module.vpc.aws_default_vpc.this",
            "module.vpc.aws_route.public_internet_gateway",
            "module.vpc.aws_route_table.elasticache",
            "module.vpc.aws_iam_role.vpc_flow_log_cloudwatch",
            "module.vpc.aws_network_acl_rule.elasticache_inbound",
            "module.vpc.aws_network_acl_rule.private_inbound",
            "module.vpc.aws_route_table_association.private",
            "data.aws_ami.amz_linux2",
            "module.vpc.aws_network_acl_rule.intra_outbound",
            "module.vpc.aws_network_acl_rule.public_outbound",
            "module.vpc.aws_route_table.redshift",
            "module.vpc.aws_route_table_association.redshift",
            "module.vpc.aws_route_table_association.redshift_public",
            "module.vpc.aws_eip.nat",
            "module.vpc.aws_network_acl_rule.redshift_inbound",
            "module.vpc.aws_network_acl_rule.redshift_outbound",
            "module.vpc.aws_route.private_ipv6_egress",
            "module.vpc.aws_flow_log.this",
            "module.vpc.aws_network_acl_rule.database_outbound",
            "module.vpc.aws_route_table_association.intra",
            "module.vpc.aws_vpn_gateway.this",
            "module.vpc.data.aws_iam_policy_document.flow_log_cloudwatch_assume_role",
            "module.vpc.aws_default_network_acl.this",
            "module.vpc.aws_network_acl_rule.outpost_outbound",
            "module.vpc.aws_route_table.private",
            "module.vpc.aws_network_acl.intra",
            "module.vpc.aws_network_acl_rule.elasticache_outbound",
            "module.vpc.aws_network_acl_rule.intra_inbound",
            "module.vpc.aws_route.database_nat_gateway",
            "module.vpc.aws_vpn_gateway_route_propagation.public",
            "module.private_security-group.aws_security_group.this_name_prefix",
            "module.vpc.aws_customer_gateway.this",
            "module.vpc.aws_elasticache_subnet_group.elasticache",
            "module.vpc.aws_network_acl_rule.outpost_inbound",
            "module.vpc.aws_network_acl_rule.private_outbound",
            "module.vpc.aws_route.database_ipv6_egress",
            "module.vpc.aws_route_table.public",
            "module.vpc.aws_subnet.database",
            "module.vpc.aws_subnet.private",
            "module.vpc.aws_vpn_gateway_route_propagation.intra",
            "module.vpc.data.aws_iam_policy_document.vpc_flow_log_cloudwatch",
            "module.private_security-group.aws_security_group.this",
            "module.vpc.aws_vpc_dhcp_options_association.this",
            "module.vpc.aws_vpc_ipv4_cidr_block_association.this"
          ],
          "create_before_destroy": true
        },
        {
          "index_key": 1,
          "schema_version": 1,
          "attributes": {
            "ami": "ami-08c6724c280604575",
            "arn": "arn:aws:ec2:ap-south-1:174228772591:instance/i-0cf207bd0918f89d6",
            "associate_public_ip_address": false,
            "availability_zone": "ap-south-1b",
            "capacity_reservation_specification": [
              {
                "capacity_reservation_preference": "open",
                "capacity_reservation_target": []
              }
            ],
            "cpu_core_count": 1,
            "cpu_threads_per_core": 1,
            "credit_specification": [
              {
                "cpu_credits": "standard"
              }
            ],
            "disable_api_termination": false,
            "ebs_block_device": [],
            "ebs_optimized": false,
            "enclave_options": [
              {
                "enabled": false
              }
            ],
            "ephemeral_block_device": [],
            "get_password_data": false,
            "hibernation": false,
            "host_id": null,
            "iam_instance_profile": "",
            "id": "i-0cf207bd0918f89d6",
            "instance_initiated_shutdown_behavior": "stop",
            "instance_state": "running",
            "instance_type": "t2.micro",
            "ipv6_address_count": 0,
            "ipv6_addresses": [],
            "key_name": "terraform-key1",
            "launch_template": [],
            "metadata_options": [
              {
                "http_endpoint": "enabled",
                "http_put_response_hop_limit": 1,
                "http_tokens": "optional",
                "instance_metadata_tags": "disabled"
              }
            ],
            "monitoring": false,
            "network_interface": [],
            "outpost_arn": "",
            "password_data": "",
            "placement_group": "",
            "placement_partition_number": null,
            "primary_network_interface_id": "eni-061f707e16b823fa6",
            "private_dns": "ip-10-230-0-60.ap-south-1.compute.internal",
            "private_ip": "10.230.0.60",
            "public_dns": "",
            "public_ip": "",
            "root_block_device": [
              {
                "delete_on_termination": true,
                "device_name": "/dev/xvda",
                "encrypted": false,
                "iops": 100,
                "kms_key_id": "",
                "tags": {},
                "throughput": 0,
                "volume_id": "vol-0e50dfd5effea5654",
                "volume_size": 8,
                "volume_type": "gp2"
              }
            ],
            "secondary_private_ips": [],
            "security_groups": [],
            "source_dest_check": true,
            "subnet_id": "subnet-0b7d774f04dbe5070",
            "tags": {
              "Name": "SAP-Dev-Dev_bastion_Host_App2-2",
              "environment": "Dev",
              "owners": "SAP"
            },
            "tags_all": {
              "Name": "SAP-Dev-Dev_bastion_Host_App2-2",
              "environment": "Dev",
              "owners": "SAP"
            },
            "tenancy": "default",
            "timeouts": null,
            "user_data": "04e6808780000bdcb0a780634bb6fc325cc95382",
            "user_data_base64": null,
            "volume_tags": {
              "Name": "SAP-Dev-Dev_bastion_Host_App2-2"
            },
            "vpc_security_group_ids": [
              "sg-06f7728729b99e99f"
            ]
          },
          "sensitive_attributes": [],
          "private": "eyJlMmJmYjczMC1lY2FhLTExZTYtOGY4OC0zNDM2M2JjN2M0YzAiOnsiY3JlYXRlIjo2MDAwMDAwMDAwMDAsImRlbGV0ZSI6MTIwMDAwMDAwMDAwMCwidXBkYXRlIjo2MDAwMDAwMDAwMDB9LCJzY2hlbWFfdmVyc2lvbiI6IjEifQ==",
          "dependencies": [
            "module.vpc.aws_internet_gateway.this",
            "module.vpc.aws_network_acl_rule.private_inbound",
            "module.vpc.aws_route_table.intra",
            "module.vpc.aws_subnet.public",
            "module.vpc.aws_vpc_dhcp_options_association.this",
            "module.vpc.aws_flow_log.this",
            "module.vpc.aws_network_acl_rule.redshift_inbound",
            "module.vpc.aws_network_acl_rule.redshift_outbound",
            "module.vpc.aws_route.private_nat_gateway",
            "module.vpc.aws_vpc.this",
            "module.private_security-group.aws_security_group.this",
            "module.vpc.aws_default_security_group.this",
            "module.vpc.aws_iam_role.vpc_flow_log_cloudwatch",
            "module.vpc.aws_network_acl.intra",
            "module.vpc.aws_route.database_ipv6_egress",
            "module.vpc.aws_route_table.public",
            "module.vpc.aws_subnet.database",
            "module.vpc.aws_vpc_ipv4_cidr_block_association.this",
            "module.vpc.data.aws_iam_policy_document.vpc_flow_log_cloudwatch",
            "module.vpc.aws_iam_role_policy_attachment.vpc_flow_log_cloudwatch",
            "module.vpc.aws_network_acl.database",
            "module.vpc.aws_route.database_nat_gateway",
            "module.vpc.aws_db_subnet_group.database",
            "module.vpc.aws_network_acl.redshift",
            "module.vpc.aws_network_acl_rule.elasticache_outbound",
            "module.vpc.aws_route.public_internet_gateway_ipv6",
            "module.vpc.aws_route_table.elasticache",
            "module.vpc.aws_subnet.outpost",
            "module.vpc.aws_route.private_ipv6_egress",
            "module.vpc.aws_route.public_internet_gateway",
            "module.vpc.aws_route_table.redshift",
            "module.vpc.aws_vpn_gateway.this",
            "module.vpc.aws_network_acl.private",
            "module.vpc.aws_network_acl_rule.intra_outbound",
            "module.vpc.aws_network_acl_rule.private_outbound",
            "module.vpc.aws_route_table_association.private",
            "module.vpc.aws_vpn_gateway_route_propagation.intra",
            "module.vpc.aws_default_network_acl.this",
            "module.vpc.aws_network_acl_rule.database_outbound",
            "module.vpc.data.aws_iam_policy_document.flow_log_cloudwatch_assume_role",
            "module.vpc.aws_default_vpc.this",
            "module.vpc.aws_iam_policy.vpc_flow_log_cloudwatch",
            "module.vpc.aws_route.database_internet_gateway",
            "module.vpc.aws_route_table.private",
            "module.vpc.aws_nat_gateway.this",
            "module.vpc.aws_route_table_association.redshift",
            "module.vpc.aws_subnet.private",
            "module.vpc.aws_vpn_gateway_route_propagation.private",
            "module.vpc.aws_network_acl.elasticache",
            "module.vpc.aws_network_acl.outpost",
            "module.vpc.aws_network_acl_rule.public_outbound",
            "module.vpc.aws_vpn_gateway_route_propagation.public",
            "data.aws_ami.amz_linux2",
            "module.vpc.aws_network_acl_rule.outpost_inbound",
            "module.vpc.aws_route_table.database",
            "module.vpc.aws_route_table_association.elasticache",
            "module.vpc.aws_route_table_association.outpost",
            "module.vpc.aws_subnet.elasticache",
            "module.vpc.aws_vpc_dhcp_options.this",
            "module.vpc.aws_customer_gateway.this",
            "module.vpc.aws_network_acl_rule.intra_inbound",
            "module.vpc.aws_route_table_association.database",
            "module.vpc.aws_route_table_association.public",
            "module.vpc.aws_network_acl_rule.database_inbound",
            "module.vpc.aws_redshift_subnet_group.redshift",
            "module.vpc.aws_subnet.redshift",
            "module.vpc.aws_network_acl_rule.elasticache_inbound",
            "module.private_security-group.aws_security_group.this_name_prefix",
            "module.vpc.aws_cloudwatch_log_group.flow_log",
            "module.vpc.aws_default_route_table.default",
            "module.vpc.aws_egress_only_internet_gateway.this",
            "module.vpc.aws_eip.nat",
            "module.vpc.aws_elasticache_subnet_group.elasticache",
            "module.vpc.aws_network_acl.public",
            "module.vpc.aws_route_table_association.intra",
            "module.vpc.aws_vpn_gateway_attachment.this",
            "module.vpc.aws_network_acl_rule.outpost_outbound",
            "module.vpc.aws_network_acl_rule.public_inbound",
            "module.vpc.aws_route_table_association.redshift_public",
            "module.vpc.aws_subnet.intra"
          ],
          "create_before_destroy": true
        }
      ]
    },
    {
      "module": "module.loadbalancer_sg",
      "mode": "managed",
      "type": "aws_security_group",
      "name": "this_name_prefix",
      "provider": "provider[\"registry.terraform.io/hashicorp/aws\"]",
      "instances": [
        {
          "index_key": 0,
          "schema_version": 1,
          "attributes": {
            "arn": "arn:aws:ec2:ap-south-1:174228772591:security-group/sg-0cae62d7334f7818b",
            "description": "this loadbalancer sg allows the http traffic on port 80 and also on port 81",
            "egress": [
              {
                "cidr_blocks": [
                  "0.0.0.0/0"
                ],
                "description": "All protocols",
                "from_port": 0,
                "ipv6_cidr_blocks": [
                  "::/0"
                ],
                "prefix_list_ids": [],
                "protocol": "-1",
                "security_groups": [],
                "self": false,
                "to_port": 0
              }
            ],
            "id": "sg-0cae62d7334f7818b",
            "ingress": [
              {
                "cidr_blocks": [
                  "0.0.0.0/0"
                ],
                "description": "Allow http traffic from port 81",
                "from_port": 81,
                "ipv6_cidr_blocks": [],
                "prefix_list_ids": [],
                "protocol": "tcp",
                "security_groups": [],
                "self": false,
                "to_port": 81
              },
              {
                "cidr_blocks": [
                  "0.0.0.0/0"
                ],
                "description": "HTTP",
                "from_port": 80,
                "ipv6_cidr_blocks": [],
                "prefix_list_ids": [],
                "protocol": "tcp",
                "security_groups": [],
                "self": false,
                "to_port": 80
              },
              {
                "cidr_blocks": [
                  "0.0.0.0/0"
                ],
                "description": "HTTPS",
                "from_port": 443,
                "ipv6_cidr_blocks": [],
                "prefix_list_ids": [],
                "protocol": "tcp",
                "security_groups": [],
                "self": false,
                "to_port": 443
              }
            ],
            "name": "Loadbalancer-SG-20220502125654050200000002",
            "name_prefix": "Loadbalancer-SG-",
            "owner_id": "174228772591",
            "revoke_rules_on_delete": false,
            "tags": {
              "Name": "Loadbalancer-SG",
              "environment": "Dev",
              "owners": "SAP"
            },
            "tags_all": {
              "Name": "Loadbalancer-SG",
              "environment": "Dev",
              "owners": "SAP"
            },
            "timeouts": {
              "create": "10m",
              "delete": "15m"
            },
            "vpc_id": "vpc-08177e484e4bba638"
          },
          "sensitive_attributes": [],
          "private": "eyJlMmJmYjczMC1lY2FhLTExZTYtOGY4OC0zNDM2M2JjN2M0YzAiOnsiY3JlYXRlIjo2MDAwMDAwMDAwMDAsImRlbGV0ZSI6OTAwMDAwMDAwMDAwfSwic2NoZW1hX3ZlcnNpb24iOiIxIn0=",
          "dependencies": [
            "module.vpc.aws_vpc.this"
          ],
          "create_before_destroy": true
        }
      ]
    },
    {
      "module": "module.loadbalancer_sg",
      "mode": "managed",
      "type": "aws_security_group_rule",
      "name": "egress_rules",
      "provider": "provider[\"registry.terraform.io/hashicorp/aws\"]",
      "instances": [
        {
          "index_key": 0,
          "schema_version": 2,
          "attributes": {
            "cidr_blocks": [
              "0.0.0.0/0"
            ],
            "description": "All protocols",
            "from_port": 0,
            "id": "sgrule-3632260033",
            "ipv6_cidr_blocks": [
              "::/0"
            ],
            "prefix_list_ids": [],
            "protocol": "-1",
            "security_group_id": "sg-0cae62d7334f7818b",
            "self": false,
            "source_security_group_id": null,
            "to_port": 0,
            "type": "egress"
          },
          "sensitive_attributes": [],
          "private": "eyJzY2hlbWFfdmVyc2lvbiI6IjIifQ==",
          "dependencies": [
            "module.loadbalancer_sg.aws_security_group.this",
            "module.loadbalancer_sg.aws_security_group.this_name_prefix",
            "module.vpc.aws_vpc.this"
          ]
        }
      ]
    },
    {
      "module": "module.loadbalancer_sg",
      "mode": "managed",
      "type": "aws_security_group_rule",
      "name": "ingress_rules",
      "provider": "provider[\"registry.terraform.io/hashicorp/aws\"]",
      "instances": [
        {
          "index_key": 0,
          "schema_version": 2,
          "attributes": {
            "cidr_blocks": [
              "0.0.0.0/0"
            ],
            "description": "HTTP",
            "from_port": 80,
            "id": "sgrule-1505345346",
            "ipv6_cidr_blocks": [],
            "prefix_list_ids": [],
            "protocol": "tcp",
            "security_group_id": "sg-0cae62d7334f7818b",
            "self": false,
            "source_security_group_id": null,
            "to_port": 80,
            "type": "ingress"
          },
          "sensitive_attributes": [],
          "private": "eyJzY2hlbWFfdmVyc2lvbiI6IjIifQ==",
          "dependencies": [
            "module.loadbalancer_sg.aws_security_group.this",
            "module.loadbalancer_sg.aws_security_group.this_name_prefix",
            "module.vpc.aws_vpc.this"
          ]
        },
        {
          "index_key": 1,
          "schema_version": 2,
          "attributes": {
            "cidr_blocks": [
              "0.0.0.0/0"
            ],
            "description": "HTTPS",
            "from_port": 443,
            "id": "sgrule-1068677329",
            "ipv6_cidr_blocks": [],
            "prefix_list_ids": [],
            "protocol": "tcp",
            "security_group_id": "sg-0cae62d7334f7818b",
            "self": false,
            "source_security_group_id": null,
            "to_port": 443,
            "type": "ingress"
          },
          "sensitive_attributes": [],
          "private": "eyJzY2hlbWFfdmVyc2lvbiI6IjIifQ==",
          "dependencies": [
            "module.loadbalancer_sg.aws_security_group.this",
            "module.loadbalancer_sg.aws_security_group.this_name_prefix",
            "module.vpc.aws_vpc.this"
          ]
        }
      ]
    },
    {
      "module": "module.loadbalancer_sg",
      "mode": "managed",
      "type": "aws_security_group_rule",
      "name": "ingress_with_cidr_blocks",
      "provider": "provider[\"registry.terraform.io/hashicorp/aws\"]",
      "instances": [
        {
          "index_key": 0,
          "schema_version": 2,
          "attributes": {
            "cidr_blocks": [
              "0.0.0.0/0"
            ],
            "description": "Allow http traffic from port 81",
            "from_port": 81,
            "id": "sgrule-3054551332",
            "ipv6_cidr_blocks": [],
            "prefix_list_ids": [],
            "protocol": "tcp",
            "security_group_id": "sg-0cae62d7334f7818b",
            "self": false,
            "source_security_group_id": null,
            "to_port": 81,
            "type": "ingress"
          },
          "sensitive_attributes": [],
          "private": "eyJzY2hlbWFfdmVyc2lvbiI6IjIifQ==",
          "dependencies": [
            "module.loadbalancer_sg.aws_security_group.this",
            "module.loadbalancer_sg.aws_security_group.this_name_prefix",
            "module.vpc.aws_vpc.this"
          ]
        }
      ]
    },
    {
      "module": "module.private_security-group",
      "mode": "managed",
      "type": "aws_security_group",
      "name": "this_name_prefix",
      "provider": "provider[\"registry.terraform.io/hashicorp/aws\"]",
      "instances": [
        {
          "index_key": 0,
          "schema_version": 1,
          "attributes": {
            "arn": "arn:aws:ec2:ap-south-1:174228772591:security-group/sg-06f7728729b99e99f",
            "description": "Allow ssh on port 22 and hhtp traffic within the network of CIDR",
            "egress": [
              {
                "cidr_blocks": [
                  "0.0.0.0/0"
                ],
                "description": "All protocols",
                "from_port": 0,
                "ipv6_cidr_blocks": [
                  "::/0"
                ],
                "prefix_list_ids": [],
                "protocol": "-1",
                "security_groups": [],
                "self": false,
                "to_port": 0
              }
            ],
            "id": "sg-06f7728729b99e99f",
            "ingress": [
              {
                "cidr_blocks": [
                  "10.230.0.0/25"
                ],
                "description": "HTTP",
                "from_port": 80,
                "ipv6_cidr_blocks": [],
                "prefix_list_ids": [],
                "protocol": "tcp",
                "security_groups": [],
                "self": false,
                "to_port": 80
              },
              {
                "cidr_blocks": [
                  "10.230.0.0/25"
                ],
                "description": "SSH",
                "from_port": 22,
                "ipv6_cidr_blocks": [],
                "prefix_list_ids": [],
                "protocol": "tcp",
                "security_groups": [],
                "self": false,
                "to_port": 22
              }
            ],
            "name": "SAP-Dev-PublicSG-20220502125654055200000004",
            "name_prefix": "SAP-Dev-PublicSG-",
            "owner_id": "174228772591",
            "revoke_rules_on_delete": false,
            "tags": {
              "Name": "SAP-Dev-PublicSG",
              "environment": "Dev",
              "owners": "SAP"
            },
            "tags_all": {
              "Name": "SAP-Dev-PublicSG",
              "environment": "Dev",
              "owners": "SAP"
            },
            "timeouts": {
              "create": "10m",
              "delete": "15m"
            },
            "vpc_id": "vpc-08177e484e4bba638"
          },
          "sensitive_attributes": [],
          "private": "eyJlMmJmYjczMC1lY2FhLTExZTYtOGY4OC0zNDM2M2JjN2M0YzAiOnsiY3JlYXRlIjo2MDAwMDAwMDAwMDAsImRlbGV0ZSI6OTAwMDAwMDAwMDAwfSwic2NoZW1hX3ZlcnNpb24iOiIxIn0=",
          "dependencies": [
            "module.vpc.aws_vpc.this"
          ],
          "create_before_destroy": true
        }
      ]
    },
    {
      "module": "module.private_security-group",
      "mode": "managed",
      "type": "aws_security_group_rule",
      "name": "egress_rules",
      "provider": "provider[\"registry.terraform.io/hashicorp/aws\"]",
      "instances": [
        {
          "index_key": 0,
          "schema_version": 2,
          "attributes": {
            "cidr_blocks": [
              "0.0.0.0/0"
            ],
            "description": "All protocols",
            "from_port": 0,
            "id": "sgrule-354011120",
            "ipv6_cidr_blocks": [
              "::/0"
            ],
            "prefix_list_ids": [],
            "protocol": "-1",
            "security_group_id": "sg-06f7728729b99e99f",
            "self": false,
            "source_security_group_id": null,
            "to_port": 0,
            "type": "egress"
          },
          "sensitive_attributes": [],
          "private": "eyJzY2hlbWFfdmVyc2lvbiI6IjIifQ==",
          "dependencies": [
            "module.private_security-group.aws_security_group.this",
            "module.private_security-group.aws_security_group.this_name_prefix",
            "module.vpc.aws_vpc.this"
          ]
        }
      ]
    },
    {
      "module": "module.private_security-group",
      "mode": "managed",
      "type": "aws_security_group_rule",
      "name": "ingress_rules",
      "provider": "provider[\"registry.terraform.io/hashicorp/aws\"]",
      "instances": [
        {
          "index_key": 0,
          "schema_version": 2,
          "attributes": {
            "cidr_blocks": [
              "10.230.0.0/25"
            ],
            "description": "SSH",
            "from_port": 22,
            "id": "sgrule-678747204",
            "ipv6_cidr_blocks": [],
            "prefix_list_ids": [],
            "protocol": "tcp",
            "security_group_id": "sg-06f7728729b99e99f",
            "self": false,
            "source_security_group_id": null,
            "to_port": 22,
            "type": "ingress"
          },
          "sensitive_attributes": [],
          "private": "eyJzY2hlbWFfdmVyc2lvbiI6IjIifQ==",
          "dependencies": [
            "module.private_security-group.aws_security_group.this",
            "module.private_security-group.aws_security_group.this_name_prefix",
            "module.vpc.aws_vpc.this"
          ]
        },
        {
          "index_key": 1,
          "schema_version": 2,
          "attributes": {
            "cidr_blocks": [
              "10.230.0.0/25"
            ],
            "description": "HTTP",
            "from_port": 80,
            "id": "sgrule-2245179767",
            "ipv6_cidr_blocks": [],
            "prefix_list_ids": [],
            "protocol": "tcp",
            "security_group_id": "sg-06f7728729b99e99f",
            "self": false,
            "source_security_group_id": null,
            "to_port": 80,
            "type": "ingress"
          },
          "sensitive_attributes": [],
          "private": "eyJzY2hlbWFfdmVyc2lvbiI6IjIifQ==",
          "dependencies": [
            "module.private_security-group.aws_security_group.this",
            "module.private_security-group.aws_security_group.this_name_prefix",
            "module.vpc.aws_vpc.this"
          ]
        }
      ]
    },
    {
      "module": "module.public_security-group",
      "mode": "managed",
      "type": "aws_security_group",
      "name": "this_name_prefix",
      "provider": "provider[\"registry.terraform.io/hashicorp/aws\"]",
      "instances": [
        {
          "index_key": 0,
          "schema_version": 1,
          "attributes": {
            "arn": "arn:aws:ec2:ap-south-1:174228772591:security-group/sg-0c0750ad01f5b0ed9",
            "description": "Allow ssh on port 22 from anywhere",
            "egress": [
              {
                "cidr_blocks": [
                  "0.0.0.0/0"
                ],
                "description": "All protocols",
                "from_port": 0,
                "ipv6_cidr_blocks": [
                  "::/0"
                ],
                "prefix_list_ids": [],
                "protocol": "-1",
                "security_groups": [],
                "self": false,
                "to_port": 0
              }
            ],
            "id": "sg-0c0750ad01f5b0ed9",
            "ingress": [
              {
                "cidr_blocks": [
                  "0.0.0.0/0"
                ],
                "description": "SSH",
                "from_port": 22,
                "ipv6_cidr_blocks": [],
                "prefix_list_ids": [],
                "protocol": "tcp",
                "security_groups": [],
                "self": false,
                "to_port": 22
              }
            ],
            "name": "SAP-Dev-PublicSG-20220502125654052200000003",
            "name_prefix": "SAP-Dev-PublicSG-",
            "owner_id": "174228772591",
            "revoke_rules_on_delete": false,
            "tags": {
              "Name": "SAP-Dev-PublicSG",
              "environment": "Dev",
              "owners": "SAP"
            },
            "tags_all": {
              "Name": "SAP-Dev-PublicSG",
              "environment": "Dev",
              "owners": "SAP"
            },
            "timeouts": {
              "create": "10m",
              "delete": "15m"
            },
            "vpc_id": "vpc-08177e484e4bba638"
          },
          "sensitive_attributes": [],
          "private": "eyJlMmJmYjczMC1lY2FhLTExZTYtOGY4OC0zNDM2M2JjN2M0YzAiOnsiY3JlYXRlIjo2MDAwMDAwMDAwMDAsImRlbGV0ZSI6OTAwMDAwMDAwMDAwfSwic2NoZW1hX3ZlcnNpb24iOiIxIn0=",
          "dependencies": [
            "module.vpc.aws_vpc.this"
          ],
          "create_before_destroy": true
        }
      ]
    },
    {
      "module": "module.public_security-group",
      "mode": "managed",
      "type": "aws_security_group_rule",
      "name": "egress_rules",
      "provider": "provider[\"registry.terraform.io/hashicorp/aws\"]",
      "instances": [
        {
          "index_key": 0,
          "schema_version": 2,
          "attributes": {
            "cidr_blocks": [
              "0.0.0.0/0"
            ],
            "description": "All protocols",
            "from_port": 0,
            "id": "sgrule-950112837",
            "ipv6_cidr_blocks": [
              "::/0"
            ],
            "prefix_list_ids": [],
            "protocol": "-1",
            "security_group_id": "sg-0c0750ad01f5b0ed9",
            "self": false,
            "source_security_group_id": null,
            "to_port": 0,
            "type": "egress"
          },
          "sensitive_attributes": [],
          "private": "eyJzY2hlbWFfdmVyc2lvbiI6IjIifQ==",
          "dependencies": [
            "module.public_security-group.aws_security_group.this",
            "module.public_security-group.aws_security_group.this_name_prefix",
            "module.vpc.aws_vpc.this"
          ]
        }
      ]
    },
    {
      "module": "module.public_security-group",
      "mode": "managed",
      "type": "aws_security_group_rule",
      "name": "ingress_rules",
      "provider": "provider[\"registry.terraform.io/hashicorp/aws\"]",
      "instances": [
        {
          "index_key": 0,
          "schema_version": 2,
          "attributes": {
            "cidr_blocks": [
              "0.0.0.0/0"
            ],
            "description": "SSH",
            "from_port": 22,
            "id": "sgrule-1581311535",
            "ipv6_cidr_blocks": [],
            "prefix_list_ids": [],
            "protocol": "tcp",
            "security_group_id": "sg-0c0750ad01f5b0ed9",
            "self": false,
            "source_security_group_id": null,
            "to_port": 22,
            "type": "ingress"
          },
          "sensitive_attributes": [],
          "private": "eyJzY2hlbWFfdmVyc2lvbiI6IjIifQ==",
          "dependencies": [
            "module.public_security-group.aws_security_group.this",
            "module.public_security-group.aws_security_group.this_name_prefix",
            "module.vpc.aws_vpc.this"
          ]
        }
      ]
    },
    {
      "module": "module.vpc",
      "mode": "managed",
      "type": "aws_db_subnet_group",
      "name": "database",
      "provider": "provider[\"registry.terraform.io/hashicorp/aws\"]",
      "instances": [
        {
          "index_key": 0,
          "schema_version": 0,
          "attributes": {
            "arn": "arn:aws:rds:ap-south-1:174228772591:subgrp:sap-dev-vpc-dev",
            "description": "Database subnet group for SAP-Dev-Vpc-DEV",
            "id": "sap-dev-vpc-dev",
            "name": "sap-dev-vpc-dev",
            "name_prefix": null,
            "subnet_ids": [
              "subnet-0d228793365f0beb1",
              "subnet-0f95c86dda92bcfa1"
            ],
            "tags": {
              "Name": "sap-dev-vpc-dev",
              "environment": "Dev",
              "owners": "SAP"
            },
            "tags_all": {
              "Name": "sap-dev-vpc-dev",
              "environment": "Dev",
              "owners": "SAP"
            }
          },
          "sensitive_attributes": [],
          "private": "bnVsbA==",
          "dependencies": [
            "module.vpc.aws_subnet.database",
            "module.vpc.aws_vpc.this",
            "module.vpc.aws_vpc_ipv4_cidr_block_association.this"
          ],
          "create_before_destroy": true
        }
      ]
    },
    {
      "module": "module.vpc",
      "mode": "managed",
      "type": "aws_eip",
      "name": "nat",
      "provider": "provider[\"registry.terraform.io/hashicorp/aws\"]",
      "instances": [
        {
          "index_key": 0,
          "schema_version": 0,
          "attributes": {
            "address": null,
            "allocation_id": "eipalloc-0deaa1abab0b88837",
            "associate_with_private_ip": null,
            "association_id": "eipassoc-070683067455326fe",
            "carrier_ip": "",
            "customer_owned_ip": "",
            "customer_owned_ipv4_pool": "",
            "domain": "vpc",
            "id": "eipalloc-0deaa1abab0b88837",
            "instance": "",
            "network_border_group": "ap-south-1",
            "network_interface": "eni-0401ef2d3e5404d89",
            "private_dns": "ip-10-230-0-4.ap-south-1.compute.internal",
            "private_ip": "10.230.0.4",
            "public_dns": "ec2-43-204-117-138.ap-south-1.compute.amazonaws.com",
            "public_ip": "43.204.117.138",
            "public_ipv4_pool": "amazon",
            "tags": {
              "Name": "SAP-Dev-Vpc-DEV-ap-south-1a",
              "environment": "Dev",
              "owners": "SAP"
            },
            "tags_all": {
              "Name": "SAP-Dev-Vpc-DEV-ap-south-1a",
              "environment": "Dev",
              "owners": "SAP"
            },
            "timeouts": null,
            "vpc": true
          },
          "sensitive_attributes": [],
          "private": "eyJlMmJmYjczMC1lY2FhLTExZTYtOGY4OC0zNDM2M2JjN2M0YzAiOnsiZGVsZXRlIjoxODAwMDAwMDAwMDAsInJlYWQiOjkwMDAwMDAwMDAwMCwidXBkYXRlIjozMDAwMDAwMDAwMDB9fQ==",
          "create_before_destroy": true
        }
      ]
    },
    {
      "module": "module.vpc",
      "mode": "managed",
      "type": "aws_internet_gateway",
      "name": "this",
      "provider": "provider[\"registry.terraform.io/hashicorp/aws\"]",
      "instances": [
        {
          "index_key": 0,
          "schema_version": 0,
          "attributes": {
            "arn": "arn:aws:ec2:ap-south-1:174228772591:internet-gateway/igw-0ece71d748d3329d6",
            "id": "igw-0ece71d748d3329d6",
            "owner_id": "174228772591",
            "tags": {
              "Name": "SAP-Dev-Vpc-DEV",
              "environment": "Dev",
              "owners": "SAP"
            },
            "tags_all": {
              "Name": "SAP-Dev-Vpc-DEV",
              "environment": "Dev",
              "owners": "SAP"
            },
            "vpc_id": "vpc-08177e484e4bba638"
          },
          "sensitive_attributes": [],
          "private": "bnVsbA==",
          "dependencies": [
            "module.vpc.aws_vpc.this",
            "module.vpc.aws_vpc_ipv4_cidr_block_association.this"
          ],
          "create_before_destroy": true
        }
      ]
    },
    {
      "module": "module.vpc",
      "mode": "managed",
      "type": "aws_nat_gateway",
      "name": "this",
      "provider": "provider[\"registry.terraform.io/hashicorp/aws\"]",
      "instances": [
        {
          "index_key": 0,
          "schema_version": 0,
          "attributes": {
            "allocation_id": "eipalloc-0deaa1abab0b88837",
            "connectivity_type": "public",
            "id": "nat-0d166f940ce50966d",
            "network_interface_id": "eni-0401ef2d3e5404d89",
            "private_ip": "10.230.0.4",
            "public_ip": "43.204.117.138",
            "subnet_id": "subnet-087d4e7be5f8c9a4b",
            "tags": {
              "Name": "SAP-Dev-Vpc-DEV-ap-south-1a",
              "environment": "Dev",
              "owners": "SAP"
            },
            "tags_all": {
              "Name": "SAP-Dev-Vpc-DEV-ap-south-1a",
              "environment": "Dev",
              "owners": "SAP"
            }
          },
          "sensitive_attributes": [],
          "private": "bnVsbA==",
          "dependencies": [
            "module.vpc.aws_eip.nat",
            "module.vpc.aws_internet_gateway.this",
            "module.vpc.aws_subnet.public",
            "module.vpc.aws_vpc.this",
            "module.vpc.aws_vpc_ipv4_cidr_block_association.this"
          ],
          "create_before_destroy": true
        }
      ]
    },
    {
      "module": "module.vpc",
      "mode": "managed",
      "type": "aws_route",
      "name": "private_nat_gateway",
      "provider": "provider[\"registry.terraform.io/hashicorp/aws\"]",
      "instances": [
        {
          "index_key": 0,
          "schema_version": 0,
          "attributes": {
            "carrier_gateway_id": "",
            "destination_cidr_block": "0.0.0.0/0",
            "destination_ipv6_cidr_block": "",
            "destination_prefix_list_id": "",
            "egress_only_gateway_id": "",
            "gateway_id": "",
            "id": "r-rtb-0e33a1b3bb398ee831080289494",
            "instance_id": "",
            "instance_owner_id": "",
            "local_gateway_id": "",
            "nat_gateway_id": "nat-0d166f940ce50966d",
            "network_interface_id": "",
            "origin": "CreateRoute",
            "route_table_id": "rtb-0e33a1b3bb398ee83",
            "state": "active",
            "timeouts": {
              "create": "5m",
              "delete": null,
              "update": null
            },
            "transit_gateway_id": "",
            "vpc_endpoint_id": "",
            "vpc_peering_connection_id": ""
          },
          "sensitive_attributes": [],
          "private": "eyJlMmJmYjczMC1lY2FhLTExZTYtOGY4OC0zNDM2M2JjN2M0YzAiOnsiY3JlYXRlIjozMDAwMDAwMDAwMDAsImRlbGV0ZSI6MzAwMDAwMDAwMDAwLCJ1cGRhdGUiOjEyMDAwMDAwMDAwMH19",
          "dependencies": [
            "module.vpc.aws_vpc_ipv4_cidr_block_association.this",
            "module.vpc.aws_eip.nat",
            "module.vpc.aws_internet_gateway.this",
            "module.vpc.aws_nat_gateway.this",
            "module.vpc.aws_route_table.private",
            "module.vpc.aws_subnet.public",
            "module.vpc.aws_vpc.this"
          ],
          "create_before_destroy": true
        }
      ]
    },
    {
      "module": "module.vpc",
      "mode": "managed",
      "type": "aws_route",
      "name": "public_internet_gateway",
      "provider": "provider[\"registry.terraform.io/hashicorp/aws\"]",
      "instances": [
        {
          "index_key": 0,
          "schema_version": 0,
          "attributes": {
            "carrier_gateway_id": "",
            "destination_cidr_block": "0.0.0.0/0",
            "destination_ipv6_cidr_block": "",
            "destination_prefix_list_id": "",
            "egress_only_gateway_id": "",
            "gateway_id": "igw-0ece71d748d3329d6",
            "id": "r-rtb-0c7a54fe5cee54a541080289494",
            "instance_id": "",
            "instance_owner_id": "",
            "local_gateway_id": "",
            "nat_gateway_id": "",
            "network_interface_id": "",
            "origin": "CreateRoute",
            "route_table_id": "rtb-0c7a54fe5cee54a54",
            "state": "active",
            "timeouts": {
              "create": "5m",
              "delete": null,
              "update": null
            },
            "transit_gateway_id": "",
            "vpc_endpoint_id": "",
            "vpc_peering_connection_id": ""
          },
          "sensitive_attributes": [],
          "private": "eyJlMmJmYjczMC1lY2FhLTExZTYtOGY4OC0zNDM2M2JjN2M0YzAiOnsiY3JlYXRlIjozMDAwMDAwMDAwMDAsImRlbGV0ZSI6MzAwMDAwMDAwMDAwLCJ1cGRhdGUiOjEyMDAwMDAwMDAwMH19",
          "dependencies": [
            "module.vpc.aws_internet_gateway.this",
            "module.vpc.aws_route_table.public",
            "module.vpc.aws_vpc.this",
            "module.vpc.aws_vpc_ipv4_cidr_block_association.this"
          ],
          "create_before_destroy": true
        }
      ]
    },
    {
      "module": "module.vpc",
      "mode": "managed",
      "type": "aws_route_table",
      "name": "database",
      "provider": "provider[\"registry.terraform.io/hashicorp/aws\"]",
      "instances": [
        {
          "index_key": 0,
          "schema_version": 0,
          "attributes": {
            "arn": "arn:aws:ec2:ap-south-1:174228772591:route-table/rtb-0f61d30a1e2cd5666",
            "id": "rtb-0f61d30a1e2cd5666",
            "owner_id": "174228772591",
            "propagating_vgws": [],
            "route": [],
            "tags": {
              "Name": "SAP-Dev-Vpc-DEV-db",
              "environment": "Dev",
              "owners": "SAP"
            },
            "tags_all": {
              "Name": "SAP-Dev-Vpc-DEV-db",
              "environment": "Dev",
              "owners": "SAP"
            },
            "timeouts": null,
            "vpc_id": "vpc-08177e484e4bba638"
          },
          "sensitive_attributes": [],
          "private": "eyJlMmJmYjczMC1lY2FhLTExZTYtOGY4OC0zNDM2M2JjN2M0YzAiOnsiY3JlYXRlIjozMDAwMDAwMDAwMDAsImRlbGV0ZSI6MzAwMDAwMDAwMDAwLCJ1cGRhdGUiOjEyMDAwMDAwMDAwMH19",
          "dependencies": [
            "module.vpc.aws_vpc.this",
            "module.vpc.aws_vpc_ipv4_cidr_block_association.this"
          ],
          "create_before_destroy": true
        }
      ]
    },
    {
      "module": "module.vpc",
      "mode": "managed",
      "type": "aws_route_table",
      "name": "private",
      "provider": "provider[\"registry.terraform.io/hashicorp/aws\"]",
      "instances": [
        {
          "index_key": 0,
          "schema_version": 0,
          "attributes": {
            "arn": "arn:aws:ec2:ap-south-1:174228772591:route-table/rtb-0e33a1b3bb398ee83",
            "id": "rtb-0e33a1b3bb398ee83",
            "owner_id": "174228772591",
            "propagating_vgws": [],
            "route": [
              {
                "carrier_gateway_id": "",
                "cidr_block": "0.0.0.0/0",
                "destination_prefix_list_id": "",
                "egress_only_gateway_id": "",
                "gateway_id": "",
                "instance_id": "",
                "ipv6_cidr_block": "",
                "local_gateway_id": "",
                "nat_gateway_id": "nat-0d166f940ce50966d",
                "network_interface_id": "",
                "transit_gateway_id": "",
                "vpc_endpoint_id": "",
                "vpc_peering_connection_id": ""
              }
            ],
            "tags": {
              "Name": "SAP-Dev-Vpc-DEV-private",
              "environment": "Dev",
              "owners": "SAP"
            },
            "tags_all": {
              "Name": "SAP-Dev-Vpc-DEV-private",
              "environment": "Dev",
              "owners": "SAP"
            },
            "timeouts": null,
            "vpc_id": "vpc-08177e484e4bba638"
          },
          "sensitive_attributes": [],
          "private": "eyJlMmJmYjczMC1lY2FhLTExZTYtOGY4OC0zNDM2M2JjN2M0YzAiOnsiY3JlYXRlIjozMDAwMDAwMDAwMDAsImRlbGV0ZSI6MzAwMDAwMDAwMDAwLCJ1cGRhdGUiOjEyMDAwMDAwMDAwMH19",
          "dependencies": [
            "module.vpc.aws_vpc_ipv4_cidr_block_association.this",
            "module.vpc.aws_vpc.this"
          ],
          "create_before_destroy": true
        }
      ]
    },
    {
      "module": "module.vpc",
      "mode": "managed",
      "type": "aws_route_table",
      "name": "public",
      "provider": "provider[\"registry.terraform.io/hashicorp/aws\"]",
      "instances": [
        {
          "index_key": 0,
          "schema_version": 0,
          "attributes": {
            "arn": "arn:aws:ec2:ap-south-1:174228772591:route-table/rtb-0c7a54fe5cee54a54",
            "id": "rtb-0c7a54fe5cee54a54",
            "owner_id": "174228772591",
            "propagating_vgws": [],
            "route": [
              {
                "carrier_gateway_id": "",
                "cidr_block": "0.0.0.0/0",
                "destination_prefix_list_id": "",
                "egress_only_gateway_id": "",
                "gateway_id": "igw-0ece71d748d3329d6",
                "instance_id": "",
                "ipv6_cidr_block": "",
                "local_gateway_id": "",
                "nat_gateway_id": "",
                "network_interface_id": "",
                "transit_gateway_id": "",
                "vpc_endpoint_id": "",
                "vpc_peering_connection_id": ""
              }
            ],
            "tags": {
              "Name": "SAP-Dev-Vpc-DEV-public",
              "environment": "Dev",
              "owners": "SAP"
            },
            "tags_all": {
              "Name": "SAP-Dev-Vpc-DEV-public",
              "environment": "Dev",
              "owners": "SAP"
            },
            "timeouts": null,
            "vpc_id": "vpc-08177e484e4bba638"
          },
          "sensitive_attributes": [],
          "private": "eyJlMmJmYjczMC1lY2FhLTExZTYtOGY4OC0zNDM2M2JjN2M0YzAiOnsiY3JlYXRlIjozMDAwMDAwMDAwMDAsImRlbGV0ZSI6MzAwMDAwMDAwMDAwLCJ1cGRhdGUiOjEyMDAwMDAwMDAwMH19",
          "dependencies": [
            "module.vpc.aws_vpc.this",
            "module.vpc.aws_vpc_ipv4_cidr_block_association.this"
          ],
          "create_before_destroy": true
        }
      ]
    },
    {
      "module": "module.vpc",
      "mode": "managed",
      "type": "aws_route_table_association",
      "name": "database",
      "provider": "provider[\"registry.terraform.io/hashicorp/aws\"]",
      "instances": [
        {
          "index_key": 0,
          "schema_version": 0,
          "attributes": {
            "gateway_id": "",
            "id": "rtbassoc-03ac6d8f54f52a61e",
            "route_table_id": "rtb-0f61d30a1e2cd5666",
            "subnet_id": "subnet-0f95c86dda92bcfa1"
          },
          "sensitive_attributes": [],
          "private": "bnVsbA==",
          "dependencies": [
            "module.vpc.aws_subnet.database",
            "module.vpc.aws_vpc.this",
            "module.vpc.aws_vpc_ipv4_cidr_block_association.this",
            "module.vpc.aws_route_table.database",
            "module.vpc.aws_route_table.private"
          ],
          "create_before_destroy": true
        },
        {
          "index_key": 1,
          "schema_version": 0,
          "attributes": {
            "gateway_id": "",
            "id": "rtbassoc-0ddbb0697b634df3b",
            "route_table_id": "rtb-0f61d30a1e2cd5666",
            "subnet_id": "subnet-0d228793365f0beb1"
          },
          "sensitive_attributes": [],
          "private": "bnVsbA==",
          "dependencies": [
            "module.vpc.aws_route_table.database",
            "module.vpc.aws_route_table.private",
            "module.vpc.aws_subnet.database",
            "module.vpc.aws_vpc.this",
            "module.vpc.aws_vpc_ipv4_cidr_block_association.this"
          ],
          "create_before_destroy": true
        }
      ]
    },
    {
      "module": "module.vpc",
      "mode": "managed",
      "type": "aws_route_table_association",
      "name": "private",
      "provider": "provider[\"registry.terraform.io/hashicorp/aws\"]",
      "instances": [
        {
          "index_key": 0,
          "schema_version": 0,
          "attributes": {
            "gateway_id": "",
            "id": "rtbassoc-0937a8add8734f5d5",
            "route_table_id": "rtb-0e33a1b3bb398ee83",
            "subnet_id": "subnet-03b4439578df3961c"
          },
          "sensitive_attributes": [],
          "private": "bnVsbA==",
          "dependencies": [
            "module.vpc.aws_route_table.private",
            "module.vpc.aws_subnet.private",
            "module.vpc.aws_vpc.this",
            "module.vpc.aws_vpc_ipv4_cidr_block_association.this"
          ],
          "create_before_destroy": true
        },
        {
          "index_key": 1,
          "schema_version": 0,
          "attributes": {
            "gateway_id": "",
            "id": "rtbassoc-036c0c49b2169f0dd",
            "route_table_id": "rtb-0e33a1b3bb398ee83",
            "subnet_id": "subnet-0b7d774f04dbe5070"
          },
          "sensitive_attributes": [],
          "private": "bnVsbA==",
          "dependencies": [
            "module.vpc.aws_route_table.private",
            "module.vpc.aws_subnet.private",
            "module.vpc.aws_vpc.this",
            "module.vpc.aws_vpc_ipv4_cidr_block_association.this"
          ],
          "create_before_destroy": true
        }
      ]
    },
    {
      "module": "module.vpc",
      "mode": "managed",
      "type": "aws_route_table_association",
      "name": "public",
      "provider": "provider[\"registry.terraform.io/hashicorp/aws\"]",
      "instances": [
        {
          "index_key": 0,
          "schema_version": 0,
          "attributes": {
            "gateway_id": "",
            "id": "rtbassoc-09494e2f1c8cb5c93",
            "route_table_id": "rtb-0c7a54fe5cee54a54",
            "subnet_id": "subnet-087d4e7be5f8c9a4b"
          },
          "sensitive_attributes": [],
          "private": "bnVsbA==",
          "dependencies": [
            "module.vpc.aws_subnet.public",
            "module.vpc.aws_vpc.this",
            "module.vpc.aws_vpc_ipv4_cidr_block_association.this",
            "module.vpc.aws_route_table.public"
          ],
          "create_before_destroy": true
        },
        {
          "index_key": 1,
          "schema_version": 0,
          "attributes": {
            "gateway_id": "",
            "id": "rtbassoc-0b0d6adebf826e238",
            "route_table_id": "rtb-0c7a54fe5cee54a54",
            "subnet_id": "subnet-0d356d5cea6744de5"
          },
          "sensitive_attributes": [],
          "private": "bnVsbA==",
          "dependencies": [
            "module.vpc.aws_route_table.public",
            "module.vpc.aws_subnet.public",
            "module.vpc.aws_vpc.this",
            "module.vpc.aws_vpc_ipv4_cidr_block_association.this"
          ],
          "create_before_destroy": true
        }
      ]
    },
    {
      "module": "module.vpc",
      "mode": "managed",
      "type": "aws_subnet",
      "name": "database",
      "provider": "provider[\"registry.terraform.io/hashicorp/aws\"]",
      "instances": [
        {
          "index_key": 0,
          "schema_version": 1,
          "attributes": {
            "arn": "arn:aws:ec2:ap-south-1:174228772591:subnet/subnet-0f95c86dda92bcfa1",
            "assign_ipv6_address_on_creation": false,
            "availability_zone": "ap-south-1a",
            "availability_zone_id": "aps1-az1",
            "cidr_block": "10.230.0.64/28",
            "customer_owned_ipv4_pool": "",
            "enable_dns64": false,
            "enable_resource_name_dns_a_record_on_launch": false,
            "enable_resource_name_dns_aaaa_record_on_launch": false,
            "id": "subnet-0f95c86dda92bcfa1",
            "ipv6_cidr_block": "",
            "ipv6_cidr_block_association_id": "",
            "ipv6_native": false,
            "map_customer_owned_ip_on_launch": false,
            "map_public_ip_on_launch": false,
            "outpost_arn": "",
            "owner_id": "174228772591",
            "private_dns_hostname_type_on_launch": "ip-name",
            "tags": {
              "Name": "SAP-Dev-Vpc-DEV-db-ap-south-1a",
              "Type": "Database-subnets",
              "environment": "Dev",
              "owners": "SAP"
            },
            "tags_all": {
              "Name": "SAP-Dev-Vpc-DEV-db-ap-south-1a",
              "Type": "Database-subnets",
              "environment": "Dev",
              "owners": "SAP"
            },
            "timeouts": null,
            "vpc_id": "vpc-08177e484e4bba638"
          },
          "sensitive_attributes": [],
          "private": "eyJlMmJmYjczMC1lY2FhLTExZTYtOGY4OC0zNDM2M2JjN2M0YzAiOnsiY3JlYXRlIjo2MDAwMDAwMDAwMDAsImRlbGV0ZSI6MTIwMDAwMDAwMDAwMH0sInNjaGVtYV92ZXJzaW9uIjoiMSJ9",
          "dependencies": [
            "module.vpc.aws_vpc.this",
            "module.vpc.aws_vpc_ipv4_cidr_block_association.this"
          ],
          "create_before_destroy": true
        },
        {
          "index_key": 1,
          "schema_version": 1,
          "attributes": {
            "arn": "arn:aws:ec2:ap-south-1:174228772591:subnet/subnet-0d228793365f0beb1",
            "assign_ipv6_address_on_creation": false,
            "availability_zone": "ap-south-1b",
            "availability_zone_id": "aps1-az3",
            "cidr_block": "10.230.0.80/28",
            "customer_owned_ipv4_pool": "",
            "enable_dns64": false,
            "enable_resource_name_dns_a_record_on_launch": false,
            "enable_resource_name_dns_aaaa_record_on_launch": false,
            "id": "subnet-0d228793365f0beb1",
            "ipv6_cidr_block": "",
            "ipv6_cidr_block_association_id": "",
            "ipv6_native": false,
            "map_customer_owned_ip_on_launch": false,
            "map_public_ip_on_launch": false,
            "outpost_arn": "",
            "owner_id": "174228772591",
            "private_dns_hostname_type_on_launch": "ip-name",
            "tags": {
              "Name": "SAP-Dev-Vpc-DEV-db-ap-south-1b",
              "Type": "Database-subnets",
              "environment": "Dev",
              "owners": "SAP"
            },
            "tags_all": {
              "Name": "SAP-Dev-Vpc-DEV-db-ap-south-1b",
              "Type": "Database-subnets",
              "environment": "Dev",
              "owners": "SAP"
            },
            "timeouts": null,
            "vpc_id": "vpc-08177e484e4bba638"
          },
          "sensitive_attributes": [],
          "private": "eyJlMmJmYjczMC1lY2FhLTExZTYtOGY4OC0zNDM2M2JjN2M0YzAiOnsiY3JlYXRlIjo2MDAwMDAwMDAwMDAsImRlbGV0ZSI6MTIwMDAwMDAwMDAwMH0sInNjaGVtYV92ZXJzaW9uIjoiMSJ9",
          "dependencies": [
            "module.vpc.aws_vpc.this",
            "module.vpc.aws_vpc_ipv4_cidr_block_association.this"
          ],
          "create_before_destroy": true
        }
      ]
    },
    {
      "module": "module.vpc",
      "mode": "managed",
      "type": "aws_subnet",
      "name": "private",
      "provider": "provider[\"registry.terraform.io/hashicorp/aws\"]",
      "instances": [
        {
          "index_key": 0,
          "schema_version": 1,
          "attributes": {
            "arn": "arn:aws:ec2:ap-south-1:174228772591:subnet/subnet-03b4439578df3961c",
            "assign_ipv6_address_on_creation": false,
            "availability_zone": "ap-south-1a",
            "availability_zone_id": "aps1-az1",
            "cidr_block": "10.230.0.16/28",
            "customer_owned_ipv4_pool": "",
            "enable_dns64": false,
            "enable_resource_name_dns_a_record_on_launch": false,
            "enable_resource_name_dns_aaaa_record_on_launch": false,
            "id": "subnet-03b4439578df3961c",
            "ipv6_cidr_block": "",
            "ipv6_cidr_block_association_id": "",
            "ipv6_native": false,
            "map_customer_owned_ip_on_launch": false,
            "map_public_ip_on_launch": false,
            "outpost_arn": "",
            "owner_id": "174228772591",
            "private_dns_hostname_type_on_launch": "ip-name",
            "tags": {
              "Name": "SAP-Dev-Vpc-DEV-private-ap-south-1a",
              "Type": "private-subnets",
              "environment": "Dev",
              "owners": "SAP"
            },
            "tags_all": {
              "Name": "SAP-Dev-Vpc-DEV-private-ap-south-1a",
              "Type": "private-subnets",
              "environment": "Dev",
              "owners": "SAP"
            },
            "timeouts": null,
            "vpc_id": "vpc-08177e484e4bba638"
          },
          "sensitive_attributes": [],
          "private": "eyJlMmJmYjczMC1lY2FhLTExZTYtOGY4OC0zNDM2M2JjN2M0YzAiOnsiY3JlYXRlIjo2MDAwMDAwMDAwMDAsImRlbGV0ZSI6MTIwMDAwMDAwMDAwMH0sInNjaGVtYV92ZXJzaW9uIjoiMSJ9",
          "dependencies": [
            "module.vpc.aws_vpc.this",
            "module.vpc.aws_vpc_ipv4_cidr_block_association.this"
          ],
          "create_before_destroy": true
        },
        {
          "index_key": 1,
          "schema_version": 1,
          "attributes": {
            "arn": "arn:aws:ec2:ap-south-1:174228772591:subnet/subnet-0b7d774f04dbe5070",
            "assign_ipv6_address_on_creation": false,
            "availability_zone": "ap-south-1b",
            "availability_zone_id": "aps1-az3",
            "cidr_block": "10.230.0.48/28",
            "customer_owned_ipv4_pool": "",
            "enable_dns64": false,
            "enable_resource_name_dns_a_record_on_launch": false,
            "enable_resource_name_dns_aaaa_record_on_launch": false,
            "id": "subnet-0b7d774f04dbe5070",
            "ipv6_cidr_block": "",
            "ipv6_cidr_block_association_id": "",
            "ipv6_native": false,
            "map_customer_owned_ip_on_launch": false,
            "map_public_ip_on_launch": false,
            "outpost_arn": "",
            "owner_id": "174228772591",
            "private_dns_hostname_type_on_launch": "ip-name",
            "tags": {
              "Name": "SAP-Dev-Vpc-DEV-private-ap-south-1b",
              "Type": "private-subnets",
              "environment": "Dev",
              "owners": "SAP"
            },
            "tags_all": {
              "Name": "SAP-Dev-Vpc-DEV-private-ap-south-1b",
              "Type": "private-subnets",
              "environment": "Dev",
              "owners": "SAP"
            },
            "timeouts": null,
            "vpc_id": "vpc-08177e484e4bba638"
          },
          "sensitive_attributes": [],
          "private": "eyJlMmJmYjczMC1lY2FhLTExZTYtOGY4OC0zNDM2M2JjN2M0YzAiOnsiY3JlYXRlIjo2MDAwMDAwMDAwMDAsImRlbGV0ZSI6MTIwMDAwMDAwMDAwMH0sInNjaGVtYV92ZXJzaW9uIjoiMSJ9",
          "dependencies": [
            "module.vpc.aws_vpc.this",
            "module.vpc.aws_vpc_ipv4_cidr_block_association.this"
          ],
          "create_before_destroy": true
        }
      ]
    },
    {
      "module": "module.vpc",
      "mode": "managed",
      "type": "aws_subnet",
      "name": "public",
      "provider": "provider[\"registry.terraform.io/hashicorp/aws\"]",
      "instances": [
        {
          "index_key": 0,
          "schema_version": 1,
          "attributes": {
            "arn": "arn:aws:ec2:ap-south-1:174228772591:subnet/subnet-087d4e7be5f8c9a4b",
            "assign_ipv6_address_on_creation": false,
            "availability_zone": "ap-south-1a",
            "availability_zone_id": "aps1-az1",
            "cidr_block": "10.230.0.0/28",
            "customer_owned_ipv4_pool": "",
            "enable_dns64": false,
            "enable_resource_name_dns_a_record_on_launch": false,
            "enable_resource_name_dns_aaaa_record_on_launch": false,
            "id": "subnet-087d4e7be5f8c9a4b",
            "ipv6_cidr_block": "",
            "ipv6_cidr_block_association_id": "",
            "ipv6_native": false,
            "map_customer_owned_ip_on_launch": false,
            "map_public_ip_on_launch": true,
            "outpost_arn": "",
            "owner_id": "174228772591",
            "private_dns_hostname_type_on_launch": "ip-name",
            "tags": {
              "Name": "SAP-Dev-Vpc-DEV-public-ap-south-1a",
              "Type": "public-subnets",
              "environment": "Dev",
              "owners": "SAP"
            },
            "tags_all": {
              "Name": "SAP-Dev-Vpc-DEV-public-ap-south-1a",
              "Type": "public-subnets",
              "environment": "Dev",
              "owners": "SAP"
            },
            "timeouts": null,
            "vpc_id": "vpc-08177e484e4bba638"
          },
          "sensitive_attributes": [],
          "private": "eyJlMmJmYjczMC1lY2FhLTExZTYtOGY4OC0zNDM2M2JjN2M0YzAiOnsiY3JlYXRlIjo2MDAwMDAwMDAwMDAsImRlbGV0ZSI6MTIwMDAwMDAwMDAwMH0sInNjaGVtYV92ZXJzaW9uIjoiMSJ9",
          "dependencies": [
            "module.vpc.aws_vpc_ipv4_cidr_block_association.this",
            "module.vpc.aws_vpc.this"
          ],
          "create_before_destroy": true
        },
        {
          "index_key": 1,
          "schema_version": 1,
          "attributes": {
            "arn": "arn:aws:ec2:ap-south-1:174228772591:subnet/subnet-0d356d5cea6744de5",
            "assign_ipv6_address_on_creation": false,
            "availability_zone": "ap-south-1b",
            "availability_zone_id": "aps1-az3",
            "cidr_block": "10.230.0.32/28",
            "customer_owned_ipv4_pool": "",
            "enable_dns64": false,
            "enable_resource_name_dns_a_record_on_launch": false,
            "enable_resource_name_dns_aaaa_record_on_launch": false,
            "id": "subnet-0d356d5cea6744de5",
            "ipv6_cidr_block": "",
            "ipv6_cidr_block_association_id": "",
            "ipv6_native": false,
            "map_customer_owned_ip_on_launch": false,
            "map_public_ip_on_launch": true,
            "outpost_arn": "",
            "owner_id": "174228772591",
            "private_dns_hostname_type_on_launch": "ip-name",
            "tags": {
              "Name": "SAP-Dev-Vpc-DEV-public-ap-south-1b",
              "Type": "public-subnets",
              "environment": "Dev",
              "owners": "SAP"
            },
            "tags_all": {
              "Name": "SAP-Dev-Vpc-DEV-public-ap-south-1b",
              "Type": "public-subnets",
              "environment": "Dev",
              "owners": "SAP"
            },
            "timeouts": null,
            "vpc_id": "vpc-08177e484e4bba638"
          },
          "sensitive_attributes": [],
          "private": "eyJlMmJmYjczMC1lY2FhLTExZTYtOGY4OC0zNDM2M2JjN2M0YzAiOnsiY3JlYXRlIjo2MDAwMDAwMDAwMDAsImRlbGV0ZSI6MTIwMDAwMDAwMDAwMH0sInNjaGVtYV92ZXJzaW9uIjoiMSJ9",
          "dependencies": [
            "module.vpc.aws_vpc.this",
            "module.vpc.aws_vpc_ipv4_cidr_block_association.this"
          ],
          "create_before_destroy": true
        }
      ]
    },
    {
      "module": "module.vpc",
      "mode": "managed",
      "type": "aws_vpc",
      "name": "this",
      "provider": "provider[\"registry.terraform.io/hashicorp/aws\"]",
      "instances": [
        {
          "index_key": 0,
          "schema_version": 1,
          "attributes": {
            "arn": "arn:aws:ec2:ap-south-1:174228772591:vpc/vpc-08177e484e4bba638",
            "assign_generated_ipv6_cidr_block": false,
            "cidr_block": "10.230.0.0/25",
            "default_network_acl_id": "acl-0576af52c0b88d235",
            "default_route_table_id": "rtb-01ff21e48f5278492",
            "default_security_group_id": "sg-0397142a2318170c6",
            "dhcp_options_id": "dopt-00a9eb174d57b8372",
            "enable_classiclink": false,
            "enable_classiclink_dns_support": false,
            "enable_dns_hostnames": true,
            "enable_dns_support": true,
            "id": "vpc-08177e484e4bba638",
            "instance_tenancy": "default",
            "ipv4_ipam_pool_id": null,
            "ipv4_netmask_length": null,
            "ipv6_association_id": "",
            "ipv6_cidr_block": "",
            "ipv6_cidr_block_network_border_group": "",
            "ipv6_ipam_pool_id": "",
            "ipv6_netmask_length": 0,
            "main_route_table_id": "rtb-01ff21e48f5278492",
            "owner_id": "174228772591",
            "tags": {
              "Name": "SAP-Dev-Vpc-DEV",
              "environment": "Dev",
              "owners": "SAP"
            },
            "tags_all": {
              "Name": "SAP-Dev-Vpc-DEV",
              "environment": "Dev",
              "owners": "SAP"
            }
          },
          "sensitive_attributes": [],
          "private": "eyJzY2hlbWFfdmVyc2lvbiI6IjEifQ==",
          "create_before_destroy": true
        }
      ]
    }
  ]
}
