{
  "version": 4,
  "terraform_version": "1.1.2",
  "serial": 333,
  "lineage": "956cfc1d-e636-d3e4-8b69-8c8959522247",
  "outputs": {
    "Mydomain_name": {
      "value": "myappstore.tech",
      "type": "string"
    },
    "Mydomain_zone_id": {
      "value": "Z0748203AGO1L3EMHWKX",
      "type": "string"
    },
    "db_enhanced_monitoring_iam_role_arn": {
      "value": "",
      "type": "string"
    },
    "db_instance_address": {
      "value": "dbwebapp.ceyxitkspyi8.eu-west-1.rds.amazonaws.com",
      "type": "string"
    },
    "db_instance_arn": {
      "value": "arn:aws:rds:eu-west-1:174228772591:db:dbwebapp",
      "type": "string"
    },
    "db_instance_availability_zone": {
      "value": "eu-west-1a",
      "type": "string"
    },
    "db_instance_endpoint": {
      "value": "dbwebapp.ceyxitkspyi8.eu-west-1.rds.amazonaws.com:3306",
      "type": "string"
    },
    "db_instance_hosted_zone_id": {
      "value": "Z29XKXDKYMONMX",
      "type": "string"
    },
    "db_instance_id": {
      "value": "dbwebapp",
      "type": "string"
    },
    "db_instance_name": {
      "value": "dbwebapp",
      "type": "string"
    },
    "db_instance_password": {
      "value": "mydatabase123",
      "type": "string",
      "sensitive": true
    },
    "db_instance_port": {
      "value": 3306,
      "type": "number"
    },
    "db_instance_resource_id": {
      "value": "db-L3YCJPGHX5MAXKUEKC6XBLF67M",
      "type": "string"
    },
    "db_instance_status": {
      "value": "available",
      "type": "string"
    },
    "db_instance_username": {
      "value": "dbadmin",
      "type": "string",
      "sensitive": true
    },
    "db_parameter_group_arn": {
      "value": "arn:aws:rds:eu-west-1:174228772591:pg:dbwebapp-20220506085700046500000001",
      "type": "string"
    },
    "db_parameter_group_id": {
      "value": "dbwebapp-20220506085700046500000001",
      "type": "string"
    },
    "db_subnet_group_arn": {
      "value": "arn:aws:rds:eu-west-1:174228772591:subgrp:dbwebapp-20220506085739592100000008",
      "type": "string"
    },
    "db_subnet_group_id": {
      "value": "dbwebapp-20220506085739592100000008",
      "type": "string"
    },
    "ec2_bastion_instance_id": {
      "value": [
        "i-0ab6ab0ae8da47560"
      ],
      "type": [
        "tuple",
        [
          "string"
        ]
      ]
    },
    "ec2_bastion_public_ip": {
      "value": [
        "3.250.158.186"
      ],
      "type": [
        "tuple",
        [
          "string"
        ]
      ]
    },
    "ec2_priv_app1_private_ip": {
      "value": [
        "10.230.0.30",
        "10.230.0.58"
      ],
      "type": [
        "tuple",
        [
          "string",
          "string"
        ]
      ]
    },
    "ec2_priv_app2_private_ip": {
      "value": [
        "10.230.0.22",
        "10.230.0.53"
      ],
      "type": [
        "tuple",
        [
          "string",
          "string"
        ]
      ]
    },
    "ec2_priv_app3_private_ip": {
      "value": [
        "10.230.0.20",
        "10.230.0.60"
      ],
      "type": [
        "tuple",
        [
          "string",
          "string"
        ]
      ]
    },
    "ec2_private_app1_instance_id": {
      "value": [
        "i-0b26c22bf06c72c72",
        "i-02652090432affaf9"
      ],
      "type": [
        "tuple",
        [
          "string",
          "string"
        ]
      ]
    },
    "ec2_private_instance_app2_id": {
      "value": [
        "i-08217aaeac501962d",
        "i-02cbcdc6744b3bab9"
      ],
      "type": [
        "tuple",
        [
          "string",
          "string"
        ]
      ]
    },
    "ec2_private_instance_app3_id": {
      "value": [
        "i-0fcf93041920d1478",
        "i-017fdddf6fb02860b"
      ],
      "type": [
        "tuple",
        [
          "string",
          "string"
        ]
      ]
    },
    "private_security-sg_sg_id": {
      "value": "sg-06ddb48aff43b9318",
      "type": "string"
    },
    "private_security-sg_sg_name": {
      "value": "SAP-Dev-PublicSG-20220506085724997800000007",
      "type": "string"
    },
    "private_security-sg_vpc_id": {
      "value": "vpc-050be2888f46f92e2",
      "type": "string"
    },
    "public_security-sg_sg_id": {
      "value": "sg-09c29b27469b17837",
      "type": "string"
    },
    "public_security-sg_sg_name": {
      "value": "SAP-Dev-PublicSG-20220506085724992300000005",
      "type": "string"
    },
    "public_security-sg_vpc_id": {
      "value": "vpc-050be2888f46f92e2",
      "type": "string"
    },
    "target_group_names": {
      "value": [
        "app1-2022050609203440660000000a",
        "app2-2022050609203442900000000b",
        "app3-20220506092034404800000009"
      ],
      "type": [
        "tuple",
        [
          "string",
          "string",
          "string"
        ]
      ]
    },
    "this_acm_certificate_arn": {
      "value": "arn:aws:acm:eu-west-1:174228772591:certificate/9773a7a9-5bd3-4f95-9b9b-33b643499990",
      "type": "string"
    },
    "this_lb_arn": {
      "value": "arn:aws:elasticloadbalancing:eu-west-1:174228772591:loadbalancer/app/SAP-Dev-loadbalancer/541b8ba343724d31",
      "type": "string"
    },
    "this_lb_dns_name": {
      "value": "SAP-Dev-loadbalancer-774770553.eu-west-1.elb.amazonaws.com",
      "type": "string"
    },
    "this_lb_dns_zone_id": {
      "value": "Z32O12XQLNTSW2",
      "type": "string"
    },
    "this_lb_id": {
      "value": "arn:aws:elasticloadbalancing:eu-west-1:174228772591:loadbalancer/app/SAP-Dev-loadbalancer/541b8ba343724d31",
      "type": "string"
    },
    "vpc_availability_zones": {
      "value": [
        "eu-west-1a",
        "eu-west-1b"
      ],
      "type": [
        "list",
        "string"
      ]
    },
    "vpc_cidr_blocks": {
      "value": "10.230.0.0/25",
      "type": "string"
    },
    "vpc_dataase_subnets": {
      "value": [
        "subnet-0adaf907b31742eff",
        "subnet-0982e93d1e7b25fbc"
      ],
      "type": [
        "tuple",
        [
          "string",
          "string"
        ]
      ]
    },
    "vpc_id": {
      "value": "vpc-050be2888f46f92e2",
      "type": "string"
    },
    "vpc_nat_publicip": {
      "value": [
        "52.208.188.234"
      ],
      "type": [
        "list",
        "string"
      ]
    },
    "vpc_private_subnets": {
      "value": [
        "subnet-04ec507c0ddb737e2",
        "subnet-0fb16ef96223e5de2"
      ],
      "type": [
        "tuple",
        [
          "string",
          "string"
        ]
      ]
    },
    "vpc_public_subnets": {
      "value": [
        "subnet-0cf07f0a3bbdcc663",
        "subnet-0e7100302e7b7a40a"
      ],
      "type": [
        "tuple",
        [
          "string",
          "string"
        ]
      ]
    }
  },
  "resources": [
    {
      "mode": "data",
      "type": "aws_ami",
      "name": "amz_linux2",
      "provider": "provider[\"registry.terraform.io/hashicorp/aws\"]",
      "instances": [
        {
          "schema_version": 0,
          "attributes": {
            "architecture": "x86_64",
            "arn": "arn:aws:ec2:eu-west-1::image/ami-05489a3f80e532309",
            "block_device_mappings": [
              {
                "device_name": "/dev/xvda",
                "ebs": {
                  "delete_on_termination": "true",
                  "encrypted": "false",
                  "iops": "0",
                  "snapshot_id": "snap-097104fa41bdc9b1a",
                  "throughput": "0",
                  "volume_size": "8",
                  "volume_type": "gp2"
                },
                "no_device": "",
                "virtual_name": ""
              }
            ],
            "boot_mode": "",
            "creation_date": "2022-04-28T21:39:51.000Z",
            "description": "Amazon Linux 2 AMI 2.0.20220426.0 x86_64 HVM gp2",
            "ena_support": true,
            "executable_users": null,
            "filter": [
              {
                "name": "architecture",
                "values": [
                  "x86_64"
                ]
              },
              {
                "name": "name",
                "values": [
                  "amzn2-ami-hvm-*-gp2"
                ]
              },
              {
                "name": "root-device-type",
                "values": [
                  "ebs"
                ]
              },
              {
                "name": "virtualization-type",
                "values": [
                  "hvm"
                ]
              }
            ],
            "hypervisor": "xen",
            "id": "ami-05489a3f80e532309",
            "image_id": "ami-05489a3f80e532309",
            "image_location": "amazon/amzn2-ami-hvm-2.0.20220426.0-x86_64-gp2",
            "image_owner_alias": "amazon",
            "image_type": "machine",
            "kernel_id": null,
            "most_recent": true,
            "name": "amzn2-ami-hvm-2.0.20220426.0-x86_64-gp2",
            "name_regex": null,
            "owner_id": "137112412989",
            "owners": [
              "amazon"
            ],
            "platform": null,
            "platform_details": "Linux/UNIX",
            "product_codes": [],
            "public": true,
            "ramdisk_id": null,
            "root_device_name": "/dev/xvda",
            "root_device_type": "ebs",
            "root_snapshot_id": "snap-097104fa41bdc9b1a",
            "sriov_net_support": "simple",
            "state": "available",
            "state_reason": {
              "code": "UNSET",
              "message": "UNSET"
            },
            "tags": {},
            "usage_operation": "RunInstances",
            "virtualization_type": "hvm"
          },
          "sensitive_attributes": []
        }
      ]
    },
    {
      "mode": "data",
      "type": "aws_route53_zone",
      "name": "mydomain",
      "provider": "provider[\"registry.terraform.io/hashicorp/aws\"]",
      "instances": [
        {
          "schema_version": 0,
          "attributes": {
            "arn": "arn:aws:route53:::hostedzone/Z0748203AGO1L3EMHWKX",
            "caller_reference": "e770cc64-424b-45d1-8290-e403dada24f6",
            "comment": "This is my domain created ad hosted on 3rd party",
            "id": "Z0748203AGO1L3EMHWKX",
            "linked_service_description": null,
            "linked_service_principal": null,
            "name": "myappstore.tech",
            "name_servers": [
              "ns-1447.awsdns-52.org",
              "ns-581.awsdns-08.net",
              "ns-118.awsdns-14.com",
              "ns-1591.awsdns-06.co.uk"
            ],
            "private_zone": false,
            "resource_record_set_count": 4,
            "tags": {
              "Name": "Mydomain"
            },
            "vpc_id": null,
            "zone_id": "Z0748203AGO1L3EMHWKX"
          },
          "sensitive_attributes": []
        }
      ]
    },
    {
      "mode": "managed",
      "type": "aws_eip",
      "name": "Public_host",
      "provider": "provider[\"registry.terraform.io/hashicorp/aws\"]",
      "instances": []
    },
    {
      "mode": "managed",
      "type": "aws_route53_record",
      "name": "myapp_dns",
      "provider": "provider[\"registry.terraform.io/hashicorp/aws\"]",
      "instances": [
        {
          "schema_version": 2,
          "attributes": {
            "alias": [
              {
                "evaluate_target_health": true,
                "name": "sap-dev-loadbalancer-774770553.eu-west-1.elb.amazonaws.com",
                "zone_id": "Z32O12XQLNTSW2"
              }
            ],
            "allow_overwrite": null,
            "failover_routing_policy": [],
            "fqdn": "dns-to-db.myappstore.tech",
            "geolocation_routing_policy": [],
            "health_check_id": "",
            "id": "Z0748203AGO1L3EMHWKX_dns-to-db.myappstore.tech_A",
            "latency_routing_policy": [],
            "multivalue_answer_routing_policy": null,
            "name": "dns-to-db.myappstore.tech",
            "records": [],
            "set_identifier": "",
            "ttl": 0,
            "type": "A",
            "weighted_routing_policy": [],
            "zone_id": "Z0748203AGO1L3EMHWKX"
          },
          "sensitive_attributes": [],
          "private": "eyJzY2hlbWFfdmVyc2lvbiI6IjIifQ==",
          "dependencies": [
            "module.rdsdb.module.db_instance.aws_db_instance.this_mssql",
            "module.rdsdb.module.db_option_group.aws_db_option_group.this",
            "module.rds_sg.aws_security_group.this_name_prefix",
            "module.rdsdb.module.db_instance.random_id.snapshot_identifier",
            "module.rdsdb.module.db_subnet_group.aws_db_subnet_group.this",
            "module.vpc.aws_vpc.this",
            "module.alb.aws_lb_target_group_attachment.this",
            "module.ec2-instance_private_app1.aws_instance.this",
            "module.rdsdb.module.db_instance.aws_db_instance.this",
            "module.rdsdb.random_password.master_password",
            "module.acm.aws_acm_certificate.this",
            "module.alb.aws_lb_listener.frontend_http_tcp",
            "module.rdsdb.module.db_parameter_group.aws_db_parameter_group.this",
            "module.loadbalancer_sg.aws_security_group.this",
            "module.loadbalancer_sg.aws_security_group.this_name_prefix",
            "module.private_security-group.aws_security_group.this_name_prefix",
            "module.rdsdb.module.db_instance.aws_iam_role.enhanced_monitoring",
            "module.vpc.aws_subnet.private",
            "module.vpc.aws_subnet.public",
            "module.vpc.aws_vpc_ipv4_cidr_block_association.this",
            "module.alb.aws_lb_listener.frontend_https",
            "module.alb.aws_lb_listener_rule.https_listener_rule",
            "module.ec2-instance_private_app2.aws_instance.this",
            "module.rdsdb.module.db_instance.data.aws_iam_policy_document.enhanced_monitoring",
            "module.ec2-instance_private_app3.aws_instance.this",
            "module.private_security-group.aws_security_group.this",
            "module.rds_sg.aws_security_group.this",
            "data.aws_route53_zone.mydomain",
            "module.acm.aws_route53_record.validation",
            "module.alb.aws_lb_listener_certificate.https_listener",
            "module.alb.aws_lb_target_group.main",
            "data.aws_ami.amz_linux2",
            "module.acm.aws_acm_certificate_validation.this",
            "module.alb.aws_lb.this",
            "module.vpc.aws_subnet.database"
          ]
        }
      ]
    },
    {
      "mode": "managed",
      "type": "null_resource",
      "name": "name",
      "provider": "provider[\"registry.terraform.io/hashicorp/null\"]",
      "instances": []
    },
    {
      "module": "module.acm",
      "mode": "managed",
      "type": "aws_acm_certificate",
      "name": "this",
      "provider": "provider[\"registry.terraform.io/hashicorp/aws\"]",
      "instances": [
        {
          "index_key": 0,
          "schema_version": 0,
          "attributes": {
            "arn": "arn:aws:acm:eu-west-1:174228772591:certificate/9773a7a9-5bd3-4f95-9b9b-33b643499990",
            "certificate_authority_arn": "",
            "certificate_body": null,
            "certificate_chain": null,
            "domain_name": "myappstore.tech",
            "domain_validation_options": [
              {
                "domain_name": "*.myappstore.tech",
                "resource_record_name": "_6f838a624d48c05fd03389a4f6ccd164.myappstore.tech.",
                "resource_record_type": "CNAME",
                "resource_record_value": "_abf315aeaddabbba6af8efe1b62e6ac1.wmmlzlpmyg.acm-validations.aws."
              },
              {
                "domain_name": "myappstore.tech",
                "resource_record_name": "_6f838a624d48c05fd03389a4f6ccd164.myappstore.tech.",
                "resource_record_type": "CNAME",
                "resource_record_value": "_abf315aeaddabbba6af8efe1b62e6ac1.wmmlzlpmyg.acm-validations.aws."
              }
            ],
            "id": "arn:aws:acm:eu-west-1:174228772591:certificate/9773a7a9-5bd3-4f95-9b9b-33b643499990",
            "options": [
              {
                "certificate_transparency_logging_preference": "ENABLED"
              }
            ],
            "private_key": null,
            "status": "ISSUED",
            "subject_alternative_names": [
              "*.myappstore.tech"
            ],
            "tags": {
              "environment": "Dev",
              "owners": "SAP"
            },
            "tags_all": {
              "environment": "Dev",
              "owners": "SAP"
            },
            "validation_emails": [],
            "validation_method": "DNS"
          },
          "sensitive_attributes": [],
          "private": "bnVsbA==",
          "dependencies": [
            "data.aws_route53_zone.mydomain"
          ],
          "create_before_destroy": true
        }
      ]
    },
    {
      "module": "module.acm",
      "mode": "managed",
      "type": "aws_acm_certificate_validation",
      "name": "this",
      "provider": "provider[\"registry.terraform.io/hashicorp/aws\"]",
      "instances": [
        {
          "index_key": 0,
          "schema_version": 0,
          "attributes": {
            "certificate_arn": "arn:aws:acm:eu-west-1:174228772591:certificate/9773a7a9-5bd3-4f95-9b9b-33b643499990",
            "id": "2022-05-06 08:57:42.849 +0000 UTC",
            "timeouts": null,
            "validation_record_fqdns": [
              "_6f838a624d48c05fd03389a4f6ccd164.myappstore.tech"
            ]
          },
          "sensitive_attributes": [],
          "private": "eyJlMmJmYjczMC1lY2FhLTExZTYtOGY4OC0zNDM2M2JjN2M0YzAiOnsiY3JlYXRlIjoyNzAwMDAwMDAwMDAwfX0=",
          "dependencies": [
            "data.aws_route53_zone.mydomain",
            "module.acm.aws_acm_certificate.this",
            "module.acm.aws_route53_record.validation"
          ]
        }
      ]
    },
    {
      "module": "module.acm",
      "mode": "managed",
      "type": "aws_route53_record",
      "name": "validation",
      "provider": "provider[\"registry.terraform.io/hashicorp/aws\"]",
      "instances": [
        {
          "index_key": 0,
          "schema_version": 2,
          "attributes": {
            "alias": [],
            "allow_overwrite": true,
            "failover_routing_policy": [],
            "fqdn": "_6f838a624d48c05fd03389a4f6ccd164.myappstore.tech",
            "geolocation_routing_policy": [],
            "health_check_id": "",
            "id": "Z0748203AGO1L3EMHWKX__6f838a624d48c05fd03389a4f6ccd164.myappstore.tech._CNAME",
            "latency_routing_policy": [],
            "multivalue_answer_routing_policy": null,
            "name": "_6f838a624d48c05fd03389a4f6ccd164.myappstore.tech",
            "records": [
              "_abf315aeaddabbba6af8efe1b62e6ac1.wmmlzlpmyg.acm-validations.aws."
            ],
            "set_identifier": "",
            "ttl": 60,
            "type": "CNAME",
            "weighted_routing_policy": [],
            "zone_id": "Z0748203AGO1L3EMHWKX"
          },
          "sensitive_attributes": [],
          "private": "eyJzY2hlbWFfdmVyc2lvbiI6IjIifQ==",
          "dependencies": [
            "data.aws_route53_zone.mydomain",
            "module.acm.aws_acm_certificate.this"
          ]
        }
      ]
    },
    {
      "module": "module.alb",
      "mode": "managed",
      "type": "aws_lb",
      "name": "this",
      "provider": "provider[\"registry.terraform.io/hashicorp/aws\"]",
      "instances": [
        {
          "index_key": 0,
          "schema_version": 0,
          "attributes": {
            "access_logs": [
              {
                "bucket": "",
                "enabled": false,
                "prefix": ""
              }
            ],
            "arn": "arn:aws:elasticloadbalancing:eu-west-1:174228772591:loadbalancer/app/SAP-Dev-loadbalancer/541b8ba343724d31",
            "arn_suffix": "app/SAP-Dev-loadbalancer/541b8ba343724d31",
            "customer_owned_ipv4_pool": "",
            "desync_mitigation_mode": "defensive",
            "dns_name": "SAP-Dev-loadbalancer-774770553.eu-west-1.elb.amazonaws.com",
            "drop_invalid_header_fields": false,
            "enable_cross_zone_load_balancing": null,
            "enable_deletion_protection": false,
            "enable_http2": true,
            "enable_waf_fail_open": false,
            "id": "arn:aws:elasticloadbalancing:eu-west-1:174228772591:loadbalancer/app/SAP-Dev-loadbalancer/541b8ba343724d31",
            "idle_timeout": 60,
            "internal": false,
            "ip_address_type": "ipv4",
            "load_balancer_type": "application",
            "name": "SAP-Dev-loadbalancer",
            "name_prefix": null,
            "security_groups": [
              "sg-06fb1d390ee41cfa4"
            ],
            "subnet_mapping": [
              {
                "allocation_id": "",
                "ipv6_address": "",
                "outpost_id": "",
                "private_ipv4_address": "",
                "subnet_id": "subnet-0cf07f0a3bbdcc663"
              },
              {
                "allocation_id": "",
                "ipv6_address": "",
                "outpost_id": "",
                "private_ipv4_address": "",
                "subnet_id": "subnet-0e7100302e7b7a40a"
              }
            ],
            "subnets": [
              "subnet-0cf07f0a3bbdcc663",
              "subnet-0e7100302e7b7a40a"
            ],
            "tags": {
              "Name": "SAP-Dev-loadbalancer",
              "environment": "Dev",
              "owners": "SAP"
            },
            "tags_all": {
              "Name": "SAP-Dev-loadbalancer",
              "environment": "Dev",
              "owners": "SAP"
            },
            "timeouts": {
              "create": "10m",
              "delete": "10m",
              "update": "10m"
            },
            "vpc_id": "vpc-050be2888f46f92e2",
            "zone_id": "Z32O12XQLNTSW2"
          },
          "sensitive_attributes": [],
          "private": "eyJlMmJmYjczMC1lY2FhLTExZTYtOGY4OC0zNDM2M2JjN2M0YzAiOnsiY3JlYXRlIjo2MDAwMDAwMDAwMDAsImRlbGV0ZSI6NjAwMDAwMDAwMDAwLCJ1cGRhdGUiOjYwMDAwMDAwMDAwMH19",
          "dependencies": [
            "module.vpc.aws_vpc_ipv4_cidr_block_association.this",
            "module.loadbalancer_sg.aws_security_group.this",
            "module.loadbalancer_sg.aws_security_group.this_name_prefix",
            "module.vpc.aws_subnet.public",
            "module.vpc.aws_vpc.this"
          ],
          "create_before_destroy": true
        }
      ]
    },
    {
      "module": "module.alb",
      "mode": "managed",
      "type": "aws_lb_listener",
      "name": "frontend_http_tcp",
      "provider": "provider[\"registry.terraform.io/hashicorp/aws\"]",
      "instances": [
        {
          "index_key": 0,
          "schema_version": 0,
          "attributes": {
            "alpn_policy": null,
            "arn": "arn:aws:elasticloadbalancing:eu-west-1:174228772591:listener/app/SAP-Dev-loadbalancer/541b8ba343724d31/5ecc4b53032dec46",
            "certificate_arn": null,
            "default_action": [
              {
                "authenticate_cognito": [],
                "authenticate_oidc": [],
                "fixed_response": [],
                "forward": [],
                "order": 1,
                "redirect": [
                  {
                    "host": "#{host}",
                    "path": "/#{path}",
                    "port": "443",
                    "protocol": "HTTPS",
                    "query": "#{query}",
                    "status_code": "HTTP_301"
                  }
                ],
                "target_group_arn": "",
                "type": "redirect"
              }
            ],
            "id": "arn:aws:elasticloadbalancing:eu-west-1:174228772591:listener/app/SAP-Dev-loadbalancer/541b8ba343724d31/5ecc4b53032dec46",
            "load_balancer_arn": "arn:aws:elasticloadbalancing:eu-west-1:174228772591:loadbalancer/app/SAP-Dev-loadbalancer/541b8ba343724d31",
            "port": 80,
            "protocol": "HTTP",
            "ssl_policy": "",
            "tags": {},
            "tags_all": {},
            "timeouts": null
          },
          "sensitive_attributes": [],
          "private": "eyJlMmJmYjczMC1lY2FhLTExZTYtOGY4OC0zNDM2M2JjN2M0YzAiOnsicmVhZCI6NjAwMDAwMDAwMDAwfX0=",
          "dependencies": [
            "module.rdsdb.module.db_instance.aws_db_instance.this_mssql",
            "module.rdsdb.module.db_instance.aws_iam_role.enhanced_monitoring",
            "module.alb.aws_lb.this",
            "module.ec2-instance_private_app2.aws_instance.this",
            "module.ec2-instance_private_app3.aws_instance.this",
            "module.loadbalancer_sg.aws_security_group.this_name_prefix",
            "module.private_security-group.aws_security_group.this_name_prefix",
            "module.rds_sg.aws_security_group.this",
            "module.rdsdb.module.db_instance.random_id.snapshot_identifier",
            "module.alb.aws_lb_target_group.main",
            "module.loadbalancer_sg.aws_security_group.this",
            "module.rdsdb.module.db_instance.data.aws_iam_policy_document.enhanced_monitoring",
            "module.rdsdb.module.db_subnet_group.aws_db_subnet_group.this",
            "data.aws_ami.amz_linux2",
            "module.rdsdb.module.db_option_group.aws_db_option_group.this",
            "module.rdsdb.module.db_parameter_group.aws_db_parameter_group.this",
            "module.rdsdb.random_password.master_password",
            "module.vpc.aws_subnet.private",
            "module.vpc.aws_subnet.public",
            "module.vpc.aws_vpc_ipv4_cidr_block_association.this",
            "module.ec2-instance_private_app1.aws_instance.this",
            "module.private_security-group.aws_security_group.this",
            "module.rds_sg.aws_security_group.this_name_prefix",
            "module.rdsdb.module.db_instance.aws_db_instance.this",
            "module.vpc.aws_subnet.database",
            "module.vpc.aws_vpc.this"
          ]
        }
      ]
    },
    {
      "module": "module.alb",
      "mode": "managed",
      "type": "aws_lb_listener",
      "name": "frontend_https",
      "provider": "provider[\"registry.terraform.io/hashicorp/aws\"]",
      "instances": [
        {
          "index_key": 0,
          "schema_version": 0,
          "attributes": {
            "alpn_policy": null,
            "arn": "arn:aws:elasticloadbalancing:eu-west-1:174228772591:listener/app/SAP-Dev-loadbalancer/541b8ba343724d31/034b161a5b648861",
            "certificate_arn": "arn:aws:acm:eu-west-1:174228772591:certificate/9773a7a9-5bd3-4f95-9b9b-33b643499990",
            "default_action": [
              {
                "authenticate_cognito": [],
                "authenticate_oidc": [],
                "fixed_response": [
                  {
                    "content_type": "text/plain",
                    "message_body": "Fixed Static message - for Root Context",
                    "status_code": "200"
                  }
                ],
                "forward": [],
                "order": 1,
                "redirect": [],
                "target_group_arn": "",
                "type": "fixed-response"
              }
            ],
            "id": "arn:aws:elasticloadbalancing:eu-west-1:174228772591:listener/app/SAP-Dev-loadbalancer/541b8ba343724d31/034b161a5b648861",
            "load_balancer_arn": "arn:aws:elasticloadbalancing:eu-west-1:174228772591:loadbalancer/app/SAP-Dev-loadbalancer/541b8ba343724d31",
            "port": 443,
            "protocol": "HTTPS",
            "ssl_policy": "ELBSecurityPolicy-2016-08",
            "tags": {},
            "tags_all": {},
            "timeouts": null
          },
          "sensitive_attributes": [],
          "private": "eyJlMmJmYjczMC1lY2FhLTExZTYtOGY4OC0zNDM2M2JjN2M0YzAiOnsicmVhZCI6NjAwMDAwMDAwMDAwfX0=",
          "dependencies": [
            "module.alb.aws_lb_target_group.main",
            "module.rdsdb.module.db_parameter_group.aws_db_parameter_group.this",
            "module.rdsdb.random_password.master_password",
            "module.vpc.aws_vpc.this",
            "module.rds_sg.aws_security_group.this_name_prefix",
            "module.rdsdb.module.db_instance.aws_iam_role.enhanced_monitoring",
            "module.rdsdb.module.db_instance.data.aws_iam_policy_document.enhanced_monitoring",
            "module.vpc.aws_subnet.private",
            "module.rds_sg.aws_security_group.this",
            "module.vpc.aws_subnet.public",
            "module.vpc.aws_vpc_ipv4_cidr_block_association.this",
            "module.acm.aws_acm_certificate_validation.this",
            "module.ec2-instance_private_app1.aws_instance.this",
            "module.ec2-instance_private_app3.aws_instance.this",
            "module.private_security-group.aws_security_group.this",
            "module.rdsdb.module.db_instance.aws_db_instance.this",
            "module.rdsdb.module.db_instance.aws_db_instance.this_mssql",
            "data.aws_route53_zone.mydomain",
            "module.rdsdb.module.db_subnet_group.aws_db_subnet_group.this",
            "data.aws_ami.amz_linux2",
            "module.alb.aws_lb.this",
            "module.loadbalancer_sg.aws_security_group.this_name_prefix",
            "module.rdsdb.module.db_option_group.aws_db_option_group.this",
            "module.acm.aws_acm_certificate.this",
            "module.acm.aws_route53_record.validation",
            "module.ec2-instance_private_app2.aws_instance.this",
            "module.loadbalancer_sg.aws_security_group.this",
            "module.private_security-group.aws_security_group.this_name_prefix",
            "module.rdsdb.module.db_instance.random_id.snapshot_identifier",
            "module.vpc.aws_subnet.database"
          ]
        }
      ]
    },
    {
      "module": "module.alb",
      "mode": "managed",
      "type": "aws_lb_listener_rule",
      "name": "https_listener_rule",
      "provider": "provider[\"registry.terraform.io/hashicorp/aws\"]",
      "instances": [
        {
          "index_key": 0,
          "schema_version": 0,
          "attributes": {
            "action": [
              {
                "authenticate_cognito": [],
                "authenticate_oidc": [],
                "fixed_response": [],
                "forward": [],
                "order": 1,
                "redirect": [],
                "target_group_arn": "arn:aws:elasticloadbalancing:eu-west-1:174228772591:targetgroup/app1-2022050609203440660000000a/3565c082c1e8c312",
                "type": "forward"
              }
            ],
            "arn": "arn:aws:elasticloadbalancing:eu-west-1:174228772591:listener-rule/app/SAP-Dev-loadbalancer/541b8ba343724d31/034b161a5b648861/dba9e950b0270b13",
            "condition": [
              {
                "host_header": [],
                "http_header": [],
                "http_request_method": [],
                "path_pattern": [
                  {
                    "values": [
                      "/app1*"
                    ]
                  }
                ],
                "query_string": [],
                "source_ip": []
              }
            ],
            "id": "arn:aws:elasticloadbalancing:eu-west-1:174228772591:listener-rule/app/SAP-Dev-loadbalancer/541b8ba343724d31/034b161a5b648861/dba9e950b0270b13",
            "listener_arn": "arn:aws:elasticloadbalancing:eu-west-1:174228772591:listener/app/SAP-Dev-loadbalancer/541b8ba343724d31/034b161a5b648861",
            "priority": 1,
            "tags": {},
            "tags_all": {}
          },
          "sensitive_attributes": [],
          "private": "bnVsbA==",
          "dependencies": [
            "module.alb.aws_lb.this",
            "module.ec2-instance_private_app2.aws_instance.this",
            "module.rdsdb.module.db_instance.aws_db_instance.this_mssql",
            "module.vpc.aws_vpc.this",
            "module.acm.aws_acm_certificate.this",
            "module.alb.aws_lb_target_group.main",
            "module.rdsdb.module.db_option_group.aws_db_option_group.this",
            "module.rdsdb.module.db_parameter_group.aws_db_parameter_group.this",
            "module.rdsdb.module.db_subnet_group.aws_db_subnet_group.this",
            "module.vpc.aws_vpc_ipv4_cidr_block_association.this",
            "data.aws_route53_zone.mydomain",
            "module.acm.aws_route53_record.validation",
            "module.rdsdb.module.db_instance.random_id.snapshot_identifier",
            "module.rdsdb.random_password.master_password",
            "data.aws_ami.amz_linux2",
            "module.loadbalancer_sg.aws_security_group.this_name_prefix",
            "module.rdsdb.module.db_instance.aws_db_instance.this",
            "module.ec2-instance_private_app1.aws_instance.this",
            "module.loadbalancer_sg.aws_security_group.this",
            "module.vpc.aws_subnet.private",
            "module.alb.aws_lb_listener.frontend_https",
            "module.rdsdb.module.db_instance.aws_iam_role.enhanced_monitoring",
            "module.vpc.aws_subnet.public",
            "module.rds_sg.aws_security_group.this_name_prefix",
            "module.ec2-instance_private_app3.aws_instance.this",
            "module.private_security-group.aws_security_group.this",
            "module.rds_sg.aws_security_group.this",
            "module.rdsdb.module.db_instance.data.aws_iam_policy_document.enhanced_monitoring",
            "module.acm.aws_acm_certificate_validation.this",
            "module.vpc.aws_subnet.database",
            "module.private_security-group.aws_security_group.this_name_prefix"
          ]
        },
        {
          "index_key": 1,
          "schema_version": 0,
          "attributes": {
            "action": [
              {
                "authenticate_cognito": [],
                "authenticate_oidc": [],
                "fixed_response": [],
                "forward": [],
                "order": 1,
                "redirect": [],
                "target_group_arn": "arn:aws:elasticloadbalancing:eu-west-1:174228772591:targetgroup/app2-2022050609203442900000000b/5fb393ab5a23c2ce",
                "type": "forward"
              }
            ],
            "arn": "arn:aws:elasticloadbalancing:eu-west-1:174228772591:listener-rule/app/SAP-Dev-loadbalancer/541b8ba343724d31/034b161a5b648861/21dc634f4d29bd66",
            "condition": [
              {
                "host_header": [],
                "http_header": [],
                "http_request_method": [],
                "path_pattern": [
                  {
                    "values": [
                      "/app2*"
                    ]
                  }
                ],
                "query_string": [],
                "source_ip": []
              }
            ],
            "id": "arn:aws:elasticloadbalancing:eu-west-1:174228772591:listener-rule/app/SAP-Dev-loadbalancer/541b8ba343724d31/034b161a5b648861/21dc634f4d29bd66",
            "listener_arn": "arn:aws:elasticloadbalancing:eu-west-1:174228772591:listener/app/SAP-Dev-loadbalancer/541b8ba343724d31/034b161a5b648861",
            "priority": 2,
            "tags": {},
            "tags_all": {}
          },
          "sensitive_attributes": [],
          "private": "bnVsbA==",
          "dependencies": [
            "data.aws_route53_zone.mydomain",
            "module.loadbalancer_sg.aws_security_group.this",
            "module.acm.aws_acm_certificate_validation.this",
            "module.acm.aws_acm_certificate.this",
            "module.acm.aws_route53_record.validation",
            "module.alb.aws_lb.this",
            "module.alb.aws_lb_listener.frontend_https",
            "module.ec2-instance_private_app1.aws_instance.this",
            "module.ec2-instance_private_app2.aws_instance.this",
            "module.ec2-instance_private_app3.aws_instance.this",
            "module.loadbalancer_sg.aws_security_group.this_name_prefix",
            "data.aws_ami.amz_linux2",
            "module.alb.aws_lb_target_group.main",
            "module.private_security-group.aws_security_group.this",
            "module.private_security-group.aws_security_group.this_name_prefix",
            "module.rds_sg.aws_security_group.this",
            "module.rds_sg.aws_security_group.this_name_prefix",
            "module.rdsdb.module.db_instance.aws_db_instance.this",
            "module.rdsdb.module.db_instance.aws_db_instance.this_mssql",
            "module.rdsdb.module.db_instance.aws_iam_role.enhanced_monitoring",
            "module.rdsdb.module.db_instance.data.aws_iam_policy_document.enhanced_monitoring",
            "module.rdsdb.module.db_instance.random_id.snapshot_identifier",
            "module.rdsdb.module.db_option_group.aws_db_option_group.this",
            "module.rdsdb.module.db_parameter_group.aws_db_parameter_group.this",
            "module.rdsdb.module.db_subnet_group.aws_db_subnet_group.this",
            "module.rdsdb.random_password.master_password",
            "module.vpc.aws_subnet.database",
            "module.vpc.aws_subnet.private",
            "module.vpc.aws_subnet.public",
            "module.vpc.aws_vpc.this",
            "module.vpc.aws_vpc_ipv4_cidr_block_association.this"
          ]
        },
        {
          "index_key": 2,
          "schema_version": 0,
          "attributes": {
            "action": [
              {
                "authenticate_cognito": [],
                "authenticate_oidc": [],
                "fixed_response": [],
                "forward": [],
                "order": 1,
                "redirect": [],
                "target_group_arn": "arn:aws:elasticloadbalancing:eu-west-1:174228772591:targetgroup/app3-20220506092034404800000009/116b1fb5c81778e7",
                "type": "forward"
              }
            ],
            "arn": "arn:aws:elasticloadbalancing:eu-west-1:174228772591:listener-rule/app/SAP-Dev-loadbalancer/541b8ba343724d31/034b161a5b648861/7bbdc348bf9efdb1",
            "condition": [
              {
                "host_header": [],
                "http_header": [],
                "http_request_method": [],
                "path_pattern": [
                  {
                    "values": [
                      "/*"
                    ]
                  }
                ],
                "query_string": [],
                "source_ip": []
              }
            ],
            "id": "arn:aws:elasticloadbalancing:eu-west-1:174228772591:listener-rule/app/SAP-Dev-loadbalancer/541b8ba343724d31/034b161a5b648861/7bbdc348bf9efdb1",
            "listener_arn": "arn:aws:elasticloadbalancing:eu-west-1:174228772591:listener/app/SAP-Dev-loadbalancer/541b8ba343724d31/034b161a5b648861",
            "priority": 3,
            "tags": {},
            "tags_all": {}
          },
          "sensitive_attributes": [],
          "private": "bnVsbA==",
          "dependencies": [
            "data.aws_route53_zone.mydomain",
            "module.loadbalancer_sg.aws_security_group.this",
            "module.acm.aws_acm_certificate_validation.this",
            "module.acm.aws_acm_certificate.this",
            "module.acm.aws_route53_record.validation",
            "module.alb.aws_lb.this",
            "module.alb.aws_lb_listener.frontend_https",
            "module.ec2-instance_private_app1.aws_instance.this",
            "module.ec2-instance_private_app2.aws_instance.this",
            "module.ec2-instance_private_app3.aws_instance.this",
            "module.loadbalancer_sg.aws_security_group.this_name_prefix",
            "data.aws_ami.amz_linux2",
            "module.alb.aws_lb_target_group.main",
            "module.private_security-group.aws_security_group.this",
            "module.private_security-group.aws_security_group.this_name_prefix",
            "module.rds_sg.aws_security_group.this",
            "module.rds_sg.aws_security_group.this_name_prefix",
            "module.rdsdb.module.db_instance.aws_db_instance.this",
            "module.rdsdb.module.db_instance.aws_db_instance.this_mssql",
            "module.rdsdb.module.db_instance.aws_iam_role.enhanced_monitoring",
            "module.rdsdb.module.db_instance.data.aws_iam_policy_document.enhanced_monitoring",
            "module.rdsdb.module.db_instance.random_id.snapshot_identifier",
            "module.rdsdb.module.db_option_group.aws_db_option_group.this",
            "module.rdsdb.module.db_parameter_group.aws_db_parameter_group.this",
            "module.rdsdb.module.db_subnet_group.aws_db_subnet_group.this",
            "module.rdsdb.random_password.master_password",
            "module.vpc.aws_subnet.database",
            "module.vpc.aws_subnet.private",
            "module.vpc.aws_subnet.public",
            "module.vpc.aws_vpc.this",
            "module.vpc.aws_vpc_ipv4_cidr_block_association.this"
          ]
        }
      ]
    },
    {
      "module": "module.alb",
      "mode": "managed",
      "type": "aws_lb_target_group",
      "name": "main",
      "provider": "provider[\"registry.terraform.io/hashicorp/aws\"]",
      "instances": [
        {
          "index_key": 0,
          "schema_version": 0,
          "attributes": {
            "arn": "arn:aws:elasticloadbalancing:eu-west-1:174228772591:targetgroup/app1-2022050609203440660000000a/3565c082c1e8c312",
            "arn_suffix": "targetgroup/app1-2022050609203440660000000a/3565c082c1e8c312",
            "connection_termination": false,
            "deregistration_delay": "300",
            "health_check": [
              {
                "enabled": true,
                "healthy_threshold": 3,
                "interval": 30,
                "matcher": "200-399",
                "path": "/app1/index.html",
                "port": "traffic-port",
                "protocol": "HTTP",
                "timeout": 6,
                "unhealthy_threshold": 3
              }
            ],
            "id": "arn:aws:elasticloadbalancing:eu-west-1:174228772591:targetgroup/app1-2022050609203440660000000a/3565c082c1e8c312",
            "lambda_multi_value_headers_enabled": false,
            "load_balancing_algorithm_type": "round_robin",
            "name": "app1-2022050609203440660000000a",
            "name_prefix": "app1-",
            "port": 80,
            "preserve_client_ip": null,
            "protocol": "HTTP",
            "protocol_version": "HTTP1",
            "proxy_protocol_v2": false,
            "slow_start": 0,
            "stickiness": [
              {
                "cookie_duration": 86400,
                "cookie_name": "",
                "enabled": false,
                "type": "lb_cookie"
              }
            ],
            "tags": {
              "Name": "app1-",
              "environment": "Dev",
              "owners": "SAP"
            },
            "tags_all": {
              "Name": "app1-",
              "environment": "Dev",
              "owners": "SAP"
            },
            "target_type": "instance",
            "vpc_id": "vpc-050be2888f46f92e2"
          },
          "sensitive_attributes": [],
          "private": "bnVsbA==",
          "dependencies": [
            "module.ec2-instance_private_app1.aws_instance.this",
            "module.loadbalancer_sg.aws_security_group.this_name_prefix",
            "module.rdsdb.module.db_instance.aws_db_instance.this",
            "module.vpc.aws_subnet.private",
            "module.private_security-group.aws_security_group.this_name_prefix",
            "module.rdsdb.module.db_instance.aws_db_instance.this_mssql",
            "module.rdsdb.module.db_option_group.aws_db_option_group.this",
            "module.vpc.aws_subnet.public",
            "module.vpc.aws_vpc_ipv4_cidr_block_association.this",
            "module.rdsdb.module.db_instance.aws_iam_role.enhanced_monitoring",
            "module.rdsdb.module.db_instance.random_id.snapshot_identifier",
            "module.rdsdb.module.db_parameter_group.aws_db_parameter_group.this",
            "data.aws_ami.amz_linux2",
            "module.alb.aws_lb.this",
            "module.ec2-instance_private_app3.aws_instance.this",
            "module.private_security-group.aws_security_group.this",
            "module.rds_sg.aws_security_group.this_name_prefix",
            "module.rdsdb.module.db_subnet_group.aws_db_subnet_group.this",
            "module.vpc.aws_subnet.database",
            "module.vpc.aws_vpc.this",
            "module.ec2-instance_private_app2.aws_instance.this",
            "module.loadbalancer_sg.aws_security_group.this",
            "module.rds_sg.aws_security_group.this",
            "module.rdsdb.module.db_instance.data.aws_iam_policy_document.enhanced_monitoring",
            "module.rdsdb.random_password.master_password"
          ],
          "create_before_destroy": true
        },
        {
          "index_key": 1,
          "schema_version": 0,
          "attributes": {
            "arn": "arn:aws:elasticloadbalancing:eu-west-1:174228772591:targetgroup/app2-2022050609203442900000000b/5fb393ab5a23c2ce",
            "arn_suffix": "targetgroup/app2-2022050609203442900000000b/5fb393ab5a23c2ce",
            "connection_termination": false,
            "deregistration_delay": "300",
            "health_check": [
              {
                "enabled": true,
                "healthy_threshold": 3,
                "interval": 30,
                "matcher": "200-399",
                "path": "/app2/index.html",
                "port": "traffic-port",
                "protocol": "HTTP",
                "timeout": 6,
                "unhealthy_threshold": 3
              }
            ],
            "id": "arn:aws:elasticloadbalancing:eu-west-1:174228772591:targetgroup/app2-2022050609203442900000000b/5fb393ab5a23c2ce",
            "lambda_multi_value_headers_enabled": false,
            "load_balancing_algorithm_type": "round_robin",
            "name": "app2-2022050609203442900000000b",
            "name_prefix": "app2-",
            "port": 80,
            "preserve_client_ip": null,
            "protocol": "HTTP",
            "protocol_version": "HTTP1",
            "proxy_protocol_v2": false,
            "slow_start": 0,
            "stickiness": [
              {
                "cookie_duration": 86400,
                "cookie_name": "",
                "enabled": false,
                "type": "lb_cookie"
              }
            ],
            "tags": {
              "Name": "app2-",
              "environment": "Dev",
              "owners": "SAP"
            },
            "tags_all": {
              "Name": "app2-",
              "environment": "Dev",
              "owners": "SAP"
            },
            "target_type": "instance",
            "vpc_id": "vpc-050be2888f46f92e2"
          },
          "sensitive_attributes": [],
          "private": "bnVsbA==",
          "dependencies": [
            "module.rdsdb.module.db_option_group.aws_db_option_group.this",
            "module.rdsdb.module.db_subnet_group.aws_db_subnet_group.this",
            "module.vpc.aws_vpc.this",
            "module.vpc.aws_vpc_ipv4_cidr_block_association.this",
            "module.ec2-instance_private_app1.aws_instance.this",
            "module.ec2-instance_private_app2.aws_instance.this",
            "module.private_security-group.aws_security_group.this_name_prefix",
            "module.rdsdb.module.db_instance.data.aws_iam_policy_document.enhanced_monitoring",
            "module.rdsdb.module.db_instance.random_id.snapshot_identifier",
            "module.rdsdb.module.db_parameter_group.aws_db_parameter_group.this",
            "module.vpc.aws_subnet.database",
            "data.aws_ami.amz_linux2",
            "module.private_security-group.aws_security_group.this",
            "module.rdsdb.module.db_instance.aws_db_instance.this_mssql",
            "module.ec2-instance_private_app3.aws_instance.this",
            "module.rds_sg.aws_security_group.this",
            "module.vpc.aws_subnet.public",
            "module.rds_sg.aws_security_group.this_name_prefix",
            "module.rdsdb.module.db_instance.aws_db_instance.this",
            "module.rdsdb.module.db_instance.aws_iam_role.enhanced_monitoring",
            "module.rdsdb.random_password.master_password",
            "module.vpc.aws_subnet.private",
            "module.alb.aws_lb.this",
            "module.loadbalancer_sg.aws_security_group.this",
            "module.loadbalancer_sg.aws_security_group.this_name_prefix"
          ],
          "create_before_destroy": true
        },
        {
          "index_key": 2,
          "schema_version": 0,
          "attributes": {
            "arn": "arn:aws:elasticloadbalancing:eu-west-1:174228772591:targetgroup/app3-20220506092034404800000009/116b1fb5c81778e7",
            "arn_suffix": "targetgroup/app3-20220506092034404800000009/116b1fb5c81778e7",
            "connection_termination": false,
            "deregistration_delay": "300",
            "health_check": [
              {
                "enabled": true,
                "healthy_threshold": 3,
                "interval": 30,
                "matcher": "200-399",
                "path": "/login",
                "port": "traffic-port",
                "protocol": "HTTP",
                "timeout": 6,
                "unhealthy_threshold": 3
              }
            ],
            "id": "arn:aws:elasticloadbalancing:eu-west-1:174228772591:targetgroup/app3-20220506092034404800000009/116b1fb5c81778e7",
            "lambda_multi_value_headers_enabled": false,
            "load_balancing_algorithm_type": "round_robin",
            "name": "app3-20220506092034404800000009",
            "name_prefix": "app3-",
            "port": 8080,
            "preserve_client_ip": null,
            "protocol": "HTTP",
            "protocol_version": "HTTP1",
            "proxy_protocol_v2": false,
            "slow_start": 0,
            "stickiness": [
              {
                "cookie_duration": 84600,
                "cookie_name": "",
                "enabled": true,
                "type": "lb_cookie"
              }
            ],
            "tags": {
              "Name": "app3-",
              "environment": "Dev",
              "owners": "SAP"
            },
            "tags_all": {
              "Name": "app3-",
              "environment": "Dev",
              "owners": "SAP"
            },
            "target_type": "instance",
            "vpc_id": "vpc-050be2888f46f92e2"
          },
          "sensitive_attributes": [],
          "private": "bnVsbA==",
          "dependencies": [
            "module.vpc.aws_vpc_ipv4_cidr_block_association.this",
            "module.loadbalancer_sg.aws_security_group.this_name_prefix",
            "module.private_security-group.aws_security_group.this_name_prefix",
            "module.rdsdb.module.db_instance.data.aws_iam_policy_document.enhanced_monitoring",
            "module.rdsdb.module.db_option_group.aws_db_option_group.this",
            "module.rdsdb.module.db_parameter_group.aws_db_parameter_group.this",
            "module.rdsdb.module.db_subnet_group.aws_db_subnet_group.this",
            "module.vpc.aws_subnet.public",
            "module.vpc.aws_vpc.this",
            "module.ec2-instance_private_app1.aws_instance.this",
            "module.ec2-instance_private_app3.aws_instance.this",
            "module.rdsdb.module.db_instance.aws_db_instance.this_mssql",
            "module.rdsdb.module.db_instance.random_id.snapshot_identifier",
            "module.rdsdb.random_password.master_password",
            "module.vpc.aws_subnet.database",
            "module.alb.aws_lb.this",
            "module.ec2-instance_private_app2.aws_instance.this",
            "module.private_security-group.aws_security_group.this",
            "module.rds_sg.aws_security_group.this_name_prefix",
            "module.rdsdb.module.db_instance.aws_db_instance.this",
            "module.rdsdb.module.db_instance.aws_iam_role.enhanced_monitoring",
            "module.vpc.aws_subnet.private",
            "data.aws_ami.amz_linux2",
            "module.loadbalancer_sg.aws_security_group.this",
            "module.rds_sg.aws_security_group.this"
          ],
          "create_before_destroy": true
        }
      ]
    },
    {
      "module": "module.alb",
      "mode": "managed",
      "type": "aws_lb_target_group_attachment",
      "name": "this",
      "provider": "provider[\"registry.terraform.io/hashicorp/aws\"]",
      "instances": [
        {
          "index_key": "0.my_app1_vm1",
          "schema_version": 0,
          "attributes": {
            "availability_zone": null,
            "id": "arn:aws:elasticloadbalancing:eu-west-1:174228772591:targetgroup/app1-2022050609203440660000000a/3565c082c1e8c312-20220506092043586900000011",
            "port": 80,
            "target_group_arn": "arn:aws:elasticloadbalancing:eu-west-1:174228772591:targetgroup/app1-2022050609203440660000000a/3565c082c1e8c312",
            "target_id": "i-0b26c22bf06c72c72"
          },
          "sensitive_attributes": [],
          "private": "bnVsbA==",
          "dependencies": [
            "data.aws_ami.amz_linux2",
            "module.alb.aws_lb_target_group.main",
            "module.ec2-instance_private_app1.aws_instance.this",
            "module.ec2-instance_private_app2.aws_instance.this",
            "module.ec2-instance_private_app3.aws_instance.this",
            "module.loadbalancer_sg.aws_security_group.this",
            "module.loadbalancer_sg.aws_security_group.this_name_prefix",
            "module.private_security-group.aws_security_group.this_name_prefix",
            "module.alb.aws_lb.this",
            "module.private_security-group.aws_security_group.this",
            "module.rds_sg.aws_security_group.this",
            "module.rdsdb.module.db_instance.aws_db_instance.this",
            "module.rdsdb.module.db_instance.aws_db_instance.this_mssql",
            "module.rds_sg.aws_security_group.this_name_prefix",
            "module.rdsdb.module.db_instance.aws_iam_role.enhanced_monitoring",
            "module.rdsdb.module.db_instance.data.aws_iam_policy_document.enhanced_monitoring",
            "module.rdsdb.module.db_instance.random_id.snapshot_identifier",
            "module.rdsdb.module.db_option_group.aws_db_option_group.this",
            "module.rdsdb.module.db_parameter_group.aws_db_parameter_group.this",
            "module.rdsdb.module.db_subnet_group.aws_db_subnet_group.this",
            "module.rdsdb.random_password.master_password",
            "module.vpc.aws_subnet.database",
            "module.vpc.aws_subnet.private",
            "module.vpc.aws_subnet.public",
            "module.vpc.aws_vpc.this",
            "module.vpc.aws_vpc_ipv4_cidr_block_association.this"
          ]
        },
        {
          "index_key": "0.my_app1_vm2",
          "schema_version": 0,
          "attributes": {
            "availability_zone": null,
            "id": "arn:aws:elasticloadbalancing:eu-west-1:174228772591:targetgroup/app1-2022050609203440660000000a/3565c082c1e8c312-2022050609204352190000000f",
            "port": 80,
            "target_group_arn": "arn:aws:elasticloadbalancing:eu-west-1:174228772591:targetgroup/app1-2022050609203440660000000a/3565c082c1e8c312",
            "target_id": "i-02652090432affaf9"
          },
          "sensitive_attributes": [],
          "private": "bnVsbA==",
          "dependencies": [
            "module.private_security-group.aws_security_group.this_name_prefix",
            "module.rdsdb.module.db_instance.aws_db_instance.this_mssql",
            "module.rdsdb.module.db_instance.random_id.snapshot_identifier",
            "module.rdsdb.module.db_parameter_group.aws_db_parameter_group.this",
            "module.alb.aws_lb_target_group.main",
            "module.ec2-instance_private_app2.aws_instance.this",
            "module.private_security-group.aws_security_group.this",
            "module.rds_sg.aws_security_group.this",
            "module.rds_sg.aws_security_group.this_name_prefix",
            "module.rdsdb.module.db_instance.aws_db_instance.this",
            "module.rdsdb.module.db_instance.data.aws_iam_policy_document.enhanced_monitoring",
            "data.aws_ami.amz_linux2",
            "module.loadbalancer_sg.aws_security_group.this",
            "module.loadbalancer_sg.aws_security_group.this_name_prefix",
            "module.rdsdb.module.db_instance.aws_iam_role.enhanced_monitoring",
            "module.rdsdb.module.db_subnet_group.aws_db_subnet_group.this",
            "module.rdsdb.random_password.master_password",
            "module.vpc.aws_subnet.database",
            "module.vpc.aws_subnet.private",
            "module.alb.aws_lb.this",
            "module.ec2-instance_private_app3.aws_instance.this",
            "module.vpc.aws_subnet.public",
            "module.vpc.aws_vpc.this",
            "module.vpc.aws_vpc_ipv4_cidr_block_association.this",
            "module.ec2-instance_private_app1.aws_instance.this",
            "module.rdsdb.module.db_option_group.aws_db_option_group.this"
          ]
        },
        {
          "index_key": "1.my_app2_vm1",
          "schema_version": 0,
          "attributes": {
            "availability_zone": null,
            "id": "arn:aws:elasticloadbalancing:eu-west-1:174228772591:targetgroup/app2-2022050609203442900000000b/5fb393ab5a23c2ce-20220506092043528200000010",
            "port": 80,
            "target_group_arn": "arn:aws:elasticloadbalancing:eu-west-1:174228772591:targetgroup/app2-2022050609203442900000000b/5fb393ab5a23c2ce",
            "target_id": "i-08217aaeac501962d"
          },
          "sensitive_attributes": [],
          "private": "bnVsbA==",
          "dependencies": [
            "module.alb.aws_lb.this",
            "module.alb.aws_lb_target_group.main",
            "module.loadbalancer_sg.aws_security_group.this",
            "module.rds_sg.aws_security_group.this",
            "module.rds_sg.aws_security_group.this_name_prefix",
            "module.rdsdb.random_password.master_password",
            "data.aws_ami.amz_linux2",
            "module.ec2-instance_private_app1.aws_instance.this",
            "module.ec2-instance_private_app2.aws_instance.this",
            "module.loadbalancer_sg.aws_security_group.this_name_prefix",
            "module.private_security-group.aws_security_group.this",
            "module.private_security-group.aws_security_group.this_name_prefix",
            "module.rdsdb.module.db_subnet_group.aws_db_subnet_group.this",
            "module.vpc.aws_subnet.database",
            "module.vpc.aws_subnet.public",
            "module.ec2-instance_private_app3.aws_instance.this",
            "module.rdsdb.module.db_instance.random_id.snapshot_identifier",
            "module.vpc.aws_vpc.this",
            "module.vpc.aws_vpc_ipv4_cidr_block_association.this",
            "module.rdsdb.module.db_instance.aws_db_instance.this",
            "module.rdsdb.module.db_instance.aws_db_instance.this_mssql",
            "module.rdsdb.module.db_instance.aws_iam_role.enhanced_monitoring",
            "module.rdsdb.module.db_instance.data.aws_iam_policy_document.enhanced_monitoring",
            "module.rdsdb.module.db_option_group.aws_db_option_group.this",
            "module.rdsdb.module.db_parameter_group.aws_db_parameter_group.this",
            "module.vpc.aws_subnet.private"
          ]
        },
        {
          "index_key": "1.my_app2_vm2",
          "schema_version": 0,
          "attributes": {
            "availability_zone": null,
            "id": "arn:aws:elasticloadbalancing:eu-west-1:174228772591:targetgroup/app2-2022050609203442900000000b/5fb393ab5a23c2ce-2022050609204351470000000e",
            "port": 80,
            "target_group_arn": "arn:aws:elasticloadbalancing:eu-west-1:174228772591:targetgroup/app2-2022050609203442900000000b/5fb393ab5a23c2ce",
            "target_id": "i-02cbcdc6744b3bab9"
          },
          "sensitive_attributes": [],
          "private": "bnVsbA==",
          "dependencies": [
            "data.aws_ami.amz_linux2",
            "module.alb.aws_lb_target_group.main",
            "module.ec2-instance_private_app1.aws_instance.this",
            "module.ec2-instance_private_app2.aws_instance.this",
            "module.ec2-instance_private_app3.aws_instance.this",
            "module.loadbalancer_sg.aws_security_group.this",
            "module.loadbalancer_sg.aws_security_group.this_name_prefix",
            "module.private_security-group.aws_security_group.this_name_prefix",
            "module.rds_sg.aws_security_group.this_name_prefix",
            "module.rdsdb.module.db_instance.aws_db_instance.this_mssql",
            "module.rdsdb.module.db_option_group.aws_db_option_group.this",
            "module.rdsdb.module.db_instance.aws_db_instance.this",
            "module.rdsdb.module.db_instance.data.aws_iam_policy_document.enhanced_monitoring",
            "module.rdsdb.module.db_instance.random_id.snapshot_identifier",
            "module.rdsdb.module.db_instance.aws_iam_role.enhanced_monitoring",
            "module.alb.aws_lb.this",
            "module.private_security-group.aws_security_group.this",
            "module.rds_sg.aws_security_group.this",
            "module.rdsdb.module.db_parameter_group.aws_db_parameter_group.this",
            "module.rdsdb.module.db_subnet_group.aws_db_subnet_group.this",
            "module.rdsdb.random_password.master_password",
            "module.vpc.aws_subnet.database",
            "module.vpc.aws_subnet.private",
            "module.vpc.aws_subnet.public",
            "module.vpc.aws_vpc.this",
            "module.vpc.aws_vpc_ipv4_cidr_block_association.this"
          ]
        },
        {
          "index_key": "2.my_app3_vm1",
          "schema_version": 0,
          "attributes": {
            "availability_zone": null,
            "id": "arn:aws:elasticloadbalancing:eu-west-1:174228772591:targetgroup/app3-20220506092034404800000009/116b1fb5c81778e7-2022050609204349630000000c",
            "port": 8080,
            "target_group_arn": "arn:aws:elasticloadbalancing:eu-west-1:174228772591:targetgroup/app3-20220506092034404800000009/116b1fb5c81778e7",
            "target_id": "i-0fcf93041920d1478"
          },
          "sensitive_attributes": [],
          "private": "bnVsbA==",
          "dependencies": [
            "module.rdsdb.module.db_instance.random_id.snapshot_identifier",
            "data.aws_ami.amz_linux2",
            "module.ec2-instance_private_app1.aws_instance.this",
            "module.loadbalancer_sg.aws_security_group.this_name_prefix",
            "module.private_security-group.aws_security_group.this_name_prefix",
            "module.rdsdb.module.db_instance.data.aws_iam_policy_document.enhanced_monitoring",
            "module.vpc.aws_subnet.database",
            "module.vpc.aws_subnet.private",
            "module.alb.aws_lb_target_group.main",
            "module.rdsdb.module.db_instance.aws_db_instance.this",
            "module.rdsdb.module.db_option_group.aws_db_option_group.this",
            "module.rdsdb.module.db_parameter_group.aws_db_parameter_group.this",
            "module.rdsdb.random_password.master_password",
            "module.loadbalancer_sg.aws_security_group.this",
            "module.rds_sg.aws_security_group.this_name_prefix",
            "module.rdsdb.module.db_instance.aws_iam_role.enhanced_monitoring",
            "module.vpc.aws_vpc.this",
            "module.rdsdb.module.db_instance.aws_db_instance.this_mssql",
            "module.rdsdb.module.db_subnet_group.aws_db_subnet_group.this",
            "module.vpc.aws_subnet.public",
            "module.alb.aws_lb.this",
            "module.ec2-instance_private_app2.aws_instance.this",
            "module.ec2-instance_private_app3.aws_instance.this",
            "module.private_security-group.aws_security_group.this",
            "module.rds_sg.aws_security_group.this",
            "module.vpc.aws_vpc_ipv4_cidr_block_association.this"
          ]
        },
        {
          "index_key": "2.my_app3_vm2",
          "schema_version": 0,
          "attributes": {
            "availability_zone": null,
            "id": "arn:aws:elasticloadbalancing:eu-west-1:174228772591:targetgroup/app3-20220506092034404800000009/116b1fb5c81778e7-2022050609204349690000000d",
            "port": 8080,
            "target_group_arn": "arn:aws:elasticloadbalancing:eu-west-1:174228772591:targetgroup/app3-20220506092034404800000009/116b1fb5c81778e7",
            "target_id": "i-017fdddf6fb02860b"
          },
          "sensitive_attributes": [],
          "private": "bnVsbA==",
          "dependencies": [
            "data.aws_ami.amz_linux2",
            "module.alb.aws_lb_target_group.main",
            "module.ec2-instance_private_app1.aws_instance.this",
            "module.ec2-instance_private_app2.aws_instance.this",
            "module.ec2-instance_private_app3.aws_instance.this",
            "module.loadbalancer_sg.aws_security_group.this",
            "module.loadbalancer_sg.aws_security_group.this_name_prefix",
            "module.private_security-group.aws_security_group.this_name_prefix",
            "module.alb.aws_lb.this",
            "module.private_security-group.aws_security_group.this",
            "module.rds_sg.aws_security_group.this",
            "module.rdsdb.module.db_instance.aws_db_instance.this",
            "module.rdsdb.module.db_instance.aws_db_instance.this_mssql",
            "module.rds_sg.aws_security_group.this_name_prefix",
            "module.rdsdb.module.db_instance.aws_iam_role.enhanced_monitoring",
            "module.rdsdb.module.db_instance.data.aws_iam_policy_document.enhanced_monitoring",
            "module.rdsdb.module.db_instance.random_id.snapshot_identifier",
            "module.rdsdb.module.db_option_group.aws_db_option_group.this",
            "module.rdsdb.module.db_parameter_group.aws_db_parameter_group.this",
            "module.rdsdb.module.db_subnet_group.aws_db_subnet_group.this",
            "module.rdsdb.random_password.master_password",
            "module.vpc.aws_subnet.database",
            "module.vpc.aws_subnet.private",
            "module.vpc.aws_subnet.public",
            "module.vpc.aws_vpc.this",
            "module.vpc.aws_vpc_ipv4_cidr_block_association.this"
          ]
        }
      ]
    },
    {
      "module": "module.ec2-instance_bastion",
      "mode": "managed",
      "type": "aws_instance",
      "name": "this",
      "provider": "provider[\"registry.terraform.io/hashicorp/aws\"]",
      "instances": [
        {
          "index_key": 0,
          "schema_version": 1,
          "attributes": {
            "ami": "ami-05489a3f80e532309",
            "arn": "arn:aws:ec2:eu-west-1:174228772591:instance/i-0ab6ab0ae8da47560",
            "associate_public_ip_address": true,
            "availability_zone": "eu-west-1a",
            "capacity_reservation_specification": [
              {
                "capacity_reservation_preference": "open",
                "capacity_reservation_target": []
              }
            ],
            "cpu_core_count": 1,
            "cpu_threads_per_core": 1,
            "credit_specification": [
              {
                "cpu_credits": "standard"
              }
            ],
            "disable_api_termination": false,
            "ebs_block_device": [],
            "ebs_optimized": false,
            "enclave_options": [
              {
                "enabled": false
              }
            ],
            "ephemeral_block_device": [],
            "get_password_data": false,
            "hibernation": false,
            "host_id": null,
            "iam_instance_profile": "",
            "id": "i-0ab6ab0ae8da47560",
            "instance_initiated_shutdown_behavior": "stop",
            "instance_state": "running",
            "instance_type": "t2.micro",
            "ipv6_address_count": 0,
            "ipv6_addresses": [],
            "key_name": "terraform-key2",
            "launch_template": [],
            "metadata_options": [
              {
                "http_endpoint": "enabled",
                "http_put_response_hop_limit": 1,
                "http_tokens": "optional",
                "instance_metadata_tags": "disabled"
              }
            ],
            "monitoring": false,
            "network_interface": [],
            "outpost_arn": "",
            "password_data": "",
            "placement_group": "",
            "placement_partition_number": null,
            "primary_network_interface_id": "eni-09d4221c1a261c2b5",
            "private_dns": "ip-10-230-0-11.eu-west-1.compute.internal",
            "private_ip": "10.230.0.11",
            "public_dns": "ec2-3-250-158-186.eu-west-1.compute.amazonaws.com",
            "public_ip": "3.250.158.186",
            "root_block_device": [
              {
                "delete_on_termination": true,
                "device_name": "/dev/xvda",
                "encrypted": false,
                "iops": 100,
                "kms_key_id": "",
                "tags": {},
                "throughput": 0,
                "volume_id": "vol-0cce3ce1540ccee2d",
                "volume_size": 8,
                "volume_type": "gp2"
              }
            ],
            "secondary_private_ips": [],
            "security_groups": [],
            "source_dest_check": true,
            "subnet_id": "subnet-0cf07f0a3bbdcc663",
            "tags": {
              "Name": "SAP-Dev-Dev_bastion_Host",
              "environment": "Dev",
              "owners": "SAP"
            },
            "tags_all": {
              "Name": "SAP-Dev-Dev_bastion_Host",
              "environment": "Dev",
              "owners": "SAP"
            },
            "tenancy": "default",
            "timeouts": null,
            "user_data": "9dcd327d7b60d3bd15abe532668f4f9bfd421f8b",
            "user_data_base64": null,
            "volume_tags": {
              "Name": "SAP-Dev-Dev_bastion_Host"
            },
            "vpc_security_group_ids": [
              "sg-09c29b27469b17837"
            ]
          },
          "sensitive_attributes": [],
          "private": "eyJlMmJmYjczMC1lY2FhLTExZTYtOGY4OC0zNDM2M2JjN2M0YzAiOnsiY3JlYXRlIjo2MDAwMDAwMDAwMDAsImRlbGV0ZSI6MTIwMDAwMDAwMDAwMCwidXBkYXRlIjo2MDAwMDAwMDAwMDB9LCJzY2hlbWFfdmVyc2lvbiI6IjEifQ==",
          "dependencies": [
            "data.aws_ami.amz_linux2",
            "module.public_security-group.aws_security_group.this",
            "module.public_security-group.aws_security_group.this_name_prefix",
            "module.vpc.aws_subnet.public",
            "module.vpc.aws_vpc.this",
            "module.vpc.aws_vpc_ipv4_cidr_block_association.this"
          ]
        }
      ]
    },
    {
      "module": "module.ec2-instance_private_app1",
      "mode": "managed",
      "type": "aws_instance",
      "name": "this",
      "provider": "provider[\"registry.terraform.io/hashicorp/aws\"]",
      "instances": [
        {
          "index_key": 0,
          "schema_version": 1,
          "attributes": {
            "ami": "ami-05489a3f80e532309",
            "arn": "arn:aws:ec2:eu-west-1:174228772591:instance/i-0b26c22bf06c72c72",
            "associate_public_ip_address": false,
            "availability_zone": "eu-west-1a",
            "capacity_reservation_specification": [
              {
                "capacity_reservation_preference": "open",
                "capacity_reservation_target": []
              }
            ],
            "cpu_core_count": 1,
            "cpu_threads_per_core": 1,
            "credit_specification": [
              {
                "cpu_credits": "standard"
              }
            ],
            "disable_api_termination": false,
            "ebs_block_device": [],
            "ebs_optimized": false,
            "enclave_options": [
              {
                "enabled": false
              }
            ],
            "ephemeral_block_device": [],
            "get_password_data": false,
            "hibernation": false,
            "host_id": null,
            "iam_instance_profile": "",
            "id": "i-0b26c22bf06c72c72",
            "instance_initiated_shutdown_behavior": "stop",
            "instance_state": "running",
            "instance_type": "t2.micro",
            "ipv6_address_count": 0,
            "ipv6_addresses": [],
            "key_name": "terraform-key2",
            "launch_template": [],
            "metadata_options": [
              {
                "http_endpoint": "enabled",
                "http_put_response_hop_limit": 1,
                "http_tokens": "optional",
                "instance_metadata_tags": "disabled"
              }
            ],
            "monitoring": false,
            "network_interface": [],
            "outpost_arn": "",
            "password_data": "",
            "placement_group": "",
            "placement_partition_number": null,
            "primary_network_interface_id": "eni-0f7a5fbcc0b589a53",
            "private_dns": "ip-10-230-0-30.eu-west-1.compute.internal",
            "private_ip": "10.230.0.30",
            "public_dns": "",
            "public_ip": "",
            "root_block_device": [
              {
                "delete_on_termination": true,
                "device_name": "/dev/xvda",
                "encrypted": false,
                "iops": 100,
                "kms_key_id": "",
                "tags": {},
                "throughput": 0,
                "volume_id": "vol-0d7bf199cf115f6a9",
                "volume_size": 8,
                "volume_type": "gp2"
              }
            ],
            "secondary_private_ips": [],
            "security_groups": [],
            "source_dest_check": true,
            "subnet_id": "subnet-04ec507c0ddb737e2",
            "tags": {
              "Name": "SAP-Dev-Dev_bastion_Host_App1-1",
              "environment": "Dev",
              "owners": "SAP"
            },
            "tags_all": {
              "Name": "SAP-Dev-Dev_bastion_Host_App1-1",
              "environment": "Dev",
              "owners": "SAP"
            },
            "tenancy": "default",
            "timeouts": null,
            "user_data": "56e4708b94134edbd1cec7ceda3e29959b978a69",
            "user_data_base64": null,
            "volume_tags": {
              "Name": "SAP-Dev-Dev_bastion_Host_App1-1"
            },
            "vpc_security_group_ids": [
              "sg-06ddb48aff43b9318"
            ]
          },
          "sensitive_attributes": [],
          "private": "eyJlMmJmYjczMC1lY2FhLTExZTYtOGY4OC0zNDM2M2JjN2M0YzAiOnsiY3JlYXRlIjo2MDAwMDAwMDAwMDAsImRlbGV0ZSI6MTIwMDAwMDAwMDAwMCwidXBkYXRlIjo2MDAwMDAwMDAwMDB9LCJzY2hlbWFfdmVyc2lvbiI6IjEifQ==",
          "dependencies": [
            "data.aws_ami.amz_linux2",
            "module.private_security-group.aws_security_group.this",
            "module.private_security-group.aws_security_group.this_name_prefix",
            "module.vpc.aws_subnet.private",
            "module.vpc.aws_vpc.this",
            "module.vpc.aws_vpc_ipv4_cidr_block_association.this"
          ],
          "create_before_destroy": true
        },
        {
          "index_key": 1,
          "schema_version": 1,
          "attributes": {
            "ami": "ami-05489a3f80e532309",
            "arn": "arn:aws:ec2:eu-west-1:174228772591:instance/i-02652090432affaf9",
            "associate_public_ip_address": false,
            "availability_zone": "eu-west-1b",
            "capacity_reservation_specification": [
              {
                "capacity_reservation_preference": "open",
                "capacity_reservation_target": []
              }
            ],
            "cpu_core_count": 1,
            "cpu_threads_per_core": 1,
            "credit_specification": [
              {
                "cpu_credits": "standard"
              }
            ],
            "disable_api_termination": false,
            "ebs_block_device": [],
            "ebs_optimized": false,
            "enclave_options": [
              {
                "enabled": false
              }
            ],
            "ephemeral_block_device": [],
            "get_password_data": false,
            "hibernation": false,
            "host_id": null,
            "iam_instance_profile": "",
            "id": "i-02652090432affaf9",
            "instance_initiated_shutdown_behavior": "stop",
            "instance_state": "running",
            "instance_type": "t2.micro",
            "ipv6_address_count": 0,
            "ipv6_addresses": [],
            "key_name": "terraform-key2",
            "launch_template": [],
            "metadata_options": [
              {
                "http_endpoint": "enabled",
                "http_put_response_hop_limit": 1,
                "http_tokens": "optional",
                "instance_metadata_tags": "disabled"
              }
            ],
            "monitoring": false,
            "network_interface": [],
            "outpost_arn": "",
            "password_data": "",
            "placement_group": "",
            "placement_partition_number": null,
            "primary_network_interface_id": "eni-0056433afd4cf5662",
            "private_dns": "ip-10-230-0-58.eu-west-1.compute.internal",
            "private_ip": "10.230.0.58",
            "public_dns": "",
            "public_ip": "",
            "root_block_device": [
              {
                "delete_on_termination": true,
                "device_name": "/dev/xvda",
                "encrypted": false,
                "iops": 100,
                "kms_key_id": "",
                "tags": {},
                "throughput": 0,
                "volume_id": "vol-052bc6880ca86f092",
                "volume_size": 8,
                "volume_type": "gp2"
              }
            ],
            "secondary_private_ips": [],
            "security_groups": [],
            "source_dest_check": true,
            "subnet_id": "subnet-0fb16ef96223e5de2",
            "tags": {
              "Name": "SAP-Dev-Dev_bastion_Host_App1-2",
              "environment": "Dev",
              "owners": "SAP"
            },
            "tags_all": {
              "Name": "SAP-Dev-Dev_bastion_Host_App1-2",
              "environment": "Dev",
              "owners": "SAP"
            },
            "tenancy": "default",
            "timeouts": null,
            "user_data": "56e4708b94134edbd1cec7ceda3e29959b978a69",
            "user_data_base64": null,
            "volume_tags": {
              "Name": "SAP-Dev-Dev_bastion_Host_App1-2"
            },
            "vpc_security_group_ids": [
              "sg-06ddb48aff43b9318"
            ]
          },
          "sensitive_attributes": [],
          "private": "eyJlMmJmYjczMC1lY2FhLTExZTYtOGY4OC0zNDM2M2JjN2M0YzAiOnsiY3JlYXRlIjo2MDAwMDAwMDAwMDAsImRlbGV0ZSI6MTIwMDAwMDAwMDAwMCwidXBkYXRlIjo2MDAwMDAwMDAwMDB9LCJzY2hlbWFfdmVyc2lvbiI6IjEifQ==",
          "dependencies": [
            "module.private_security-group.aws_security_group.this",
            "module.private_security-group.aws_security_group.this_name_prefix",
            "module.vpc.aws_subnet.private",
            "module.vpc.aws_vpc.this",
            "module.vpc.aws_vpc_ipv4_cidr_block_association.this",
            "data.aws_ami.amz_linux2"
          ],
          "create_before_destroy": true
        }
      ]
    },
    {
      "module": "module.ec2-instance_private_app2",
      "mode": "managed",
      "type": "aws_instance",
      "name": "this",
      "provider": "provider[\"registry.terraform.io/hashicorp/aws\"]",
      "instances": [
        {
          "index_key": 0,
          "schema_version": 1,
          "attributes": {
            "ami": "ami-05489a3f80e532309",
            "arn": "arn:aws:ec2:eu-west-1:174228772591:instance/i-08217aaeac501962d",
            "associate_public_ip_address": false,
            "availability_zone": "eu-west-1a",
            "capacity_reservation_specification": [
              {
                "capacity_reservation_preference": "open",
                "capacity_reservation_target": []
              }
            ],
            "cpu_core_count": 1,
            "cpu_threads_per_core": 1,
            "credit_specification": [
              {
                "cpu_credits": "standard"
              }
            ],
            "disable_api_termination": false,
            "ebs_block_device": [],
            "ebs_optimized": false,
            "enclave_options": [
              {
                "enabled": false
              }
            ],
            "ephemeral_block_device": [],
            "get_password_data": false,
            "hibernation": false,
            "host_id": null,
            "iam_instance_profile": "",
            "id": "i-08217aaeac501962d",
            "instance_initiated_shutdown_behavior": "stop",
            "instance_state": "running",
            "instance_type": "t2.micro",
            "ipv6_address_count": 0,
            "ipv6_addresses": [],
            "key_name": "terraform-key2",
            "launch_template": [],
            "metadata_options": [
              {
                "http_endpoint": "enabled",
                "http_put_response_hop_limit": 1,
                "http_tokens": "optional",
                "instance_metadata_tags": "disabled"
              }
            ],
            "monitoring": false,
            "network_interface": [],
            "outpost_arn": "",
            "password_data": "",
            "placement_group": "",
            "placement_partition_number": null,
            "primary_network_interface_id": "eni-06e9aa391636545fe",
            "private_dns": "ip-10-230-0-22.eu-west-1.compute.internal",
            "private_ip": "10.230.0.22",
            "public_dns": "",
            "public_ip": "",
            "root_block_device": [
              {
                "delete_on_termination": true,
                "device_name": "/dev/xvda",
                "encrypted": false,
                "iops": 100,
                "kms_key_id": "",
                "tags": {},
                "throughput": 0,
                "volume_id": "vol-0946a08b78ea44d2d",
                "volume_size": 8,
                "volume_type": "gp2"
              }
            ],
            "secondary_private_ips": [],
            "security_groups": [],
            "source_dest_check": true,
            "subnet_id": "subnet-04ec507c0ddb737e2",
            "tags": {
              "Name": "SAP-Dev-Dev_bastion_Host_App2-1",
              "environment": "Dev",
              "owners": "SAP"
            },
            "tags_all": {
              "Name": "SAP-Dev-Dev_bastion_Host_App2-1",
              "environment": "Dev",
              "owners": "SAP"
            },
            "tenancy": "default",
            "timeouts": null,
            "user_data": "04e6808780000bdcb0a780634bb6fc325cc95382",
            "user_data_base64": null,
            "volume_tags": {
              "Name": "SAP-Dev-Dev_bastion_Host_App2-1"
            },
            "vpc_security_group_ids": [
              "sg-06ddb48aff43b9318"
            ]
          },
          "sensitive_attributes": [],
          "private": "eyJlMmJmYjczMC1lY2FhLTExZTYtOGY4OC0zNDM2M2JjN2M0YzAiOnsiY3JlYXRlIjo2MDAwMDAwMDAwMDAsImRlbGV0ZSI6MTIwMDAwMDAwMDAwMCwidXBkYXRlIjo2MDAwMDAwMDAwMDB9LCJzY2hlbWFfdmVyc2lvbiI6IjEifQ==",
          "dependencies": [
            "module.private_security-group.aws_security_group.this",
            "module.private_security-group.aws_security_group.this_name_prefix",
            "module.vpc.aws_subnet.private",
            "module.vpc.aws_vpc.this",
            "module.vpc.aws_vpc_ipv4_cidr_block_association.this",
            "data.aws_ami.amz_linux2"
          ],
          "create_before_destroy": true
        },
        {
          "index_key": 1,
          "schema_version": 1,
          "attributes": {
            "ami": "ami-05489a3f80e532309",
            "arn": "arn:aws:ec2:eu-west-1:174228772591:instance/i-02cbcdc6744b3bab9",
            "associate_public_ip_address": false,
            "availability_zone": "eu-west-1b",
            "capacity_reservation_specification": [
              {
                "capacity_reservation_preference": "open",
                "capacity_reservation_target": []
              }
            ],
            "cpu_core_count": 1,
            "cpu_threads_per_core": 1,
            "credit_specification": [
              {
                "cpu_credits": "standard"
              }
            ],
            "disable_api_termination": false,
            "ebs_block_device": [],
            "ebs_optimized": false,
            "enclave_options": [
              {
                "enabled": false
              }
            ],
            "ephemeral_block_device": [],
            "get_password_data": false,
            "hibernation": false,
            "host_id": null,
            "iam_instance_profile": "",
            "id": "i-02cbcdc6744b3bab9",
            "instance_initiated_shutdown_behavior": "stop",
            "instance_state": "running",
            "instance_type": "t2.micro",
            "ipv6_address_count": 0,
            "ipv6_addresses": [],
            "key_name": "terraform-key2",
            "launch_template": [],
            "metadata_options": [
              {
                "http_endpoint": "enabled",
                "http_put_response_hop_limit": 1,
                "http_tokens": "optional",
                "instance_metadata_tags": "disabled"
              }
            ],
            "monitoring": false,
            "network_interface": [],
            "outpost_arn": "",
            "password_data": "",
            "placement_group": "",
            "placement_partition_number": null,
            "primary_network_interface_id": "eni-0a07a75adc299e3ec",
            "private_dns": "ip-10-230-0-53.eu-west-1.compute.internal",
            "private_ip": "10.230.0.53",
            "public_dns": "",
            "public_ip": "",
            "root_block_device": [
              {
                "delete_on_termination": true,
                "device_name": "/dev/xvda",
                "encrypted": false,
                "iops": 100,
                "kms_key_id": "",
                "tags": {},
                "throughput": 0,
                "volume_id": "vol-0213a5a70a1d3f20d",
                "volume_size": 8,
                "volume_type": "gp2"
              }
            ],
            "secondary_private_ips": [],
            "security_groups": [],
            "source_dest_check": true,
            "subnet_id": "subnet-0fb16ef96223e5de2",
            "tags": {
              "Name": "SAP-Dev-Dev_bastion_Host_App2-2",
              "environment": "Dev",
              "owners": "SAP"
            },
            "tags_all": {
              "Name": "SAP-Dev-Dev_bastion_Host_App2-2",
              "environment": "Dev",
              "owners": "SAP"
            },
            "tenancy": "default",
            "timeouts": null,
            "user_data": "04e6808780000bdcb0a780634bb6fc325cc95382",
            "user_data_base64": null,
            "volume_tags": {
              "Name": "SAP-Dev-Dev_bastion_Host_App2-2"
            },
            "vpc_security_group_ids": [
              "sg-06ddb48aff43b9318"
            ]
          },
          "sensitive_attributes": [],
          "private": "eyJlMmJmYjczMC1lY2FhLTExZTYtOGY4OC0zNDM2M2JjN2M0YzAiOnsiY3JlYXRlIjo2MDAwMDAwMDAwMDAsImRlbGV0ZSI6MTIwMDAwMDAwMDAwMCwidXBkYXRlIjo2MDAwMDAwMDAwMDB9LCJzY2hlbWFfdmVyc2lvbiI6IjEifQ==",
          "dependencies": [
            "module.vpc.aws_subnet.private",
            "module.vpc.aws_vpc.this",
            "module.vpc.aws_vpc_ipv4_cidr_block_association.this",
            "data.aws_ami.amz_linux2",
            "module.private_security-group.aws_security_group.this",
            "module.private_security-group.aws_security_group.this_name_prefix"
          ],
          "create_before_destroy": true
        }
      ]
    },
    {
      "module": "module.ec2-instance_private_app3",
      "mode": "managed",
      "type": "aws_instance",
      "name": "this",
      "provider": "provider[\"registry.terraform.io/hashicorp/aws\"]",
      "instances": [
        {
          "index_key": 0,
          "schema_version": 1,
          "attributes": {
            "ami": "ami-05489a3f80e532309",
            "arn": "arn:aws:ec2:eu-west-1:174228772591:instance/i-0fcf93041920d1478",
            "associate_public_ip_address": false,
            "availability_zone": "eu-west-1a",
            "capacity_reservation_specification": [
              {
                "capacity_reservation_preference": "open",
                "capacity_reservation_target": []
              }
            ],
            "cpu_core_count": 1,
            "cpu_threads_per_core": 1,
            "credit_specification": [
              {
                "cpu_credits": "standard"
              }
            ],
            "disable_api_termination": false,
            "ebs_block_device": [],
            "ebs_optimized": false,
            "enclave_options": [
              {
                "enabled": false
              }
            ],
            "ephemeral_block_device": [],
            "get_password_data": false,
            "hibernation": false,
            "host_id": null,
            "iam_instance_profile": "",
            "id": "i-0fcf93041920d1478",
            "instance_initiated_shutdown_behavior": "stop",
            "instance_state": "running",
            "instance_type": "t2.micro",
            "ipv6_address_count": 0,
            "ipv6_addresses": [],
            "key_name": "terraform-key2",
            "launch_template": [],
            "metadata_options": [
              {
                "http_endpoint": "enabled",
                "http_put_response_hop_limit": 1,
                "http_tokens": "optional",
                "instance_metadata_tags": "disabled"
              }
            ],
            "monitoring": false,
            "network_interface": [],
            "outpost_arn": "",
            "password_data": "",
            "placement_group": "",
            "placement_partition_number": null,
            "primary_network_interface_id": "eni-0ca1cd4645ef628cd",
            "private_dns": "ip-10-230-0-20.eu-west-1.compute.internal",
            "private_ip": "10.230.0.20",
            "public_dns": "",
            "public_ip": "",
            "root_block_device": [
              {
                "delete_on_termination": true,
                "device_name": "/dev/xvda",
                "encrypted": false,
                "iops": 100,
                "kms_key_id": "",
                "tags": {},
                "throughput": 0,
                "volume_id": "vol-017beeacb4f74de96",
                "volume_size": 8,
                "volume_type": "gp2"
              }
            ],
            "secondary_private_ips": [],
            "security_groups": [],
            "source_dest_check": true,
            "subnet_id": "subnet-04ec507c0ddb737e2",
            "tags": {
              "Name": "SAP-Dev-Dev_Private_Host_App3-1",
              "environment": "Dev",
              "owners": "SAP"
            },
            "tags_all": {
              "Name": "SAP-Dev-Dev_Private_Host_App3-1",
              "environment": "Dev",
              "owners": "SAP"
            },
            "tenancy": "default",
            "timeouts": null,
            "user_data": "dc2482308cf93023801503e208c6db65f3df843d",
            "user_data_base64": null,
            "volume_tags": {
              "Name": "SAP-Dev-Dev_Private_Host_App3-1"
            },
            "vpc_security_group_ids": [
              "sg-06ddb48aff43b9318"
            ]
          },
          "sensitive_attributes": [],
          "private": "eyJlMmJmYjczMC1lY2FhLTExZTYtOGY4OC0zNDM2M2JjN2M0YzAiOnsiY3JlYXRlIjo2MDAwMDAwMDAwMDAsImRlbGV0ZSI6MTIwMDAwMDAwMDAwMCwidXBkYXRlIjo2MDAwMDAwMDAwMDB9LCJzY2hlbWFfdmVyc2lvbiI6IjEifQ==",
          "dependencies": [
            "module.private_security-group.aws_security_group.this_name_prefix",
            "module.rdsdb.module.db_instance.aws_db_instance.this_mssql",
            "module.rdsdb.module.db_instance.random_id.snapshot_identifier",
            "module.vpc.aws_subnet.database",
            "module.private_security-group.aws_security_group.this",
            "module.rdsdb.module.db_instance.data.aws_iam_policy_document.enhanced_monitoring",
            "module.rdsdb.module.db_parameter_group.aws_db_parameter_group.this",
            "data.aws_ami.amz_linux2",
            "module.rds_sg.aws_security_group.this_name_prefix",
            "module.rdsdb.module.db_instance.aws_db_instance.this",
            "module.rdsdb.module.db_instance.aws_iam_role.enhanced_monitoring",
            "module.vpc.aws_subnet.private",
            "module.vpc.aws_vpc_ipv4_cidr_block_association.this",
            "module.rds_sg.aws_security_group.this",
            "module.rdsdb.module.db_option_group.aws_db_option_group.this",
            "module.rdsdb.module.db_subnet_group.aws_db_subnet_group.this",
            "module.rdsdb.random_password.master_password",
            "module.vpc.aws_vpc.this"
          ],
          "create_before_destroy": true
        },
        {
          "index_key": 1,
          "schema_version": 1,
          "attributes": {
            "ami": "ami-05489a3f80e532309",
            "arn": "arn:aws:ec2:eu-west-1:174228772591:instance/i-017fdddf6fb02860b",
            "associate_public_ip_address": false,
            "availability_zone": "eu-west-1b",
            "capacity_reservation_specification": [
              {
                "capacity_reservation_preference": "open",
                "capacity_reservation_target": []
              }
            ],
            "cpu_core_count": 1,
            "cpu_threads_per_core": 1,
            "credit_specification": [
              {
                "cpu_credits": "standard"
              }
            ],
            "disable_api_termination": false,
            "ebs_block_device": [],
            "ebs_optimized": false,
            "enclave_options": [
              {
                "enabled": false
              }
            ],
            "ephemeral_block_device": [],
            "get_password_data": false,
            "hibernation": false,
            "host_id": null,
            "iam_instance_profile": "",
            "id": "i-017fdddf6fb02860b",
            "instance_initiated_shutdown_behavior": "stop",
            "instance_state": "running",
            "instance_type": "t2.micro",
            "ipv6_address_count": 0,
            "ipv6_addresses": [],
            "key_name": "terraform-key2",
            "launch_template": [],
            "metadata_options": [
              {
                "http_endpoint": "enabled",
                "http_put_response_hop_limit": 1,
                "http_tokens": "optional",
                "instance_metadata_tags": "disabled"
              }
            ],
            "monitoring": false,
            "network_interface": [],
            "outpost_arn": "",
            "password_data": "",
            "placement_group": "",
            "placement_partition_number": null,
            "primary_network_interface_id": "eni-0e14a285bf1bb39c0",
            "private_dns": "ip-10-230-0-60.eu-west-1.compute.internal",
            "private_ip": "10.230.0.60",
            "public_dns": "",
            "public_ip": "",
            "root_block_device": [
              {
                "delete_on_termination": true,
                "device_name": "/dev/xvda",
                "encrypted": false,
                "iops": 100,
                "kms_key_id": "",
                "tags": {},
                "throughput": 0,
                "volume_id": "vol-0065e9ba21d9d40d4",
                "volume_size": 8,
                "volume_type": "gp2"
              }
            ],
            "secondary_private_ips": [],
            "security_groups": [],
            "source_dest_check": true,
            "subnet_id": "subnet-0fb16ef96223e5de2",
            "tags": {
              "Name": "SAP-Dev-Dev_Private_Host_App3-2",
              "environment": "Dev",
              "owners": "SAP"
            },
            "tags_all": {
              "Name": "SAP-Dev-Dev_Private_Host_App3-2",
              "environment": "Dev",
              "owners": "SAP"
            },
            "tenancy": "default",
            "timeouts": null,
            "user_data": "dc2482308cf93023801503e208c6db65f3df843d",
            "user_data_base64": null,
            "volume_tags": {
              "Name": "SAP-Dev-Dev_Private_Host_App3-2"
            },
            "vpc_security_group_ids": [
              "sg-06ddb48aff43b9318"
            ]
          },
          "sensitive_attributes": [],
          "private": "eyJlMmJmYjczMC1lY2FhLTExZTYtOGY4OC0zNDM2M2JjN2M0YzAiOnsiY3JlYXRlIjo2MDAwMDAwMDAwMDAsImRlbGV0ZSI6MTIwMDAwMDAwMDAwMCwidXBkYXRlIjo2MDAwMDAwMDAwMDB9LCJzY2hlbWFfdmVyc2lvbiI6IjEifQ==",
          "dependencies": [
            "module.vpc.aws_vpc_ipv4_cidr_block_association.this",
            "module.private_security-group.aws_security_group.this",
            "module.rds_sg.aws_security_group.this",
            "module.rdsdb.module.db_instance.aws_db_instance.this",
            "module.rdsdb.module.db_instance.aws_iam_role.enhanced_monitoring",
            "module.rdsdb.module.db_instance.random_id.snapshot_identifier",
            "module.vpc.aws_subnet.database",
            "module.vpc.aws_vpc.this",
            "module.private_security-group.aws_security_group.this_name_prefix",
            "module.rdsdb.module.db_parameter_group.aws_db_parameter_group.this",
            "data.aws_ami.amz_linux2",
            "module.rds_sg.aws_security_group.this_name_prefix",
            "module.rdsdb.module.db_instance.data.aws_iam_policy_document.enhanced_monitoring",
            "module.rdsdb.module.db_option_group.aws_db_option_group.this",
            "module.vpc.aws_subnet.private",
            "module.rdsdb.module.db_instance.aws_db_instance.this_mssql",
            "module.rdsdb.module.db_subnet_group.aws_db_subnet_group.this",
            "module.rdsdb.random_password.master_password"
          ],
          "create_before_destroy": true
        }
      ]
    },
    {
      "module": "module.loadbalancer_sg",
      "mode": "managed",
      "type": "aws_security_group",
      "name": "this_name_prefix",
      "provider": "provider[\"registry.terraform.io/hashicorp/aws\"]",
      "instances": [
        {
          "index_key": 0,
          "schema_version": 1,
          "attributes": {
            "arn": "arn:aws:ec2:eu-west-1:174228772591:security-group/sg-06fb1d390ee41cfa4",
            "description": "this loadbalancer sg allows the http traffic on port 80 and also on port 81",
            "egress": [
              {
                "cidr_blocks": [
                  "0.0.0.0/0"
                ],
                "description": "All protocols",
                "from_port": 0,
                "ipv6_cidr_blocks": [
                  "::/0"
                ],
                "prefix_list_ids": [],
                "protocol": "-1",
                "security_groups": [],
                "self": false,
                "to_port": 0
              }
            ],
            "id": "sg-06fb1d390ee41cfa4",
            "ingress": [
              {
                "cidr_blocks": [
                  "0.0.0.0/0"
                ],
                "description": "Allow http traffic from port 81",
                "from_port": 81,
                "ipv6_cidr_blocks": [],
                "prefix_list_ids": [],
                "protocol": "tcp",
                "security_groups": [],
                "self": false,
                "to_port": 81
              },
              {
                "cidr_blocks": [
                  "0.0.0.0/0"
                ],
                "description": "HTTP",
                "from_port": 80,
                "ipv6_cidr_blocks": [],
                "prefix_list_ids": [],
                "protocol": "tcp",
                "security_groups": [],
                "self": false,
                "to_port": 80
              },
              {
                "cidr_blocks": [
                  "0.0.0.0/0"
                ],
                "description": "HTTPS",
                "from_port": 443,
                "ipv6_cidr_blocks": [],
                "prefix_list_ids": [],
                "protocol": "tcp",
                "security_groups": [],
                "self": false,
                "to_port": 443
              }
            ],
            "name": "Loadbalancer-SG-20220506085724980600000004",
            "name_prefix": "Loadbalancer-SG-",
            "owner_id": "174228772591",
            "revoke_rules_on_delete": false,
            "tags": {
              "Name": "Loadbalancer-SG",
              "environment": "Dev",
              "owners": "SAP"
            },
            "tags_all": {
              "Name": "Loadbalancer-SG",
              "environment": "Dev",
              "owners": "SAP"
            },
            "timeouts": {
              "create": "10m",
              "delete": "15m"
            },
            "vpc_id": "vpc-050be2888f46f92e2"
          },
          "sensitive_attributes": [],
          "private": "eyJlMmJmYjczMC1lY2FhLTExZTYtOGY4OC0zNDM2M2JjN2M0YzAiOnsiY3JlYXRlIjo2MDAwMDAwMDAwMDAsImRlbGV0ZSI6OTAwMDAwMDAwMDAwfSwic2NoZW1hX3ZlcnNpb24iOiIxIn0=",
          "dependencies": [
            "module.vpc.aws_vpc.this"
          ],
          "create_before_destroy": true
        }
      ]
    },
    {
      "module": "module.loadbalancer_sg",
      "mode": "managed",
      "type": "aws_security_group_rule",
      "name": "egress_rules",
      "provider": "provider[\"registry.terraform.io/hashicorp/aws\"]",
      "instances": [
        {
          "index_key": 0,
          "schema_version": 2,
          "attributes": {
            "cidr_blocks": [
              "0.0.0.0/0"
            ],
            "description": "All protocols",
            "from_port": 0,
            "id": "sgrule-1555150422",
            "ipv6_cidr_blocks": [
              "::/0"
            ],
            "prefix_list_ids": [],
            "protocol": "-1",
            "security_group_id": "sg-06fb1d390ee41cfa4",
            "self": false,
            "source_security_group_id": null,
            "to_port": 0,
            "type": "egress"
          },
          "sensitive_attributes": [],
          "private": "eyJzY2hlbWFfdmVyc2lvbiI6IjIifQ==",
          "dependencies": [
            "module.loadbalancer_sg.aws_security_group.this_name_prefix",
            "module.vpc.aws_vpc.this",
            "module.loadbalancer_sg.aws_security_group.this"
          ]
        }
      ]
    },
    {
      "module": "module.loadbalancer_sg",
      "mode": "managed",
      "type": "aws_security_group_rule",
      "name": "ingress_rules",
      "provider": "provider[\"registry.terraform.io/hashicorp/aws\"]",
      "instances": [
        {
          "index_key": 0,
          "schema_version": 2,
          "attributes": {
            "cidr_blocks": [
              "0.0.0.0/0"
            ],
            "description": "HTTP",
            "from_port": 80,
            "id": "sgrule-452286229",
            "ipv6_cidr_blocks": [],
            "prefix_list_ids": [],
            "protocol": "tcp",
            "security_group_id": "sg-06fb1d390ee41cfa4",
            "self": false,
            "source_security_group_id": null,
            "to_port": 80,
            "type": "ingress"
          },
          "sensitive_attributes": [],
          "private": "eyJzY2hlbWFfdmVyc2lvbiI6IjIifQ==",
          "dependencies": [
            "module.loadbalancer_sg.aws_security_group.this",
            "module.loadbalancer_sg.aws_security_group.this_name_prefix",
            "module.vpc.aws_vpc.this"
          ]
        },
        {
          "index_key": 1,
          "schema_version": 2,
          "attributes": {
            "cidr_blocks": [
              "0.0.0.0/0"
            ],
            "description": "HTTPS",
            "from_port": 443,
            "id": "sgrule-1687771716",
            "ipv6_cidr_blocks": [],
            "prefix_list_ids": [],
            "protocol": "tcp",
            "security_group_id": "sg-06fb1d390ee41cfa4",
            "self": false,
            "source_security_group_id": null,
            "to_port": 443,
            "type": "ingress"
          },
          "sensitive_attributes": [],
          "private": "eyJzY2hlbWFfdmVyc2lvbiI6IjIifQ==",
          "dependencies": [
            "module.loadbalancer_sg.aws_security_group.this",
            "module.loadbalancer_sg.aws_security_group.this_name_prefix",
            "module.vpc.aws_vpc.this"
          ]
        }
      ]
    },
    {
      "module": "module.loadbalancer_sg",
      "mode": "managed",
      "type": "aws_security_group_rule",
      "name": "ingress_with_cidr_blocks",
      "provider": "provider[\"registry.terraform.io/hashicorp/aws\"]",
      "instances": [
        {
          "index_key": 0,
          "schema_version": 2,
          "attributes": {
            "cidr_blocks": [
              "0.0.0.0/0"
            ],
            "description": "Allow http traffic from port 81",
            "from_port": 81,
            "id": "sgrule-4116457843",
            "ipv6_cidr_blocks": [],
            "prefix_list_ids": [],
            "protocol": "tcp",
            "security_group_id": "sg-06fb1d390ee41cfa4",
            "self": false,
            "source_security_group_id": null,
            "to_port": 81,
            "type": "ingress"
          },
          "sensitive_attributes": [],
          "private": "eyJzY2hlbWFfdmVyc2lvbiI6IjIifQ==",
          "dependencies": [
            "module.loadbalancer_sg.aws_security_group.this",
            "module.loadbalancer_sg.aws_security_group.this_name_prefix",
            "module.vpc.aws_vpc.this"
          ]
        }
      ]
    },
    {
      "module": "module.private_security-group",
      "mode": "managed",
      "type": "aws_security_group",
      "name": "this_name_prefix",
      "provider": "provider[\"registry.terraform.io/hashicorp/aws\"]",
      "instances": [
        {
          "index_key": 0,
          "schema_version": 1,
          "attributes": {
            "arn": "arn:aws:ec2:eu-west-1:174228772591:security-group/sg-06ddb48aff43b9318",
            "description": "Allow ssh on port 22 and hhtp traffic within the network of CIDR",
            "egress": [
              {
                "cidr_blocks": [
                  "0.0.0.0/0"
                ],
                "description": "All protocols",
                "from_port": 0,
                "ipv6_cidr_blocks": [
                  "::/0"
                ],
                "prefix_list_ids": [],
                "protocol": "-1",
                "security_groups": [],
                "self": false,
                "to_port": 0
              }
            ],
            "id": "sg-06ddb48aff43b9318",
            "ingress": [
              {
                "cidr_blocks": [
                  "10.230.0.0/25"
                ],
                "description": "HTTP",
                "from_port": 8080,
                "ipv6_cidr_blocks": [],
                "prefix_list_ids": [],
                "protocol": "tcp",
                "security_groups": [],
                "self": false,
                "to_port": 8080
              },
              {
                "cidr_blocks": [
                  "10.230.0.0/25"
                ],
                "description": "HTTP",
                "from_port": 80,
                "ipv6_cidr_blocks": [],
                "prefix_list_ids": [],
                "protocol": "tcp",
                "security_groups": [],
                "self": false,
                "to_port": 80
              },
              {
                "cidr_blocks": [
                  "10.230.0.0/25"
                ],
                "description": "SSH",
                "from_port": 22,
                "ipv6_cidr_blocks": [],
                "prefix_list_ids": [],
                "protocol": "tcp",
                "security_groups": [],
                "self": false,
                "to_port": 22
              }
            ],
            "name": "SAP-Dev-PublicSG-20220506085724997800000007",
            "name_prefix": "SAP-Dev-PublicSG-",
            "owner_id": "174228772591",
            "revoke_rules_on_delete": false,
            "tags": {
              "Name": "SAP-Dev-PublicSG",
              "environment": "Dev",
              "owners": "SAP"
            },
            "tags_all": {
              "Name": "SAP-Dev-PublicSG",
              "environment": "Dev",
              "owners": "SAP"
            },
            "timeouts": {
              "create": "10m",
              "delete": "15m"
            },
            "vpc_id": "vpc-050be2888f46f92e2"
          },
          "sensitive_attributes": [],
          "private": "eyJlMmJmYjczMC1lY2FhLTExZTYtOGY4OC0zNDM2M2JjN2M0YzAiOnsiY3JlYXRlIjo2MDAwMDAwMDAwMDAsImRlbGV0ZSI6OTAwMDAwMDAwMDAwfSwic2NoZW1hX3ZlcnNpb24iOiIxIn0=",
          "dependencies": [
            "module.vpc.aws_vpc.this"
          ],
          "create_before_destroy": true
        }
      ]
    },
    {
      "module": "module.private_security-group",
      "mode": "managed",
      "type": "aws_security_group_rule",
      "name": "egress_rules",
      "provider": "provider[\"registry.terraform.io/hashicorp/aws\"]",
      "instances": [
        {
          "index_key": 0,
          "schema_version": 2,
          "attributes": {
            "cidr_blocks": [
              "0.0.0.0/0"
            ],
            "description": "All protocols",
            "from_port": 0,
            "id": "sgrule-1094511462",
            "ipv6_cidr_blocks": [
              "::/0"
            ],
            "prefix_list_ids": [],
            "protocol": "-1",
            "security_group_id": "sg-06ddb48aff43b9318",
            "self": false,
            "source_security_group_id": null,
            "to_port": 0,
            "type": "egress"
          },
          "sensitive_attributes": [],
          "private": "eyJzY2hlbWFfdmVyc2lvbiI6IjIifQ==",
          "dependencies": [
            "module.private_security-group.aws_security_group.this",
            "module.private_security-group.aws_security_group.this_name_prefix",
            "module.vpc.aws_vpc.this"
          ]
        }
      ]
    },
    {
      "module": "module.private_security-group",
      "mode": "managed",
      "type": "aws_security_group_rule",
      "name": "ingress_rules",
      "provider": "provider[\"registry.terraform.io/hashicorp/aws\"]",
      "instances": [
        {
          "index_key": 0,
          "schema_version": 2,
          "attributes": {
            "cidr_blocks": [
              "10.230.0.0/25"
            ],
            "description": "SSH",
            "from_port": 22,
            "id": "sgrule-2571920014",
            "ipv6_cidr_blocks": [],
            "prefix_list_ids": [],
            "protocol": "tcp",
            "security_group_id": "sg-06ddb48aff43b9318",
            "self": false,
            "source_security_group_id": null,
            "to_port": 22,
            "type": "ingress"
          },
          "sensitive_attributes": [],
          "private": "eyJzY2hlbWFfdmVyc2lvbiI6IjIifQ==",
          "dependencies": [
            "module.private_security-group.aws_security_group.this",
            "module.private_security-group.aws_security_group.this_name_prefix",
            "module.vpc.aws_vpc.this"
          ]
        },
        {
          "index_key": 1,
          "schema_version": 2,
          "attributes": {
            "cidr_blocks": [
              "10.230.0.0/25"
            ],
            "description": "HTTP",
            "from_port": 80,
            "id": "sgrule-887752637",
            "ipv6_cidr_blocks": [],
            "prefix_list_ids": [],
            "protocol": "tcp",
            "security_group_id": "sg-06ddb48aff43b9318",
            "self": false,
            "source_security_group_id": null,
            "to_port": 80,
            "type": "ingress"
          },
          "sensitive_attributes": [],
          "private": "eyJzY2hlbWFfdmVyc2lvbiI6IjIifQ==",
          "dependencies": [
            "module.private_security-group.aws_security_group.this",
            "module.private_security-group.aws_security_group.this_name_prefix",
            "module.vpc.aws_vpc.this"
          ]
        },
        {
          "index_key": 2,
          "schema_version": 2,
          "attributes": {
            "cidr_blocks": [
              "10.230.0.0/25"
            ],
            "description": "HTTP",
            "from_port": 8080,
            "id": "sgrule-465400086",
            "ipv6_cidr_blocks": [],
            "prefix_list_ids": [],
            "protocol": "tcp",
            "security_group_id": "sg-06ddb48aff43b9318",
            "self": false,
            "source_security_group_id": null,
            "to_port": 8080,
            "type": "ingress"
          },
          "sensitive_attributes": [],
          "private": "eyJzY2hlbWFfdmVyc2lvbiI6IjIifQ==",
          "dependencies": [
            "module.private_security-group.aws_security_group.this",
            "module.private_security-group.aws_security_group.this_name_prefix",
            "module.vpc.aws_vpc.this"
          ]
        }
      ]
    },
    {
      "module": "module.public_security-group",
      "mode": "managed",
      "type": "aws_security_group",
      "name": "this_name_prefix",
      "provider": "provider[\"registry.terraform.io/hashicorp/aws\"]",
      "instances": [
        {
          "index_key": 0,
          "schema_version": 1,
          "attributes": {
            "arn": "arn:aws:ec2:eu-west-1:174228772591:security-group/sg-09c29b27469b17837",
            "description": "Allow ssh on port 22 from anywhere",
            "egress": [
              {
                "cidr_blocks": [
                  "0.0.0.0/0"
                ],
                "description": "All protocols",
                "from_port": 0,
                "ipv6_cidr_blocks": [
                  "::/0"
                ],
                "prefix_list_ids": [],
                "protocol": "-1",
                "security_groups": [],
                "self": false,
                "to_port": 0
              }
            ],
            "id": "sg-09c29b27469b17837",
            "ingress": [
              {
                "cidr_blocks": [
                  "0.0.0.0/0"
                ],
                "description": "SSH",
                "from_port": 22,
                "ipv6_cidr_blocks": [],
                "prefix_list_ids": [],
                "protocol": "tcp",
                "security_groups": [],
                "self": false,
                "to_port": 22
              }
            ],
            "name": "SAP-Dev-PublicSG-20220506085724992300000005",
            "name_prefix": "SAP-Dev-PublicSG-",
            "owner_id": "174228772591",
            "revoke_rules_on_delete": false,
            "tags": {
              "Name": "SAP-Dev-PublicSG",
              "environment": "Dev",
              "owners": "SAP"
            },
            "tags_all": {
              "Name": "SAP-Dev-PublicSG",
              "environment": "Dev",
              "owners": "SAP"
            },
            "timeouts": {
              "create": "10m",
              "delete": "15m"
            },
            "vpc_id": "vpc-050be2888f46f92e2"
          },
          "sensitive_attributes": [],
          "private": "eyJlMmJmYjczMC1lY2FhLTExZTYtOGY4OC0zNDM2M2JjN2M0YzAiOnsiY3JlYXRlIjo2MDAwMDAwMDAwMDAsImRlbGV0ZSI6OTAwMDAwMDAwMDAwfSwic2NoZW1hX3ZlcnNpb24iOiIxIn0=",
          "dependencies": [
            "module.vpc.aws_vpc.this"
          ],
          "create_before_destroy": true
        }
      ]
    },
    {
      "module": "module.public_security-group",
      "mode": "managed",
      "type": "aws_security_group_rule",
      "name": "egress_rules",
      "provider": "provider[\"registry.terraform.io/hashicorp/aws\"]",
      "instances": [
        {
          "index_key": 0,
          "schema_version": 2,
          "attributes": {
            "cidr_blocks": [
              "0.0.0.0/0"
            ],
            "description": "All protocols",
            "from_port": 0,
            "id": "sgrule-139704289",
            "ipv6_cidr_blocks": [
              "::/0"
            ],
            "prefix_list_ids": [],
            "protocol": "-1",
            "security_group_id": "sg-09c29b27469b17837",
            "self": false,
            "source_security_group_id": null,
            "to_port": 0,
            "type": "egress"
          },
          "sensitive_attributes": [],
          "private": "eyJzY2hlbWFfdmVyc2lvbiI6IjIifQ==",
          "dependencies": [
            "module.public_security-group.aws_security_group.this",
            "module.public_security-group.aws_security_group.this_name_prefix",
            "module.vpc.aws_vpc.this"
          ]
        }
      ]
    },
    {
      "module": "module.public_security-group",
      "mode": "managed",
      "type": "aws_security_group_rule",
      "name": "ingress_rules",
      "provider": "provider[\"registry.terraform.io/hashicorp/aws\"]",
      "instances": [
        {
          "index_key": 0,
          "schema_version": 2,
          "attributes": {
            "cidr_blocks": [
              "0.0.0.0/0"
            ],
            "description": "SSH",
            "from_port": 22,
            "id": "sgrule-997281908",
            "ipv6_cidr_blocks": [],
            "prefix_list_ids": [],
            "protocol": "tcp",
            "security_group_id": "sg-09c29b27469b17837",
            "self": false,
            "source_security_group_id": null,
            "to_port": 22,
            "type": "ingress"
          },
          "sensitive_attributes": [],
          "private": "eyJzY2hlbWFfdmVyc2lvbiI6IjIifQ==",
          "dependencies": [
            "module.vpc.aws_vpc.this",
            "module.public_security-group.aws_security_group.this",
            "module.public_security-group.aws_security_group.this_name_prefix"
          ]
        }
      ]
    },
    {
      "module": "module.rds_sg",
      "mode": "managed",
      "type": "aws_security_group",
      "name": "this_name_prefix",
      "provider": "provider[\"registry.terraform.io/hashicorp/aws\"]",
      "instances": [
        {
          "index_key": 0,
          "schema_version": 1,
          "attributes": {
            "arn": "arn:aws:ec2:eu-west-1:174228772591:security-group/sg-03e2fb1b8143b2866",
            "description": "this rds sg allows the database traffic within the vpc",
            "egress": [
              {
                "cidr_blocks": [
                  "0.0.0.0/0"
                ],
                "description": "All protocols",
                "from_port": 0,
                "ipv6_cidr_blocks": [
                  "::/0"
                ],
                "prefix_list_ids": [],
                "protocol": "-1",
                "security_groups": [],
                "self": false,
                "to_port": 0
              }
            ],
            "id": "sg-03e2fb1b8143b2866",
            "ingress": [
              {
                "cidr_blocks": [
                  "10.230.0.0/25"
                ],
                "description": "Allow http traffic from port 3306 within vpc",
                "from_port": 3306,
                "ipv6_cidr_blocks": [],
                "prefix_list_ids": [],
                "protocol": "tcp",
                "security_groups": [],
                "self": false,
                "to_port": 3306
              }
            ],
            "name": "RDS-SG-20220506085724993600000006",
            "name_prefix": "RDS-SG-",
            "owner_id": "174228772591",
            "revoke_rules_on_delete": false,
            "tags": {
              "Name": "RDS-SG",
              "environment": "Dev",
              "owners": "SAP"
            },
            "tags_all": {
              "Name": "RDS-SG",
              "environment": "Dev",
              "owners": "SAP"
            },
            "timeouts": {
              "create": "10m",
              "delete": "15m"
            },
            "vpc_id": "vpc-050be2888f46f92e2"
          },
          "sensitive_attributes": [],
          "private": "eyJlMmJmYjczMC1lY2FhLTExZTYtOGY4OC0zNDM2M2JjN2M0YzAiOnsiY3JlYXRlIjo2MDAwMDAwMDAwMDAsImRlbGV0ZSI6OTAwMDAwMDAwMDAwfSwic2NoZW1hX3ZlcnNpb24iOiIxIn0=",
          "dependencies": [
            "module.vpc.aws_vpc.this"
          ],
          "create_before_destroy": true
        }
      ]
    },
    {
      "module": "module.rds_sg",
      "mode": "managed",
      "type": "aws_security_group_rule",
      "name": "egress_rules",
      "provider": "provider[\"registry.terraform.io/hashicorp/aws\"]",
      "instances": [
        {
          "index_key": 0,
          "schema_version": 2,
          "attributes": {
            "cidr_blocks": [
              "0.0.0.0/0"
            ],
            "description": "All protocols",
            "from_port": 0,
            "id": "sgrule-2241787740",
            "ipv6_cidr_blocks": [
              "::/0"
            ],
            "prefix_list_ids": [],
            "protocol": "-1",
            "security_group_id": "sg-03e2fb1b8143b2866",
            "self": false,
            "source_security_group_id": null,
            "to_port": 0,
            "type": "egress"
          },
          "sensitive_attributes": [],
          "private": "eyJzY2hlbWFfdmVyc2lvbiI6IjIifQ==",
          "dependencies": [
            "module.rds_sg.aws_security_group.this",
            "module.rds_sg.aws_security_group.this_name_prefix",
            "module.vpc.aws_vpc.this"
          ]
        }
      ]
    },
    {
      "module": "module.rds_sg",
      "mode": "managed",
      "type": "aws_security_group_rule",
      "name": "ingress_with_cidr_blocks",
      "provider": "provider[\"registry.terraform.io/hashicorp/aws\"]",
      "instances": [
        {
          "index_key": 0,
          "schema_version": 2,
          "attributes": {
            "cidr_blocks": [
              "10.230.0.0/25"
            ],
            "description": "Allow http traffic from port 3306 within vpc",
            "from_port": 3306,
            "id": "sgrule-2237491282",
            "ipv6_cidr_blocks": [],
            "prefix_list_ids": [],
            "protocol": "tcp",
            "security_group_id": "sg-03e2fb1b8143b2866",
            "self": false,
            "source_security_group_id": null,
            "to_port": 3306,
            "type": "ingress"
          },
          "sensitive_attributes": [],
          "private": "eyJzY2hlbWFfdmVyc2lvbiI6IjIifQ==",
          "dependencies": [
            "module.rds_sg.aws_security_group.this",
            "module.rds_sg.aws_security_group.this_name_prefix",
            "module.vpc.aws_vpc.this"
          ]
        }
      ]
    },
    {
      "module": "module.rdsdb.module.db_instance",
      "mode": "data",
      "type": "aws_iam_policy_document",
      "name": "enhanced_monitoring",
      "provider": "provider[\"registry.terraform.io/hashicorp/aws\"]",
      "instances": [
        {
          "schema_version": 0,
          "attributes": {
            "id": "1813475199",
            "json": "{\n  \"Version\": \"2012-10-17\",\n  \"Statement\": [\n    {\n      \"Sid\": \"\",\n      \"Effect\": \"Allow\",\n      \"Action\": \"sts:AssumeRole\",\n      \"Principal\": {\n        \"Service\": \"monitoring.rds.amazonaws.com\"\n      }\n    }\n  ]\n}",
            "override_json": null,
            "override_policy_documents": null,
            "policy_id": null,
            "source_json": null,
            "source_policy_documents": null,
            "statement": [
              {
                "actions": [
                  "sts:AssumeRole"
                ],
                "condition": [],
                "effect": "Allow",
                "not_actions": [],
                "not_principals": [],
                "not_resources": [],
                "principals": [
                  {
                    "identifiers": [
                      "monitoring.rds.amazonaws.com"
                    ],
                    "type": "Service"
                  }
                ],
                "resources": [],
                "sid": ""
              }
            ],
            "version": "2012-10-17"
          },
          "sensitive_attributes": []
        }
      ]
    },
    {
      "module": "module.rdsdb.module.db_instance",
      "mode": "data",
      "type": "aws_partition",
      "name": "current",
      "provider": "provider[\"registry.terraform.io/hashicorp/aws\"]",
      "instances": [
        {
          "schema_version": 0,
          "attributes": {
            "dns_suffix": "amazonaws.com",
            "id": "aws",
            "partition": "aws",
            "reverse_dns_prefix": "com.amazonaws"
          },
          "sensitive_attributes": []
        }
      ]
    },
    {
      "module": "module.rdsdb.module.db_instance",
      "mode": "managed",
      "type": "aws_db_instance",
      "name": "this",
      "provider": "provider[\"registry.terraform.io/hashicorp/aws\"]",
      "instances": [
        {
          "index_key": 0,
          "schema_version": 1,
          "attributes": {
            "address": "dbwebapp.ceyxitkspyi8.eu-west-1.rds.amazonaws.com",
            "allocated_storage": 20,
            "allow_major_version_upgrade": false,
            "apply_immediately": false,
            "arn": "arn:aws:rds:eu-west-1:174228772591:db:dbwebapp",
            "auto_minor_version_upgrade": true,
            "availability_zone": "eu-west-1a",
            "backup_retention_period": 0,
            "backup_window": "03:00-06:00",
            "ca_cert_identifier": "rds-ca-2019",
            "character_set_name": "",
            "copy_tags_to_snapshot": false,
            "customer_owned_ip_enabled": false,
            "db_name": "dbwebapp",
            "db_subnet_group_name": "dbwebapp-20220506085739592100000008",
            "delete_automated_backups": true,
            "deletion_protection": false,
            "domain": "",
            "domain_iam_role_name": "",
            "enabled_cloudwatch_logs_exports": [
              "general"
            ],
            "endpoint": "dbwebapp.ceyxitkspyi8.eu-west-1.rds.amazonaws.com:3306",
            "engine": "mysql",
            "engine_version": "8.0.20",
            "engine_version_actual": "8.0.20",
            "final_snapshot_identifier": null,
            "hosted_zone_id": "Z29XKXDKYMONMX",
            "iam_database_authentication_enabled": false,
            "id": "dbwebapp",
            "identifier": "dbwebapp",
            "identifier_prefix": "",
            "instance_class": "db.t3.large",
            "iops": 0,
            "kms_key_id": "",
            "latest_restorable_time": "0001-01-01T00:00:00Z",
            "license_model": "general-public-license",
            "maintenance_window": "mon:00:00-mon:03:00",
            "max_allocated_storage": 100,
            "monitoring_interval": 0,
            "monitoring_role_arn": "",
            "multi_az": true,
            "name": "dbwebapp",
            "nchar_character_set_name": "",
            "option_group_name": "dbwebapp-20220506085700046500000002",
            "parameter_group_name": "dbwebapp-20220506085700046500000001",
            "password": "mydatabase123",
            "performance_insights_enabled": true,
            "performance_insights_kms_key_id": "arn:aws:kms:eu-west-1:174228772591:key/5dc9370b-4288-4512-a7c2-f05272445e76",
            "performance_insights_retention_period": 7,
            "port": 3306,
            "publicly_accessible": false,
            "replica_mode": "",
            "replicas": [],
            "replicate_source_db": "",
            "resource_id": "db-L3YCJPGHX5MAXKUEKC6XBLF67M",
            "restore_to_point_in_time": [],
            "s3_import": [],
            "security_group_names": [],
            "skip_final_snapshot": true,
            "snapshot_identifier": null,
            "status": "available",
            "storage_encrypted": false,
            "storage_type": "gp2",
            "tags": {
              "Name": "dbwebapp",
              "Sensitive": "high",
              "environment": "Dev",
              "owners": "SAP"
            },
            "tags_all": {
              "Name": "dbwebapp",
              "Sensitive": "high",
              "environment": "Dev",
              "owners": "SAP"
            },
            "timeouts": {
              "create": "40m",
              "delete": "40m",
              "update": "80m"
            },
            "timezone": "",
            "username": "dbadmin",
            "vpc_security_group_ids": [
              "sg-03e2fb1b8143b2866"
            ]
          },
          "sensitive_attributes": [
            [
              {
                "type": "get_attr",
                "value": "password"
              }
            ]
          ],
          "private": "eyJlMmJmYjczMC1lY2FhLTExZTYtOGY4OC0zNDM2M2JjN2M0YzAiOnsiY3JlYXRlIjoyNDAwMDAwMDAwMDAwLCJkZWxldGUiOjI0MDAwMDAwMDAwMDAsInVwZGF0ZSI6NDgwMDAwMDAwMDAwMH0sInNjaGVtYV92ZXJzaW9uIjoiMSJ9",
          "dependencies": [
            "module.rdsdb.module.db_parameter_group.aws_db_parameter_group.this",
            "module.rdsdb.random_password.master_password",
            "module.vpc.aws_vpc_ipv4_cidr_block_association.this",
            "module.rds_sg.aws_security_group.this_name_prefix",
            "module.rdsdb.module.db_instance.aws_iam_role.enhanced_monitoring",
            "module.rdsdb.module.db_instance.data.aws_iam_policy_document.enhanced_monitoring",
            "module.rdsdb.module.db_option_group.aws_db_option_group.this",
            "module.vpc.aws_vpc.this",
            "module.rds_sg.aws_security_group.this",
            "module.rdsdb.module.db_instance.random_id.snapshot_identifier",
            "module.rdsdb.module.db_subnet_group.aws_db_subnet_group.this",
            "module.vpc.aws_subnet.database"
          ],
          "create_before_destroy": true
        }
      ]
    },
    {
      "module": "module.rdsdb.module.db_option_group",
      "mode": "managed",
      "type": "aws_db_option_group",
      "name": "this",
      "provider": "provider[\"registry.terraform.io/hashicorp/aws\"]",
      "instances": [
        {
          "index_key": 0,
          "schema_version": 0,
          "attributes": {
            "arn": "arn:aws:rds:eu-west-1:174228772591:og:dbwebapp-20220506085700046500000002",
            "engine_name": "mysql",
            "id": "dbwebapp-20220506085700046500000002",
            "major_engine_version": "8.0",
            "name": "dbwebapp-20220506085700046500000002",
            "name_prefix": "dbwebapp-",
            "option": [],
            "option_group_description": "dbwebapp option group",
            "tags": {
              "Name": "dbwebapp",
              "Sensitive": "low",
              "environment": "Dev",
              "owners": "SAP"
            },
            "tags_all": {
              "Name": "dbwebapp",
              "Sensitive": "low",
              "environment": "Dev",
              "owners": "SAP"
            },
            "timeouts": {
              "delete": "15m"
            }
          },
          "sensitive_attributes": [],
          "private": "eyJlMmJmYjczMC1lY2FhLTExZTYtOGY4OC0zNDM2M2JjN2M0YzAiOnsiZGVsZXRlIjo5MDAwMDAwMDAwMDB9fQ==",
          "create_before_destroy": true
        }
      ]
    },
    {
      "module": "module.rdsdb.module.db_parameter_group",
      "mode": "managed",
      "type": "aws_db_parameter_group",
      "name": "this",
      "provider": "provider[\"registry.terraform.io/hashicorp/aws\"]",
      "instances": [
        {
          "index_key": 0,
          "schema_version": 0,
          "attributes": {
            "arn": "arn:aws:rds:eu-west-1:174228772591:pg:dbwebapp-20220506085700046500000001",
            "description": "dbwebapp parameter group",
            "family": "mysql8.0",
            "id": "dbwebapp-20220506085700046500000001",
            "name": "dbwebapp-20220506085700046500000001",
            "name_prefix": "dbwebapp-",
            "parameter": [
              {
                "apply_method": "immediate",
                "name": "character_set_client",
                "value": "utf8mb4"
              },
              {
                "apply_method": "immediate",
                "name": "character_set_server",
                "value": "utf8mb4"
              }
            ],
            "tags": {
              "Name": "dbwebapp",
              "Sensitive": "low",
              "environment": "Dev",
              "owners": "SAP"
            },
            "tags_all": {
              "Name": "dbwebapp",
              "Sensitive": "low",
              "environment": "Dev",
              "owners": "SAP"
            }
          },
          "sensitive_attributes": [],
          "private": "bnVsbA==",
          "create_before_destroy": true
        }
      ]
    },
    {
      "module": "module.rdsdb.module.db_subnet_group",
      "mode": "managed",
      "type": "aws_db_subnet_group",
      "name": "this",
      "provider": "provider[\"registry.terraform.io/hashicorp/aws\"]",
      "instances": [
        {
          "index_key": 0,
          "schema_version": 0,
          "attributes": {
            "arn": "arn:aws:rds:eu-west-1:174228772591:subgrp:dbwebapp-20220506085739592100000008",
            "description": "dbwebapp subnet group",
            "id": "dbwebapp-20220506085739592100000008",
            "name": "dbwebapp-20220506085739592100000008",
            "name_prefix": "dbwebapp-",
            "subnet_ids": [
              "subnet-0982e93d1e7b25fbc",
              "subnet-0adaf907b31742eff"
            ],
            "tags": {
              "Name": "dbwebapp",
              "Sensitive": "high",
              "environment": "Dev",
              "owners": "SAP"
            },
            "tags_all": {
              "Name": "dbwebapp",
              "Sensitive": "high",
              "environment": "Dev",
              "owners": "SAP"
            }
          },
          "sensitive_attributes": [],
          "private": "bnVsbA==",
          "dependencies": [
            "module.vpc.aws_subnet.database",
            "module.vpc.aws_vpc.this",
            "module.vpc.aws_vpc_ipv4_cidr_block_association.this"
          ],
          "create_before_destroy": true
        }
      ]
    },
    {
      "module": "module.vpc",
      "mode": "managed",
      "type": "aws_cloudwatch_log_group",
      "name": "flow_log",
      "provider": "provider[\"registry.terraform.io/hashicorp/aws\"]",
      "instances": []
    },
    {
      "module": "module.vpc",
      "mode": "managed",
      "type": "aws_customer_gateway",
      "name": "this",
      "provider": "provider[\"registry.terraform.io/hashicorp/aws\"]",
      "instances": []
    },
    {
      "module": "module.vpc",
      "mode": "managed",
      "type": "aws_default_vpc",
      "name": "this",
      "provider": "provider[\"registry.terraform.io/hashicorp/aws\"]",
      "instances": []
    },
    {
      "module": "module.vpc",
      "mode": "managed",
      "type": "aws_egress_only_internet_gateway",
      "name": "this",
      "provider": "provider[\"registry.terraform.io/hashicorp/aws\"]",
      "instances": []
    },
    {
      "module": "module.vpc",
      "mode": "managed",
      "type": "aws_eip",
      "name": "nat",
      "provider": "provider[\"registry.terraform.io/hashicorp/aws\"]",
      "instances": [
        {
          "index_key": 0,
          "schema_version": 0,
          "attributes": {
            "address": null,
            "allocation_id": "eipalloc-08f442832dfe84ed8",
            "associate_with_private_ip": null,
            "association_id": "eipassoc-0421b27a29facbd32",
            "carrier_ip": "",
            "customer_owned_ip": "",
            "customer_owned_ipv4_pool": "",
            "domain": "vpc",
            "id": "eipalloc-08f442832dfe84ed8",
            "instance": "",
            "network_border_group": "eu-west-1",
            "network_interface": "eni-04d19c6e5dad3954d",
            "private_dns": "ip-10-230-0-4.eu-west-1.compute.internal",
            "private_ip": "10.230.0.4",
            "public_dns": "ec2-52-208-188-234.eu-west-1.compute.amazonaws.com",
            "public_ip": "52.208.188.234",
            "public_ipv4_pool": "amazon",
            "tags": {
              "Name": "SAP-Dev-Vpc-DEV-eu-west-1a",
              "environment": "Dev",
              "owners": "SAP"
            },
            "tags_all": {
              "Name": "SAP-Dev-Vpc-DEV-eu-west-1a",
              "environment": "Dev",
              "owners": "SAP"
            },
            "timeouts": null,
            "vpc": true
          },
          "sensitive_attributes": [],
          "private": "eyJlMmJmYjczMC1lY2FhLTExZTYtOGY4OC0zNDM2M2JjN2M0YzAiOnsiZGVsZXRlIjoxODAwMDAwMDAwMDAsInJlYWQiOjkwMDAwMDAwMDAwMCwidXBkYXRlIjozMDAwMDAwMDAwMDB9fQ=="
        }
      ]
    },
    {
      "module": "module.vpc",
      "mode": "managed",
      "type": "aws_elasticache_subnet_group",
      "name": "elasticache",
      "provider": "provider[\"registry.terraform.io/hashicorp/aws\"]",
      "instances": []
    },
    {
      "module": "module.vpc",
      "mode": "managed",
      "type": "aws_flow_log",
      "name": "this",
      "provider": "provider[\"registry.terraform.io/hashicorp/aws\"]",
      "instances": []
    },
    {
      "module": "module.vpc",
      "mode": "managed",
      "type": "aws_iam_role",
      "name": "vpc_flow_log_cloudwatch",
      "provider": "provider[\"registry.terraform.io/hashicorp/aws\"]",
      "instances": []
    },
    {
      "module": "module.vpc",
      "mode": "managed",
      "type": "aws_internet_gateway",
      "name": "this",
      "provider": "provider[\"registry.terraform.io/hashicorp/aws\"]",
      "instances": [
        {
          "index_key": 0,
          "schema_version": 0,
          "attributes": {
            "arn": "arn:aws:ec2:eu-west-1:174228772591:internet-gateway/igw-0323251198add7709",
            "id": "igw-0323251198add7709",
            "owner_id": "174228772591",
            "tags": {
              "Name": "SAP-Dev-Vpc-DEV",
              "environment": "Dev",
              "owners": "SAP"
            },
            "tags_all": {
              "Name": "SAP-Dev-Vpc-DEV",
              "environment": "Dev",
              "owners": "SAP"
            },
            "vpc_id": "vpc-050be2888f46f92e2"
          },
          "sensitive_attributes": [],
          "private": "bnVsbA==",
          "dependencies": [
            "module.vpc.aws_vpc_ipv4_cidr_block_association.this",
            "module.vpc.aws_vpc.this"
          ]
        }
      ]
    },
    {
      "module": "module.vpc",
      "mode": "managed",
      "type": "aws_nat_gateway",
      "name": "this",
      "provider": "provider[\"registry.terraform.io/hashicorp/aws\"]",
      "instances": [
        {
          "index_key": 0,
          "schema_version": 0,
          "attributes": {
            "allocation_id": "eipalloc-08f442832dfe84ed8",
            "connectivity_type": "public",
            "id": "nat-080984e53bb5d50eb",
            "network_interface_id": "eni-04d19c6e5dad3954d",
            "private_ip": "10.230.0.4",
            "public_ip": "52.208.188.234",
            "subnet_id": "subnet-0cf07f0a3bbdcc663",
            "tags": {
              "Name": "SAP-Dev-Vpc-DEV-eu-west-1a",
              "environment": "Dev",
              "owners": "SAP"
            },
            "tags_all": {
              "Name": "SAP-Dev-Vpc-DEV-eu-west-1a",
              "environment": "Dev",
              "owners": "SAP"
            }
          },
          "sensitive_attributes": [],
          "private": "bnVsbA==",
          "dependencies": [
            "module.vpc.aws_eip.nat",
            "module.vpc.aws_internet_gateway.this",
            "module.vpc.aws_subnet.public",
            "module.vpc.aws_vpc.this",
            "module.vpc.aws_vpc_ipv4_cidr_block_association.this"
          ]
        }
      ]
    },
    {
      "module": "module.vpc",
      "mode": "managed",
      "type": "aws_network_acl",
      "name": "database",
      "provider": "provider[\"registry.terraform.io/hashicorp/aws\"]",
      "instances": []
    },
    {
      "module": "module.vpc",
      "mode": "managed",
      "type": "aws_network_acl",
      "name": "elasticache",
      "provider": "provider[\"registry.terraform.io/hashicorp/aws\"]",
      "instances": []
    },
    {
      "module": "module.vpc",
      "mode": "managed",
      "type": "aws_network_acl",
      "name": "intra",
      "provider": "provider[\"registry.terraform.io/hashicorp/aws\"]",
      "instances": []
    },
    {
      "module": "module.vpc",
      "mode": "managed",
      "type": "aws_network_acl",
      "name": "outpost",
      "provider": "provider[\"registry.terraform.io/hashicorp/aws\"]",
      "instances": []
    },
    {
      "module": "module.vpc",
      "mode": "managed",
      "type": "aws_network_acl",
      "name": "private",
      "provider": "provider[\"registry.terraform.io/hashicorp/aws\"]",
      "instances": []
    },
    {
      "module": "module.vpc",
      "mode": "managed",
      "type": "aws_network_acl",
      "name": "public",
      "provider": "provider[\"registry.terraform.io/hashicorp/aws\"]",
      "instances": []
    },
    {
      "module": "module.vpc",
      "mode": "managed",
      "type": "aws_network_acl",
      "name": "redshift",
      "provider": "provider[\"registry.terraform.io/hashicorp/aws\"]",
      "instances": []
    },
    {
      "module": "module.vpc",
      "mode": "managed",
      "type": "aws_redshift_subnet_group",
      "name": "redshift",
      "provider": "provider[\"registry.terraform.io/hashicorp/aws\"]",
      "instances": []
    },
    {
      "module": "module.vpc",
      "mode": "managed",
      "type": "aws_route",
      "name": "database_internet_gateway",
      "provider": "provider[\"registry.terraform.io/hashicorp/aws\"]",
      "instances": []
    },
    {
      "module": "module.vpc",
      "mode": "managed",
      "type": "aws_route",
      "name": "database_ipv6_egress",
      "provider": "provider[\"registry.terraform.io/hashicorp/aws\"]",
      "instances": []
    },
    {
      "module": "module.vpc",
      "mode": "managed",
      "type": "aws_route",
      "name": "database_nat_gateway",
      "provider": "provider[\"registry.terraform.io/hashicorp/aws\"]",
      "instances": []
    },
    {
      "module": "module.vpc",
      "mode": "managed",
      "type": "aws_route",
      "name": "private_ipv6_egress",
      "provider": "provider[\"registry.terraform.io/hashicorp/aws\"]",
      "instances": []
    },
    {
      "module": "module.vpc",
      "mode": "managed",
      "type": "aws_route",
      "name": "private_nat_gateway",
      "provider": "provider[\"registry.terraform.io/hashicorp/aws\"]",
      "instances": [
        {
          "index_key": 0,
          "schema_version": 0,
          "attributes": {
            "carrier_gateway_id": "",
            "destination_cidr_block": "0.0.0.0/0",
            "destination_ipv6_cidr_block": "",
            "destination_prefix_list_id": "",
            "egress_only_gateway_id": "",
            "gateway_id": "",
            "id": "r-rtb-0cb65b5b7ff4ac4bd1080289494",
            "instance_id": "",
            "instance_owner_id": "",
            "local_gateway_id": "",
            "nat_gateway_id": "nat-080984e53bb5d50eb",
            "network_interface_id": "",
            "origin": "CreateRoute",
            "route_table_id": "rtb-0cb65b5b7ff4ac4bd",
            "state": "active",
            "timeouts": {
              "create": "5m",
              "delete": null,
              "update": null
            },
            "transit_gateway_id": "",
            "vpc_endpoint_id": "",
            "vpc_peering_connection_id": ""
          },
          "sensitive_attributes": [],
          "private": "eyJlMmJmYjczMC1lY2FhLTExZTYtOGY4OC0zNDM2M2JjN2M0YzAiOnsiY3JlYXRlIjozMDAwMDAwMDAwMDAsImRlbGV0ZSI6MzAwMDAwMDAwMDAwLCJ1cGRhdGUiOjEyMDAwMDAwMDAwMH19",
          "dependencies": [
            "module.vpc.aws_eip.nat",
            "module.vpc.aws_internet_gateway.this",
            "module.vpc.aws_nat_gateway.this",
            "module.vpc.aws_route_table.private",
            "module.vpc.aws_subnet.public",
            "module.vpc.aws_vpc.this",
            "module.vpc.aws_vpc_ipv4_cidr_block_association.this"
          ]
        }
      ]
    },
    {
      "module": "module.vpc",
      "mode": "managed",
      "type": "aws_route",
      "name": "public_internet_gateway",
      "provider": "provider[\"registry.terraform.io/hashicorp/aws\"]",
      "instances": [
        {
          "index_key": 0,
          "schema_version": 0,
          "attributes": {
            "carrier_gateway_id": "",
            "destination_cidr_block": "0.0.0.0/0",
            "destination_ipv6_cidr_block": "",
            "destination_prefix_list_id": "",
            "egress_only_gateway_id": "",
            "gateway_id": "igw-0323251198add7709",
            "id": "r-rtb-0fb72db05c40673d61080289494",
            "instance_id": "",
            "instance_owner_id": "",
            "local_gateway_id": "",
            "nat_gateway_id": "",
            "network_interface_id": "",
            "origin": "CreateRoute",
            "route_table_id": "rtb-0fb72db05c40673d6",
            "state": "active",
            "timeouts": {
              "create": "5m",
              "delete": null,
              "update": null
            },
            "transit_gateway_id": "",
            "vpc_endpoint_id": "",
            "vpc_peering_connection_id": ""
          },
          "sensitive_attributes": [],
          "private": "eyJlMmJmYjczMC1lY2FhLTExZTYtOGY4OC0zNDM2M2JjN2M0YzAiOnsiY3JlYXRlIjozMDAwMDAwMDAwMDAsImRlbGV0ZSI6MzAwMDAwMDAwMDAwLCJ1cGRhdGUiOjEyMDAwMDAwMDAwMH19",
          "dependencies": [
            "module.vpc.aws_internet_gateway.this",
            "module.vpc.aws_route_table.public",
            "module.vpc.aws_vpc.this",
            "module.vpc.aws_vpc_ipv4_cidr_block_association.this"
          ]
        }
      ]
    },
    {
      "module": "module.vpc",
      "mode": "managed",
      "type": "aws_route",
      "name": "public_internet_gateway_ipv6",
      "provider": "provider[\"registry.terraform.io/hashicorp/aws\"]",
      "instances": []
    },
    {
      "module": "module.vpc",
      "mode": "managed",
      "type": "aws_route_table",
      "name": "database",
      "provider": "provider[\"registry.terraform.io/hashicorp/aws\"]",
      "instances": [
        {
          "index_key": 0,
          "schema_version": 0,
          "attributes": {
            "arn": "arn:aws:ec2:eu-west-1:174228772591:route-table/rtb-03aa6bb360a91baa3",
            "id": "rtb-03aa6bb360a91baa3",
            "owner_id": "174228772591",
            "propagating_vgws": [],
            "route": [],
            "tags": {
              "Name": "SAP-Dev-Vpc-DEV-db",
              "environment": "Dev",
              "owners": "SAP"
            },
            "tags_all": {
              "Name": "SAP-Dev-Vpc-DEV-db",
              "environment": "Dev",
              "owners": "SAP"
            },
            "timeouts": null,
            "vpc_id": "vpc-050be2888f46f92e2"
          },
          "sensitive_attributes": [],
          "private": "eyJlMmJmYjczMC1lY2FhLTExZTYtOGY4OC0zNDM2M2JjN2M0YzAiOnsiY3JlYXRlIjozMDAwMDAwMDAwMDAsImRlbGV0ZSI6MzAwMDAwMDAwMDAwLCJ1cGRhdGUiOjEyMDAwMDAwMDAwMH19",
          "dependencies": [
            "module.vpc.aws_vpc.this",
            "module.vpc.aws_vpc_ipv4_cidr_block_association.this"
          ]
        }
      ]
    },
    {
      "module": "module.vpc",
      "mode": "managed",
      "type": "aws_route_table",
      "name": "elasticache",
      "provider": "provider[\"registry.terraform.io/hashicorp/aws\"]",
      "instances": []
    },
    {
      "module": "module.vpc",
      "mode": "managed",
      "type": "aws_route_table",
      "name": "intra",
      "provider": "provider[\"registry.terraform.io/hashicorp/aws\"]",
      "instances": []
    },
    {
      "module": "module.vpc",
      "mode": "managed",
      "type": "aws_route_table",
      "name": "private",
      "provider": "provider[\"registry.terraform.io/hashicorp/aws\"]",
      "instances": [
        {
          "index_key": 0,
          "schema_version": 0,
          "attributes": {
            "arn": "arn:aws:ec2:eu-west-1:174228772591:route-table/rtb-0cb65b5b7ff4ac4bd",
            "id": "rtb-0cb65b5b7ff4ac4bd",
            "owner_id": "174228772591",
            "propagating_vgws": [],
            "route": [
              {
                "carrier_gateway_id": "",
                "cidr_block": "0.0.0.0/0",
                "destination_prefix_list_id": "",
                "egress_only_gateway_id": "",
                "gateway_id": "",
                "instance_id": "",
                "ipv6_cidr_block": "",
                "local_gateway_id": "",
                "nat_gateway_id": "nat-080984e53bb5d50eb",
                "network_interface_id": "",
                "transit_gateway_id": "",
                "vpc_endpoint_id": "",
                "vpc_peering_connection_id": ""
              }
            ],
            "tags": {
              "Name": "SAP-Dev-Vpc-DEV-private",
              "environment": "Dev",
              "owners": "SAP"
            },
            "tags_all": {
              "Name": "SAP-Dev-Vpc-DEV-private",
              "environment": "Dev",
              "owners": "SAP"
            },
            "timeouts": null,
            "vpc_id": "vpc-050be2888f46f92e2"
          },
          "sensitive_attributes": [],
          "private": "eyJlMmJmYjczMC1lY2FhLTExZTYtOGY4OC0zNDM2M2JjN2M0YzAiOnsiY3JlYXRlIjozMDAwMDAwMDAwMDAsImRlbGV0ZSI6MzAwMDAwMDAwMDAwLCJ1cGRhdGUiOjEyMDAwMDAwMDAwMH19",
          "dependencies": [
            "module.vpc.aws_vpc.this",
            "module.vpc.aws_vpc_ipv4_cidr_block_association.this"
          ]
        }
      ]
    },
    {
      "module": "module.vpc",
      "mode": "managed",
      "type": "aws_route_table",
      "name": "public",
      "provider": "provider[\"registry.terraform.io/hashicorp/aws\"]",
      "instances": [
        {
          "index_key": 0,
          "schema_version": 0,
          "attributes": {
            "arn": "arn:aws:ec2:eu-west-1:174228772591:route-table/rtb-0fb72db05c40673d6",
            "id": "rtb-0fb72db05c40673d6",
            "owner_id": "174228772591",
            "propagating_vgws": [],
            "route": [
              {
                "carrier_gateway_id": "",
                "cidr_block": "0.0.0.0/0",
                "destination_prefix_list_id": "",
                "egress_only_gateway_id": "",
                "gateway_id": "igw-0323251198add7709",
                "instance_id": "",
                "ipv6_cidr_block": "",
                "local_gateway_id": "",
                "nat_gateway_id": "",
                "network_interface_id": "",
                "transit_gateway_id": "",
                "vpc_endpoint_id": "",
                "vpc_peering_connection_id": ""
              }
            ],
            "tags": {
              "Name": "SAP-Dev-Vpc-DEV-public",
              "environment": "Dev",
              "owners": "SAP"
            },
            "tags_all": {
              "Name": "SAP-Dev-Vpc-DEV-public",
              "environment": "Dev",
              "owners": "SAP"
            },
            "timeouts": null,
            "vpc_id": "vpc-050be2888f46f92e2"
          },
          "sensitive_attributes": [],
          "private": "eyJlMmJmYjczMC1lY2FhLTExZTYtOGY4OC0zNDM2M2JjN2M0YzAiOnsiY3JlYXRlIjozMDAwMDAwMDAwMDAsImRlbGV0ZSI6MzAwMDAwMDAwMDAwLCJ1cGRhdGUiOjEyMDAwMDAwMDAwMH19",
          "dependencies": [
            "module.vpc.aws_vpc.this",
            "module.vpc.aws_vpc_ipv4_cidr_block_association.this"
          ]
        }
      ]
    },
    {
      "module": "module.vpc",
      "mode": "managed",
      "type": "aws_route_table",
      "name": "redshift",
      "provider": "provider[\"registry.terraform.io/hashicorp/aws\"]",
      "instances": []
    },
    {
      "module": "module.vpc",
      "mode": "managed",
      "type": "aws_route_table_association",
      "name": "database",
      "provider": "provider[\"registry.terraform.io/hashicorp/aws\"]",
      "instances": [
        {
          "index_key": 0,
          "schema_version": 0,
          "attributes": {
            "gateway_id": "",
            "id": "rtbassoc-0dae5be40dd90022e",
            "route_table_id": "rtb-03aa6bb360a91baa3",
            "subnet_id": "subnet-0adaf907b31742eff"
          },
          "sensitive_attributes": [],
          "private": "bnVsbA==",
          "dependencies": [
            "module.vpc.aws_route_table.database",
            "module.vpc.aws_route_table.private",
            "module.vpc.aws_subnet.database",
            "module.vpc.aws_vpc.this",
            "module.vpc.aws_vpc_ipv4_cidr_block_association.this"
          ]
        },
        {
          "index_key": 1,
          "schema_version": 0,
          "attributes": {
            "gateway_id": "",
            "id": "rtbassoc-019269ea5f87c91a0",
            "route_table_id": "rtb-03aa6bb360a91baa3",
            "subnet_id": "subnet-0982e93d1e7b25fbc"
          },
          "sensitive_attributes": [],
          "private": "bnVsbA==",
          "dependencies": [
            "module.vpc.aws_subnet.database",
            "module.vpc.aws_vpc.this",
            "module.vpc.aws_vpc_ipv4_cidr_block_association.this",
            "module.vpc.aws_route_table.database",
            "module.vpc.aws_route_table.private"
          ]
        }
      ]
    },
    {
      "module": "module.vpc",
      "mode": "managed",
      "type": "aws_route_table_association",
      "name": "elasticache",
      "provider": "provider[\"registry.terraform.io/hashicorp/aws\"]",
      "instances": []
    },
    {
      "module": "module.vpc",
      "mode": "managed",
      "type": "aws_route_table_association",
      "name": "intra",
      "provider": "provider[\"registry.terraform.io/hashicorp/aws\"]",
      "instances": []
    },
    {
      "module": "module.vpc",
      "mode": "managed",
      "type": "aws_route_table_association",
      "name": "private",
      "provider": "provider[\"registry.terraform.io/hashicorp/aws\"]",
      "instances": [
        {
          "index_key": 0,
          "schema_version": 0,
          "attributes": {
            "gateway_id": "",
            "id": "rtbassoc-0bb6b50e75c9dcbec",
            "route_table_id": "rtb-0cb65b5b7ff4ac4bd",
            "subnet_id": "subnet-04ec507c0ddb737e2"
          },
          "sensitive_attributes": [],
          "private": "bnVsbA==",
          "dependencies": [
            "module.vpc.aws_route_table.private",
            "module.vpc.aws_subnet.private",
            "module.vpc.aws_vpc.this",
            "module.vpc.aws_vpc_ipv4_cidr_block_association.this"
          ]
        },
        {
          "index_key": 1,
          "schema_version": 0,
          "attributes": {
            "gateway_id": "",
            "id": "rtbassoc-07c5e0dcdc7173a03",
            "route_table_id": "rtb-0cb65b5b7ff4ac4bd",
            "subnet_id": "subnet-0fb16ef96223e5de2"
          },
          "sensitive_attributes": [],
          "private": "bnVsbA==",
          "dependencies": [
            "module.vpc.aws_route_table.private",
            "module.vpc.aws_subnet.private",
            "module.vpc.aws_vpc.this",
            "module.vpc.aws_vpc_ipv4_cidr_block_association.this"
          ]
        }
      ]
    },
    {
      "module": "module.vpc",
      "mode": "managed",
      "type": "aws_route_table_association",
      "name": "public",
      "provider": "provider[\"registry.terraform.io/hashicorp/aws\"]",
      "instances": [
        {
          "index_key": 0,
          "schema_version": 0,
          "attributes": {
            "gateway_id": "",
            "id": "rtbassoc-0d811fdd8bb280750",
            "route_table_id": "rtb-0fb72db05c40673d6",
            "subnet_id": "subnet-0cf07f0a3bbdcc663"
          },
          "sensitive_attributes": [],
          "private": "bnVsbA==",
          "dependencies": [
            "module.vpc.aws_route_table.public",
            "module.vpc.aws_subnet.public",
            "module.vpc.aws_vpc.this",
            "module.vpc.aws_vpc_ipv4_cidr_block_association.this"
          ]
        },
        {
          "index_key": 1,
          "schema_version": 0,
          "attributes": {
            "gateway_id": "",
            "id": "rtbassoc-0e28f8bf023b9ee85",
            "route_table_id": "rtb-0fb72db05c40673d6",
            "subnet_id": "subnet-0e7100302e7b7a40a"
          },
          "sensitive_attributes": [],
          "private": "bnVsbA==",
          "dependencies": [
            "module.vpc.aws_route_table.public",
            "module.vpc.aws_subnet.public",
            "module.vpc.aws_vpc.this",
            "module.vpc.aws_vpc_ipv4_cidr_block_association.this"
          ]
        }
      ]
    },
    {
      "module": "module.vpc",
      "mode": "managed",
      "type": "aws_route_table_association",
      "name": "redshift",
      "provider": "provider[\"registry.terraform.io/hashicorp/aws\"]",
      "instances": []
    },
    {
      "module": "module.vpc",
      "mode": "managed",
      "type": "aws_route_table_association",
      "name": "redshift_public",
      "provider": "provider[\"registry.terraform.io/hashicorp/aws\"]",
      "instances": []
    },
    {
      "module": "module.vpc",
      "mode": "managed",
      "type": "aws_subnet",
      "name": "database",
      "provider": "provider[\"registry.terraform.io/hashicorp/aws\"]",
      "instances": [
        {
          "index_key": 0,
          "schema_version": 1,
          "attributes": {
            "arn": "arn:aws:ec2:eu-west-1:174228772591:subnet/subnet-0adaf907b31742eff",
            "assign_ipv6_address_on_creation": false,
            "availability_zone": "eu-west-1a",
            "availability_zone_id": "euw1-az2",
            "cidr_block": "10.230.0.64/28",
            "customer_owned_ipv4_pool": "",
            "enable_dns64": false,
            "enable_resource_name_dns_a_record_on_launch": false,
            "enable_resource_name_dns_aaaa_record_on_launch": false,
            "id": "subnet-0adaf907b31742eff",
            "ipv6_cidr_block": "",
            "ipv6_cidr_block_association_id": "",
            "ipv6_native": false,
            "map_customer_owned_ip_on_launch": false,
            "map_public_ip_on_launch": false,
            "outpost_arn": "",
            "owner_id": "174228772591",
            "private_dns_hostname_type_on_launch": "ip-name",
            "tags": {
              "Name": "SAP-Dev-Vpc-DEV-db-eu-west-1a",
              "Type": "Database-subnets",
              "environment": "Dev",
              "owners": "SAP"
            },
            "tags_all": {
              "Name": "SAP-Dev-Vpc-DEV-db-eu-west-1a",
              "Type": "Database-subnets",
              "environment": "Dev",
              "owners": "SAP"
            },
            "timeouts": null,
            "vpc_id": "vpc-050be2888f46f92e2"
          },
          "sensitive_attributes": [],
          "private": "eyJlMmJmYjczMC1lY2FhLTExZTYtOGY4OC0zNDM2M2JjN2M0YzAiOnsiY3JlYXRlIjo2MDAwMDAwMDAwMDAsImRlbGV0ZSI6MTIwMDAwMDAwMDAwMH0sInNjaGVtYV92ZXJzaW9uIjoiMSJ9",
          "dependencies": [
            "module.vpc.aws_vpc.this",
            "module.vpc.aws_vpc_ipv4_cidr_block_association.this"
          ],
          "create_before_destroy": true
        },
        {
          "index_key": 1,
          "schema_version": 1,
          "attributes": {
            "arn": "arn:aws:ec2:eu-west-1:174228772591:subnet/subnet-0982e93d1e7b25fbc",
            "assign_ipv6_address_on_creation": false,
            "availability_zone": "eu-west-1b",
            "availability_zone_id": "euw1-az3",
            "cidr_block": "10.230.0.80/28",
            "customer_owned_ipv4_pool": "",
            "enable_dns64": false,
            "enable_resource_name_dns_a_record_on_launch": false,
            "enable_resource_name_dns_aaaa_record_on_launch": false,
            "id": "subnet-0982e93d1e7b25fbc",
            "ipv6_cidr_block": "",
            "ipv6_cidr_block_association_id": "",
            "ipv6_native": false,
            "map_customer_owned_ip_on_launch": false,
            "map_public_ip_on_launch": false,
            "outpost_arn": "",
            "owner_id": "174228772591",
            "private_dns_hostname_type_on_launch": "ip-name",
            "tags": {
              "Name": "SAP-Dev-Vpc-DEV-db-eu-west-1b",
              "Type": "Database-subnets",
              "environment": "Dev",
              "owners": "SAP"
            },
            "tags_all": {
              "Name": "SAP-Dev-Vpc-DEV-db-eu-west-1b",
              "Type": "Database-subnets",
              "environment": "Dev",
              "owners": "SAP"
            },
            "timeouts": null,
            "vpc_id": "vpc-050be2888f46f92e2"
          },
          "sensitive_attributes": [],
          "private": "eyJlMmJmYjczMC1lY2FhLTExZTYtOGY4OC0zNDM2M2JjN2M0YzAiOnsiY3JlYXRlIjo2MDAwMDAwMDAwMDAsImRlbGV0ZSI6MTIwMDAwMDAwMDAwMH0sInNjaGVtYV92ZXJzaW9uIjoiMSJ9",
          "dependencies": [
            "module.vpc.aws_vpc.this",
            "module.vpc.aws_vpc_ipv4_cidr_block_association.this"
          ],
          "create_before_destroy": true
        }
      ]
    },
    {
      "module": "module.vpc",
      "mode": "managed",
      "type": "aws_subnet",
      "name": "elasticache",
      "provider": "provider[\"registry.terraform.io/hashicorp/aws\"]",
      "instances": []
    },
    {
      "module": "module.vpc",
      "mode": "managed",
      "type": "aws_subnet",
      "name": "intra",
      "provider": "provider[\"registry.terraform.io/hashicorp/aws\"]",
      "instances": []
    },
    {
      "module": "module.vpc",
      "mode": "managed",
      "type": "aws_subnet",
      "name": "outpost",
      "provider": "provider[\"registry.terraform.io/hashicorp/aws\"]",
      "instances": []
    },
    {
      "module": "module.vpc",
      "mode": "managed",
      "type": "aws_subnet",
      "name": "private",
      "provider": "provider[\"registry.terraform.io/hashicorp/aws\"]",
      "instances": [
        {
          "index_key": 0,
          "schema_version": 1,
          "attributes": {
            "arn": "arn:aws:ec2:eu-west-1:174228772591:subnet/subnet-04ec507c0ddb737e2",
            "assign_ipv6_address_on_creation": false,
            "availability_zone": "eu-west-1a",
            "availability_zone_id": "euw1-az2",
            "cidr_block": "10.230.0.16/28",
            "customer_owned_ipv4_pool": "",
            "enable_dns64": false,
            "enable_resource_name_dns_a_record_on_launch": false,
            "enable_resource_name_dns_aaaa_record_on_launch": false,
            "id": "subnet-04ec507c0ddb737e2",
            "ipv6_cidr_block": "",
            "ipv6_cidr_block_association_id": "",
            "ipv6_native": false,
            "map_customer_owned_ip_on_launch": false,
            "map_public_ip_on_launch": false,
            "outpost_arn": "",
            "owner_id": "174228772591",
            "private_dns_hostname_type_on_launch": "ip-name",
            "tags": {
              "Name": "SAP-Dev-Vpc-DEV-private-eu-west-1a",
              "Type": "private-subnets",
              "environment": "Dev",
              "owners": "SAP"
            },
            "tags_all": {
              "Name": "SAP-Dev-Vpc-DEV-private-eu-west-1a",
              "Type": "private-subnets",
              "environment": "Dev",
              "owners": "SAP"
            },
            "timeouts": null,
            "vpc_id": "vpc-050be2888f46f92e2"
          },
          "sensitive_attributes": [],
          "private": "eyJlMmJmYjczMC1lY2FhLTExZTYtOGY4OC0zNDM2M2JjN2M0YzAiOnsiY3JlYXRlIjo2MDAwMDAwMDAwMDAsImRlbGV0ZSI6MTIwMDAwMDAwMDAwMH0sInNjaGVtYV92ZXJzaW9uIjoiMSJ9",
          "dependencies": [
            "module.vpc.aws_vpc.this",
            "module.vpc.aws_vpc_ipv4_cidr_block_association.this"
          ],
          "create_before_destroy": true
        },
        {
          "index_key": 1,
          "schema_version": 1,
          "attributes": {
            "arn": "arn:aws:ec2:eu-west-1:174228772591:subnet/subnet-0fb16ef96223e5de2",
            "assign_ipv6_address_on_creation": false,
            "availability_zone": "eu-west-1b",
            "availability_zone_id": "euw1-az3",
            "cidr_block": "10.230.0.48/28",
            "customer_owned_ipv4_pool": "",
            "enable_dns64": false,
            "enable_resource_name_dns_a_record_on_launch": false,
            "enable_resource_name_dns_aaaa_record_on_launch": false,
            "id": "subnet-0fb16ef96223e5de2",
            "ipv6_cidr_block": "",
            "ipv6_cidr_block_association_id": "",
            "ipv6_native": false,
            "map_customer_owned_ip_on_launch": false,
            "map_public_ip_on_launch": false,
            "outpost_arn": "",
            "owner_id": "174228772591",
            "private_dns_hostname_type_on_launch": "ip-name",
            "tags": {
              "Name": "SAP-Dev-Vpc-DEV-private-eu-west-1b",
              "Type": "private-subnets",
              "environment": "Dev",
              "owners": "SAP"
            },
            "tags_all": {
              "Name": "SAP-Dev-Vpc-DEV-private-eu-west-1b",
              "Type": "private-subnets",
              "environment": "Dev",
              "owners": "SAP"
            },
            "timeouts": null,
            "vpc_id": "vpc-050be2888f46f92e2"
          },
          "sensitive_attributes": [],
          "private": "eyJlMmJmYjczMC1lY2FhLTExZTYtOGY4OC0zNDM2M2JjN2M0YzAiOnsiY3JlYXRlIjo2MDAwMDAwMDAwMDAsImRlbGV0ZSI6MTIwMDAwMDAwMDAwMH0sInNjaGVtYV92ZXJzaW9uIjoiMSJ9",
          "dependencies": [
            "module.vpc.aws_vpc.this",
            "module.vpc.aws_vpc_ipv4_cidr_block_association.this"
          ],
          "create_before_destroy": true
        }
      ]
    },
    {
      "module": "module.vpc",
      "mode": "managed",
      "type": "aws_subnet",
      "name": "public",
      "provider": "provider[\"registry.terraform.io/hashicorp/aws\"]",
      "instances": [
        {
          "index_key": 0,
          "schema_version": 1,
          "attributes": {
            "arn": "arn:aws:ec2:eu-west-1:174228772591:subnet/subnet-0cf07f0a3bbdcc663",
            "assign_ipv6_address_on_creation": false,
            "availability_zone": "eu-west-1a",
            "availability_zone_id": "euw1-az2",
            "cidr_block": "10.230.0.0/28",
            "customer_owned_ipv4_pool": "",
            "enable_dns64": false,
            "enable_resource_name_dns_a_record_on_launch": false,
            "enable_resource_name_dns_aaaa_record_on_launch": false,
            "id": "subnet-0cf07f0a3bbdcc663",
            "ipv6_cidr_block": "",
            "ipv6_cidr_block_association_id": "",
            "ipv6_native": false,
            "map_customer_owned_ip_on_launch": false,
            "map_public_ip_on_launch": true,
            "outpost_arn": "",
            "owner_id": "174228772591",
            "private_dns_hostname_type_on_launch": "ip-name",
            "tags": {
              "Name": "SAP-Dev-Vpc-DEV-public-eu-west-1a",
              "Type": "public-subnets",
              "environment": "Dev",
              "owners": "SAP"
            },
            "tags_all": {
              "Name": "SAP-Dev-Vpc-DEV-public-eu-west-1a",
              "Type": "public-subnets",
              "environment": "Dev",
              "owners": "SAP"
            },
            "timeouts": null,
            "vpc_id": "vpc-050be2888f46f92e2"
          },
          "sensitive_attributes": [],
          "private": "eyJlMmJmYjczMC1lY2FhLTExZTYtOGY4OC0zNDM2M2JjN2M0YzAiOnsiY3JlYXRlIjo2MDAwMDAwMDAwMDAsImRlbGV0ZSI6MTIwMDAwMDAwMDAwMH0sInNjaGVtYV92ZXJzaW9uIjoiMSJ9",
          "dependencies": [
            "module.vpc.aws_vpc.this",
            "module.vpc.aws_vpc_ipv4_cidr_block_association.this"
          ],
          "create_before_destroy": true
        },
        {
          "index_key": 1,
          "schema_version": 1,
          "attributes": {
            "arn": "arn:aws:ec2:eu-west-1:174228772591:subnet/subnet-0e7100302e7b7a40a",
            "assign_ipv6_address_on_creation": false,
            "availability_zone": "eu-west-1b",
            "availability_zone_id": "euw1-az3",
            "cidr_block": "10.230.0.32/28",
            "customer_owned_ipv4_pool": "",
            "enable_dns64": false,
            "enable_resource_name_dns_a_record_on_launch": false,
            "enable_resource_name_dns_aaaa_record_on_launch": false,
            "id": "subnet-0e7100302e7b7a40a",
            "ipv6_cidr_block": "",
            "ipv6_cidr_block_association_id": "",
            "ipv6_native": false,
            "map_customer_owned_ip_on_launch": false,
            "map_public_ip_on_launch": true,
            "outpost_arn": "",
            "owner_id": "174228772591",
            "private_dns_hostname_type_on_launch": "ip-name",
            "tags": {
              "Name": "SAP-Dev-Vpc-DEV-public-eu-west-1b",
              "Type": "public-subnets",
              "environment": "Dev",
              "owners": "SAP"
            },
            "tags_all": {
              "Name": "SAP-Dev-Vpc-DEV-public-eu-west-1b",
              "Type": "public-subnets",
              "environment": "Dev",
              "owners": "SAP"
            },
            "timeouts": null,
            "vpc_id": "vpc-050be2888f46f92e2"
          },
          "sensitive_attributes": [],
          "private": "eyJlMmJmYjczMC1lY2FhLTExZTYtOGY4OC0zNDM2M2JjN2M0YzAiOnsiY3JlYXRlIjo2MDAwMDAwMDAwMDAsImRlbGV0ZSI6MTIwMDAwMDAwMDAwMH0sInNjaGVtYV92ZXJzaW9uIjoiMSJ9",
          "dependencies": [
            "module.vpc.aws_vpc.this",
            "module.vpc.aws_vpc_ipv4_cidr_block_association.this"
          ],
          "create_before_destroy": true
        }
      ]
    },
    {
      "module": "module.vpc",
      "mode": "managed",
      "type": "aws_subnet",
      "name": "redshift",
      "provider": "provider[\"registry.terraform.io/hashicorp/aws\"]",
      "instances": []
    },
    {
      "module": "module.vpc",
      "mode": "managed",
      "type": "aws_vpc",
      "name": "this",
      "provider": "provider[\"registry.terraform.io/hashicorp/aws\"]",
      "instances": [
        {
          "index_key": 0,
          "schema_version": 1,
          "attributes": {
            "arn": "arn:aws:ec2:eu-west-1:174228772591:vpc/vpc-050be2888f46f92e2",
            "assign_generated_ipv6_cidr_block": false,
            "cidr_block": "10.230.0.0/25",
            "default_network_acl_id": "acl-0e92f415450d878b8",
            "default_route_table_id": "rtb-0adcd42be36e1a370",
            "default_security_group_id": "sg-08625233c3b4c4eb1",
            "dhcp_options_id": "dopt-02f13b1e50ee0410d",
            "enable_classiclink": false,
            "enable_classiclink_dns_support": false,
            "enable_dns_hostnames": true,
            "enable_dns_support": true,
            "id": "vpc-050be2888f46f92e2",
            "instance_tenancy": "default",
            "ipv4_ipam_pool_id": null,
            "ipv4_netmask_length": null,
            "ipv6_association_id": "",
            "ipv6_cidr_block": "",
            "ipv6_cidr_block_network_border_group": "",
            "ipv6_ipam_pool_id": "",
            "ipv6_netmask_length": 0,
            "main_route_table_id": "rtb-0adcd42be36e1a370",
            "owner_id": "174228772591",
            "tags": {
              "Name": "SAP-Dev-Vpc-DEV",
              "environment": "Dev",
              "owners": "SAP"
            },
            "tags_all": {
              "Name": "SAP-Dev-Vpc-DEV",
              "environment": "Dev",
              "owners": "SAP"
            }
          },
          "sensitive_attributes": [],
          "private": "eyJzY2hlbWFfdmVyc2lvbiI6IjEifQ==",
          "create_before_destroy": true
        }
      ]
    },
    {
      "module": "module.vpc",
      "mode": "managed",
      "type": "aws_vpc_dhcp_options",
      "name": "this",
      "provider": "provider[\"registry.terraform.io/hashicorp/aws\"]",
      "instances": []
    },
    {
      "module": "module.vpc",
      "mode": "managed",
      "type": "aws_vpc_ipv4_cidr_block_association",
      "name": "this",
      "provider": "provider[\"registry.terraform.io/hashicorp/aws\"]",
      "instances": []
    },
    {
      "module": "module.vpc",
      "mode": "managed",
      "type": "aws_vpn_gateway",
      "name": "this",
      "provider": "provider[\"registry.terraform.io/hashicorp/aws\"]",
      "instances": []
    },
    {
      "module": "module.vpc",
      "mode": "managed",
      "type": "aws_vpn_gateway_attachment",
      "name": "this",
      "provider": "provider[\"registry.terraform.io/hashicorp/aws\"]",
      "instances": []
    }
  ]
}
